{
  "version": 4,
  "terraform_version": "1.1.8",
  "serial": 8,
  "lineage": "af14e6b9-fc51-0e30-1992-fce9cba7cfb5",
  "outputs": {
    "account_arns": {
      "value": [
        "arn:aws:organizations::978261788121:account/o-q5rsrrgmu6/619419672801",
        "arn:aws:organizations::978261788121:account/o-q5rsrrgmu6/405796509438",
        "arn:aws:organizations::978261788121:account/o-q5rsrrgmu6/900218875951",
        "arn:aws:organizations::978261788121:account/o-q5rsrrgmu6/251821211471",
        "arn:aws:organizations::978261788121:account/o-q5rsrrgmu6/600646748354",
        "arn:aws:organizations::978261788121:account/o-q5rsrrgmu6/790076958607",
        "arn:aws:organizations::978261788121:account/o-q5rsrrgmu6/120881189689",
        "arn:aws:organizations::978261788121:account/o-q5rsrrgmu6/807314207932",
        "arn:aws:organizations::978261788121:account/o-q5rsrrgmu6/759998841151"
      ],
      "type": [
        "tuple",
        [
          "string",
          "string",
          "string",
          "string",
          "string",
          "string",
          "string",
          "string",
          "string"
        ]
      ]
    },
    "account_ids": {
      "value": [
        "619419672801",
        "405796509438",
        "900218875951",
        "251821211471",
        "600646748354",
        "790076958607",
        "120881189689",
        "807314207932",
        "759998841151"
      ],
      "type": [
        "tuple",
        [
          "string",
          "string",
          "string",
          "string",
          "string",
          "string",
          "string",
          "string",
          "string"
        ]
      ]
    },
    "account_info_map": {
      "value": {
        "audit": {
          "eks": false,
          "id": "619419672801",
          "tags": {
            "eks": false
          }
        },
        "corp": {
          "eks": true,
          "id": "405796509438",
          "tags": {
            "eks": true
          }
        },
        "demo": {
          "eks": true,
          "id": "900218875951",
          "tags": {
            "eks": true
          }
        },
        "devdata": {
          "eks": true,
          "id": "251821211471",
          "tags": {
            "eks": true
          }
        },
        "dns": {
          "eks": false,
          "id": "600646748354",
          "tags": {
            "eks": false
          }
        },
        "network": {
          "eks": false,
          "id": "790076958607",
          "tags": {
            "eks": false
          }
        },
        "root": {
          "eks": false,
          "id": "978261788121"
        },
        "security": {
          "eks": false,
          "id": "120881189689",
          "tags": {
            "eks": false
          }
        },
        "stagedata": {
          "eks": true,
          "id": "807314207932",
          "tags": {
            "eks": true
          }
        },
        "stageplatform": {
          "eks": true,
          "id": "759998841151",
          "tags": {
            "eks": true
          }
        }
      },
      "type": [
        "object",
        {
          "audit": [
            "object",
            {
              "eks": "bool",
              "id": "string",
              "tags": [
                "object",
                {
                  "eks": "bool"
                }
              ]
            }
          ],
          "corp": [
            "object",
            {
              "eks": "bool",
              "id": "string",
              "tags": [
                "object",
                {
                  "eks": "bool"
                }
              ]
            }
          ],
          "demo": [
            "object",
            {
              "eks": "bool",
              "id": "string",
              "tags": [
                "object",
                {
                  "eks": "bool"
                }
              ]
            }
          ],
          "devdata": [
            "object",
            {
              "eks": "bool",
              "id": "string",
              "tags": [
                "object",
                {
                  "eks": "bool"
                }
              ]
            }
          ],
          "dns": [
            "object",
            {
              "eks": "bool",
              "id": "string",
              "tags": [
                "object",
                {
                  "eks": "bool"
                }
              ]
            }
          ],
          "network": [
            "object",
            {
              "eks": "bool",
              "id": "string",
              "tags": [
                "object",
                {
                  "eks": "bool"
                }
              ]
            }
          ],
          "root": [
            "object",
            {
              "eks": "bool",
              "id": "string"
            }
          ],
          "security": [
            "object",
            {
              "eks": "bool",
              "id": "string",
              "tags": [
                "object",
                {
                  "eks": "bool"
                }
              ]
            }
          ],
          "stagedata": [
            "object",
            {
              "eks": "bool",
              "id": "string",
              "tags": [
                "object",
                {
                  "eks": "bool"
                }
              ]
            }
          ],
          "stageplatform": [
            "object",
            {
              "eks": "bool",
              "id": "string",
              "tags": [
                "object",
                {
                  "eks": "bool"
                }
              ]
            }
          ]
        }
      ]
    },
    "account_names_account_arns": {
      "value": {
        "audit": "arn:aws:organizations::978261788121:account/o-q5rsrrgmu6/619419672801",
        "corp": "arn:aws:organizations::978261788121:account/o-q5rsrrgmu6/405796509438",
        "demo": "arn:aws:organizations::978261788121:account/o-q5rsrrgmu6/900218875951",
        "devdata": "arn:aws:organizations::978261788121:account/o-q5rsrrgmu6/251821211471",
        "dns": "arn:aws:organizations::978261788121:account/o-q5rsrrgmu6/600646748354",
        "network": "arn:aws:organizations::978261788121:account/o-q5rsrrgmu6/790076958607",
        "security": "arn:aws:organizations::978261788121:account/o-q5rsrrgmu6/120881189689",
        "stagedata": "arn:aws:organizations::978261788121:account/o-q5rsrrgmu6/807314207932",
        "stageplatform": "arn:aws:organizations::978261788121:account/o-q5rsrrgmu6/759998841151"
      },
      "type": [
        "object",
        {
          "audit": "string",
          "corp": "string",
          "demo": "string",
          "devdata": "string",
          "dns": "string",
          "network": "string",
          "security": "string",
          "stagedata": "string",
          "stageplatform": "string"
        }
      ]
    },
    "account_names_account_ids": {
      "value": {
        "audit": "619419672801",
        "corp": "405796509438",
        "demo": "900218875951",
        "devdata": "251821211471",
        "dns": "600646748354",
        "network": "790076958607",
        "security": "120881189689",
        "stagedata": "807314207932",
        "stageplatform": "759998841151"
      },
      "type": [
        "object",
        {
          "audit": "string",
          "corp": "string",
          "demo": "string",
          "devdata": "string",
          "dns": "string",
          "network": "string",
          "security": "string",
          "stagedata": "string",
          "stageplatform": "string"
        }
      ]
    },
    "account_names_account_scp_arns": {
      "value": {},
      "type": [
        "object",
        {}
      ]
    },
    "account_names_account_scp_ids": {
      "value": {},
      "type": [
        "object",
        {}
      ]
    },
    "eks_accounts": {
      "value": [
        "devdata",
        "stagedata",
        "stageplatform",
        "demo",
        "corp"
      ],
      "type": [
        "tuple",
        [
          "string",
          "string",
          "string",
          "string",
          "string"
        ]
      ]
    },
    "non_eks_accounts": {
      "value": [
        "root",
        "audit",
        "security",
        "network",
        "dns"
      ],
      "type": [
        "tuple",
        [
          "string",
          "string",
          "string",
          "string",
          "string"
        ]
      ]
    },
    "organization_arn": {
      "value": "arn:aws:organizations::978261788121:organization/o-q5rsrrgmu6",
      "type": "string"
    },
    "organization_id": {
      "value": "o-q5rsrrgmu6",
      "type": "string"
    },
    "organization_master_account_arn": {
      "value": "arn:aws:organizations::978261788121:account/o-q5rsrrgmu6/978261788121",
      "type": "string"
    },
    "organization_master_account_email": {
      "value": "trung.nguyen.syniverse@gmail.com",
      "type": "string"
    },
    "organization_master_account_id": {
      "value": "978261788121",
      "type": "string"
    },
    "organization_scp_arn": {
      "value": "",
      "type": "string"
    },
    "organization_scp_id": {
      "value": "",
      "type": "string"
    },
    "organizational_unit_arns": {
      "value": [
        "arn:aws:organizations::978261788121:ou/o-q5rsrrgmu6/ou-chem-5vmhpppc",
        "arn:aws:organizations::978261788121:ou/o-q5rsrrgmu6/ou-chem-ljpqw9zw",
        "arn:aws:organizations::978261788121:ou/o-q5rsrrgmu6/ou-chem-byupu23n"
      ],
      "type": [
        "tuple",
        [
          "string",
          "string",
          "string"
        ]
      ]
    },
    "organizational_unit_ids": {
      "value": [
        "ou-chem-5vmhpppc",
        "ou-chem-ljpqw9zw",
        "ou-chem-byupu23n"
      ],
      "type": [
        "tuple",
        [
          "string",
          "string",
          "string"
        ]
      ]
    },
    "organizational_unit_names_organizational_unit_arns": {
      "value": {
        "data": "arn:aws:organizations::978261788121:ou/o-q5rsrrgmu6/ou-chem-5vmhpppc",
        "mgmt": "arn:aws:organizations::978261788121:ou/o-q5rsrrgmu6/ou-chem-ljpqw9zw",
        "platform": "arn:aws:organizations::978261788121:ou/o-q5rsrrgmu6/ou-chem-byupu23n"
      },
      "type": [
        "object",
        {
          "data": "string",
          "mgmt": "string",
          "platform": "string"
        }
      ]
    },
    "organizational_unit_names_organizational_unit_ids": {
      "value": {
        "data": "ou-chem-5vmhpppc",
        "mgmt": "ou-chem-ljpqw9zw",
        "platform": "ou-chem-byupu23n"
      },
      "type": [
        "object",
        {
          "data": "string",
          "mgmt": "string",
          "platform": "string"
        }
      ]
    },
    "organizational_unit_names_organizational_unit_scp_arns": {
      "value": {
        "data": "arn:aws:organizations::978261788121:policy/o-q5rsrrgmu6/service_control_policy/p-07kne2co",
        "mgmt": "arn:aws:organizations::978261788121:policy/o-q5rsrrgmu6/service_control_policy/p-5sla80hv",
        "platform": "arn:aws:organizations::978261788121:policy/o-q5rsrrgmu6/service_control_policy/p-fnc3dhdd"
      },
      "type": [
        "object",
        {
          "data": "string",
          "mgmt": "string",
          "platform": "string"
        }
      ]
    },
    "organizational_unit_names_organizational_unit_scp_ids": {
      "value": {
        "data": "p-07kne2co",
        "mgmt": "p-5sla80hv",
        "platform": "p-fnc3dhdd"
      },
      "type": [
        "object",
        {
          "data": "string",
          "mgmt": "string",
          "platform": "string"
        }
      ]
    }
  },
  "resources": [
    {
      "mode": "data",
      "type": "aws_organizations_organization",
      "name": "existing",
      "provider": "provider[\"registry.terraform.io/hashicorp/aws\"]",
      "instances": [
        {
          "index_key": 0,
          "schema_version": 0,
          "attributes": {
            "accounts": [
              {
                "arn": "arn:aws:organizations::978261788121:account/o-q5rsrrgmu6/807314207932",
                "email": "aws_stagedata@foxtech.vn",
                "id": "807314207932",
                "name": "stagedata",
                "status": "ACTIVE"
              },
              {
                "arn": "arn:aws:organizations::978261788121:account/o-q5rsrrgmu6/790076958607",
                "email": "aws_network@foxtech.vn",
                "id": "790076958607",
                "name": "network",
                "status": "ACTIVE"
              },
              {
                "arn": "arn:aws:organizations::978261788121:account/o-q5rsrrgmu6/120881189689",
                "email": "aws_security@foxtech.vn",
                "id": "120881189689",
                "name": "security",
                "status": "ACTIVE"
              },
              {
                "arn": "arn:aws:organizations::978261788121:account/o-q5rsrrgmu6/759998841151",
                "email": "aws_stageplatform@foxtech.vn",
                "id": "759998841151",
                "name": "stageplatform",
                "status": "ACTIVE"
              },
              {
                "arn": "arn:aws:organizations::978261788121:account/o-q5rsrrgmu6/405796509438",
                "email": "aws_corp@foxtech.vn",
                "id": "405796509438",
                "name": "corp",
                "status": "ACTIVE"
              },
              {
                "arn": "arn:aws:organizations::978261788121:account/o-q5rsrrgmu6/600646748354",
                "email": "aws_dns@foxtech.vn",
                "id": "600646748354",
                "name": "dns",
                "status": "ACTIVE"
              },
              {
                "arn": "arn:aws:organizations::978261788121:account/o-q5rsrrgmu6/978261788121",
                "email": "trung.nguyen.syniverse@gmail.com",
                "id": "978261788121",
                "name": "trung.nguyen.syniverse",
                "status": "ACTIVE"
              },
              {
                "arn": "arn:aws:organizations::978261788121:account/o-q5rsrrgmu6/251821211471",
                "email": "aws_devdata@foxtech.vn",
                "id": "251821211471",
                "name": "devdata",
                "status": "ACTIVE"
              },
              {
                "arn": "arn:aws:organizations::978261788121:account/o-q5rsrrgmu6/619419672801",
                "email": "aws_audit@foxtech.vn",
                "id": "619419672801",
                "name": "audit",
                "status": "ACTIVE"
              },
              {
                "arn": "arn:aws:organizations::978261788121:account/o-q5rsrrgmu6/900218875951",
                "email": "aws_demo@foxtech.vn",
                "id": "900218875951",
                "name": "demo",
                "status": "ACTIVE"
              }
            ],
            "arn": "arn:aws:organizations::978261788121:organization/o-q5rsrrgmu6",
            "aws_service_access_principals": [
              "cloudtrail.amazonaws.com",
              "ram.amazonaws.com",
              "servicequotas.amazonaws.com"
            ],
            "enabled_policy_types": [
              "SERVICE_CONTROL_POLICY",
              "TAG_POLICY"
            ],
            "feature_set": "ALL",
            "id": "o-q5rsrrgmu6",
            "master_account_arn": "arn:aws:organizations::978261788121:account/o-q5rsrrgmu6/978261788121",
            "master_account_email": "trung.nguyen.syniverse@gmail.com",
            "master_account_id": "978261788121",
            "non_master_accounts": [
              {
                "arn": "arn:aws:organizations::978261788121:account/o-q5rsrrgmu6/807314207932",
                "email": "aws_stagedata@foxtech.vn",
                "id": "807314207932",
                "name": "stagedata",
                "status": "ACTIVE"
              },
              {
                "arn": "arn:aws:organizations::978261788121:account/o-q5rsrrgmu6/790076958607",
                "email": "aws_network@foxtech.vn",
                "id": "790076958607",
                "name": "network",
                "status": "ACTIVE"
              },
              {
                "arn": "arn:aws:organizations::978261788121:account/o-q5rsrrgmu6/120881189689",
                "email": "aws_security@foxtech.vn",
                "id": "120881189689",
                "name": "security",
                "status": "ACTIVE"
              },
              {
                "arn": "arn:aws:organizations::978261788121:account/o-q5rsrrgmu6/759998841151",
                "email": "aws_stageplatform@foxtech.vn",
                "id": "759998841151",
                "name": "stageplatform",
                "status": "ACTIVE"
              },
              {
                "arn": "arn:aws:organizations::978261788121:account/o-q5rsrrgmu6/405796509438",
                "email": "aws_corp@foxtech.vn",
                "id": "405796509438",
                "name": "corp",
                "status": "ACTIVE"
              },
              {
                "arn": "arn:aws:organizations::978261788121:account/o-q5rsrrgmu6/600646748354",
                "email": "aws_dns@foxtech.vn",
                "id": "600646748354",
                "name": "dns",
                "status": "ACTIVE"
              },
              {
                "arn": "arn:aws:organizations::978261788121:account/o-q5rsrrgmu6/251821211471",
                "email": "aws_devdata@foxtech.vn",
                "id": "251821211471",
                "name": "devdata",
                "status": "ACTIVE"
              },
              {
                "arn": "arn:aws:organizations::978261788121:account/o-q5rsrrgmu6/619419672801",
                "email": "aws_audit@foxtech.vn",
                "id": "619419672801",
                "name": "audit",
                "status": "ACTIVE"
              },
              {
                "arn": "arn:aws:organizations::978261788121:account/o-q5rsrrgmu6/900218875951",
                "email": "aws_demo@foxtech.vn",
                "id": "900218875951",
                "name": "demo",
                "status": "ACTIVE"
              }
            ],
            "roots": [
              {
                "arn": "arn:aws:organizations::978261788121:root/o-q5rsrrgmu6/r-chem",
                "id": "r-chem",
                "name": "Root",
                "policy_types": [
                  {
                    "status": "ENABLED",
                    "type": "TAG_POLICY"
                  },
                  {
                    "status": "ENABLED",
                    "type": "SERVICE_CONTROL_POLICY"
                  }
                ]
              }
            ]
          },
          "sensitive_attributes": []
        }
      ]
    },
    {
      "mode": "managed",
      "type": "aws_organizations_account",
      "name": "organization_accounts",
      "provider": "provider[\"registry.terraform.io/hashicorp/aws\"]",
      "instances": []
    },
    {
      "mode": "managed",
      "type": "aws_organizations_account",
      "name": "organizational_units_accounts",
      "provider": "provider[\"registry.terraform.io/hashicorp/aws\"]",
      "instances": [
        {
          "index_key": "audit",
          "schema_version": 0,
          "attributes": {
            "arn": "arn:aws:organizations::978261788121:account/o-q5rsrrgmu6/619419672801",
            "close_on_deletion": false,
            "email": "aws_audit@foxtech.vn",
            "iam_user_access_to_billing": "DENY",
            "id": "619419672801",
            "joined_method": "CREATED",
            "joined_timestamp": "2022-04-15T05:26:46Z",
            "name": "audit",
            "parent_id": "ou-chem-ljpqw9zw",
            "role_name": null,
            "status": "ACTIVE",
            "tags": {
              "Environment": "gbl",
              "Name": "audit",
              "Namespace": "mgmt",
              "Stage": "root",
              "eks": "false"
            },
            "tags_all": {
              "Environment": "gbl",
              "Name": "audit",
              "Namespace": "mgmt",
              "Stage": "root",
              "eks": "false"
            }
          },
          "sensitive_attributes": [],
          "private": "bnVsbA==",
          "dependencies": [
            "aws_organizations_organization.this",
            "aws_organizations_organizational_unit.this",
            "data.aws_organizations_organization.existing"
          ]
        },
        {
          "index_key": "corp",
          "schema_version": 0,
          "attributes": {
            "arn": "arn:aws:organizations::978261788121:account/o-q5rsrrgmu6/405796509438",
            "close_on_deletion": false,
            "email": "aws_corp@foxtech.vn",
            "iam_user_access_to_billing": "DENY",
            "id": "405796509438",
            "joined_method": "CREATED",
            "joined_timestamp": "2022-04-15T05:27:41Z",
            "name": "corp",
            "parent_id": "ou-chem-ljpqw9zw",
            "role_name": null,
            "status": "ACTIVE",
            "tags": {
              "Environment": "gbl",
              "Name": "corp",
              "Namespace": "mgmt",
              "Stage": "root",
              "eks": "true"
            },
            "tags_all": {
              "Environment": "gbl",
              "Name": "corp",
              "Namespace": "mgmt",
              "Stage": "root",
              "eks": "true"
            }
          },
          "sensitive_attributes": [],
          "private": "bnVsbA==",
          "dependencies": [
            "aws_organizations_organization.this",
            "aws_organizations_organizational_unit.this",
            "data.aws_organizations_organization.existing"
          ]
        },
        {
          "index_key": "demo",
          "schema_version": 0,
          "attributes": {
            "arn": "arn:aws:organizations::978261788121:account/o-q5rsrrgmu6/900218875951",
            "close_on_deletion": false,
            "email": "aws_demo@foxtech.vn",
            "iam_user_access_to_billing": "DENY",
            "id": "900218875951",
            "joined_method": "CREATED",
            "joined_timestamp": "2022-04-15T05:26:41Z",
            "name": "demo",
            "parent_id": "ou-chem-ljpqw9zw",
            "role_name": null,
            "status": "ACTIVE",
            "tags": {
              "Environment": "gbl",
              "Name": "demo",
              "Namespace": "mgmt",
              "Stage": "root",
              "eks": "true"
            },
            "tags_all": {
              "Environment": "gbl",
              "Name": "demo",
              "Namespace": "mgmt",
              "Stage": "root",
              "eks": "true"
            }
          },
          "sensitive_attributes": [],
          "private": "bnVsbA==",
          "dependencies": [
            "aws_organizations_organization.this",
            "aws_organizations_organizational_unit.this",
            "data.aws_organizations_organization.existing"
          ]
        },
        {
          "index_key": "devdata",
          "schema_version": 0,
          "attributes": {
            "arn": "arn:aws:organizations::978261788121:account/o-q5rsrrgmu6/251821211471",
            "close_on_deletion": false,
            "email": "aws_devdata@foxtech.vn",
            "iam_user_access_to_billing": "DENY",
            "id": "251821211471",
            "joined_method": "CREATED",
            "joined_timestamp": "2022-04-15T05:27:32Z",
            "name": "devdata",
            "parent_id": "ou-chem-5vmhpppc",
            "role_name": null,
            "status": "ACTIVE",
            "tags": {
              "Environment": "gbl",
              "Name": "devdata",
              "Namespace": "mgmt",
              "Stage": "root",
              "eks": "true"
            },
            "tags_all": {
              "Environment": "gbl",
              "Name": "devdata",
              "Namespace": "mgmt",
              "Stage": "root",
              "eks": "true"
            }
          },
          "sensitive_attributes": [],
          "private": "bnVsbA==",
          "dependencies": [
            "aws_organizations_organization.this",
            "aws_organizations_organizational_unit.this",
            "data.aws_organizations_organization.existing"
          ]
        },
        {
          "index_key": "dns",
          "schema_version": 0,
          "attributes": {
            "arn": "arn:aws:organizations::978261788121:account/o-q5rsrrgmu6/600646748354",
            "close_on_deletion": false,
            "email": "aws_dns@foxtech.vn",
            "iam_user_access_to_billing": "DENY",
            "id": "600646748354",
            "joined_method": "CREATED",
            "joined_timestamp": "2022-04-15T05:26:06Z",
            "name": "dns",
            "parent_id": "ou-chem-ljpqw9zw",
            "role_name": null,
            "status": "ACTIVE",
            "tags": {
              "Environment": "gbl",
              "Name": "dns",
              "Namespace": "mgmt",
              "Stage": "root",
              "eks": "false"
            },
            "tags_all": {
              "Environment": "gbl",
              "Name": "dns",
              "Namespace": "mgmt",
              "Stage": "root",
              "eks": "false"
            }
          },
          "sensitive_attributes": [],
          "private": "bnVsbA==",
          "dependencies": [
            "aws_organizations_organization.this",
            "aws_organizations_organizational_unit.this",
            "data.aws_organizations_organization.existing"
          ]
        },
        {
          "index_key": "network",
          "schema_version": 0,
          "attributes": {
            "arn": "arn:aws:organizations::978261788121:account/o-q5rsrrgmu6/790076958607",
            "close_on_deletion": false,
            "email": "aws_network@foxtech.vn",
            "iam_user_access_to_billing": "DENY",
            "id": "790076958607",
            "joined_method": "CREATED",
            "joined_timestamp": "2022-04-15T05:28:01Z",
            "name": "network",
            "parent_id": "ou-chem-ljpqw9zw",
            "role_name": null,
            "status": "ACTIVE",
            "tags": {
              "Environment": "gbl",
              "Name": "network",
              "Namespace": "mgmt",
              "Stage": "root",
              "eks": "false"
            },
            "tags_all": {
              "Environment": "gbl",
              "Name": "network",
              "Namespace": "mgmt",
              "Stage": "root",
              "eks": "false"
            }
          },
          "sensitive_attributes": [],
          "private": "bnVsbA==",
          "dependencies": [
            "aws_organizations_organization.this",
            "aws_organizations_organizational_unit.this",
            "data.aws_organizations_organization.existing"
          ]
        },
        {
          "index_key": "security",
          "schema_version": 0,
          "attributes": {
            "arn": "arn:aws:organizations::978261788121:account/o-q5rsrrgmu6/120881189689",
            "close_on_deletion": false,
            "email": "aws_security@foxtech.vn",
            "iam_user_access_to_billing": "DENY",
            "id": "120881189689",
            "joined_method": "CREATED",
            "joined_timestamp": "2022-04-15T05:26:27Z",
            "name": "security",
            "parent_id": "ou-chem-ljpqw9zw",
            "role_name": null,
            "status": "ACTIVE",
            "tags": {
              "Environment": "gbl",
              "Name": "security",
              "Namespace": "mgmt",
              "Stage": "root",
              "eks": "false"
            },
            "tags_all": {
              "Environment": "gbl",
              "Name": "security",
              "Namespace": "mgmt",
              "Stage": "root",
              "eks": "false"
            }
          },
          "sensitive_attributes": [],
          "private": "bnVsbA==",
          "dependencies": [
            "aws_organizations_organization.this",
            "aws_organizations_organizational_unit.this",
            "data.aws_organizations_organization.existing"
          ]
        },
        {
          "index_key": "stagedata",
          "schema_version": 0,
          "attributes": {
            "arn": "arn:aws:organizations::978261788121:account/o-q5rsrrgmu6/807314207932",
            "close_on_deletion": false,
            "email": "aws_stagedata@foxtech.vn",
            "iam_user_access_to_billing": "DENY",
            "id": "807314207932",
            "joined_method": "CREATED",
            "joined_timestamp": "2022-04-15T05:27:12Z",
            "name": "stagedata",
            "parent_id": "ou-chem-5vmhpppc",
            "role_name": null,
            "status": "ACTIVE",
            "tags": {
              "Environment": "gbl",
              "Name": "stagedata",
              "Namespace": "mgmt",
              "Stage": "root",
              "eks": "true"
            },
            "tags_all": {
              "Environment": "gbl",
              "Name": "stagedata",
              "Namespace": "mgmt",
              "Stage": "root",
              "eks": "true"
            }
          },
          "sensitive_attributes": [],
          "private": "bnVsbA==",
          "dependencies": [
            "aws_organizations_organization.this",
            "aws_organizations_organizational_unit.this",
            "data.aws_organizations_organization.existing"
          ]
        },
        {
          "index_key": "stageplatform",
          "schema_version": 0,
          "attributes": {
            "arn": "arn:aws:organizations::978261788121:account/o-q5rsrrgmu6/759998841151",
            "close_on_deletion": false,
            "email": "aws_stageplatform@foxtech.vn",
            "iam_user_access_to_billing": "DENY",
            "id": "759998841151",
            "joined_method": "CREATED",
            "joined_timestamp": "2022-04-15T05:26:56Z",
            "name": "stageplatform",
            "parent_id": "ou-chem-byupu23n",
            "role_name": null,
            "status": "ACTIVE",
            "tags": {
              "Environment": "gbl",
              "Name": "stageplatform",
              "Namespace": "mgmt",
              "Stage": "root",
              "eks": "true"
            },
            "tags_all": {
              "Environment": "gbl",
              "Name": "stageplatform",
              "Namespace": "mgmt",
              "Stage": "root",
              "eks": "true"
            }
          },
          "sensitive_attributes": [],
          "private": "bnVsbA==",
          "dependencies": [
            "aws_organizations_organization.this",
            "aws_organizations_organizational_unit.this",
            "data.aws_organizations_organization.existing"
          ]
        }
      ]
    },
    {
      "mode": "managed",
      "type": "aws_organizations_organization",
      "name": "this",
      "provider": "provider[\"registry.terraform.io/hashicorp/aws\"]",
      "instances": []
    },
    {
      "mode": "managed",
      "type": "aws_organizations_organizational_unit",
      "name": "this",
      "provider": "provider[\"registry.terraform.io/hashicorp/aws\"]",
      "instances": [
        {
          "index_key": "data",
          "schema_version": 0,
          "attributes": {
            "accounts": [
              {
                "arn": "arn:aws:organizations::978261788121:account/o-q5rsrrgmu6/807314207932",
                "email": "aws_stagedata@foxtech.vn",
                "id": "807314207932",
                "name": "stagedata"
              },
              {
                "arn": "arn:aws:organizations::978261788121:account/o-q5rsrrgmu6/251821211471",
                "email": "aws_devdata@foxtech.vn",
                "id": "251821211471",
                "name": "devdata"
              }
            ],
            "arn": "arn:aws:organizations::978261788121:ou/o-q5rsrrgmu6/ou-chem-5vmhpppc",
            "id": "ou-chem-5vmhpppc",
            "name": "data",
            "parent_id": "r-chem",
            "tags": {},
            "tags_all": {}
          },
          "sensitive_attributes": [],
          "private": "bnVsbA==",
          "dependencies": [
            "aws_organizations_organization.this",
            "data.aws_organizations_organization.existing"
          ]
        },
        {
          "index_key": "mgmt",
          "schema_version": 0,
          "attributes": {
            "accounts": [
              {
                "arn": "arn:aws:organizations::978261788121:account/o-q5rsrrgmu6/900218875951",
                "email": "aws_demo@foxtech.vn",
                "id": "900218875951",
                "name": "demo"
              },
              {
                "arn": "arn:aws:organizations::978261788121:account/o-q5rsrrgmu6/120881189689",
                "email": "aws_security@foxtech.vn",
                "id": "120881189689",
                "name": "security"
              },
              {
                "arn": "arn:aws:organizations::978261788121:account/o-q5rsrrgmu6/619419672801",
                "email": "aws_audit@foxtech.vn",
                "id": "619419672801",
                "name": "audit"
              },
              {
                "arn": "arn:aws:organizations::978261788121:account/o-q5rsrrgmu6/405796509438",
                "email": "aws_corp@foxtech.vn",
                "id": "405796509438",
                "name": "corp"
              },
              {
                "arn": "arn:aws:organizations::978261788121:account/o-q5rsrrgmu6/600646748354",
                "email": "aws_dns@foxtech.vn",
                "id": "600646748354",
                "name": "dns"
              },
              {
                "arn": "arn:aws:organizations::978261788121:account/o-q5rsrrgmu6/790076958607",
                "email": "aws_network@foxtech.vn",
                "id": "790076958607",
                "name": "network"
              }
            ],
            "arn": "arn:aws:organizations::978261788121:ou/o-q5rsrrgmu6/ou-chem-ljpqw9zw",
            "id": "ou-chem-ljpqw9zw",
            "name": "mgmt",
            "parent_id": "r-chem",
            "tags": {},
            "tags_all": {}
          },
          "sensitive_attributes": [],
          "private": "bnVsbA==",
          "dependencies": [
            "aws_organizations_organization.this",
            "data.aws_organizations_organization.existing"
          ]
        },
        {
          "index_key": "platform",
          "schema_version": 0,
          "attributes": {
            "accounts": [
              {
                "arn": "arn:aws:organizations::978261788121:account/o-q5rsrrgmu6/759998841151",
                "email": "aws_stageplatform@foxtech.vn",
                "id": "759998841151",
                "name": "stageplatform"
              }
            ],
            "arn": "arn:aws:organizations::978261788121:ou/o-q5rsrrgmu6/ou-chem-byupu23n",
            "id": "ou-chem-byupu23n",
            "name": "platform",
            "parent_id": "r-chem",
            "tags": {},
            "tags_all": {}
          },
          "sensitive_attributes": [],
          "private": "bnVsbA==",
          "dependencies": [
            "aws_organizations_organization.this",
            "data.aws_organizations_organization.existing"
          ]
        }
      ]
    },
    {
      "module": "module.organizational_units_service_control_policies[\"data\"]",
      "mode": "data",
      "type": "aws_iam_policy_document",
      "name": "this",
      "provider": "provider[\"registry.terraform.io/hashicorp/aws\"]",
      "instances": [
        {
          "index_key": "DenyLeavingOrganization",
          "schema_version": 0,
          "attributes": {
            "id": "3769527008",
            "json": "{\n  \"Version\": \"2012-10-17\",\n  \"Statement\": [\n    {\n      \"Sid\": \"DenyLeavingOrganization\",\n      \"Effect\": \"Deny\",\n      \"Action\": \"organizations:LeaveOrganization\",\n      \"Resource\": \"*\"\n    }\n  ]\n}",
            "override_json": null,
            "override_policy_documents": null,
            "policy_id": null,
            "source_json": null,
            "source_policy_documents": null,
            "statement": [
              {
                "actions": [
                  "organizations:LeaveOrganization"
                ],
                "condition": [],
                "effect": "Deny",
                "not_actions": [],
                "not_principals": [],
                "not_resources": [],
                "principals": [],
                "resources": [
                  "*"
                ],
                "sid": "DenyLeavingOrganization"
              }
            ],
            "version": "2012-10-17"
          },
          "sensitive_attributes": []
        }
      ]
    },
    {
      "module": "module.organizational_units_service_control_policies[\"data\"]",
      "mode": "managed",
      "type": "aws_organizations_policy",
      "name": "this",
      "provider": "provider[\"registry.terraform.io/hashicorp/aws\"]",
      "instances": [
        {
          "index_key": 0,
          "schema_version": 0,
          "attributes": {
            "arn": "arn:aws:organizations::978261788121:policy/o-q5rsrrgmu6/service_control_policy/p-07kne2co",
            "content": "{\"Statement\":[{\"Action\":\"organizations:LeaveOrganization\",\"Effect\":\"Deny\",\"Resource\":\"*\",\"Sid\":\"DenyLeavingOrganization\"}],\"Version\":\"2012-10-17\"}",
            "description": "'data' Organizational Unit Service Control Policy",
            "id": "p-07kne2co",
            "name": "mgmt-gbl-root-data-ou",
            "tags": {
              "Attributes": "data-ou",
              "Environment": "gbl",
              "Name": "mgmt-gbl-root-data-ou",
              "Namespace": "mgmt",
              "Stage": "root"
            },
            "tags_all": {
              "Attributes": "data-ou",
              "Environment": "gbl",
              "Name": "mgmt-gbl-root-data-ou",
              "Namespace": "mgmt",
              "Stage": "root"
            },
            "type": "SERVICE_CONTROL_POLICY"
          },
          "sensitive_attributes": [],
          "private": "bnVsbA==",
          "dependencies": [
            "module.organizational_units_service_control_policies.data.aws_iam_policy_document.this",
            "module.service_control_policy_statements_yaml_config.module.yaml_config_1.data.http.remote_config",
            "module.service_control_policy_statements_yaml_config.module.yaml_config_1.data.template_file.remote_config"
          ]
        }
      ]
    },
    {
      "module": "module.organizational_units_service_control_policies[\"data\"]",
      "mode": "managed",
      "type": "aws_organizations_policy_attachment",
      "name": "this",
      "provider": "provider[\"registry.terraform.io/hashicorp/aws\"]",
      "instances": [
        {
          "index_key": 0,
          "schema_version": 0,
          "attributes": {
            "id": "ou-chem-5vmhpppc:p-07kne2co",
            "policy_id": "p-07kne2co",
            "target_id": "ou-chem-5vmhpppc"
          },
          "sensitive_attributes": [],
          "private": "bnVsbA==",
          "dependencies": [
            "aws_organizations_organization.this",
            "aws_organizations_organizational_unit.this",
            "data.aws_organizations_organization.existing",
            "module.organizational_units_service_control_policies.aws_organizations_policy.this",
            "module.organizational_units_service_control_policies.data.aws_iam_policy_document.this",
            "module.service_control_policy_statements_yaml_config.module.yaml_config_1.data.http.remote_config",
            "module.service_control_policy_statements_yaml_config.module.yaml_config_1.data.template_file.remote_config"
          ]
        }
      ]
    },
    {
      "module": "module.organizational_units_service_control_policies[\"mgmt\"]",
      "mode": "data",
      "type": "aws_iam_policy_document",
      "name": "this",
      "provider": "provider[\"registry.terraform.io/hashicorp/aws\"]",
      "instances": [
        {
          "index_key": "DenyLeavingOrganization",
          "schema_version": 0,
          "attributes": {
            "id": "3769527008",
            "json": "{\n  \"Version\": \"2012-10-17\",\n  \"Statement\": [\n    {\n      \"Sid\": \"DenyLeavingOrganization\",\n      \"Effect\": \"Deny\",\n      \"Action\": \"organizations:LeaveOrganization\",\n      \"Resource\": \"*\"\n    }\n  ]\n}",
            "override_json": null,
            "override_policy_documents": null,
            "policy_id": null,
            "source_json": null,
            "source_policy_documents": null,
            "statement": [
              {
                "actions": [
                  "organizations:LeaveOrganization"
                ],
                "condition": [],
                "effect": "Deny",
                "not_actions": [],
                "not_principals": [],
                "not_resources": [],
                "principals": [],
                "resources": [
                  "*"
                ],
                "sid": "DenyLeavingOrganization"
              }
            ],
            "version": "2012-10-17"
          },
          "sensitive_attributes": []
        }
      ]
    },
    {
      "module": "module.organizational_units_service_control_policies[\"mgmt\"]",
      "mode": "managed",
      "type": "aws_organizations_policy",
      "name": "this",
      "provider": "provider[\"registry.terraform.io/hashicorp/aws\"]",
      "instances": [
        {
          "index_key": 0,
          "schema_version": 0,
          "attributes": {
            "arn": "arn:aws:organizations::978261788121:policy/o-q5rsrrgmu6/service_control_policy/p-5sla80hv",
            "content": "{\"Statement\":[{\"Action\":\"organizations:LeaveOrganization\",\"Effect\":\"Deny\",\"Resource\":\"*\",\"Sid\":\"DenyLeavingOrganization\"}],\"Version\":\"2012-10-17\"}",
            "description": "'mgmt' Organizational Unit Service Control Policy",
            "id": "p-5sla80hv",
            "name": "mgmt-gbl-root-mgmt-ou",
            "tags": {
              "Attributes": "mgmt-ou",
              "Environment": "gbl",
              "Name": "mgmt-gbl-root-mgmt-ou",
              "Namespace": "mgmt",
              "Stage": "root"
            },
            "tags_all": {
              "Attributes": "mgmt-ou",
              "Environment": "gbl",
              "Name": "mgmt-gbl-root-mgmt-ou",
              "Namespace": "mgmt",
              "Stage": "root"
            },
            "type": "SERVICE_CONTROL_POLICY"
          },
          "sensitive_attributes": [],
          "private": "bnVsbA==",
          "dependencies": [
            "module.organizational_units_service_control_policies.data.aws_iam_policy_document.this",
            "module.service_control_policy_statements_yaml_config.module.yaml_config_1.data.http.remote_config",
            "module.service_control_policy_statements_yaml_config.module.yaml_config_1.data.template_file.remote_config"
          ]
        }
      ]
    },
    {
      "module": "module.organizational_units_service_control_policies[\"mgmt\"]",
      "mode": "managed",
      "type": "aws_organizations_policy_attachment",
      "name": "this",
      "provider": "provider[\"registry.terraform.io/hashicorp/aws\"]",
      "instances": [
        {
          "index_key": 0,
          "schema_version": 0,
          "attributes": {
            "id": "ou-chem-ljpqw9zw:p-5sla80hv",
            "policy_id": "p-5sla80hv",
            "target_id": "ou-chem-ljpqw9zw"
          },
          "sensitive_attributes": [],
          "private": "bnVsbA==",
          "dependencies": [
            "aws_organizations_organization.this",
            "aws_organizations_organizational_unit.this",
            "data.aws_organizations_organization.existing",
            "module.organizational_units_service_control_policies.aws_organizations_policy.this",
            "module.organizational_units_service_control_policies.data.aws_iam_policy_document.this",
            "module.service_control_policy_statements_yaml_config.module.yaml_config_1.data.http.remote_config",
            "module.service_control_policy_statements_yaml_config.module.yaml_config_1.data.template_file.remote_config"
          ]
        }
      ]
    },
    {
      "module": "module.organizational_units_service_control_policies[\"platform\"]",
      "mode": "data",
      "type": "aws_iam_policy_document",
      "name": "this",
      "provider": "provider[\"registry.terraform.io/hashicorp/aws\"]",
      "instances": [
        {
          "index_key": "DenyLeavingOrganization",
          "schema_version": 0,
          "attributes": {
            "id": "3769527008",
            "json": "{\n  \"Version\": \"2012-10-17\",\n  \"Statement\": [\n    {\n      \"Sid\": \"DenyLeavingOrganization\",\n      \"Effect\": \"Deny\",\n      \"Action\": \"organizations:LeaveOrganization\",\n      \"Resource\": \"*\"\n    }\n  ]\n}",
            "override_json": null,
            "override_policy_documents": null,
            "policy_id": null,
            "source_json": null,
            "source_policy_documents": null,
            "statement": [
              {
                "actions": [
                  "organizations:LeaveOrganization"
                ],
                "condition": [],
                "effect": "Deny",
                "not_actions": [],
                "not_principals": [],
                "not_resources": [],
                "principals": [],
                "resources": [
                  "*"
                ],
                "sid": "DenyLeavingOrganization"
              }
            ],
            "version": "2012-10-17"
          },
          "sensitive_attributes": []
        }
      ]
    },
    {
      "module": "module.organizational_units_service_control_policies[\"platform\"]",
      "mode": "managed",
      "type": "aws_organizations_policy",
      "name": "this",
      "provider": "provider[\"registry.terraform.io/hashicorp/aws\"]",
      "instances": [
        {
          "index_key": 0,
          "schema_version": 0,
          "attributes": {
            "arn": "arn:aws:organizations::978261788121:policy/o-q5rsrrgmu6/service_control_policy/p-fnc3dhdd",
            "content": "{\"Statement\":[{\"Action\":\"organizations:LeaveOrganization\",\"Effect\":\"Deny\",\"Resource\":\"*\",\"Sid\":\"DenyLeavingOrganization\"}],\"Version\":\"2012-10-17\"}",
            "description": "'platform' Organizational Unit Service Control Policy",
            "id": "p-fnc3dhdd",
            "name": "mgmt-gbl-root-platform-ou",
            "tags": {
              "Attributes": "platform-ou",
              "Environment": "gbl",
              "Name": "mgmt-gbl-root-platform-ou",
              "Namespace": "mgmt",
              "Stage": "root"
            },
            "tags_all": {
              "Attributes": "platform-ou",
              "Environment": "gbl",
              "Name": "mgmt-gbl-root-platform-ou",
              "Namespace": "mgmt",
              "Stage": "root"
            },
            "type": "SERVICE_CONTROL_POLICY"
          },
          "sensitive_attributes": [],
          "private": "bnVsbA==",
          "dependencies": [
            "module.organizational_units_service_control_policies.data.aws_iam_policy_document.this",
            "module.service_control_policy_statements_yaml_config.module.yaml_config_1.data.http.remote_config",
            "module.service_control_policy_statements_yaml_config.module.yaml_config_1.data.template_file.remote_config"
          ]
        }
      ]
    },
    {
      "module": "module.organizational_units_service_control_policies[\"platform\"]",
      "mode": "managed",
      "type": "aws_organizations_policy_attachment",
      "name": "this",
      "provider": "provider[\"registry.terraform.io/hashicorp/aws\"]",
      "instances": [
        {
          "index_key": 0,
          "schema_version": 0,
          "attributes": {
            "id": "ou-chem-byupu23n:p-fnc3dhdd",
            "policy_id": "p-fnc3dhdd",
            "target_id": "ou-chem-byupu23n"
          },
          "sensitive_attributes": [],
          "private": "bnVsbA==",
          "dependencies": [
            "aws_organizations_organization.this",
            "aws_organizations_organizational_unit.this",
            "data.aws_organizations_organization.existing",
            "module.organizational_units_service_control_policies.aws_organizations_policy.this",
            "module.organizational_units_service_control_policies.data.aws_iam_policy_document.this",
            "module.service_control_policy_statements_yaml_config.module.yaml_config_1.data.http.remote_config",
            "module.service_control_policy_statements_yaml_config.module.yaml_config_1.data.template_file.remote_config"
          ]
        }
      ]
    },
    {
      "module": "module.service_control_policy_statements_yaml_config.module.yaml_config_1",
      "mode": "data",
      "type": "http",
      "name": "remote_config",
      "provider": "provider[\"registry.terraform.io/hashicorp/http\"]",
      "instances": [
        {
          "index_key": "aHR0cHM6Ly9yYXcuZ2l0aHVidXNlcmNvbnRlbnQuY29tL2Nsb3VkcG9zc2UvdGVycmFmb3JtLWF3cy1zZXJ2aWNlLWNvbnRyb2wtcG9saWNpZXMvMC44LjAvY2F0YWxvZy9jbG91ZHdhdGNoLWxvZ3MtcG9saWNpZXMueWFtbA==",
          "schema_version": 0,
          "attributes": {
            "body": "- sid: \"DenyDeletingCloudWatchLogs\"\n  effect: \"Deny\"\n  actions:\n    - \"ec2:DeleteFlowLogs\"\n    - \"logs:DeleteLogGroup\"\n    - \"logs:DeleteLogStream\"\n  resources:\n    - \"*\"\n",
            "id": "https://raw.githubusercontent.com/cloudposse/terraform-aws-service-control-policies/0.8.0/catalog/cloudwatch-logs-policies.yaml",
            "request_headers": null,
            "response_headers": {
              "Accept-Ranges": "bytes",
              "Access-Control-Allow-Origin": "*",
              "Cache-Control": "max-age=300",
              "Content-Security-Policy": "default-src 'none'; style-src 'unsafe-inline'; sandbox",
              "Content-Type": "text/plain; charset=utf-8",
              "Date": "Fri, 15 Apr 2022 07:19:17 GMT",
              "Etag": "W/\"60fd880267c76b3c31b53bb9f807cb7c1ed4900e3779687a98211b2f02d6dbc2\"",
              "Expires": "Fri, 15 Apr 2022 07:24:17 GMT",
              "Source-Age": "0",
              "Strict-Transport-Security": "max-age=31536000",
              "Vary": "Authorization,Accept-Encoding,Origin",
              "Via": "1.1 varnish",
              "X-Cache": "HIT",
              "X-Cache-Hits": "1",
              "X-Content-Type-Options": "nosniff",
              "X-Fastly-Request-Id": "0883a72bd6fdb3daed3aa487219f65b5d60aa4b6",
              "X-Frame-Options": "deny",
              "X-Github-Request-Id": "8B70:6E08:57C084:716AC7:6258E7A4",
              "X-Served-By": "cache-qpg1268-QPG",
              "X-Timer": "S1650007157.766293,VS0,VE281",
              "X-Xss-Protection": "1; mode=block"
            },
            "url": "https://raw.githubusercontent.com/cloudposse/terraform-aws-service-control-policies/0.8.0/catalog/cloudwatch-logs-policies.yaml"
          },
          "sensitive_attributes": []
        },
        {
          "index_key": "aHR0cHM6Ly9yYXcuZ2l0aHVidXNlcmNvbnRlbnQuY29tL2Nsb3VkcG9zc2UvdGVycmFmb3JtLWF3cy1zZXJ2aWNlLWNvbnRyb2wtcG9saWNpZXMvMC44LjAvY2F0YWxvZy9kZW55LWFsbC1wb2xpY2llcy55YW1s",
          "schema_version": 0,
          "attributes": {
            "body": "- sid: \"DenyAllAccess\"\n  effect: \"Deny\"\n  actions:\n    - \"*\"\n  resources:\n    - \"*\"\n",
            "id": "https://raw.githubusercontent.com/cloudposse/terraform-aws-service-control-policies/0.8.0/catalog/deny-all-policies.yaml",
            "request_headers": null,
            "response_headers": {
              "Accept-Ranges": "bytes",
              "Access-Control-Allow-Origin": "*",
              "Cache-Control": "max-age=300",
              "Content-Security-Policy": "default-src 'none'; style-src 'unsafe-inline'; sandbox",
              "Content-Type": "text/plain; charset=utf-8",
              "Date": "Fri, 15 Apr 2022 07:19:17 GMT",
              "Etag": "W/\"83ba8a9d1378f1c8c3867e50dd9ef988d497a8e677533d831f5e82bdece2f9a2\"",
              "Expires": "Fri, 15 Apr 2022 07:24:17 GMT",
              "Source-Age": "0",
              "Strict-Transport-Security": "max-age=31536000",
              "Vary": "Authorization,Accept-Encoding,Origin",
              "Via": "1.1 varnish",
              "X-Cache": "HIT",
              "X-Cache-Hits": "1",
              "X-Content-Type-Options": "nosniff",
              "X-Fastly-Request-Id": "1b87b8cef1c566cfe76ec81cab965c0bf2f6e38d",
              "X-Frame-Options": "deny",
              "X-Github-Request-Id": "A85A:2907:5A7A96:7432AF:6258E7A4",
              "X-Served-By": "cache-qpg1268-QPG",
              "X-Timer": "S1650007157.766412,VS0,VE290",
              "X-Xss-Protection": "1; mode=block"
            },
            "url": "https://raw.githubusercontent.com/cloudposse/terraform-aws-service-control-policies/0.8.0/catalog/deny-all-policies.yaml"
          },
          "sensitive_attributes": []
        },
        {
          "index_key": "aHR0cHM6Ly9yYXcuZ2l0aHVidXNlcmNvbnRlbnQuY29tL2Nsb3VkcG9zc2UvdGVycmFmb3JtLWF3cy1zZXJ2aWNlLWNvbnRyb2wtcG9saWNpZXMvMC44LjAvY2F0YWxvZy9lYzItcG9saWNpZXMueWFtbA==",
          "schema_version": 0,
          "attributes": {
            "body": "#\n# This policy denies instance types that aren't based on the Nitro system as documented in the following document:\n# https://docs.aws.amazon.com/AWSEC2/latest/UserGuide/instance-types.html#ec2-nitro-instances\n#\n- sid: \"DenyNonNitroInstances\"\n  effect: \"Deny\"\n  actions:\n    - \"ec2:RunInstances\"\n  condition:\n    - test: \"StringNotLike\"\n      variable: \"ec2:InstanceType\"\n      values:\n        - a1\n        - a1.metal\n        - c5\n        - c5.metal\n        - c5a\n        - c5ad\n        - c5d\n        - c5d.metal\n        - c5n\n        - c5n.metal\n        - c6g\n        - c6g.metal\n        - c6gd\n        - c6gd.metal\n        - c6gn\n        - d3\n        - d3en\n        - g4\n        - i3.metal\n        - i3en\n        - i3en.metal\n        - inf1\n        - m5\n        - m5.metal\n        - m5a\n        - m5ad\n        - m5d\n        - m5d.metal\n        - m5dn\n        - m5dn.metal\n        - m5n\n        - m5n.metal\n        - m5zn\n        - m5zn.metal\n        - m6g\n        - m6g.metal\n        - m6gd\n        - m6gd.metal\n        - mac1.metal\n        - p3dn.24xlarge\n        - p4\n        - r5\n        - r5.metal\n        - r5a\n        - r5ad\n        - r5b\n        - r5b.metal\n        - r5d\n        - r5d.metal\n        - r5dn\n        - r5dn.metal\n        - r5n\n        - r5n.metal\n        - r6g\n        - r6g.metal\n        - r6gd\n        - r6gd.metal\n        - t3\n        - t3a\n        - t4g\n        - u-12tb1.metal\n        - u-18tb1.metal\n        - u-24tb1.metal\n        - u-6tb1.metal\n        - u-9tb1.metal\n        - z1d\n        - z1d.metal\n  resources:\n    - \"arn:aws:ec2:*:*:instance/*\"\n\n# This policy denies instance types that aren't based on the Nitro system and don't support Encryption-in-Transit as\n# described in the following document:\n# https://docs.aws.amazon.com/AWSEC2/latest/UserGuide/data-protection.html#encryption-transit\n- sid: \"DenyInstancesWithoutEncryptionInTransit\"\n  effect: \"Deny\"\n  actions:\n    - \"ec2:RunInstances\"\n  condition:\n    - test: \"StringNotLike\"\n      variable: \"ec2:InstanceType\"\n      values:\n        - c5a\n        - c5ad\n        - c5n\n        - c6gn\n        - d3\n        - d3en\n        - g4ad\n        - g4dn\n        - i3en\n        - m5dn\n        - m5n\n        - m5zn\n        - p3dn\n        - p4d\n        - r5dn\n        - r5n\n  resources:\n    - \"arn:aws:ec2:*:*:instance/*\"\n",
            "id": "https://raw.githubusercontent.com/cloudposse/terraform-aws-service-control-policies/0.8.0/catalog/ec2-policies.yaml",
            "request_headers": null,
            "response_headers": {
              "Accept-Ranges": "bytes",
              "Access-Control-Allow-Origin": "*",
              "Cache-Control": "max-age=300",
              "Content-Security-Policy": "default-src 'none'; style-src 'unsafe-inline'; sandbox",
              "Content-Type": "text/plain; charset=utf-8",
              "Date": "Fri, 15 Apr 2022 07:19:17 GMT",
              "Etag": "W/\"3ce78336fdfac8650c014c298b887c2b773b87e08edb2d2202fc2a3b155f83fa\"",
              "Expires": "Fri, 15 Apr 2022 07:24:17 GMT",
              "Source-Age": "0",
              "Strict-Transport-Security": "max-age=31536000",
              "Vary": "Authorization,Accept-Encoding,Origin",
              "Via": "1.1 varnish",
              "X-Cache": "HIT",
              "X-Cache-Hits": "1",
              "X-Content-Type-Options": "nosniff",
              "X-Fastly-Request-Id": "292efb4c1c2a7a7139b8bff9984f58a26c378da9",
              "X-Frame-Options": "deny",
              "X-Github-Request-Id": "1EFE:7B33:558B69:6F3A3B:6258E7A4",
              "X-Served-By": "cache-qpg1268-QPG",
              "X-Timer": "S1650007157.766060,VS0,VE296",
              "X-Xss-Protection": "1; mode=block"
            },
            "url": "https://raw.githubusercontent.com/cloudposse/terraform-aws-service-control-policies/0.8.0/catalog/ec2-policies.yaml"
          },
          "sensitive_attributes": []
        },
        {
          "index_key": "aHR0cHM6Ly9yYXcuZ2l0aHVidXNlcmNvbnRlbnQuY29tL2Nsb3VkcG9zc2UvdGVycmFmb3JtLWF3cy1zZXJ2aWNlLWNvbnRyb2wtcG9saWNpZXMvMC44LjAvY2F0YWxvZy9pYW0tcG9saWNpZXMueWFtbA==",
          "schema_version": 0,
          "attributes": {
            "body": "- sid: \"DenyCreatingIAMUsers\"\n  effect: \"Deny\"\n  actions:\n    - \"iam:CreateUser\"\n    - \"iam:CreateAccessKey\"\n  resources:\n    - \"*\"\n\n\n- sid: \"ProtectIAMRoles\"\n  effect: \"Deny\"\n  actions:\n    - \"iam:AttachRolePolicy\"\n    - \"iam:DeleteRole\"\n    - \"iam:DeleteRolePermissionsBoundary\"\n    - \"iam:DeleteRolePolicy\"\n    - \"iam:DetachRolePolicy\"\n    - \"iam:PutRolePermissionsBoundary\"\n    - \"iam:PutRolePolicy\"\n    - \"iam:UpdateAssumeRolePolicy\"\n    - \"iam:UpdateRole\"\n    - \"iam:UpdateRoleDescription\"\n  resources:\n    - \"*\"\n",
            "id": "https://raw.githubusercontent.com/cloudposse/terraform-aws-service-control-policies/0.8.0/catalog/iam-policies.yaml",
            "request_headers": null,
            "response_headers": {
              "Accept-Ranges": "bytes",
              "Access-Control-Allow-Origin": "*",
              "Cache-Control": "max-age=300",
              "Content-Security-Policy": "default-src 'none'; style-src 'unsafe-inline'; sandbox",
              "Content-Type": "text/plain; charset=utf-8",
              "Date": "Fri, 15 Apr 2022 07:19:17 GMT",
              "Etag": "W/\"b50805ec82bcbd7c8370fd25506b9ed1d6f0c5e5a954986f9e7a0257e4c1783b\"",
              "Expires": "Fri, 15 Apr 2022 07:24:17 GMT",
              "Source-Age": "0",
              "Strict-Transport-Security": "max-age=31536000",
              "Vary": "Authorization,Accept-Encoding,Origin",
              "Via": "1.1 varnish",
              "X-Cache": "HIT",
              "X-Cache-Hits": "1",
              "X-Content-Type-Options": "nosniff",
              "X-Fastly-Request-Id": "10f3a3e11c45fbbf0445cd59788b40cd67e08747",
              "X-Frame-Options": "deny",
              "X-Github-Request-Id": "1844:1623:23249D:38BBC0:6258E7A4",
              "X-Served-By": "cache-qpg1268-QPG",
              "X-Timer": "S1650007157.767357,VS0,VE278",
              "X-Xss-Protection": "1; mode=block"
            },
            "url": "https://raw.githubusercontent.com/cloudposse/terraform-aws-service-control-policies/0.8.0/catalog/iam-policies.yaml"
          },
          "sensitive_attributes": []
        },
        {
          "index_key": "aHR0cHM6Ly9yYXcuZ2l0aHVidXNlcmNvbnRlbnQuY29tL2Nsb3VkcG9zc2UvdGVycmFmb3JtLWF3cy1zZXJ2aWNlLWNvbnRyb2wtcG9saWNpZXMvMC44LjAvY2F0YWxvZy9rbXMtcG9saWNpZXMueWFtbA==",
          "schema_version": 0,
          "attributes": {
            "body": "- sid: \"DenyDeletingKMSKeys\"\n  effect: \"Deny\"\n  actions:\n    - \"kms:ScheduleKeyDeletion\"\n    - \"kms:Delete*\"\n  resources:\n    - \"*\"\n",
            "id": "https://raw.githubusercontent.com/cloudposse/terraform-aws-service-control-policies/0.8.0/catalog/kms-policies.yaml",
            "request_headers": null,
            "response_headers": {
              "Accept-Ranges": "bytes",
              "Access-Control-Allow-Origin": "*",
              "Cache-Control": "max-age=300",
              "Content-Security-Policy": "default-src 'none'; style-src 'unsafe-inline'; sandbox",
              "Content-Type": "text/plain; charset=utf-8",
              "Date": "Fri, 15 Apr 2022 07:19:17 GMT",
              "Etag": "W/\"dd3a0cc26a83a681faa55e0922f5f2bcb55e658ebf10d2af119e8d3b671d5650\"",
              "Expires": "Fri, 15 Apr 2022 07:24:17 GMT",
              "Source-Age": "0",
              "Strict-Transport-Security": "max-age=31536000",
              "Vary": "Authorization,Accept-Encoding,Origin",
              "Via": "1.1 varnish",
              "X-Cache": "HIT",
              "X-Cache-Hits": "1",
              "X-Content-Type-Options": "nosniff",
              "X-Fastly-Request-Id": "f919af08a74f783a8db9e78e02aec7fc9e65cf6a",
              "X-Frame-Options": "deny",
              "X-Github-Request-Id": "DAE2:5979:25BC31:3B90E8:6258E7A4",
              "X-Served-By": "cache-qpg1268-QPG",
              "X-Timer": "S1650007157.765968,VS0,VE302",
              "X-Xss-Protection": "1; mode=block"
            },
            "url": "https://raw.githubusercontent.com/cloudposse/terraform-aws-service-control-policies/0.8.0/catalog/kms-policies.yaml"
          },
          "sensitive_attributes": []
        },
        {
          "index_key": "aHR0cHM6Ly9yYXcuZ2l0aHVidXNlcmNvbnRlbnQuY29tL2Nsb3VkcG9zc2UvdGVycmFmb3JtLWF3cy1zZXJ2aWNlLWNvbnRyb2wtcG9saWNpZXMvMC44LjAvY2F0YWxvZy9vcmdhbml6YXRpb24tcG9saWNpZXMueWFtbA==",
          "schema_version": 0,
          "attributes": {
            "body": "- sid: \"DenyLeavingOrganization\"\n  effect: \"Deny\"\n  actions:\n    - \"organizations:LeaveOrganization\"\n  resources:\n    - \"*\"\n\n\n- sid: \"DenyRootAccountAccess\"\n  effect: \"Deny\"\n  actions:\n    - \"*\"\n  resources:\n    - \"*\"\n  condition:\n    - test: \"StringLike\"\n      variable: \"aws:PrincipalArn\"\n      values:\n        - \"arn:aws:iam::*:root\"\n",
            "id": "https://raw.githubusercontent.com/cloudposse/terraform-aws-service-control-policies/0.8.0/catalog/organization-policies.yaml",
            "request_headers": null,
            "response_headers": {
              "Accept-Ranges": "bytes",
              "Access-Control-Allow-Origin": "*",
              "Cache-Control": "max-age=300",
              "Content-Security-Policy": "default-src 'none'; style-src 'unsafe-inline'; sandbox",
              "Content-Type": "text/plain; charset=utf-8",
              "Date": "Fri, 15 Apr 2022 07:19:17 GMT",
              "Etag": "W/\"cc57f64d3d76972114218f6bf262ba37b55c52bf80bcf47fa8cc88ee460afe1e\"",
              "Expires": "Fri, 15 Apr 2022 07:24:17 GMT",
              "Source-Age": "0",
              "Strict-Transport-Security": "max-age=31536000",
              "Vary": "Authorization,Accept-Encoding,Origin",
              "Via": "1.1 varnish",
              "X-Cache": "HIT",
              "X-Cache-Hits": "1",
              "X-Content-Type-Options": "nosniff",
              "X-Fastly-Request-Id": "f07b2b9869f540b49589b5259b804bdf13ca66c1",
              "X-Frame-Options": "deny",
              "X-Github-Request-Id": "2D60:06DE:8D077:13A1A2:625916A9",
              "X-Served-By": "cache-qpg1268-QPG",
              "X-Timer": "S1650007157.766145,VS0,VE296",
              "X-Xss-Protection": "1; mode=block"
            },
            "url": "https://raw.githubusercontent.com/cloudposse/terraform-aws-service-control-policies/0.8.0/catalog/organization-policies.yaml"
          },
          "sensitive_attributes": []
        },
        {
          "index_key": "aHR0cHM6Ly9yYXcuZ2l0aHVidXNlcmNvbnRlbnQuY29tL2Nsb3VkcG9zc2UvdGVycmFmb3JtLWF3cy1zZXJ2aWNlLWNvbnRyb2wtcG9saWNpZXMvMC44LjAvY2F0YWxvZy9yb3V0ZTUzLXBvbGljaWVzLnlhbWw=",
          "schema_version": 0,
          "attributes": {
            "body": "- sid: \"DenyDeletingRoute53Zones\"\n  effect: \"Deny\"\n  actions:\n    - \"route53:DeleteHostedZone\"\n  resources:\n    - \"*\"\n",
            "id": "https://raw.githubusercontent.com/cloudposse/terraform-aws-service-control-policies/0.8.0/catalog/route53-policies.yaml",
            "request_headers": null,
            "response_headers": {
              "Accept-Ranges": "bytes",
              "Access-Control-Allow-Origin": "*",
              "Cache-Control": "max-age=300",
              "Content-Security-Policy": "default-src 'none'; style-src 'unsafe-inline'; sandbox",
              "Content-Type": "text/plain; charset=utf-8",
              "Date": "Fri, 15 Apr 2022 07:19:17 GMT",
              "Etag": "W/\"1aea1997b30a81b83c3546ed3a2b681c22ae6c01631a7de91b59d0366e5690b9\"",
              "Expires": "Fri, 15 Apr 2022 07:24:17 GMT",
              "Source-Age": "0",
              "Strict-Transport-Security": "max-age=31536000",
              "Vary": "Authorization,Accept-Encoding,Origin",
              "Via": "1.1 varnish",
              "X-Cache": "HIT",
              "X-Cache-Hits": "1",
              "X-Content-Type-Options": "nosniff",
              "X-Fastly-Request-Id": "90852ce0907aec6fdbb81ca6e9ea8fea6b8934b4",
              "X-Frame-Options": "deny",
              "X-Github-Request-Id": "7852:5C77:57C81B:71CE93:6258E7A4",
              "X-Served-By": "cache-qpg1268-QPG",
              "X-Timer": "S1650007157.766243,VS0,VE287",
              "X-Xss-Protection": "1; mode=block"
            },
            "url": "https://raw.githubusercontent.com/cloudposse/terraform-aws-service-control-policies/0.8.0/catalog/route53-policies.yaml"
          },
          "sensitive_attributes": []
        },
        {
          "index_key": "aHR0cHM6Ly9yYXcuZ2l0aHVidXNlcmNvbnRlbnQuY29tL2Nsb3VkcG9zc2UvdGVycmFmb3JtLWF3cy1zZXJ2aWNlLWNvbnRyb2wtcG9saWNpZXMvMC44LjAvY2F0YWxvZy9zMy1wb2xpY2llcy55YW1s",
          "schema_version": 0,
          "attributes": {
            "body": "- sid: \"ProtectS3Buckets\"\n  effect: \"Deny\"\n  actions:\n    - \"s3:DeleteBucket\"\n    - \"s3:DeleteObject\"\n    - \"s3:DeleteObjectVersion\"\n  resources:\n    - \"*\"\n\n\n- sid: \"DenyS3BucketsPublicAccess\"\n  effect: \"Deny\"\n  actions:\n    - \"s3:PutBucketPublicAccessBlock\"\n    - \"s3:DeletePublicAccessBlock\"\n  resources:\n    - \"*\"\n\n\n- sid: \"DenyS3IncorrectEncryptionHeader\"\n  effect: \"Deny\"\n  actions:\n    - \"s3:PutObject\"\n  resources:\n    - \"*\"\n  condition:\n    - test: \"StringNotEquals\"\n      variable: \"s3:x-amz-server-side-encryption\"\n      values:\n        - \"AES256\"\n        - \"aws:kms\"\n\n\n- sid: \"DenyS3UnEncryptedObjectUploads\"\n  effect: \"Deny\"\n  actions:\n    - \"s3:PutObject\"\n  resources:\n    - \"*\"\n  condition:\n    - test: \"Null\"\n      variable: \"s3:x-amz-server-side-encryption\"\n      values:\n        - true\n",
            "id": "https://raw.githubusercontent.com/cloudposse/terraform-aws-service-control-policies/0.8.0/catalog/s3-policies.yaml",
            "request_headers": null,
            "response_headers": {
              "Accept-Ranges": "bytes",
              "Access-Control-Allow-Origin": "*",
              "Cache-Control": "max-age=300",
              "Content-Security-Policy": "default-src 'none'; style-src 'unsafe-inline'; sandbox",
              "Content-Type": "text/plain; charset=utf-8",
              "Date": "Fri, 15 Apr 2022 07:19:17 GMT",
              "Etag": "W/\"5ff003b0da193083d1dd9e0858bea3b3027d5ac9aa4aeb1f0d9400384dd5d75c\"",
              "Expires": "Fri, 15 Apr 2022 07:24:17 GMT",
              "Source-Age": "0",
              "Strict-Transport-Security": "max-age=31536000",
              "Vary": "Authorization,Accept-Encoding,Origin",
              "Via": "1.1 varnish",
              "X-Cache": "HIT",
              "X-Cache-Hits": "1",
              "X-Content-Type-Options": "nosniff",
              "X-Fastly-Request-Id": "8cba0ab29957034c4ee4a02cdd5cc608778e95ff",
              "X-Frame-Options": "deny",
              "X-Github-Request-Id": "5BFA:717F:5ABF50:74E3EF:6258E7A4",
              "X-Served-By": "cache-qpg1268-QPG",
              "X-Timer": "S1650007157.767371,VS0,VE292",
              "X-Xss-Protection": "1; mode=block"
            },
            "url": "https://raw.githubusercontent.com/cloudposse/terraform-aws-service-control-policies/0.8.0/catalog/s3-policies.yaml"
          },
          "sensitive_attributes": []
        }
      ]
    },
    {
      "module": "module.service_control_policy_statements_yaml_config.module.yaml_config_1",
      "mode": "data",
      "type": "template_file",
      "name": "remote_config",
      "provider": "provider[\"registry.terraform.io/hashicorp/template\"]",
      "instances": [
        {
          "index_key": "aHR0cHM6Ly9yYXcuZ2l0aHVidXNlcmNvbnRlbnQuY29tL2Nsb3VkcG9zc2UvdGVycmFmb3JtLWF3cy1zZXJ2aWNlLWNvbnRyb2wtcG9saWNpZXMvMC44LjAvY2F0YWxvZy9jbG91ZHdhdGNoLWxvZ3MtcG9saWNpZXMueWFtbA==",
          "schema_version": 0,
          "attributes": {
            "filename": null,
            "id": "c6b45b229511ea63a6b6a192742558744c62a3918fdfffe6a231b04ef960164c",
            "rendered": "- sid: \"DenyDeletingCloudWatchLogs\"\n  effect: \"Deny\"\n  actions:\n    - \"ec2:DeleteFlowLogs\"\n    - \"logs:DeleteLogGroup\"\n    - \"logs:DeleteLogStream\"\n  resources:\n    - \"*\"\n",
            "template": "- sid: \"DenyDeletingCloudWatchLogs\"\n  effect: \"Deny\"\n  actions:\n    - \"ec2:DeleteFlowLogs\"\n    - \"logs:DeleteLogGroup\"\n    - \"logs:DeleteLogStream\"\n  resources:\n    - \"*\"\n",
            "vars": null
          },
          "sensitive_attributes": []
        },
        {
          "index_key": "aHR0cHM6Ly9yYXcuZ2l0aHVidXNlcmNvbnRlbnQuY29tL2Nsb3VkcG9zc2UvdGVycmFmb3JtLWF3cy1zZXJ2aWNlLWNvbnRyb2wtcG9saWNpZXMvMC44LjAvY2F0YWxvZy9kZW55LWFsbC1wb2xpY2llcy55YW1s",
          "schema_version": 0,
          "attributes": {
            "filename": null,
            "id": "1350d7b7a6720d7ab7c168fc741164e086075ccc3d79a044ad71310dec4f05c7",
            "rendered": "- sid: \"DenyAllAccess\"\n  effect: \"Deny\"\n  actions:\n    - \"*\"\n  resources:\n    - \"*\"\n",
            "template": "- sid: \"DenyAllAccess\"\n  effect: \"Deny\"\n  actions:\n    - \"*\"\n  resources:\n    - \"*\"\n",
            "vars": null
          },
          "sensitive_attributes": []
        },
        {
          "index_key": "aHR0cHM6Ly9yYXcuZ2l0aHVidXNlcmNvbnRlbnQuY29tL2Nsb3VkcG9zc2UvdGVycmFmb3JtLWF3cy1zZXJ2aWNlLWNvbnRyb2wtcG9saWNpZXMvMC44LjAvY2F0YWxvZy9lYzItcG9saWNpZXMueWFtbA==",
          "schema_version": 0,
          "attributes": {
            "filename": null,
            "id": "72cfb436b6eef8cd01bebcf2ebf947d975dcb48b24be9d5e7035dbb6497b8990",
            "rendered": "#\n# This policy denies instance types that aren't based on the Nitro system as documented in the following document:\n# https://docs.aws.amazon.com/AWSEC2/latest/UserGuide/instance-types.html#ec2-nitro-instances\n#\n- sid: \"DenyNonNitroInstances\"\n  effect: \"Deny\"\n  actions:\n    - \"ec2:RunInstances\"\n  condition:\n    - test: \"StringNotLike\"\n      variable: \"ec2:InstanceType\"\n      values:\n        - a1\n        - a1.metal\n        - c5\n        - c5.metal\n        - c5a\n        - c5ad\n        - c5d\n        - c5d.metal\n        - c5n\n        - c5n.metal\n        - c6g\n        - c6g.metal\n        - c6gd\n        - c6gd.metal\n        - c6gn\n        - d3\n        - d3en\n        - g4\n        - i3.metal\n        - i3en\n        - i3en.metal\n        - inf1\n        - m5\n        - m5.metal\n        - m5a\n        - m5ad\n        - m5d\n        - m5d.metal\n        - m5dn\n        - m5dn.metal\n        - m5n\n        - m5n.metal\n        - m5zn\n        - m5zn.metal\n        - m6g\n        - m6g.metal\n        - m6gd\n        - m6gd.metal\n        - mac1.metal\n        - p3dn.24xlarge\n        - p4\n        - r5\n        - r5.metal\n        - r5a\n        - r5ad\n        - r5b\n        - r5b.metal\n        - r5d\n        - r5d.metal\n        - r5dn\n        - r5dn.metal\n        - r5n\n        - r5n.metal\n        - r6g\n        - r6g.metal\n        - r6gd\n        - r6gd.metal\n        - t3\n        - t3a\n        - t4g\n        - u-12tb1.metal\n        - u-18tb1.metal\n        - u-24tb1.metal\n        - u-6tb1.metal\n        - u-9tb1.metal\n        - z1d\n        - z1d.metal\n  resources:\n    - \"arn:aws:ec2:*:*:instance/*\"\n\n# This policy denies instance types that aren't based on the Nitro system and don't support Encryption-in-Transit as\n# described in the following document:\n# https://docs.aws.amazon.com/AWSEC2/latest/UserGuide/data-protection.html#encryption-transit\n- sid: \"DenyInstancesWithoutEncryptionInTransit\"\n  effect: \"Deny\"\n  actions:\n    - \"ec2:RunInstances\"\n  condition:\n    - test: \"StringNotLike\"\n      variable: \"ec2:InstanceType\"\n      values:\n        - c5a\n        - c5ad\n        - c5n\n        - c6gn\n        - d3\n        - d3en\n        - g4ad\n        - g4dn\n        - i3en\n        - m5dn\n        - m5n\n        - m5zn\n        - p3dn\n        - p4d\n        - r5dn\n        - r5n\n  resources:\n    - \"arn:aws:ec2:*:*:instance/*\"\n",
            "template": "#\n# This policy denies instance types that aren't based on the Nitro system as documented in the following document:\n# https://docs.aws.amazon.com/AWSEC2/latest/UserGuide/instance-types.html#ec2-nitro-instances\n#\n- sid: \"DenyNonNitroInstances\"\n  effect: \"Deny\"\n  actions:\n    - \"ec2:RunInstances\"\n  condition:\n    - test: \"StringNotLike\"\n      variable: \"ec2:InstanceType\"\n      values:\n        - a1\n        - a1.metal\n        - c5\n        - c5.metal\n        - c5a\n        - c5ad\n        - c5d\n        - c5d.metal\n        - c5n\n        - c5n.metal\n        - c6g\n        - c6g.metal\n        - c6gd\n        - c6gd.metal\n        - c6gn\n        - d3\n        - d3en\n        - g4\n        - i3.metal\n        - i3en\n        - i3en.metal\n        - inf1\n        - m5\n        - m5.metal\n        - m5a\n        - m5ad\n        - m5d\n        - m5d.metal\n        - m5dn\n        - m5dn.metal\n        - m5n\n        - m5n.metal\n        - m5zn\n        - m5zn.metal\n        - m6g\n        - m6g.metal\n        - m6gd\n        - m6gd.metal\n        - mac1.metal\n        - p3dn.24xlarge\n        - p4\n        - r5\n        - r5.metal\n        - r5a\n        - r5ad\n        - r5b\n        - r5b.metal\n        - r5d\n        - r5d.metal\n        - r5dn\n        - r5dn.metal\n        - r5n\n        - r5n.metal\n        - r6g\n        - r6g.metal\n        - r6gd\n        - r6gd.metal\n        - t3\n        - t3a\n        - t4g\n        - u-12tb1.metal\n        - u-18tb1.metal\n        - u-24tb1.metal\n        - u-6tb1.metal\n        - u-9tb1.metal\n        - z1d\n        - z1d.metal\n  resources:\n    - \"arn:aws:ec2:*:*:instance/*\"\n\n# This policy denies instance types that aren't based on the Nitro system and don't support Encryption-in-Transit as\n# described in the following document:\n# https://docs.aws.amazon.com/AWSEC2/latest/UserGuide/data-protection.html#encryption-transit\n- sid: \"DenyInstancesWithoutEncryptionInTransit\"\n  effect: \"Deny\"\n  actions:\n    - \"ec2:RunInstances\"\n  condition:\n    - test: \"StringNotLike\"\n      variable: \"ec2:InstanceType\"\n      values:\n        - c5a\n        - c5ad\n        - c5n\n        - c6gn\n        - d3\n        - d3en\n        - g4ad\n        - g4dn\n        - i3en\n        - m5dn\n        - m5n\n        - m5zn\n        - p3dn\n        - p4d\n        - r5dn\n        - r5n\n  resources:\n    - \"arn:aws:ec2:*:*:instance/*\"\n",
            "vars": null
          },
          "sensitive_attributes": []
        },
        {
          "index_key": "aHR0cHM6Ly9yYXcuZ2l0aHVidXNlcmNvbnRlbnQuY29tL2Nsb3VkcG9zc2UvdGVycmFmb3JtLWF3cy1zZXJ2aWNlLWNvbnRyb2wtcG9saWNpZXMvMC44LjAvY2F0YWxvZy9pYW0tcG9saWNpZXMueWFtbA==",
          "schema_version": 0,
          "attributes": {
            "filename": null,
            "id": "ccddf16fe15879a75a3b2ed05d47efaf67b1aed5c0982d70e47ff6fbd87ab66c",
            "rendered": "- sid: \"DenyCreatingIAMUsers\"\n  effect: \"Deny\"\n  actions:\n    - \"iam:CreateUser\"\n    - \"iam:CreateAccessKey\"\n  resources:\n    - \"*\"\n\n\n- sid: \"ProtectIAMRoles\"\n  effect: \"Deny\"\n  actions:\n    - \"iam:AttachRolePolicy\"\n    - \"iam:DeleteRole\"\n    - \"iam:DeleteRolePermissionsBoundary\"\n    - \"iam:DeleteRolePolicy\"\n    - \"iam:DetachRolePolicy\"\n    - \"iam:PutRolePermissionsBoundary\"\n    - \"iam:PutRolePolicy\"\n    - \"iam:UpdateAssumeRolePolicy\"\n    - \"iam:UpdateRole\"\n    - \"iam:UpdateRoleDescription\"\n  resources:\n    - \"*\"\n",
            "template": "- sid: \"DenyCreatingIAMUsers\"\n  effect: \"Deny\"\n  actions:\n    - \"iam:CreateUser\"\n    - \"iam:CreateAccessKey\"\n  resources:\n    - \"*\"\n\n\n- sid: \"ProtectIAMRoles\"\n  effect: \"Deny\"\n  actions:\n    - \"iam:AttachRolePolicy\"\n    - \"iam:DeleteRole\"\n    - \"iam:DeleteRolePermissionsBoundary\"\n    - \"iam:DeleteRolePolicy\"\n    - \"iam:DetachRolePolicy\"\n    - \"iam:PutRolePermissionsBoundary\"\n    - \"iam:PutRolePolicy\"\n    - \"iam:UpdateAssumeRolePolicy\"\n    - \"iam:UpdateRole\"\n    - \"iam:UpdateRoleDescription\"\n  resources:\n    - \"*\"\n",
            "vars": null
          },
          "sensitive_attributes": []
        },
        {
          "index_key": "aHR0cHM6Ly9yYXcuZ2l0aHVidXNlcmNvbnRlbnQuY29tL2Nsb3VkcG9zc2UvdGVycmFmb3JtLWF3cy1zZXJ2aWNlLWNvbnRyb2wtcG9saWNpZXMvMC44LjAvY2F0YWxvZy9rbXMtcG9saWNpZXMueWFtbA==",
          "schema_version": 0,
          "attributes": {
            "filename": null,
            "id": "2a4eb2a7233173d900e98e4e9b671a55557729157ec760f4ed663a964aa49374",
            "rendered": "- sid: \"DenyDeletingKMSKeys\"\n  effect: \"Deny\"\n  actions:\n    - \"kms:ScheduleKeyDeletion\"\n    - \"kms:Delete*\"\n  resources:\n    - \"*\"\n",
            "template": "- sid: \"DenyDeletingKMSKeys\"\n  effect: \"Deny\"\n  actions:\n    - \"kms:ScheduleKeyDeletion\"\n    - \"kms:Delete*\"\n  resources:\n    - \"*\"\n",
            "vars": null
          },
          "sensitive_attributes": []
        },
        {
          "index_key": "aHR0cHM6Ly9yYXcuZ2l0aHVidXNlcmNvbnRlbnQuY29tL2Nsb3VkcG9zc2UvdGVycmFmb3JtLWF3cy1zZXJ2aWNlLWNvbnRyb2wtcG9saWNpZXMvMC44LjAvY2F0YWxvZy9vcmdhbml6YXRpb24tcG9saWNpZXMueWFtbA==",
          "schema_version": 0,
          "attributes": {
            "filename": null,
            "id": "8abb3b393abcd2f95646cedcb7eb14aabf882885a447cce141b8b971645f0817",
            "rendered": "- sid: \"DenyLeavingOrganization\"\n  effect: \"Deny\"\n  actions:\n    - \"organizations:LeaveOrganization\"\n  resources:\n    - \"*\"\n\n\n- sid: \"DenyRootAccountAccess\"\n  effect: \"Deny\"\n  actions:\n    - \"*\"\n  resources:\n    - \"*\"\n  condition:\n    - test: \"StringLike\"\n      variable: \"aws:PrincipalArn\"\n      values:\n        - \"arn:aws:iam::*:root\"\n",
            "template": "- sid: \"DenyLeavingOrganization\"\n  effect: \"Deny\"\n  actions:\n    - \"organizations:LeaveOrganization\"\n  resources:\n    - \"*\"\n\n\n- sid: \"DenyRootAccountAccess\"\n  effect: \"Deny\"\n  actions:\n    - \"*\"\n  resources:\n    - \"*\"\n  condition:\n    - test: \"StringLike\"\n      variable: \"aws:PrincipalArn\"\n      values:\n        - \"arn:aws:iam::*:root\"\n",
            "vars": null
          },
          "sensitive_attributes": []
        },
        {
          "index_key": "aHR0cHM6Ly9yYXcuZ2l0aHVidXNlcmNvbnRlbnQuY29tL2Nsb3VkcG9zc2UvdGVycmFmb3JtLWF3cy1zZXJ2aWNlLWNvbnRyb2wtcG9saWNpZXMvMC44LjAvY2F0YWxvZy9yb3V0ZTUzLXBvbGljaWVzLnlhbWw=",
          "schema_version": 0,
          "attributes": {
            "filename": null,
            "id": "dfb6b672dc340674add7dca43ca12b2b5f9485631a405e7745473115fbff0264",
            "rendered": "- sid: \"DenyDeletingRoute53Zones\"\n  effect: \"Deny\"\n  actions:\n    - \"route53:DeleteHostedZone\"\n  resources:\n    - \"*\"\n",
            "template": "- sid: \"DenyDeletingRoute53Zones\"\n  effect: \"Deny\"\n  actions:\n    - \"route53:DeleteHostedZone\"\n  resources:\n    - \"*\"\n",
            "vars": null
          },
          "sensitive_attributes": []
        },
        {
          "index_key": "aHR0cHM6Ly9yYXcuZ2l0aHVidXNlcmNvbnRlbnQuY29tL2Nsb3VkcG9zc2UvdGVycmFmb3JtLWF3cy1zZXJ2aWNlLWNvbnRyb2wtcG9saWNpZXMvMC44LjAvY2F0YWxvZy9zMy1wb2xpY2llcy55YW1s",
          "schema_version": 0,
          "attributes": {
            "filename": null,
            "id": "a2231a9784f419d83b205819800ca33941a62794b0177fdc7594d94cd201f537",
            "rendered": "- sid: \"ProtectS3Buckets\"\n  effect: \"Deny\"\n  actions:\n    - \"s3:DeleteBucket\"\n    - \"s3:DeleteObject\"\n    - \"s3:DeleteObjectVersion\"\n  resources:\n    - \"*\"\n\n\n- sid: \"DenyS3BucketsPublicAccess\"\n  effect: \"Deny\"\n  actions:\n    - \"s3:PutBucketPublicAccessBlock\"\n    - \"s3:DeletePublicAccessBlock\"\n  resources:\n    - \"*\"\n\n\n- sid: \"DenyS3IncorrectEncryptionHeader\"\n  effect: \"Deny\"\n  actions:\n    - \"s3:PutObject\"\n  resources:\n    - \"*\"\n  condition:\n    - test: \"StringNotEquals\"\n      variable: \"s3:x-amz-server-side-encryption\"\n      values:\n        - \"AES256\"\n        - \"aws:kms\"\n\n\n- sid: \"DenyS3UnEncryptedObjectUploads\"\n  effect: \"Deny\"\n  actions:\n    - \"s3:PutObject\"\n  resources:\n    - \"*\"\n  condition:\n    - test: \"Null\"\n      variable: \"s3:x-amz-server-side-encryption\"\n      values:\n        - true\n",
            "template": "- sid: \"ProtectS3Buckets\"\n  effect: \"Deny\"\n  actions:\n    - \"s3:DeleteBucket\"\n    - \"s3:DeleteObject\"\n    - \"s3:DeleteObjectVersion\"\n  resources:\n    - \"*\"\n\n\n- sid: \"DenyS3BucketsPublicAccess\"\n  effect: \"Deny\"\n  actions:\n    - \"s3:PutBucketPublicAccessBlock\"\n    - \"s3:DeletePublicAccessBlock\"\n  resources:\n    - \"*\"\n\n\n- sid: \"DenyS3IncorrectEncryptionHeader\"\n  effect: \"Deny\"\n  actions:\n    - \"s3:PutObject\"\n  resources:\n    - \"*\"\n  condition:\n    - test: \"StringNotEquals\"\n      variable: \"s3:x-amz-server-side-encryption\"\n      values:\n        - \"AES256\"\n        - \"aws:kms\"\n\n\n- sid: \"DenyS3UnEncryptedObjectUploads\"\n  effect: \"Deny\"\n  actions:\n    - \"s3:PutObject\"\n  resources:\n    - \"*\"\n  condition:\n    - test: \"Null\"\n      variable: \"s3:x-amz-server-side-encryption\"\n      values:\n        - true\n",
            "vars": null
          },
          "sensitive_attributes": []
        }
      ]
    },
    {
      "module": "module.service_control_policy_statements_yaml_config.module.yaml_config_10",
      "mode": "data",
      "type": "http",
      "name": "remote_config",
      "provider": "provider[\"registry.terraform.io/hashicorp/http\"]",
      "instances": [
        {
          "index_key": "aHR0cHM6Ly9yYXcuZ2l0aHVidXNlcmNvbnRlbnQuY29tL2Nsb3VkcG9zc2UvdGVycmFmb3JtLWF3cy1zZXJ2aWNlLWNvbnRyb2wtcG9saWNpZXMvMC44LjAvY2F0YWxvZy9jbG91ZHdhdGNoLWxvZ3MtcG9saWNpZXMueWFtbA==",
          "schema_version": 0,
          "attributes": {
            "body": "- sid: \"DenyDeletingCloudWatchLogs\"\n  effect: \"Deny\"\n  actions:\n    - \"ec2:DeleteFlowLogs\"\n    - \"logs:DeleteLogGroup\"\n    - \"logs:DeleteLogStream\"\n  resources:\n    - \"*\"\n",
            "id": "https://raw.githubusercontent.com/cloudposse/terraform-aws-service-control-policies/0.8.0/catalog/cloudwatch-logs-policies.yaml",
            "request_headers": null,
            "response_headers": {
              "Accept-Ranges": "bytes",
              "Access-Control-Allow-Origin": "*",
              "Cache-Control": "max-age=300",
              "Content-Security-Policy": "default-src 'none'; style-src 'unsafe-inline'; sandbox",
              "Content-Type": "text/plain; charset=utf-8",
              "Date": "Fri, 15 Apr 2022 07:19:19 GMT",
              "Etag": "W/\"60fd880267c76b3c31b53bb9f807cb7c1ed4900e3779687a98211b2f02d6dbc2\"",
              "Expires": "Fri, 15 Apr 2022 07:24:19 GMT",
              "Source-Age": "2",
              "Strict-Transport-Security": "max-age=31536000",
              "Vary": "Authorization,Accept-Encoding,Origin",
              "Via": "1.1 varnish",
              "X-Cache": "HIT",
              "X-Cache-Hits": "10",
              "X-Content-Type-Options": "nosniff",
              "X-Fastly-Request-Id": "bee8abec696f01ad5a2ecb8dacbf158736830fcb",
              "X-Frame-Options": "deny",
              "X-Github-Request-Id": "8B70:6E08:57C084:716AC7:6258E7A4",
              "X-Served-By": "cache-qpg1268-QPG",
              "X-Timer": "S1650007159.455519,VS0,VE0",
              "X-Xss-Protection": "1; mode=block"
            },
            "url": "https://raw.githubusercontent.com/cloudposse/terraform-aws-service-control-policies/0.8.0/catalog/cloudwatch-logs-policies.yaml"
          },
          "sensitive_attributes": []
        },
        {
          "index_key": "aHR0cHM6Ly9yYXcuZ2l0aHVidXNlcmNvbnRlbnQuY29tL2Nsb3VkcG9zc2UvdGVycmFmb3JtLWF3cy1zZXJ2aWNlLWNvbnRyb2wtcG9saWNpZXMvMC44LjAvY2F0YWxvZy9kZW55LWFsbC1wb2xpY2llcy55YW1s",
          "schema_version": 0,
          "attributes": {
            "body": "- sid: \"DenyAllAccess\"\n  effect: \"Deny\"\n  actions:\n    - \"*\"\n  resources:\n    - \"*\"\n",
            "id": "https://raw.githubusercontent.com/cloudposse/terraform-aws-service-control-policies/0.8.0/catalog/deny-all-policies.yaml",
            "request_headers": null,
            "response_headers": {
              "Accept-Ranges": "bytes",
              "Access-Control-Allow-Origin": "*",
              "Cache-Control": "max-age=300",
              "Content-Security-Policy": "default-src 'none'; style-src 'unsafe-inline'; sandbox",
              "Content-Type": "text/plain; charset=utf-8",
              "Date": "Fri, 15 Apr 2022 07:19:19 GMT",
              "Etag": "W/\"83ba8a9d1378f1c8c3867e50dd9ef988d497a8e677533d831f5e82bdece2f9a2\"",
              "Expires": "Fri, 15 Apr 2022 07:24:19 GMT",
              "Source-Age": "2",
              "Strict-Transport-Security": "max-age=31536000",
              "Vary": "Authorization,Accept-Encoding,Origin",
              "Via": "1.1 varnish",
              "X-Cache": "HIT",
              "X-Cache-Hits": "10",
              "X-Content-Type-Options": "nosniff",
              "X-Fastly-Request-Id": "5b989a08738121ece9f80cc1c59e3af0a979a3df",
              "X-Frame-Options": "deny",
              "X-Github-Request-Id": "A85A:2907:5A7A96:7432AF:6258E7A4",
              "X-Served-By": "cache-qpg1268-QPG",
              "X-Timer": "S1650007159.455566,VS0,VE0",
              "X-Xss-Protection": "1; mode=block"
            },
            "url": "https://raw.githubusercontent.com/cloudposse/terraform-aws-service-control-policies/0.8.0/catalog/deny-all-policies.yaml"
          },
          "sensitive_attributes": []
        },
        {
          "index_key": "aHR0cHM6Ly9yYXcuZ2l0aHVidXNlcmNvbnRlbnQuY29tL2Nsb3VkcG9zc2UvdGVycmFmb3JtLWF3cy1zZXJ2aWNlLWNvbnRyb2wtcG9saWNpZXMvMC44LjAvY2F0YWxvZy9lYzItcG9saWNpZXMueWFtbA==",
          "schema_version": 0,
          "attributes": {
            "body": "#\n# This policy denies instance types that aren't based on the Nitro system as documented in the following document:\n# https://docs.aws.amazon.com/AWSEC2/latest/UserGuide/instance-types.html#ec2-nitro-instances\n#\n- sid: \"DenyNonNitroInstances\"\n  effect: \"Deny\"\n  actions:\n    - \"ec2:RunInstances\"\n  condition:\n    - test: \"StringNotLike\"\n      variable: \"ec2:InstanceType\"\n      values:\n        - a1\n        - a1.metal\n        - c5\n        - c5.metal\n        - c5a\n        - c5ad\n        - c5d\n        - c5d.metal\n        - c5n\n        - c5n.metal\n        - c6g\n        - c6g.metal\n        - c6gd\n        - c6gd.metal\n        - c6gn\n        - d3\n        - d3en\n        - g4\n        - i3.metal\n        - i3en\n        - i3en.metal\n        - inf1\n        - m5\n        - m5.metal\n        - m5a\n        - m5ad\n        - m5d\n        - m5d.metal\n        - m5dn\n        - m5dn.metal\n        - m5n\n        - m5n.metal\n        - m5zn\n        - m5zn.metal\n        - m6g\n        - m6g.metal\n        - m6gd\n        - m6gd.metal\n        - mac1.metal\n        - p3dn.24xlarge\n        - p4\n        - r5\n        - r5.metal\n        - r5a\n        - r5ad\n        - r5b\n        - r5b.metal\n        - r5d\n        - r5d.metal\n        - r5dn\n        - r5dn.metal\n        - r5n\n        - r5n.metal\n        - r6g\n        - r6g.metal\n        - r6gd\n        - r6gd.metal\n        - t3\n        - t3a\n        - t4g\n        - u-12tb1.metal\n        - u-18tb1.metal\n        - u-24tb1.metal\n        - u-6tb1.metal\n        - u-9tb1.metal\n        - z1d\n        - z1d.metal\n  resources:\n    - \"arn:aws:ec2:*:*:instance/*\"\n\n# This policy denies instance types that aren't based on the Nitro system and don't support Encryption-in-Transit as\n# described in the following document:\n# https://docs.aws.amazon.com/AWSEC2/latest/UserGuide/data-protection.html#encryption-transit\n- sid: \"DenyInstancesWithoutEncryptionInTransit\"\n  effect: \"Deny\"\n  actions:\n    - \"ec2:RunInstances\"\n  condition:\n    - test: \"StringNotLike\"\n      variable: \"ec2:InstanceType\"\n      values:\n        - c5a\n        - c5ad\n        - c5n\n        - c6gn\n        - d3\n        - d3en\n        - g4ad\n        - g4dn\n        - i3en\n        - m5dn\n        - m5n\n        - m5zn\n        - p3dn\n        - p4d\n        - r5dn\n        - r5n\n  resources:\n    - \"arn:aws:ec2:*:*:instance/*\"\n",
            "id": "https://raw.githubusercontent.com/cloudposse/terraform-aws-service-control-policies/0.8.0/catalog/ec2-policies.yaml",
            "request_headers": null,
            "response_headers": {
              "Accept-Ranges": "bytes",
              "Access-Control-Allow-Origin": "*",
              "Cache-Control": "max-age=300",
              "Content-Security-Policy": "default-src 'none'; style-src 'unsafe-inline'; sandbox",
              "Content-Type": "text/plain; charset=utf-8",
              "Date": "Fri, 15 Apr 2022 07:19:19 GMT",
              "Etag": "W/\"3ce78336fdfac8650c014c298b887c2b773b87e08edb2d2202fc2a3b155f83fa\"",
              "Expires": "Fri, 15 Apr 2022 07:24:19 GMT",
              "Source-Age": "2",
              "Strict-Transport-Security": "max-age=31536000",
              "Vary": "Authorization,Accept-Encoding,Origin",
              "Via": "1.1 varnish",
              "X-Cache": "HIT",
              "X-Cache-Hits": "10",
              "X-Content-Type-Options": "nosniff",
              "X-Fastly-Request-Id": "c84c9f514d2c8c68f20dd03aec79d26b1b4b3aaa",
              "X-Frame-Options": "deny",
              "X-Github-Request-Id": "1EFE:7B33:558B69:6F3A3B:6258E7A4",
              "X-Served-By": "cache-qpg1268-QPG",
              "X-Timer": "S1650007159.455124,VS0,VE0",
              "X-Xss-Protection": "1; mode=block"
            },
            "url": "https://raw.githubusercontent.com/cloudposse/terraform-aws-service-control-policies/0.8.0/catalog/ec2-policies.yaml"
          },
          "sensitive_attributes": []
        },
        {
          "index_key": "aHR0cHM6Ly9yYXcuZ2l0aHVidXNlcmNvbnRlbnQuY29tL2Nsb3VkcG9zc2UvdGVycmFmb3JtLWF3cy1zZXJ2aWNlLWNvbnRyb2wtcG9saWNpZXMvMC44LjAvY2F0YWxvZy9pYW0tcG9saWNpZXMueWFtbA==",
          "schema_version": 0,
          "attributes": {
            "body": "- sid: \"DenyCreatingIAMUsers\"\n  effect: \"Deny\"\n  actions:\n    - \"iam:CreateUser\"\n    - \"iam:CreateAccessKey\"\n  resources:\n    - \"*\"\n\n\n- sid: \"ProtectIAMRoles\"\n  effect: \"Deny\"\n  actions:\n    - \"iam:AttachRolePolicy\"\n    - \"iam:DeleteRole\"\n    - \"iam:DeleteRolePermissionsBoundary\"\n    - \"iam:DeleteRolePolicy\"\n    - \"iam:DetachRolePolicy\"\n    - \"iam:PutRolePermissionsBoundary\"\n    - \"iam:PutRolePolicy\"\n    - \"iam:UpdateAssumeRolePolicy\"\n    - \"iam:UpdateRole\"\n    - \"iam:UpdateRoleDescription\"\n  resources:\n    - \"*\"\n",
            "id": "https://raw.githubusercontent.com/cloudposse/terraform-aws-service-control-policies/0.8.0/catalog/iam-policies.yaml",
            "request_headers": null,
            "response_headers": {
              "Accept-Ranges": "bytes",
              "Access-Control-Allow-Origin": "*",
              "Cache-Control": "max-age=300",
              "Content-Security-Policy": "default-src 'none'; style-src 'unsafe-inline'; sandbox",
              "Content-Type": "text/plain; charset=utf-8",
              "Date": "Fri, 15 Apr 2022 07:19:19 GMT",
              "Etag": "W/\"b50805ec82bcbd7c8370fd25506b9ed1d6f0c5e5a954986f9e7a0257e4c1783b\"",
              "Expires": "Fri, 15 Apr 2022 07:24:19 GMT",
              "Source-Age": "2",
              "Strict-Transport-Security": "max-age=31536000",
              "Vary": "Authorization,Accept-Encoding,Origin",
              "Via": "1.1 varnish",
              "X-Cache": "HIT",
              "X-Cache-Hits": "10",
              "X-Content-Type-Options": "nosniff",
              "X-Fastly-Request-Id": "a12b8c8eb360176ff5f0f4014bb10c7ea0192e15",
              "X-Frame-Options": "deny",
              "X-Github-Request-Id": "1844:1623:23249D:38BBC0:6258E7A4",
              "X-Served-By": "cache-qpg1268-QPG",
              "X-Timer": "S1650007159.455244,VS0,VE0",
              "X-Xss-Protection": "1; mode=block"
            },
            "url": "https://raw.githubusercontent.com/cloudposse/terraform-aws-service-control-policies/0.8.0/catalog/iam-policies.yaml"
          },
          "sensitive_attributes": []
        },
        {
          "index_key": "aHR0cHM6Ly9yYXcuZ2l0aHVidXNlcmNvbnRlbnQuY29tL2Nsb3VkcG9zc2UvdGVycmFmb3JtLWF3cy1zZXJ2aWNlLWNvbnRyb2wtcG9saWNpZXMvMC44LjAvY2F0YWxvZy9rbXMtcG9saWNpZXMueWFtbA==",
          "schema_version": 0,
          "attributes": {
            "body": "- sid: \"DenyDeletingKMSKeys\"\n  effect: \"Deny\"\n  actions:\n    - \"kms:ScheduleKeyDeletion\"\n    - \"kms:Delete*\"\n  resources:\n    - \"*\"\n",
            "id": "https://raw.githubusercontent.com/cloudposse/terraform-aws-service-control-policies/0.8.0/catalog/kms-policies.yaml",
            "request_headers": null,
            "response_headers": {
              "Accept-Ranges": "bytes",
              "Access-Control-Allow-Origin": "*",
              "Cache-Control": "max-age=300",
              "Content-Security-Policy": "default-src 'none'; style-src 'unsafe-inline'; sandbox",
              "Content-Type": "text/plain; charset=utf-8",
              "Date": "Fri, 15 Apr 2022 07:19:19 GMT",
              "Etag": "W/\"dd3a0cc26a83a681faa55e0922f5f2bcb55e658ebf10d2af119e8d3b671d5650\"",
              "Expires": "Fri, 15 Apr 2022 07:24:19 GMT",
              "Source-Age": "2",
              "Strict-Transport-Security": "max-age=31536000",
              "Vary": "Authorization,Accept-Encoding,Origin",
              "Via": "1.1 varnish",
              "X-Cache": "HIT",
              "X-Cache-Hits": "10",
              "X-Content-Type-Options": "nosniff",
              "X-Fastly-Request-Id": "a6f4ca0bd66ee84ff45970b7e742ee54bd5be1fe",
              "X-Frame-Options": "deny",
              "X-Github-Request-Id": "DAE2:5979:25BC31:3B90E8:6258E7A4",
              "X-Served-By": "cache-qpg1268-QPG",
              "X-Timer": "S1650007159.455775,VS0,VE0",
              "X-Xss-Protection": "1; mode=block"
            },
            "url": "https://raw.githubusercontent.com/cloudposse/terraform-aws-service-control-policies/0.8.0/catalog/kms-policies.yaml"
          },
          "sensitive_attributes": []
        },
        {
          "index_key": "aHR0cHM6Ly9yYXcuZ2l0aHVidXNlcmNvbnRlbnQuY29tL2Nsb3VkcG9zc2UvdGVycmFmb3JtLWF3cy1zZXJ2aWNlLWNvbnRyb2wtcG9saWNpZXMvMC44LjAvY2F0YWxvZy9vcmdhbml6YXRpb24tcG9saWNpZXMueWFtbA==",
          "schema_version": 0,
          "attributes": {
            "body": "- sid: \"DenyLeavingOrganization\"\n  effect: \"Deny\"\n  actions:\n    - \"organizations:LeaveOrganization\"\n  resources:\n    - \"*\"\n\n\n- sid: \"DenyRootAccountAccess\"\n  effect: \"Deny\"\n  actions:\n    - \"*\"\n  resources:\n    - \"*\"\n  condition:\n    - test: \"StringLike\"\n      variable: \"aws:PrincipalArn\"\n      values:\n        - \"arn:aws:iam::*:root\"\n",
            "id": "https://raw.githubusercontent.com/cloudposse/terraform-aws-service-control-policies/0.8.0/catalog/organization-policies.yaml",
            "request_headers": null,
            "response_headers": {
              "Accept-Ranges": "bytes",
              "Access-Control-Allow-Origin": "*",
              "Cache-Control": "max-age=300",
              "Content-Security-Policy": "default-src 'none'; style-src 'unsafe-inline'; sandbox",
              "Content-Type": "text/plain; charset=utf-8",
              "Date": "Fri, 15 Apr 2022 07:19:19 GMT",
              "Etag": "W/\"cc57f64d3d76972114218f6bf262ba37b55c52bf80bcf47fa8cc88ee460afe1e\"",
              "Expires": "Fri, 15 Apr 2022 07:24:19 GMT",
              "Source-Age": "2",
              "Strict-Transport-Security": "max-age=31536000",
              "Vary": "Authorization,Accept-Encoding,Origin",
              "Via": "1.1 varnish",
              "X-Cache": "HIT",
              "X-Cache-Hits": "10",
              "X-Content-Type-Options": "nosniff",
              "X-Fastly-Request-Id": "fcaea9c1196ae1935416476d9c481668d1424e61",
              "X-Frame-Options": "deny",
              "X-Github-Request-Id": "2D60:06DE:8D077:13A1A2:625916A9",
              "X-Served-By": "cache-qpg1268-QPG",
              "X-Timer": "S1650007159.456157,VS0,VE0",
              "X-Xss-Protection": "1; mode=block"
            },
            "url": "https://raw.githubusercontent.com/cloudposse/terraform-aws-service-control-policies/0.8.0/catalog/organization-policies.yaml"
          },
          "sensitive_attributes": []
        },
        {
          "index_key": "aHR0cHM6Ly9yYXcuZ2l0aHVidXNlcmNvbnRlbnQuY29tL2Nsb3VkcG9zc2UvdGVycmFmb3JtLWF3cy1zZXJ2aWNlLWNvbnRyb2wtcG9saWNpZXMvMC44LjAvY2F0YWxvZy9yb3V0ZTUzLXBvbGljaWVzLnlhbWw=",
          "schema_version": 0,
          "attributes": {
            "body": "- sid: \"DenyDeletingRoute53Zones\"\n  effect: \"Deny\"\n  actions:\n    - \"route53:DeleteHostedZone\"\n  resources:\n    - \"*\"\n",
            "id": "https://raw.githubusercontent.com/cloudposse/terraform-aws-service-control-policies/0.8.0/catalog/route53-policies.yaml",
            "request_headers": null,
            "response_headers": {
              "Accept-Ranges": "bytes",
              "Access-Control-Allow-Origin": "*",
              "Cache-Control": "max-age=300",
              "Content-Security-Policy": "default-src 'none'; style-src 'unsafe-inline'; sandbox",
              "Content-Type": "text/plain; charset=utf-8",
              "Date": "Fri, 15 Apr 2022 07:19:19 GMT",
              "Etag": "W/\"1aea1997b30a81b83c3546ed3a2b681c22ae6c01631a7de91b59d0366e5690b9\"",
              "Expires": "Fri, 15 Apr 2022 07:24:19 GMT",
              "Source-Age": "2",
              "Strict-Transport-Security": "max-age=31536000",
              "Vary": "Authorization,Accept-Encoding,Origin",
              "Via": "1.1 varnish",
              "X-Cache": "HIT",
              "X-Cache-Hits": "10",
              "X-Content-Type-Options": "nosniff",
              "X-Fastly-Request-Id": "f46fd4e1e098329e34b5299703fbe1c9ee65d556",
              "X-Frame-Options": "deny",
              "X-Github-Request-Id": "7852:5C77:57C81B:71CE93:6258E7A4",
              "X-Served-By": "cache-qpg1268-QPG",
              "X-Timer": "S1650007159.455968,VS0,VE0",
              "X-Xss-Protection": "1; mode=block"
            },
            "url": "https://raw.githubusercontent.com/cloudposse/terraform-aws-service-control-policies/0.8.0/catalog/route53-policies.yaml"
          },
          "sensitive_attributes": []
        },
        {
          "index_key": "aHR0cHM6Ly9yYXcuZ2l0aHVidXNlcmNvbnRlbnQuY29tL2Nsb3VkcG9zc2UvdGVycmFmb3JtLWF3cy1zZXJ2aWNlLWNvbnRyb2wtcG9saWNpZXMvMC44LjAvY2F0YWxvZy9zMy1wb2xpY2llcy55YW1s",
          "schema_version": 0,
          "attributes": {
            "body": "- sid: \"ProtectS3Buckets\"\n  effect: \"Deny\"\n  actions:\n    - \"s3:DeleteBucket\"\n    - \"s3:DeleteObject\"\n    - \"s3:DeleteObjectVersion\"\n  resources:\n    - \"*\"\n\n\n- sid: \"DenyS3BucketsPublicAccess\"\n  effect: \"Deny\"\n  actions:\n    - \"s3:PutBucketPublicAccessBlock\"\n    - \"s3:DeletePublicAccessBlock\"\n  resources:\n    - \"*\"\n\n\n- sid: \"DenyS3IncorrectEncryptionHeader\"\n  effect: \"Deny\"\n  actions:\n    - \"s3:PutObject\"\n  resources:\n    - \"*\"\n  condition:\n    - test: \"StringNotEquals\"\n      variable: \"s3:x-amz-server-side-encryption\"\n      values:\n        - \"AES256\"\n        - \"aws:kms\"\n\n\n- sid: \"DenyS3UnEncryptedObjectUploads\"\n  effect: \"Deny\"\n  actions:\n    - \"s3:PutObject\"\n  resources:\n    - \"*\"\n  condition:\n    - test: \"Null\"\n      variable: \"s3:x-amz-server-side-encryption\"\n      values:\n        - true\n",
            "id": "https://raw.githubusercontent.com/cloudposse/terraform-aws-service-control-policies/0.8.0/catalog/s3-policies.yaml",
            "request_headers": null,
            "response_headers": {
              "Accept-Ranges": "bytes",
              "Access-Control-Allow-Origin": "*",
              "Cache-Control": "max-age=300",
              "Content-Security-Policy": "default-src 'none'; style-src 'unsafe-inline'; sandbox",
              "Content-Type": "text/plain; charset=utf-8",
              "Date": "Fri, 15 Apr 2022 07:19:19 GMT",
              "Etag": "W/\"5ff003b0da193083d1dd9e0858bea3b3027d5ac9aa4aeb1f0d9400384dd5d75c\"",
              "Expires": "Fri, 15 Apr 2022 07:24:19 GMT",
              "Source-Age": "2",
              "Strict-Transport-Security": "max-age=31536000",
              "Vary": "Authorization,Accept-Encoding,Origin",
              "Via": "1.1 varnish",
              "X-Cache": "HIT",
              "X-Cache-Hits": "10",
              "X-Content-Type-Options": "nosniff",
              "X-Fastly-Request-Id": "cfa00ec16de5ea49bdf503eacd3e053978d1f995",
              "X-Frame-Options": "deny",
              "X-Github-Request-Id": "5BFA:717F:5ABF50:74E3EF:6258E7A4",
              "X-Served-By": "cache-qpg1268-QPG",
              "X-Timer": "S1650007159.455589,VS0,VE0",
              "X-Xss-Protection": "1; mode=block"
            },
            "url": "https://raw.githubusercontent.com/cloudposse/terraform-aws-service-control-policies/0.8.0/catalog/s3-policies.yaml"
          },
          "sensitive_attributes": []
        }
      ]
    },
    {
      "module": "module.service_control_policy_statements_yaml_config.module.yaml_config_10",
      "mode": "data",
      "type": "template_file",
      "name": "remote_config",
      "provider": "provider[\"registry.terraform.io/hashicorp/template\"]",
      "instances": [
        {
          "index_key": "aHR0cHM6Ly9yYXcuZ2l0aHVidXNlcmNvbnRlbnQuY29tL2Nsb3VkcG9zc2UvdGVycmFmb3JtLWF3cy1zZXJ2aWNlLWNvbnRyb2wtcG9saWNpZXMvMC44LjAvY2F0YWxvZy9jbG91ZHdhdGNoLWxvZ3MtcG9saWNpZXMueWFtbA==",
          "schema_version": 0,
          "attributes": {
            "filename": null,
            "id": "c6b45b229511ea63a6b6a192742558744c62a3918fdfffe6a231b04ef960164c",
            "rendered": "- sid: \"DenyDeletingCloudWatchLogs\"\n  effect: \"Deny\"\n  actions:\n    - \"ec2:DeleteFlowLogs\"\n    - \"logs:DeleteLogGroup\"\n    - \"logs:DeleteLogStream\"\n  resources:\n    - \"*\"\n",
            "template": "- sid: \"DenyDeletingCloudWatchLogs\"\n  effect: \"Deny\"\n  actions:\n    - \"ec2:DeleteFlowLogs\"\n    - \"logs:DeleteLogGroup\"\n    - \"logs:DeleteLogStream\"\n  resources:\n    - \"*\"\n",
            "vars": null
          },
          "sensitive_attributes": []
        },
        {
          "index_key": "aHR0cHM6Ly9yYXcuZ2l0aHVidXNlcmNvbnRlbnQuY29tL2Nsb3VkcG9zc2UvdGVycmFmb3JtLWF3cy1zZXJ2aWNlLWNvbnRyb2wtcG9saWNpZXMvMC44LjAvY2F0YWxvZy9kZW55LWFsbC1wb2xpY2llcy55YW1s",
          "schema_version": 0,
          "attributes": {
            "filename": null,
            "id": "1350d7b7a6720d7ab7c168fc741164e086075ccc3d79a044ad71310dec4f05c7",
            "rendered": "- sid: \"DenyAllAccess\"\n  effect: \"Deny\"\n  actions:\n    - \"*\"\n  resources:\n    - \"*\"\n",
            "template": "- sid: \"DenyAllAccess\"\n  effect: \"Deny\"\n  actions:\n    - \"*\"\n  resources:\n    - \"*\"\n",
            "vars": null
          },
          "sensitive_attributes": []
        },
        {
          "index_key": "aHR0cHM6Ly9yYXcuZ2l0aHVidXNlcmNvbnRlbnQuY29tL2Nsb3VkcG9zc2UvdGVycmFmb3JtLWF3cy1zZXJ2aWNlLWNvbnRyb2wtcG9saWNpZXMvMC44LjAvY2F0YWxvZy9lYzItcG9saWNpZXMueWFtbA==",
          "schema_version": 0,
          "attributes": {
            "filename": null,
            "id": "72cfb436b6eef8cd01bebcf2ebf947d975dcb48b24be9d5e7035dbb6497b8990",
            "rendered": "#\n# This policy denies instance types that aren't based on the Nitro system as documented in the following document:\n# https://docs.aws.amazon.com/AWSEC2/latest/UserGuide/instance-types.html#ec2-nitro-instances\n#\n- sid: \"DenyNonNitroInstances\"\n  effect: \"Deny\"\n  actions:\n    - \"ec2:RunInstances\"\n  condition:\n    - test: \"StringNotLike\"\n      variable: \"ec2:InstanceType\"\n      values:\n        - a1\n        - a1.metal\n        - c5\n        - c5.metal\n        - c5a\n        - c5ad\n        - c5d\n        - c5d.metal\n        - c5n\n        - c5n.metal\n        - c6g\n        - c6g.metal\n        - c6gd\n        - c6gd.metal\n        - c6gn\n        - d3\n        - d3en\n        - g4\n        - i3.metal\n        - i3en\n        - i3en.metal\n        - inf1\n        - m5\n        - m5.metal\n        - m5a\n        - m5ad\n        - m5d\n        - m5d.metal\n        - m5dn\n        - m5dn.metal\n        - m5n\n        - m5n.metal\n        - m5zn\n        - m5zn.metal\n        - m6g\n        - m6g.metal\n        - m6gd\n        - m6gd.metal\n        - mac1.metal\n        - p3dn.24xlarge\n        - p4\n        - r5\n        - r5.metal\n        - r5a\n        - r5ad\n        - r5b\n        - r5b.metal\n        - r5d\n        - r5d.metal\n        - r5dn\n        - r5dn.metal\n        - r5n\n        - r5n.metal\n        - r6g\n        - r6g.metal\n        - r6gd\n        - r6gd.metal\n        - t3\n        - t3a\n        - t4g\n        - u-12tb1.metal\n        - u-18tb1.metal\n        - u-24tb1.metal\n        - u-6tb1.metal\n        - u-9tb1.metal\n        - z1d\n        - z1d.metal\n  resources:\n    - \"arn:aws:ec2:*:*:instance/*\"\n\n# This policy denies instance types that aren't based on the Nitro system and don't support Encryption-in-Transit as\n# described in the following document:\n# https://docs.aws.amazon.com/AWSEC2/latest/UserGuide/data-protection.html#encryption-transit\n- sid: \"DenyInstancesWithoutEncryptionInTransit\"\n  effect: \"Deny\"\n  actions:\n    - \"ec2:RunInstances\"\n  condition:\n    - test: \"StringNotLike\"\n      variable: \"ec2:InstanceType\"\n      values:\n        - c5a\n        - c5ad\n        - c5n\n        - c6gn\n        - d3\n        - d3en\n        - g4ad\n        - g4dn\n        - i3en\n        - m5dn\n        - m5n\n        - m5zn\n        - p3dn\n        - p4d\n        - r5dn\n        - r5n\n  resources:\n    - \"arn:aws:ec2:*:*:instance/*\"\n",
            "template": "#\n# This policy denies instance types that aren't based on the Nitro system as documented in the following document:\n# https://docs.aws.amazon.com/AWSEC2/latest/UserGuide/instance-types.html#ec2-nitro-instances\n#\n- sid: \"DenyNonNitroInstances\"\n  effect: \"Deny\"\n  actions:\n    - \"ec2:RunInstances\"\n  condition:\n    - test: \"StringNotLike\"\n      variable: \"ec2:InstanceType\"\n      values:\n        - a1\n        - a1.metal\n        - c5\n        - c5.metal\n        - c5a\n        - c5ad\n        - c5d\n        - c5d.metal\n        - c5n\n        - c5n.metal\n        - c6g\n        - c6g.metal\n        - c6gd\n        - c6gd.metal\n        - c6gn\n        - d3\n        - d3en\n        - g4\n        - i3.metal\n        - i3en\n        - i3en.metal\n        - inf1\n        - m5\n        - m5.metal\n        - m5a\n        - m5ad\n        - m5d\n        - m5d.metal\n        - m5dn\n        - m5dn.metal\n        - m5n\n        - m5n.metal\n        - m5zn\n        - m5zn.metal\n        - m6g\n        - m6g.metal\n        - m6gd\n        - m6gd.metal\n        - mac1.metal\n        - p3dn.24xlarge\n        - p4\n        - r5\n        - r5.metal\n        - r5a\n        - r5ad\n        - r5b\n        - r5b.metal\n        - r5d\n        - r5d.metal\n        - r5dn\n        - r5dn.metal\n        - r5n\n        - r5n.metal\n        - r6g\n        - r6g.metal\n        - r6gd\n        - r6gd.metal\n        - t3\n        - t3a\n        - t4g\n        - u-12tb1.metal\n        - u-18tb1.metal\n        - u-24tb1.metal\n        - u-6tb1.metal\n        - u-9tb1.metal\n        - z1d\n        - z1d.metal\n  resources:\n    - \"arn:aws:ec2:*:*:instance/*\"\n\n# This policy denies instance types that aren't based on the Nitro system and don't support Encryption-in-Transit as\n# described in the following document:\n# https://docs.aws.amazon.com/AWSEC2/latest/UserGuide/data-protection.html#encryption-transit\n- sid: \"DenyInstancesWithoutEncryptionInTransit\"\n  effect: \"Deny\"\n  actions:\n    - \"ec2:RunInstances\"\n  condition:\n    - test: \"StringNotLike\"\n      variable: \"ec2:InstanceType\"\n      values:\n        - c5a\n        - c5ad\n        - c5n\n        - c6gn\n        - d3\n        - d3en\n        - g4ad\n        - g4dn\n        - i3en\n        - m5dn\n        - m5n\n        - m5zn\n        - p3dn\n        - p4d\n        - r5dn\n        - r5n\n  resources:\n    - \"arn:aws:ec2:*:*:instance/*\"\n",
            "vars": null
          },
          "sensitive_attributes": []
        },
        {
          "index_key": "aHR0cHM6Ly9yYXcuZ2l0aHVidXNlcmNvbnRlbnQuY29tL2Nsb3VkcG9zc2UvdGVycmFmb3JtLWF3cy1zZXJ2aWNlLWNvbnRyb2wtcG9saWNpZXMvMC44LjAvY2F0YWxvZy9pYW0tcG9saWNpZXMueWFtbA==",
          "schema_version": 0,
          "attributes": {
            "filename": null,
            "id": "ccddf16fe15879a75a3b2ed05d47efaf67b1aed5c0982d70e47ff6fbd87ab66c",
            "rendered": "- sid: \"DenyCreatingIAMUsers\"\n  effect: \"Deny\"\n  actions:\n    - \"iam:CreateUser\"\n    - \"iam:CreateAccessKey\"\n  resources:\n    - \"*\"\n\n\n- sid: \"ProtectIAMRoles\"\n  effect: \"Deny\"\n  actions:\n    - \"iam:AttachRolePolicy\"\n    - \"iam:DeleteRole\"\n    - \"iam:DeleteRolePermissionsBoundary\"\n    - \"iam:DeleteRolePolicy\"\n    - \"iam:DetachRolePolicy\"\n    - \"iam:PutRolePermissionsBoundary\"\n    - \"iam:PutRolePolicy\"\n    - \"iam:UpdateAssumeRolePolicy\"\n    - \"iam:UpdateRole\"\n    - \"iam:UpdateRoleDescription\"\n  resources:\n    - \"*\"\n",
            "template": "- sid: \"DenyCreatingIAMUsers\"\n  effect: \"Deny\"\n  actions:\n    - \"iam:CreateUser\"\n    - \"iam:CreateAccessKey\"\n  resources:\n    - \"*\"\n\n\n- sid: \"ProtectIAMRoles\"\n  effect: \"Deny\"\n  actions:\n    - \"iam:AttachRolePolicy\"\n    - \"iam:DeleteRole\"\n    - \"iam:DeleteRolePermissionsBoundary\"\n    - \"iam:DeleteRolePolicy\"\n    - \"iam:DetachRolePolicy\"\n    - \"iam:PutRolePermissionsBoundary\"\n    - \"iam:PutRolePolicy\"\n    - \"iam:UpdateAssumeRolePolicy\"\n    - \"iam:UpdateRole\"\n    - \"iam:UpdateRoleDescription\"\n  resources:\n    - \"*\"\n",
            "vars": null
          },
          "sensitive_attributes": []
        },
        {
          "index_key": "aHR0cHM6Ly9yYXcuZ2l0aHVidXNlcmNvbnRlbnQuY29tL2Nsb3VkcG9zc2UvdGVycmFmb3JtLWF3cy1zZXJ2aWNlLWNvbnRyb2wtcG9saWNpZXMvMC44LjAvY2F0YWxvZy9rbXMtcG9saWNpZXMueWFtbA==",
          "schema_version": 0,
          "attributes": {
            "filename": null,
            "id": "2a4eb2a7233173d900e98e4e9b671a55557729157ec760f4ed663a964aa49374",
            "rendered": "- sid: \"DenyDeletingKMSKeys\"\n  effect: \"Deny\"\n  actions:\n    - \"kms:ScheduleKeyDeletion\"\n    - \"kms:Delete*\"\n  resources:\n    - \"*\"\n",
            "template": "- sid: \"DenyDeletingKMSKeys\"\n  effect: \"Deny\"\n  actions:\n    - \"kms:ScheduleKeyDeletion\"\n    - \"kms:Delete*\"\n  resources:\n    - \"*\"\n",
            "vars": null
          },
          "sensitive_attributes": []
        },
        {
          "index_key": "aHR0cHM6Ly9yYXcuZ2l0aHVidXNlcmNvbnRlbnQuY29tL2Nsb3VkcG9zc2UvdGVycmFmb3JtLWF3cy1zZXJ2aWNlLWNvbnRyb2wtcG9saWNpZXMvMC44LjAvY2F0YWxvZy9vcmdhbml6YXRpb24tcG9saWNpZXMueWFtbA==",
          "schema_version": 0,
          "attributes": {
            "filename": null,
            "id": "8abb3b393abcd2f95646cedcb7eb14aabf882885a447cce141b8b971645f0817",
            "rendered": "- sid: \"DenyLeavingOrganization\"\n  effect: \"Deny\"\n  actions:\n    - \"organizations:LeaveOrganization\"\n  resources:\n    - \"*\"\n\n\n- sid: \"DenyRootAccountAccess\"\n  effect: \"Deny\"\n  actions:\n    - \"*\"\n  resources:\n    - \"*\"\n  condition:\n    - test: \"StringLike\"\n      variable: \"aws:PrincipalArn\"\n      values:\n        - \"arn:aws:iam::*:root\"\n",
            "template": "- sid: \"DenyLeavingOrganization\"\n  effect: \"Deny\"\n  actions:\n    - \"organizations:LeaveOrganization\"\n  resources:\n    - \"*\"\n\n\n- sid: \"DenyRootAccountAccess\"\n  effect: \"Deny\"\n  actions:\n    - \"*\"\n  resources:\n    - \"*\"\n  condition:\n    - test: \"StringLike\"\n      variable: \"aws:PrincipalArn\"\n      values:\n        - \"arn:aws:iam::*:root\"\n",
            "vars": null
          },
          "sensitive_attributes": []
        },
        {
          "index_key": "aHR0cHM6Ly9yYXcuZ2l0aHVidXNlcmNvbnRlbnQuY29tL2Nsb3VkcG9zc2UvdGVycmFmb3JtLWF3cy1zZXJ2aWNlLWNvbnRyb2wtcG9saWNpZXMvMC44LjAvY2F0YWxvZy9yb3V0ZTUzLXBvbGljaWVzLnlhbWw=",
          "schema_version": 0,
          "attributes": {
            "filename": null,
            "id": "dfb6b672dc340674add7dca43ca12b2b5f9485631a405e7745473115fbff0264",
            "rendered": "- sid: \"DenyDeletingRoute53Zones\"\n  effect: \"Deny\"\n  actions:\n    - \"route53:DeleteHostedZone\"\n  resources:\n    - \"*\"\n",
            "template": "- sid: \"DenyDeletingRoute53Zones\"\n  effect: \"Deny\"\n  actions:\n    - \"route53:DeleteHostedZone\"\n  resources:\n    - \"*\"\n",
            "vars": null
          },
          "sensitive_attributes": []
        },
        {
          "index_key": "aHR0cHM6Ly9yYXcuZ2l0aHVidXNlcmNvbnRlbnQuY29tL2Nsb3VkcG9zc2UvdGVycmFmb3JtLWF3cy1zZXJ2aWNlLWNvbnRyb2wtcG9saWNpZXMvMC44LjAvY2F0YWxvZy9zMy1wb2xpY2llcy55YW1s",
          "schema_version": 0,
          "attributes": {
            "filename": null,
            "id": "a2231a9784f419d83b205819800ca33941a62794b0177fdc7594d94cd201f537",
            "rendered": "- sid: \"ProtectS3Buckets\"\n  effect: \"Deny\"\n  actions:\n    - \"s3:DeleteBucket\"\n    - \"s3:DeleteObject\"\n    - \"s3:DeleteObjectVersion\"\n  resources:\n    - \"*\"\n\n\n- sid: \"DenyS3BucketsPublicAccess\"\n  effect: \"Deny\"\n  actions:\n    - \"s3:PutBucketPublicAccessBlock\"\n    - \"s3:DeletePublicAccessBlock\"\n  resources:\n    - \"*\"\n\n\n- sid: \"DenyS3IncorrectEncryptionHeader\"\n  effect: \"Deny\"\n  actions:\n    - \"s3:PutObject\"\n  resources:\n    - \"*\"\n  condition:\n    - test: \"StringNotEquals\"\n      variable: \"s3:x-amz-server-side-encryption\"\n      values:\n        - \"AES256\"\n        - \"aws:kms\"\n\n\n- sid: \"DenyS3UnEncryptedObjectUploads\"\n  effect: \"Deny\"\n  actions:\n    - \"s3:PutObject\"\n  resources:\n    - \"*\"\n  condition:\n    - test: \"Null\"\n      variable: \"s3:x-amz-server-side-encryption\"\n      values:\n        - true\n",
            "template": "- sid: \"ProtectS3Buckets\"\n  effect: \"Deny\"\n  actions:\n    - \"s3:DeleteBucket\"\n    - \"s3:DeleteObject\"\n    - \"s3:DeleteObjectVersion\"\n  resources:\n    - \"*\"\n\n\n- sid: \"DenyS3BucketsPublicAccess\"\n  effect: \"Deny\"\n  actions:\n    - \"s3:PutBucketPublicAccessBlock\"\n    - \"s3:DeletePublicAccessBlock\"\n  resources:\n    - \"*\"\n\n\n- sid: \"DenyS3IncorrectEncryptionHeader\"\n  effect: \"Deny\"\n  actions:\n    - \"s3:PutObject\"\n  resources:\n    - \"*\"\n  condition:\n    - test: \"StringNotEquals\"\n      variable: \"s3:x-amz-server-side-encryption\"\n      values:\n        - \"AES256\"\n        - \"aws:kms\"\n\n\n- sid: \"DenyS3UnEncryptedObjectUploads\"\n  effect: \"Deny\"\n  actions:\n    - \"s3:PutObject\"\n  resources:\n    - \"*\"\n  condition:\n    - test: \"Null\"\n      variable: \"s3:x-amz-server-side-encryption\"\n      values:\n        - true\n",
            "vars": null
          },
          "sensitive_attributes": []
        }
      ]
    },
    {
      "module": "module.service_control_policy_statements_yaml_config.module.yaml_config_2",
      "mode": "data",
      "type": "http",
      "name": "remote_config",
      "provider": "provider[\"registry.terraform.io/hashicorp/http\"]",
      "instances": [
        {
          "index_key": "aHR0cHM6Ly9yYXcuZ2l0aHVidXNlcmNvbnRlbnQuY29tL2Nsb3VkcG9zc2UvdGVycmFmb3JtLWF3cy1zZXJ2aWNlLWNvbnRyb2wtcG9saWNpZXMvMC44LjAvY2F0YWxvZy9jbG91ZHdhdGNoLWxvZ3MtcG9saWNpZXMueWFtbA==",
          "schema_version": 0,
          "attributes": {
            "body": "- sid: \"DenyDeletingCloudWatchLogs\"\n  effect: \"Deny\"\n  actions:\n    - \"ec2:DeleteFlowLogs\"\n    - \"logs:DeleteLogGroup\"\n    - \"logs:DeleteLogStream\"\n  resources:\n    - \"*\"\n",
            "id": "https://raw.githubusercontent.com/cloudposse/terraform-aws-service-control-policies/0.8.0/catalog/cloudwatch-logs-policies.yaml",
            "request_headers": null,
            "response_headers": {
              "Accept-Ranges": "bytes",
              "Access-Control-Allow-Origin": "*",
              "Cache-Control": "max-age=300",
              "Content-Security-Policy": "default-src 'none'; style-src 'unsafe-inline'; sandbox",
              "Content-Type": "text/plain; charset=utf-8",
              "Date": "Fri, 15 Apr 2022 07:19:17 GMT",
              "Etag": "W/\"60fd880267c76b3c31b53bb9f807cb7c1ed4900e3779687a98211b2f02d6dbc2\"",
              "Expires": "Fri, 15 Apr 2022 07:24:17 GMT",
              "Source-Age": "0",
              "Strict-Transport-Security": "max-age=31536000",
              "Vary": "Authorization,Accept-Encoding,Origin",
              "Via": "1.1 varnish",
              "X-Cache": "HIT",
              "X-Cache-Hits": "2",
              "X-Content-Type-Options": "nosniff",
              "X-Fastly-Request-Id": "2e92b9ca39b2cf43123abccc77505bdde5c16644",
              "X-Frame-Options": "deny",
              "X-Github-Request-Id": "8B70:6E08:57C084:716AC7:6258E7A4",
              "X-Served-By": "cache-qpg1268-QPG",
              "X-Timer": "S1650007157.137301,VS0,VE0",
              "X-Xss-Protection": "1; mode=block"
            },
            "url": "https://raw.githubusercontent.com/cloudposse/terraform-aws-service-control-policies/0.8.0/catalog/cloudwatch-logs-policies.yaml"
          },
          "sensitive_attributes": []
        },
        {
          "index_key": "aHR0cHM6Ly9yYXcuZ2l0aHVidXNlcmNvbnRlbnQuY29tL2Nsb3VkcG9zc2UvdGVycmFmb3JtLWF3cy1zZXJ2aWNlLWNvbnRyb2wtcG9saWNpZXMvMC44LjAvY2F0YWxvZy9kZW55LWFsbC1wb2xpY2llcy55YW1s",
          "schema_version": 0,
          "attributes": {
            "body": "- sid: \"DenyAllAccess\"\n  effect: \"Deny\"\n  actions:\n    - \"*\"\n  resources:\n    - \"*\"\n",
            "id": "https://raw.githubusercontent.com/cloudposse/terraform-aws-service-control-policies/0.8.0/catalog/deny-all-policies.yaml",
            "request_headers": null,
            "response_headers": {
              "Accept-Ranges": "bytes",
              "Access-Control-Allow-Origin": "*",
              "Cache-Control": "max-age=300",
              "Content-Security-Policy": "default-src 'none'; style-src 'unsafe-inline'; sandbox",
              "Content-Type": "text/plain; charset=utf-8",
              "Date": "Fri, 15 Apr 2022 07:19:17 GMT",
              "Etag": "W/\"83ba8a9d1378f1c8c3867e50dd9ef988d497a8e677533d831f5e82bdece2f9a2\"",
              "Expires": "Fri, 15 Apr 2022 07:24:17 GMT",
              "Source-Age": "0",
              "Strict-Transport-Security": "max-age=31536000",
              "Vary": "Authorization,Accept-Encoding,Origin",
              "Via": "1.1 varnish",
              "X-Cache": "HIT",
              "X-Cache-Hits": "2",
              "X-Content-Type-Options": "nosniff",
              "X-Fastly-Request-Id": "5923a8a66fe026f8a303a8843e0b4960e7a632ad",
              "X-Frame-Options": "deny",
              "X-Github-Request-Id": "A85A:2907:5A7A96:7432AF:6258E7A4",
              "X-Served-By": "cache-qpg1268-QPG",
              "X-Timer": "S1650007157.137451,VS0,VE0",
              "X-Xss-Protection": "1; mode=block"
            },
            "url": "https://raw.githubusercontent.com/cloudposse/terraform-aws-service-control-policies/0.8.0/catalog/deny-all-policies.yaml"
          },
          "sensitive_attributes": []
        },
        {
          "index_key": "aHR0cHM6Ly9yYXcuZ2l0aHVidXNlcmNvbnRlbnQuY29tL2Nsb3VkcG9zc2UvdGVycmFmb3JtLWF3cy1zZXJ2aWNlLWNvbnRyb2wtcG9saWNpZXMvMC44LjAvY2F0YWxvZy9lYzItcG9saWNpZXMueWFtbA==",
          "schema_version": 0,
          "attributes": {
            "body": "#\n# This policy denies instance types that aren't based on the Nitro system as documented in the following document:\n# https://docs.aws.amazon.com/AWSEC2/latest/UserGuide/instance-types.html#ec2-nitro-instances\n#\n- sid: \"DenyNonNitroInstances\"\n  effect: \"Deny\"\n  actions:\n    - \"ec2:RunInstances\"\n  condition:\n    - test: \"StringNotLike\"\n      variable: \"ec2:InstanceType\"\n      values:\n        - a1\n        - a1.metal\n        - c5\n        - c5.metal\n        - c5a\n        - c5ad\n        - c5d\n        - c5d.metal\n        - c5n\n        - c5n.metal\n        - c6g\n        - c6g.metal\n        - c6gd\n        - c6gd.metal\n        - c6gn\n        - d3\n        - d3en\n        - g4\n        - i3.metal\n        - i3en\n        - i3en.metal\n        - inf1\n        - m5\n        - m5.metal\n        - m5a\n        - m5ad\n        - m5d\n        - m5d.metal\n        - m5dn\n        - m5dn.metal\n        - m5n\n        - m5n.metal\n        - m5zn\n        - m5zn.metal\n        - m6g\n        - m6g.metal\n        - m6gd\n        - m6gd.metal\n        - mac1.metal\n        - p3dn.24xlarge\n        - p4\n        - r5\n        - r5.metal\n        - r5a\n        - r5ad\n        - r5b\n        - r5b.metal\n        - r5d\n        - r5d.metal\n        - r5dn\n        - r5dn.metal\n        - r5n\n        - r5n.metal\n        - r6g\n        - r6g.metal\n        - r6gd\n        - r6gd.metal\n        - t3\n        - t3a\n        - t4g\n        - u-12tb1.metal\n        - u-18tb1.metal\n        - u-24tb1.metal\n        - u-6tb1.metal\n        - u-9tb1.metal\n        - z1d\n        - z1d.metal\n  resources:\n    - \"arn:aws:ec2:*:*:instance/*\"\n\n# This policy denies instance types that aren't based on the Nitro system and don't support Encryption-in-Transit as\n# described in the following document:\n# https://docs.aws.amazon.com/AWSEC2/latest/UserGuide/data-protection.html#encryption-transit\n- sid: \"DenyInstancesWithoutEncryptionInTransit\"\n  effect: \"Deny\"\n  actions:\n    - \"ec2:RunInstances\"\n  condition:\n    - test: \"StringNotLike\"\n      variable: \"ec2:InstanceType\"\n      values:\n        - c5a\n        - c5ad\n        - c5n\n        - c6gn\n        - d3\n        - d3en\n        - g4ad\n        - g4dn\n        - i3en\n        - m5dn\n        - m5n\n        - m5zn\n        - p3dn\n        - p4d\n        - r5dn\n        - r5n\n  resources:\n    - \"arn:aws:ec2:*:*:instance/*\"\n",
            "id": "https://raw.githubusercontent.com/cloudposse/terraform-aws-service-control-policies/0.8.0/catalog/ec2-policies.yaml",
            "request_headers": null,
            "response_headers": {
              "Accept-Ranges": "bytes",
              "Access-Control-Allow-Origin": "*",
              "Cache-Control": "max-age=300",
              "Content-Security-Policy": "default-src 'none'; style-src 'unsafe-inline'; sandbox",
              "Content-Type": "text/plain; charset=utf-8",
              "Date": "Fri, 15 Apr 2022 07:19:17 GMT",
              "Etag": "W/\"3ce78336fdfac8650c014c298b887c2b773b87e08edb2d2202fc2a3b155f83fa\"",
              "Expires": "Fri, 15 Apr 2022 07:24:17 GMT",
              "Source-Age": "0",
              "Strict-Transport-Security": "max-age=31536000",
              "Vary": "Authorization,Accept-Encoding,Origin",
              "Via": "1.1 varnish",
              "X-Cache": "HIT",
              "X-Cache-Hits": "2",
              "X-Content-Type-Options": "nosniff",
              "X-Fastly-Request-Id": "01b261be5486d76c7e339a124aec257e18b0782c",
              "X-Frame-Options": "deny",
              "X-Github-Request-Id": "1EFE:7B33:558B69:6F3A3B:6258E7A4",
              "X-Served-By": "cache-qpg1268-QPG",
              "X-Timer": "S1650007157.136892,VS0,VE0",
              "X-Xss-Protection": "1; mode=block"
            },
            "url": "https://raw.githubusercontent.com/cloudposse/terraform-aws-service-control-policies/0.8.0/catalog/ec2-policies.yaml"
          },
          "sensitive_attributes": []
        },
        {
          "index_key": "aHR0cHM6Ly9yYXcuZ2l0aHVidXNlcmNvbnRlbnQuY29tL2Nsb3VkcG9zc2UvdGVycmFmb3JtLWF3cy1zZXJ2aWNlLWNvbnRyb2wtcG9saWNpZXMvMC44LjAvY2F0YWxvZy9pYW0tcG9saWNpZXMueWFtbA==",
          "schema_version": 0,
          "attributes": {
            "body": "- sid: \"DenyCreatingIAMUsers\"\n  effect: \"Deny\"\n  actions:\n    - \"iam:CreateUser\"\n    - \"iam:CreateAccessKey\"\n  resources:\n    - \"*\"\n\n\n- sid: \"ProtectIAMRoles\"\n  effect: \"Deny\"\n  actions:\n    - \"iam:AttachRolePolicy\"\n    - \"iam:DeleteRole\"\n    - \"iam:DeleteRolePermissionsBoundary\"\n    - \"iam:DeleteRolePolicy\"\n    - \"iam:DetachRolePolicy\"\n    - \"iam:PutRolePermissionsBoundary\"\n    - \"iam:PutRolePolicy\"\n    - \"iam:UpdateAssumeRolePolicy\"\n    - \"iam:UpdateRole\"\n    - \"iam:UpdateRoleDescription\"\n  resources:\n    - \"*\"\n",
            "id": "https://raw.githubusercontent.com/cloudposse/terraform-aws-service-control-policies/0.8.0/catalog/iam-policies.yaml",
            "request_headers": null,
            "response_headers": {
              "Accept-Ranges": "bytes",
              "Access-Control-Allow-Origin": "*",
              "Cache-Control": "max-age=300",
              "Content-Security-Policy": "default-src 'none'; style-src 'unsafe-inline'; sandbox",
              "Content-Type": "text/plain; charset=utf-8",
              "Date": "Fri, 15 Apr 2022 07:19:17 GMT",
              "Etag": "W/\"b50805ec82bcbd7c8370fd25506b9ed1d6f0c5e5a954986f9e7a0257e4c1783b\"",
              "Expires": "Fri, 15 Apr 2022 07:24:17 GMT",
              "Source-Age": "0",
              "Strict-Transport-Security": "max-age=31536000",
              "Vary": "Authorization,Accept-Encoding,Origin",
              "Via": "1.1 varnish",
              "X-Cache": "HIT",
              "X-Cache-Hits": "2",
              "X-Content-Type-Options": "nosniff",
              "X-Fastly-Request-Id": "1104a5f0ce327bb3662bfaa8647b36e91effa239",
              "X-Frame-Options": "deny",
              "X-Github-Request-Id": "1844:1623:23249D:38BBC0:6258E7A4",
              "X-Served-By": "cache-qpg1268-QPG",
              "X-Timer": "S1650007157.137659,VS0,VE0",
              "X-Xss-Protection": "1; mode=block"
            },
            "url": "https://raw.githubusercontent.com/cloudposse/terraform-aws-service-control-policies/0.8.0/catalog/iam-policies.yaml"
          },
          "sensitive_attributes": []
        },
        {
          "index_key": "aHR0cHM6Ly9yYXcuZ2l0aHVidXNlcmNvbnRlbnQuY29tL2Nsb3VkcG9zc2UvdGVycmFmb3JtLWF3cy1zZXJ2aWNlLWNvbnRyb2wtcG9saWNpZXMvMC44LjAvY2F0YWxvZy9rbXMtcG9saWNpZXMueWFtbA==",
          "schema_version": 0,
          "attributes": {
            "body": "- sid: \"DenyDeletingKMSKeys\"\n  effect: \"Deny\"\n  actions:\n    - \"kms:ScheduleKeyDeletion\"\n    - \"kms:Delete*\"\n  resources:\n    - \"*\"\n",
            "id": "https://raw.githubusercontent.com/cloudposse/terraform-aws-service-control-policies/0.8.0/catalog/kms-policies.yaml",
            "request_headers": null,
            "response_headers": {
              "Accept-Ranges": "bytes",
              "Access-Control-Allow-Origin": "*",
              "Cache-Control": "max-age=300",
              "Content-Security-Policy": "default-src 'none'; style-src 'unsafe-inline'; sandbox",
              "Content-Type": "text/plain; charset=utf-8",
              "Date": "Fri, 15 Apr 2022 07:19:17 GMT",
              "Etag": "W/\"dd3a0cc26a83a681faa55e0922f5f2bcb55e658ebf10d2af119e8d3b671d5650\"",
              "Expires": "Fri, 15 Apr 2022 07:24:17 GMT",
              "Source-Age": "0",
              "Strict-Transport-Security": "max-age=31536000",
              "Vary": "Authorization,Accept-Encoding,Origin",
              "Via": "1.1 varnish",
              "X-Cache": "HIT",
              "X-Cache-Hits": "2",
              "X-Content-Type-Options": "nosniff",
              "X-Fastly-Request-Id": "200964009af9d6c18f340342da94b0b16eb913ce",
              "X-Frame-Options": "deny",
              "X-Github-Request-Id": "DAE2:5979:25BC31:3B90E8:6258E7A4",
              "X-Served-By": "cache-qpg1268-QPG",
              "X-Timer": "S1650007157.137162,VS0,VE0",
              "X-Xss-Protection": "1; mode=block"
            },
            "url": "https://raw.githubusercontent.com/cloudposse/terraform-aws-service-control-policies/0.8.0/catalog/kms-policies.yaml"
          },
          "sensitive_attributes": []
        },
        {
          "index_key": "aHR0cHM6Ly9yYXcuZ2l0aHVidXNlcmNvbnRlbnQuY29tL2Nsb3VkcG9zc2UvdGVycmFmb3JtLWF3cy1zZXJ2aWNlLWNvbnRyb2wtcG9saWNpZXMvMC44LjAvY2F0YWxvZy9vcmdhbml6YXRpb24tcG9saWNpZXMueWFtbA==",
          "schema_version": 0,
          "attributes": {
            "body": "- sid: \"DenyLeavingOrganization\"\n  effect: \"Deny\"\n  actions:\n    - \"organizations:LeaveOrganization\"\n  resources:\n    - \"*\"\n\n\n- sid: \"DenyRootAccountAccess\"\n  effect: \"Deny\"\n  actions:\n    - \"*\"\n  resources:\n    - \"*\"\n  condition:\n    - test: \"StringLike\"\n      variable: \"aws:PrincipalArn\"\n      values:\n        - \"arn:aws:iam::*:root\"\n",
            "id": "https://raw.githubusercontent.com/cloudposse/terraform-aws-service-control-policies/0.8.0/catalog/organization-policies.yaml",
            "request_headers": null,
            "response_headers": {
              "Accept-Ranges": "bytes",
              "Access-Control-Allow-Origin": "*",
              "Cache-Control": "max-age=300",
              "Content-Security-Policy": "default-src 'none'; style-src 'unsafe-inline'; sandbox",
              "Content-Type": "text/plain; charset=utf-8",
              "Date": "Fri, 15 Apr 2022 07:19:17 GMT",
              "Etag": "W/\"cc57f64d3d76972114218f6bf262ba37b55c52bf80bcf47fa8cc88ee460afe1e\"",
              "Expires": "Fri, 15 Apr 2022 07:24:17 GMT",
              "Source-Age": "0",
              "Strict-Transport-Security": "max-age=31536000",
              "Vary": "Authorization,Accept-Encoding,Origin",
              "Via": "1.1 varnish",
              "X-Cache": "HIT",
              "X-Cache-Hits": "2",
              "X-Content-Type-Options": "nosniff",
              "X-Fastly-Request-Id": "7e1d8f881326da6907f0d05390c7f1a966d184f8",
              "X-Frame-Options": "deny",
              "X-Github-Request-Id": "2D60:06DE:8D077:13A1A2:625916A9",
              "X-Served-By": "cache-qpg1268-QPG",
              "X-Timer": "S1650007157.137736,VS0,VE0",
              "X-Xss-Protection": "1; mode=block"
            },
            "url": "https://raw.githubusercontent.com/cloudposse/terraform-aws-service-control-policies/0.8.0/catalog/organization-policies.yaml"
          },
          "sensitive_attributes": []
        },
        {
          "index_key": "aHR0cHM6Ly9yYXcuZ2l0aHVidXNlcmNvbnRlbnQuY29tL2Nsb3VkcG9zc2UvdGVycmFmb3JtLWF3cy1zZXJ2aWNlLWNvbnRyb2wtcG9saWNpZXMvMC44LjAvY2F0YWxvZy9yb3V0ZTUzLXBvbGljaWVzLnlhbWw=",
          "schema_version": 0,
          "attributes": {
            "body": "- sid: \"DenyDeletingRoute53Zones\"\n  effect: \"Deny\"\n  actions:\n    - \"route53:DeleteHostedZone\"\n  resources:\n    - \"*\"\n",
            "id": "https://raw.githubusercontent.com/cloudposse/terraform-aws-service-control-policies/0.8.0/catalog/route53-policies.yaml",
            "request_headers": null,
            "response_headers": {
              "Accept-Ranges": "bytes",
              "Access-Control-Allow-Origin": "*",
              "Cache-Control": "max-age=300",
              "Content-Security-Policy": "default-src 'none'; style-src 'unsafe-inline'; sandbox",
              "Content-Type": "text/plain; charset=utf-8",
              "Date": "Fri, 15 Apr 2022 07:19:17 GMT",
              "Etag": "W/\"1aea1997b30a81b83c3546ed3a2b681c22ae6c01631a7de91b59d0366e5690b9\"",
              "Expires": "Fri, 15 Apr 2022 07:24:17 GMT",
              "Source-Age": "0",
              "Strict-Transport-Security": "max-age=31536000",
              "Vary": "Authorization,Accept-Encoding,Origin",
              "Via": "1.1 varnish",
              "X-Cache": "HIT",
              "X-Cache-Hits": "2",
              "X-Content-Type-Options": "nosniff",
              "X-Fastly-Request-Id": "bbb47b3bbb1d8d44d5dd9b4e7bd2cc7b70e94f5d",
              "X-Frame-Options": "deny",
              "X-Github-Request-Id": "7852:5C77:57C81B:71CE93:6258E7A4",
              "X-Served-By": "cache-qpg1268-QPG",
              "X-Timer": "S1650007157.137831,VS0,VE0",
              "X-Xss-Protection": "1; mode=block"
            },
            "url": "https://raw.githubusercontent.com/cloudposse/terraform-aws-service-control-policies/0.8.0/catalog/route53-policies.yaml"
          },
          "sensitive_attributes": []
        },
        {
          "index_key": "aHR0cHM6Ly9yYXcuZ2l0aHVidXNlcmNvbnRlbnQuY29tL2Nsb3VkcG9zc2UvdGVycmFmb3JtLWF3cy1zZXJ2aWNlLWNvbnRyb2wtcG9saWNpZXMvMC44LjAvY2F0YWxvZy9zMy1wb2xpY2llcy55YW1s",
          "schema_version": 0,
          "attributes": {
            "body": "- sid: \"ProtectS3Buckets\"\n  effect: \"Deny\"\n  actions:\n    - \"s3:DeleteBucket\"\n    - \"s3:DeleteObject\"\n    - \"s3:DeleteObjectVersion\"\n  resources:\n    - \"*\"\n\n\n- sid: \"DenyS3BucketsPublicAccess\"\n  effect: \"Deny\"\n  actions:\n    - \"s3:PutBucketPublicAccessBlock\"\n    - \"s3:DeletePublicAccessBlock\"\n  resources:\n    - \"*\"\n\n\n- sid: \"DenyS3IncorrectEncryptionHeader\"\n  effect: \"Deny\"\n  actions:\n    - \"s3:PutObject\"\n  resources:\n    - \"*\"\n  condition:\n    - test: \"StringNotEquals\"\n      variable: \"s3:x-amz-server-side-encryption\"\n      values:\n        - \"AES256\"\n        - \"aws:kms\"\n\n\n- sid: \"DenyS3UnEncryptedObjectUploads\"\n  effect: \"Deny\"\n  actions:\n    - \"s3:PutObject\"\n  resources:\n    - \"*\"\n  condition:\n    - test: \"Null\"\n      variable: \"s3:x-amz-server-side-encryption\"\n      values:\n        - true\n",
            "id": "https://raw.githubusercontent.com/cloudposse/terraform-aws-service-control-policies/0.8.0/catalog/s3-policies.yaml",
            "request_headers": null,
            "response_headers": {
              "Accept-Ranges": "bytes",
              "Access-Control-Allow-Origin": "*",
              "Cache-Control": "max-age=300",
              "Content-Security-Policy": "default-src 'none'; style-src 'unsafe-inline'; sandbox",
              "Content-Type": "text/plain; charset=utf-8",
              "Date": "Fri, 15 Apr 2022 07:19:17 GMT",
              "Etag": "W/\"5ff003b0da193083d1dd9e0858bea3b3027d5ac9aa4aeb1f0d9400384dd5d75c\"",
              "Expires": "Fri, 15 Apr 2022 07:24:17 GMT",
              "Source-Age": "0",
              "Strict-Transport-Security": "max-age=31536000",
              "Vary": "Authorization,Accept-Encoding,Origin",
              "Via": "1.1 varnish",
              "X-Cache": "HIT",
              "X-Cache-Hits": "2",
              "X-Content-Type-Options": "nosniff",
              "X-Fastly-Request-Id": "57f843ea3ee3d10af5f500cbffb1c283ddd80f4b",
              "X-Frame-Options": "deny",
              "X-Github-Request-Id": "5BFA:717F:5ABF50:74E3EF:6258E7A4",
              "X-Served-By": "cache-qpg1268-QPG",
              "X-Timer": "S1650007157.138208,VS0,VE0",
              "X-Xss-Protection": "1; mode=block"
            },
            "url": "https://raw.githubusercontent.com/cloudposse/terraform-aws-service-control-policies/0.8.0/catalog/s3-policies.yaml"
          },
          "sensitive_attributes": []
        }
      ]
    },
    {
      "module": "module.service_control_policy_statements_yaml_config.module.yaml_config_2",
      "mode": "data",
      "type": "template_file",
      "name": "remote_config",
      "provider": "provider[\"registry.terraform.io/hashicorp/template\"]",
      "instances": [
        {
          "index_key": "aHR0cHM6Ly9yYXcuZ2l0aHVidXNlcmNvbnRlbnQuY29tL2Nsb3VkcG9zc2UvdGVycmFmb3JtLWF3cy1zZXJ2aWNlLWNvbnRyb2wtcG9saWNpZXMvMC44LjAvY2F0YWxvZy9jbG91ZHdhdGNoLWxvZ3MtcG9saWNpZXMueWFtbA==",
          "schema_version": 0,
          "attributes": {
            "filename": null,
            "id": "c6b45b229511ea63a6b6a192742558744c62a3918fdfffe6a231b04ef960164c",
            "rendered": "- sid: \"DenyDeletingCloudWatchLogs\"\n  effect: \"Deny\"\n  actions:\n    - \"ec2:DeleteFlowLogs\"\n    - \"logs:DeleteLogGroup\"\n    - \"logs:DeleteLogStream\"\n  resources:\n    - \"*\"\n",
            "template": "- sid: \"DenyDeletingCloudWatchLogs\"\n  effect: \"Deny\"\n  actions:\n    - \"ec2:DeleteFlowLogs\"\n    - \"logs:DeleteLogGroup\"\n    - \"logs:DeleteLogStream\"\n  resources:\n    - \"*\"\n",
            "vars": null
          },
          "sensitive_attributes": []
        },
        {
          "index_key": "aHR0cHM6Ly9yYXcuZ2l0aHVidXNlcmNvbnRlbnQuY29tL2Nsb3VkcG9zc2UvdGVycmFmb3JtLWF3cy1zZXJ2aWNlLWNvbnRyb2wtcG9saWNpZXMvMC44LjAvY2F0YWxvZy9kZW55LWFsbC1wb2xpY2llcy55YW1s",
          "schema_version": 0,
          "attributes": {
            "filename": null,
            "id": "1350d7b7a6720d7ab7c168fc741164e086075ccc3d79a044ad71310dec4f05c7",
            "rendered": "- sid: \"DenyAllAccess\"\n  effect: \"Deny\"\n  actions:\n    - \"*\"\n  resources:\n    - \"*\"\n",
            "template": "- sid: \"DenyAllAccess\"\n  effect: \"Deny\"\n  actions:\n    - \"*\"\n  resources:\n    - \"*\"\n",
            "vars": null
          },
          "sensitive_attributes": []
        },
        {
          "index_key": "aHR0cHM6Ly9yYXcuZ2l0aHVidXNlcmNvbnRlbnQuY29tL2Nsb3VkcG9zc2UvdGVycmFmb3JtLWF3cy1zZXJ2aWNlLWNvbnRyb2wtcG9saWNpZXMvMC44LjAvY2F0YWxvZy9lYzItcG9saWNpZXMueWFtbA==",
          "schema_version": 0,
          "attributes": {
            "filename": null,
            "id": "72cfb436b6eef8cd01bebcf2ebf947d975dcb48b24be9d5e7035dbb6497b8990",
            "rendered": "#\n# This policy denies instance types that aren't based on the Nitro system as documented in the following document:\n# https://docs.aws.amazon.com/AWSEC2/latest/UserGuide/instance-types.html#ec2-nitro-instances\n#\n- sid: \"DenyNonNitroInstances\"\n  effect: \"Deny\"\n  actions:\n    - \"ec2:RunInstances\"\n  condition:\n    - test: \"StringNotLike\"\n      variable: \"ec2:InstanceType\"\n      values:\n        - a1\n        - a1.metal\n        - c5\n        - c5.metal\n        - c5a\n        - c5ad\n        - c5d\n        - c5d.metal\n        - c5n\n        - c5n.metal\n        - c6g\n        - c6g.metal\n        - c6gd\n        - c6gd.metal\n        - c6gn\n        - d3\n        - d3en\n        - g4\n        - i3.metal\n        - i3en\n        - i3en.metal\n        - inf1\n        - m5\n        - m5.metal\n        - m5a\n        - m5ad\n        - m5d\n        - m5d.metal\n        - m5dn\n        - m5dn.metal\n        - m5n\n        - m5n.metal\n        - m5zn\n        - m5zn.metal\n        - m6g\n        - m6g.metal\n        - m6gd\n        - m6gd.metal\n        - mac1.metal\n        - p3dn.24xlarge\n        - p4\n        - r5\n        - r5.metal\n        - r5a\n        - r5ad\n        - r5b\n        - r5b.metal\n        - r5d\n        - r5d.metal\n        - r5dn\n        - r5dn.metal\n        - r5n\n        - r5n.metal\n        - r6g\n        - r6g.metal\n        - r6gd\n        - r6gd.metal\n        - t3\n        - t3a\n        - t4g\n        - u-12tb1.metal\n        - u-18tb1.metal\n        - u-24tb1.metal\n        - u-6tb1.metal\n        - u-9tb1.metal\n        - z1d\n        - z1d.metal\n  resources:\n    - \"arn:aws:ec2:*:*:instance/*\"\n\n# This policy denies instance types that aren't based on the Nitro system and don't support Encryption-in-Transit as\n# described in the following document:\n# https://docs.aws.amazon.com/AWSEC2/latest/UserGuide/data-protection.html#encryption-transit\n- sid: \"DenyInstancesWithoutEncryptionInTransit\"\n  effect: \"Deny\"\n  actions:\n    - \"ec2:RunInstances\"\n  condition:\n    - test: \"StringNotLike\"\n      variable: \"ec2:InstanceType\"\n      values:\n        - c5a\n        - c5ad\n        - c5n\n        - c6gn\n        - d3\n        - d3en\n        - g4ad\n        - g4dn\n        - i3en\n        - m5dn\n        - m5n\n        - m5zn\n        - p3dn\n        - p4d\n        - r5dn\n        - r5n\n  resources:\n    - \"arn:aws:ec2:*:*:instance/*\"\n",
            "template": "#\n# This policy denies instance types that aren't based on the Nitro system as documented in the following document:\n# https://docs.aws.amazon.com/AWSEC2/latest/UserGuide/instance-types.html#ec2-nitro-instances\n#\n- sid: \"DenyNonNitroInstances\"\n  effect: \"Deny\"\n  actions:\n    - \"ec2:RunInstances\"\n  condition:\n    - test: \"StringNotLike\"\n      variable: \"ec2:InstanceType\"\n      values:\n        - a1\n        - a1.metal\n        - c5\n        - c5.metal\n        - c5a\n        - c5ad\n        - c5d\n        - c5d.metal\n        - c5n\n        - c5n.metal\n        - c6g\n        - c6g.metal\n        - c6gd\n        - c6gd.metal\n        - c6gn\n        - d3\n        - d3en\n        - g4\n        - i3.metal\n        - i3en\n        - i3en.metal\n        - inf1\n        - m5\n        - m5.metal\n        - m5a\n        - m5ad\n        - m5d\n        - m5d.metal\n        - m5dn\n        - m5dn.metal\n        - m5n\n        - m5n.metal\n        - m5zn\n        - m5zn.metal\n        - m6g\n        - m6g.metal\n        - m6gd\n        - m6gd.metal\n        - mac1.metal\n        - p3dn.24xlarge\n        - p4\n        - r5\n        - r5.metal\n        - r5a\n        - r5ad\n        - r5b\n        - r5b.metal\n        - r5d\n        - r5d.metal\n        - r5dn\n        - r5dn.metal\n        - r5n\n        - r5n.metal\n        - r6g\n        - r6g.metal\n        - r6gd\n        - r6gd.metal\n        - t3\n        - t3a\n        - t4g\n        - u-12tb1.metal\n        - u-18tb1.metal\n        - u-24tb1.metal\n        - u-6tb1.metal\n        - u-9tb1.metal\n        - z1d\n        - z1d.metal\n  resources:\n    - \"arn:aws:ec2:*:*:instance/*\"\n\n# This policy denies instance types that aren't based on the Nitro system and don't support Encryption-in-Transit as\n# described in the following document:\n# https://docs.aws.amazon.com/AWSEC2/latest/UserGuide/data-protection.html#encryption-transit\n- sid: \"DenyInstancesWithoutEncryptionInTransit\"\n  effect: \"Deny\"\n  actions:\n    - \"ec2:RunInstances\"\n  condition:\n    - test: \"StringNotLike\"\n      variable: \"ec2:InstanceType\"\n      values:\n        - c5a\n        - c5ad\n        - c5n\n        - c6gn\n        - d3\n        - d3en\n        - g4ad\n        - g4dn\n        - i3en\n        - m5dn\n        - m5n\n        - m5zn\n        - p3dn\n        - p4d\n        - r5dn\n        - r5n\n  resources:\n    - \"arn:aws:ec2:*:*:instance/*\"\n",
            "vars": null
          },
          "sensitive_attributes": []
        },
        {
          "index_key": "aHR0cHM6Ly9yYXcuZ2l0aHVidXNlcmNvbnRlbnQuY29tL2Nsb3VkcG9zc2UvdGVycmFmb3JtLWF3cy1zZXJ2aWNlLWNvbnRyb2wtcG9saWNpZXMvMC44LjAvY2F0YWxvZy9pYW0tcG9saWNpZXMueWFtbA==",
          "schema_version": 0,
          "attributes": {
            "filename": null,
            "id": "ccddf16fe15879a75a3b2ed05d47efaf67b1aed5c0982d70e47ff6fbd87ab66c",
            "rendered": "- sid: \"DenyCreatingIAMUsers\"\n  effect: \"Deny\"\n  actions:\n    - \"iam:CreateUser\"\n    - \"iam:CreateAccessKey\"\n  resources:\n    - \"*\"\n\n\n- sid: \"ProtectIAMRoles\"\n  effect: \"Deny\"\n  actions:\n    - \"iam:AttachRolePolicy\"\n    - \"iam:DeleteRole\"\n    - \"iam:DeleteRolePermissionsBoundary\"\n    - \"iam:DeleteRolePolicy\"\n    - \"iam:DetachRolePolicy\"\n    - \"iam:PutRolePermissionsBoundary\"\n    - \"iam:PutRolePolicy\"\n    - \"iam:UpdateAssumeRolePolicy\"\n    - \"iam:UpdateRole\"\n    - \"iam:UpdateRoleDescription\"\n  resources:\n    - \"*\"\n",
            "template": "- sid: \"DenyCreatingIAMUsers\"\n  effect: \"Deny\"\n  actions:\n    - \"iam:CreateUser\"\n    - \"iam:CreateAccessKey\"\n  resources:\n    - \"*\"\n\n\n- sid: \"ProtectIAMRoles\"\n  effect: \"Deny\"\n  actions:\n    - \"iam:AttachRolePolicy\"\n    - \"iam:DeleteRole\"\n    - \"iam:DeleteRolePermissionsBoundary\"\n    - \"iam:DeleteRolePolicy\"\n    - \"iam:DetachRolePolicy\"\n    - \"iam:PutRolePermissionsBoundary\"\n    - \"iam:PutRolePolicy\"\n    - \"iam:UpdateAssumeRolePolicy\"\n    - \"iam:UpdateRole\"\n    - \"iam:UpdateRoleDescription\"\n  resources:\n    - \"*\"\n",
            "vars": null
          },
          "sensitive_attributes": []
        },
        {
          "index_key": "aHR0cHM6Ly9yYXcuZ2l0aHVidXNlcmNvbnRlbnQuY29tL2Nsb3VkcG9zc2UvdGVycmFmb3JtLWF3cy1zZXJ2aWNlLWNvbnRyb2wtcG9saWNpZXMvMC44LjAvY2F0YWxvZy9rbXMtcG9saWNpZXMueWFtbA==",
          "schema_version": 0,
          "attributes": {
            "filename": null,
            "id": "2a4eb2a7233173d900e98e4e9b671a55557729157ec760f4ed663a964aa49374",
            "rendered": "- sid: \"DenyDeletingKMSKeys\"\n  effect: \"Deny\"\n  actions:\n    - \"kms:ScheduleKeyDeletion\"\n    - \"kms:Delete*\"\n  resources:\n    - \"*\"\n",
            "template": "- sid: \"DenyDeletingKMSKeys\"\n  effect: \"Deny\"\n  actions:\n    - \"kms:ScheduleKeyDeletion\"\n    - \"kms:Delete*\"\n  resources:\n    - \"*\"\n",
            "vars": null
          },
          "sensitive_attributes": []
        },
        {
          "index_key": "aHR0cHM6Ly9yYXcuZ2l0aHVidXNlcmNvbnRlbnQuY29tL2Nsb3VkcG9zc2UvdGVycmFmb3JtLWF3cy1zZXJ2aWNlLWNvbnRyb2wtcG9saWNpZXMvMC44LjAvY2F0YWxvZy9vcmdhbml6YXRpb24tcG9saWNpZXMueWFtbA==",
          "schema_version": 0,
          "attributes": {
            "filename": null,
            "id": "8abb3b393abcd2f95646cedcb7eb14aabf882885a447cce141b8b971645f0817",
            "rendered": "- sid: \"DenyLeavingOrganization\"\n  effect: \"Deny\"\n  actions:\n    - \"organizations:LeaveOrganization\"\n  resources:\n    - \"*\"\n\n\n- sid: \"DenyRootAccountAccess\"\n  effect: \"Deny\"\n  actions:\n    - \"*\"\n  resources:\n    - \"*\"\n  condition:\n    - test: \"StringLike\"\n      variable: \"aws:PrincipalArn\"\n      values:\n        - \"arn:aws:iam::*:root\"\n",
            "template": "- sid: \"DenyLeavingOrganization\"\n  effect: \"Deny\"\n  actions:\n    - \"organizations:LeaveOrganization\"\n  resources:\n    - \"*\"\n\n\n- sid: \"DenyRootAccountAccess\"\n  effect: \"Deny\"\n  actions:\n    - \"*\"\n  resources:\n    - \"*\"\n  condition:\n    - test: \"StringLike\"\n      variable: \"aws:PrincipalArn\"\n      values:\n        - \"arn:aws:iam::*:root\"\n",
            "vars": null
          },
          "sensitive_attributes": []
        },
        {
          "index_key": "aHR0cHM6Ly9yYXcuZ2l0aHVidXNlcmNvbnRlbnQuY29tL2Nsb3VkcG9zc2UvdGVycmFmb3JtLWF3cy1zZXJ2aWNlLWNvbnRyb2wtcG9saWNpZXMvMC44LjAvY2F0YWxvZy9yb3V0ZTUzLXBvbGljaWVzLnlhbWw=",
          "schema_version": 0,
          "attributes": {
            "filename": null,
            "id": "dfb6b672dc340674add7dca43ca12b2b5f9485631a405e7745473115fbff0264",
            "rendered": "- sid: \"DenyDeletingRoute53Zones\"\n  effect: \"Deny\"\n  actions:\n    - \"route53:DeleteHostedZone\"\n  resources:\n    - \"*\"\n",
            "template": "- sid: \"DenyDeletingRoute53Zones\"\n  effect: \"Deny\"\n  actions:\n    - \"route53:DeleteHostedZone\"\n  resources:\n    - \"*\"\n",
            "vars": null
          },
          "sensitive_attributes": []
        },
        {
          "index_key": "aHR0cHM6Ly9yYXcuZ2l0aHVidXNlcmNvbnRlbnQuY29tL2Nsb3VkcG9zc2UvdGVycmFmb3JtLWF3cy1zZXJ2aWNlLWNvbnRyb2wtcG9saWNpZXMvMC44LjAvY2F0YWxvZy9zMy1wb2xpY2llcy55YW1s",
          "schema_version": 0,
          "attributes": {
            "filename": null,
            "id": "a2231a9784f419d83b205819800ca33941a62794b0177fdc7594d94cd201f537",
            "rendered": "- sid: \"ProtectS3Buckets\"\n  effect: \"Deny\"\n  actions:\n    - \"s3:DeleteBucket\"\n    - \"s3:DeleteObject\"\n    - \"s3:DeleteObjectVersion\"\n  resources:\n    - \"*\"\n\n\n- sid: \"DenyS3BucketsPublicAccess\"\n  effect: \"Deny\"\n  actions:\n    - \"s3:PutBucketPublicAccessBlock\"\n    - \"s3:DeletePublicAccessBlock\"\n  resources:\n    - \"*\"\n\n\n- sid: \"DenyS3IncorrectEncryptionHeader\"\n  effect: \"Deny\"\n  actions:\n    - \"s3:PutObject\"\n  resources:\n    - \"*\"\n  condition:\n    - test: \"StringNotEquals\"\n      variable: \"s3:x-amz-server-side-encryption\"\n      values:\n        - \"AES256\"\n        - \"aws:kms\"\n\n\n- sid: \"DenyS3UnEncryptedObjectUploads\"\n  effect: \"Deny\"\n  actions:\n    - \"s3:PutObject\"\n  resources:\n    - \"*\"\n  condition:\n    - test: \"Null\"\n      variable: \"s3:x-amz-server-side-encryption\"\n      values:\n        - true\n",
            "template": "- sid: \"ProtectS3Buckets\"\n  effect: \"Deny\"\n  actions:\n    - \"s3:DeleteBucket\"\n    - \"s3:DeleteObject\"\n    - \"s3:DeleteObjectVersion\"\n  resources:\n    - \"*\"\n\n\n- sid: \"DenyS3BucketsPublicAccess\"\n  effect: \"Deny\"\n  actions:\n    - \"s3:PutBucketPublicAccessBlock\"\n    - \"s3:DeletePublicAccessBlock\"\n  resources:\n    - \"*\"\n\n\n- sid: \"DenyS3IncorrectEncryptionHeader\"\n  effect: \"Deny\"\n  actions:\n    - \"s3:PutObject\"\n  resources:\n    - \"*\"\n  condition:\n    - test: \"StringNotEquals\"\n      variable: \"s3:x-amz-server-side-encryption\"\n      values:\n        - \"AES256\"\n        - \"aws:kms\"\n\n\n- sid: \"DenyS3UnEncryptedObjectUploads\"\n  effect: \"Deny\"\n  actions:\n    - \"s3:PutObject\"\n  resources:\n    - \"*\"\n  condition:\n    - test: \"Null\"\n      variable: \"s3:x-amz-server-side-encryption\"\n      values:\n        - true\n",
            "vars": null
          },
          "sensitive_attributes": []
        }
      ]
    },
    {
      "module": "module.service_control_policy_statements_yaml_config.module.yaml_config_3",
      "mode": "data",
      "type": "http",
      "name": "remote_config",
      "provider": "provider[\"registry.terraform.io/hashicorp/http\"]",
      "instances": [
        {
          "index_key": "aHR0cHM6Ly9yYXcuZ2l0aHVidXNlcmNvbnRlbnQuY29tL2Nsb3VkcG9zc2UvdGVycmFmb3JtLWF3cy1zZXJ2aWNlLWNvbnRyb2wtcG9saWNpZXMvMC44LjAvY2F0YWxvZy9jbG91ZHdhdGNoLWxvZ3MtcG9saWNpZXMueWFtbA==",
          "schema_version": 0,
          "attributes": {
            "body": "- sid: \"DenyDeletingCloudWatchLogs\"\n  effect: \"Deny\"\n  actions:\n    - \"ec2:DeleteFlowLogs\"\n    - \"logs:DeleteLogGroup\"\n    - \"logs:DeleteLogStream\"\n  resources:\n    - \"*\"\n",
            "id": "https://raw.githubusercontent.com/cloudposse/terraform-aws-service-control-policies/0.8.0/catalog/cloudwatch-logs-policies.yaml",
            "request_headers": null,
            "response_headers": {
              "Accept-Ranges": "bytes",
              "Access-Control-Allow-Origin": "*",
              "Cache-Control": "max-age=300",
              "Content-Security-Policy": "default-src 'none'; style-src 'unsafe-inline'; sandbox",
              "Content-Type": "text/plain; charset=utf-8",
              "Date": "Fri, 15 Apr 2022 07:19:18 GMT",
              "Etag": "W/\"60fd880267c76b3c31b53bb9f807cb7c1ed4900e3779687a98211b2f02d6dbc2\"",
              "Expires": "Fri, 15 Apr 2022 07:24:18 GMT",
              "Source-Age": "2",
              "Strict-Transport-Security": "max-age=31536000",
              "Vary": "Authorization,Accept-Encoding,Origin",
              "Via": "1.1 varnish",
              "X-Cache": "HIT",
              "X-Cache-Hits": "3",
              "X-Content-Type-Options": "nosniff",
              "X-Fastly-Request-Id": "a61daedb51ae0ac4ca5e1981c19a89864779b682",
              "X-Frame-Options": "deny",
              "X-Github-Request-Id": "8B70:6E08:57C084:716AC7:6258E7A4",
              "X-Served-By": "cache-qpg1268-QPG",
              "X-Timer": "S1650007159.759347,VS0,VE0",
              "X-Xss-Protection": "1; mode=block"
            },
            "url": "https://raw.githubusercontent.com/cloudposse/terraform-aws-service-control-policies/0.8.0/catalog/cloudwatch-logs-policies.yaml"
          },
          "sensitive_attributes": []
        },
        {
          "index_key": "aHR0cHM6Ly9yYXcuZ2l0aHVidXNlcmNvbnRlbnQuY29tL2Nsb3VkcG9zc2UvdGVycmFmb3JtLWF3cy1zZXJ2aWNlLWNvbnRyb2wtcG9saWNpZXMvMC44LjAvY2F0YWxvZy9kZW55LWFsbC1wb2xpY2llcy55YW1s",
          "schema_version": 0,
          "attributes": {
            "body": "- sid: \"DenyAllAccess\"\n  effect: \"Deny\"\n  actions:\n    - \"*\"\n  resources:\n    - \"*\"\n",
            "id": "https://raw.githubusercontent.com/cloudposse/terraform-aws-service-control-policies/0.8.0/catalog/deny-all-policies.yaml",
            "request_headers": null,
            "response_headers": {
              "Accept-Ranges": "bytes",
              "Access-Control-Allow-Origin": "*",
              "Cache-Control": "max-age=300",
              "Content-Security-Policy": "default-src 'none'; style-src 'unsafe-inline'; sandbox",
              "Content-Type": "text/plain; charset=utf-8",
              "Date": "Fri, 15 Apr 2022 07:19:18 GMT",
              "Etag": "W/\"83ba8a9d1378f1c8c3867e50dd9ef988d497a8e677533d831f5e82bdece2f9a2\"",
              "Expires": "Fri, 15 Apr 2022 07:24:18 GMT",
              "Source-Age": "2",
              "Strict-Transport-Security": "max-age=31536000",
              "Vary": "Authorization,Accept-Encoding,Origin",
              "Via": "1.1 varnish",
              "X-Cache": "HIT",
              "X-Cache-Hits": "3",
              "X-Content-Type-Options": "nosniff",
              "X-Fastly-Request-Id": "f2e94649ad03a64d0f5826adc67e63a45e0d5aa4",
              "X-Frame-Options": "deny",
              "X-Github-Request-Id": "A85A:2907:5A7A96:7432AF:6258E7A4",
              "X-Served-By": "cache-qpg1268-QPG",
              "X-Timer": "S1650007159.671322,VS0,VE0",
              "X-Xss-Protection": "1; mode=block"
            },
            "url": "https://raw.githubusercontent.com/cloudposse/terraform-aws-service-control-policies/0.8.0/catalog/deny-all-policies.yaml"
          },
          "sensitive_attributes": []
        },
        {
          "index_key": "aHR0cHM6Ly9yYXcuZ2l0aHVidXNlcmNvbnRlbnQuY29tL2Nsb3VkcG9zc2UvdGVycmFmb3JtLWF3cy1zZXJ2aWNlLWNvbnRyb2wtcG9saWNpZXMvMC44LjAvY2F0YWxvZy9lYzItcG9saWNpZXMueWFtbA==",
          "schema_version": 0,
          "attributes": {
            "body": "#\n# This policy denies instance types that aren't based on the Nitro system as documented in the following document:\n# https://docs.aws.amazon.com/AWSEC2/latest/UserGuide/instance-types.html#ec2-nitro-instances\n#\n- sid: \"DenyNonNitroInstances\"\n  effect: \"Deny\"\n  actions:\n    - \"ec2:RunInstances\"\n  condition:\n    - test: \"StringNotLike\"\n      variable: \"ec2:InstanceType\"\n      values:\n        - a1\n        - a1.metal\n        - c5\n        - c5.metal\n        - c5a\n        - c5ad\n        - c5d\n        - c5d.metal\n        - c5n\n        - c5n.metal\n        - c6g\n        - c6g.metal\n        - c6gd\n        - c6gd.metal\n        - c6gn\n        - d3\n        - d3en\n        - g4\n        - i3.metal\n        - i3en\n        - i3en.metal\n        - inf1\n        - m5\n        - m5.metal\n        - m5a\n        - m5ad\n        - m5d\n        - m5d.metal\n        - m5dn\n        - m5dn.metal\n        - m5n\n        - m5n.metal\n        - m5zn\n        - m5zn.metal\n        - m6g\n        - m6g.metal\n        - m6gd\n        - m6gd.metal\n        - mac1.metal\n        - p3dn.24xlarge\n        - p4\n        - r5\n        - r5.metal\n        - r5a\n        - r5ad\n        - r5b\n        - r5b.metal\n        - r5d\n        - r5d.metal\n        - r5dn\n        - r5dn.metal\n        - r5n\n        - r5n.metal\n        - r6g\n        - r6g.metal\n        - r6gd\n        - r6gd.metal\n        - t3\n        - t3a\n        - t4g\n        - u-12tb1.metal\n        - u-18tb1.metal\n        - u-24tb1.metal\n        - u-6tb1.metal\n        - u-9tb1.metal\n        - z1d\n        - z1d.metal\n  resources:\n    - \"arn:aws:ec2:*:*:instance/*\"\n\n# This policy denies instance types that aren't based on the Nitro system and don't support Encryption-in-Transit as\n# described in the following document:\n# https://docs.aws.amazon.com/AWSEC2/latest/UserGuide/data-protection.html#encryption-transit\n- sid: \"DenyInstancesWithoutEncryptionInTransit\"\n  effect: \"Deny\"\n  actions:\n    - \"ec2:RunInstances\"\n  condition:\n    - test: \"StringNotLike\"\n      variable: \"ec2:InstanceType\"\n      values:\n        - c5a\n        - c5ad\n        - c5n\n        - c6gn\n        - d3\n        - d3en\n        - g4ad\n        - g4dn\n        - i3en\n        - m5dn\n        - m5n\n        - m5zn\n        - p3dn\n        - p4d\n        - r5dn\n        - r5n\n  resources:\n    - \"arn:aws:ec2:*:*:instance/*\"\n",
            "id": "https://raw.githubusercontent.com/cloudposse/terraform-aws-service-control-policies/0.8.0/catalog/ec2-policies.yaml",
            "request_headers": null,
            "response_headers": {
              "Accept-Ranges": "bytes",
              "Access-Control-Allow-Origin": "*",
              "Cache-Control": "max-age=300",
              "Content-Security-Policy": "default-src 'none'; style-src 'unsafe-inline'; sandbox",
              "Content-Type": "text/plain; charset=utf-8",
              "Date": "Fri, 15 Apr 2022 07:19:18 GMT",
              "Etag": "W/\"3ce78336fdfac8650c014c298b887c2b773b87e08edb2d2202fc2a3b155f83fa\"",
              "Expires": "Fri, 15 Apr 2022 07:24:18 GMT",
              "Source-Age": "2",
              "Strict-Transport-Security": "max-age=31536000",
              "Vary": "Authorization,Accept-Encoding,Origin",
              "Via": "1.1 varnish",
              "X-Cache": "HIT",
              "X-Cache-Hits": "3",
              "X-Content-Type-Options": "nosniff",
              "X-Fastly-Request-Id": "53cdedf879c99413c0b99d4f41e5ae9717e5414a",
              "X-Frame-Options": "deny",
              "X-Github-Request-Id": "1EFE:7B33:558B69:6F3A3B:6258E7A4",
              "X-Served-By": "cache-qpg1268-QPG",
              "X-Timer": "S1650007159.700970,VS0,VE0",
              "X-Xss-Protection": "1; mode=block"
            },
            "url": "https://raw.githubusercontent.com/cloudposse/terraform-aws-service-control-policies/0.8.0/catalog/ec2-policies.yaml"
          },
          "sensitive_attributes": []
        },
        {
          "index_key": "aHR0cHM6Ly9yYXcuZ2l0aHVidXNlcmNvbnRlbnQuY29tL2Nsb3VkcG9zc2UvdGVycmFmb3JtLWF3cy1zZXJ2aWNlLWNvbnRyb2wtcG9saWNpZXMvMC44LjAvY2F0YWxvZy9pYW0tcG9saWNpZXMueWFtbA==",
          "schema_version": 0,
          "attributes": {
            "body": "- sid: \"DenyCreatingIAMUsers\"\n  effect: \"Deny\"\n  actions:\n    - \"iam:CreateUser\"\n    - \"iam:CreateAccessKey\"\n  resources:\n    - \"*\"\n\n\n- sid: \"ProtectIAMRoles\"\n  effect: \"Deny\"\n  actions:\n    - \"iam:AttachRolePolicy\"\n    - \"iam:DeleteRole\"\n    - \"iam:DeleteRolePermissionsBoundary\"\n    - \"iam:DeleteRolePolicy\"\n    - \"iam:DetachRolePolicy\"\n    - \"iam:PutRolePermissionsBoundary\"\n    - \"iam:PutRolePolicy\"\n    - \"iam:UpdateAssumeRolePolicy\"\n    - \"iam:UpdateRole\"\n    - \"iam:UpdateRoleDescription\"\n  resources:\n    - \"*\"\n",
            "id": "https://raw.githubusercontent.com/cloudposse/terraform-aws-service-control-policies/0.8.0/catalog/iam-policies.yaml",
            "request_headers": null,
            "response_headers": {
              "Accept-Ranges": "bytes",
              "Access-Control-Allow-Origin": "*",
              "Cache-Control": "max-age=300",
              "Content-Security-Policy": "default-src 'none'; style-src 'unsafe-inline'; sandbox",
              "Content-Type": "text/plain; charset=utf-8",
              "Date": "Fri, 15 Apr 2022 07:19:18 GMT",
              "Etag": "W/\"b50805ec82bcbd7c8370fd25506b9ed1d6f0c5e5a954986f9e7a0257e4c1783b\"",
              "Expires": "Fri, 15 Apr 2022 07:24:18 GMT",
              "Source-Age": "2",
              "Strict-Transport-Security": "max-age=31536000",
              "Vary": "Authorization,Accept-Encoding,Origin",
              "Via": "1.1 varnish",
              "X-Cache": "HIT",
              "X-Cache-Hits": "3",
              "X-Content-Type-Options": "nosniff",
              "X-Fastly-Request-Id": "738858653b90479135d17732e8fbc8091cdcfd2f",
              "X-Frame-Options": "deny",
              "X-Github-Request-Id": "1844:1623:23249D:38BBC0:6258E7A4",
              "X-Served-By": "cache-qpg1268-QPG",
              "X-Timer": "S1650007159.558314,VS0,VE0",
              "X-Xss-Protection": "1; mode=block"
            },
            "url": "https://raw.githubusercontent.com/cloudposse/terraform-aws-service-control-policies/0.8.0/catalog/iam-policies.yaml"
          },
          "sensitive_attributes": []
        },
        {
          "index_key": "aHR0cHM6Ly9yYXcuZ2l0aHVidXNlcmNvbnRlbnQuY29tL2Nsb3VkcG9zc2UvdGVycmFmb3JtLWF3cy1zZXJ2aWNlLWNvbnRyb2wtcG9saWNpZXMvMC44LjAvY2F0YWxvZy9rbXMtcG9saWNpZXMueWFtbA==",
          "schema_version": 0,
          "attributes": {
            "body": "- sid: \"DenyDeletingKMSKeys\"\n  effect: \"Deny\"\n  actions:\n    - \"kms:ScheduleKeyDeletion\"\n    - \"kms:Delete*\"\n  resources:\n    - \"*\"\n",
            "id": "https://raw.githubusercontent.com/cloudposse/terraform-aws-service-control-policies/0.8.0/catalog/kms-policies.yaml",
            "request_headers": null,
            "response_headers": {
              "Accept-Ranges": "bytes",
              "Access-Control-Allow-Origin": "*",
              "Cache-Control": "max-age=300",
              "Content-Security-Policy": "default-src 'none'; style-src 'unsafe-inline'; sandbox",
              "Content-Type": "text/plain; charset=utf-8",
              "Date": "Fri, 15 Apr 2022 07:19:18 GMT",
              "Etag": "W/\"dd3a0cc26a83a681faa55e0922f5f2bcb55e658ebf10d2af119e8d3b671d5650\"",
              "Expires": "Fri, 15 Apr 2022 07:24:18 GMT",
              "Source-Age": "2",
              "Strict-Transport-Security": "max-age=31536000",
              "Vary": "Authorization,Accept-Encoding,Origin",
              "Via": "1.1 varnish",
              "X-Cache": "HIT",
              "X-Cache-Hits": "3",
              "X-Content-Type-Options": "nosniff",
              "X-Fastly-Request-Id": "a2881fde4de8f3323ceaa61e4e0057fc7dbc6fa1",
              "X-Frame-Options": "deny",
              "X-Github-Request-Id": "DAE2:5979:25BC31:3B90E8:6258E7A4",
              "X-Served-By": "cache-qpg1268-QPG",
              "X-Timer": "S1650007159.635618,VS0,VE0",
              "X-Xss-Protection": "1; mode=block"
            },
            "url": "https://raw.githubusercontent.com/cloudposse/terraform-aws-service-control-policies/0.8.0/catalog/kms-policies.yaml"
          },
          "sensitive_attributes": []
        },
        {
          "index_key": "aHR0cHM6Ly9yYXcuZ2l0aHVidXNlcmNvbnRlbnQuY29tL2Nsb3VkcG9zc2UvdGVycmFmb3JtLWF3cy1zZXJ2aWNlLWNvbnRyb2wtcG9saWNpZXMvMC44LjAvY2F0YWxvZy9vcmdhbml6YXRpb24tcG9saWNpZXMueWFtbA==",
          "schema_version": 0,
          "attributes": {
            "body": "- sid: \"DenyLeavingOrganization\"\n  effect: \"Deny\"\n  actions:\n    - \"organizations:LeaveOrganization\"\n  resources:\n    - \"*\"\n\n\n- sid: \"DenyRootAccountAccess\"\n  effect: \"Deny\"\n  actions:\n    - \"*\"\n  resources:\n    - \"*\"\n  condition:\n    - test: \"StringLike\"\n      variable: \"aws:PrincipalArn\"\n      values:\n        - \"arn:aws:iam::*:root\"\n",
            "id": "https://raw.githubusercontent.com/cloudposse/terraform-aws-service-control-policies/0.8.0/catalog/organization-policies.yaml",
            "request_headers": null,
            "response_headers": {
              "Accept-Ranges": "bytes",
              "Access-Control-Allow-Origin": "*",
              "Cache-Control": "max-age=300",
              "Content-Security-Policy": "default-src 'none'; style-src 'unsafe-inline'; sandbox",
              "Content-Type": "text/plain; charset=utf-8",
              "Date": "Fri, 15 Apr 2022 07:19:18 GMT",
              "Etag": "W/\"cc57f64d3d76972114218f6bf262ba37b55c52bf80bcf47fa8cc88ee460afe1e\"",
              "Expires": "Fri, 15 Apr 2022 07:24:18 GMT",
              "Source-Age": "2",
              "Strict-Transport-Security": "max-age=31536000",
              "Vary": "Authorization,Accept-Encoding,Origin",
              "Via": "1.1 varnish",
              "X-Cache": "HIT",
              "X-Cache-Hits": "3",
              "X-Content-Type-Options": "nosniff",
              "X-Fastly-Request-Id": "b34912b976d81549b0ec34439c35ea8c7184a911",
              "X-Frame-Options": "deny",
              "X-Github-Request-Id": "2D60:06DE:8D077:13A1A2:625916A9",
              "X-Served-By": "cache-qpg1268-QPG",
              "X-Timer": "S1650007159.695994,VS0,VE0",
              "X-Xss-Protection": "1; mode=block"
            },
            "url": "https://raw.githubusercontent.com/cloudposse/terraform-aws-service-control-policies/0.8.0/catalog/organization-policies.yaml"
          },
          "sensitive_attributes": []
        },
        {
          "index_key": "aHR0cHM6Ly9yYXcuZ2l0aHVidXNlcmNvbnRlbnQuY29tL2Nsb3VkcG9zc2UvdGVycmFmb3JtLWF3cy1zZXJ2aWNlLWNvbnRyb2wtcG9saWNpZXMvMC44LjAvY2F0YWxvZy9yb3V0ZTUzLXBvbGljaWVzLnlhbWw=",
          "schema_version": 0,
          "attributes": {
            "body": "- sid: \"DenyDeletingRoute53Zones\"\n  effect: \"Deny\"\n  actions:\n    - \"route53:DeleteHostedZone\"\n  resources:\n    - \"*\"\n",
            "id": "https://raw.githubusercontent.com/cloudposse/terraform-aws-service-control-policies/0.8.0/catalog/route53-policies.yaml",
            "request_headers": null,
            "response_headers": {
              "Accept-Ranges": "bytes",
              "Access-Control-Allow-Origin": "*",
              "Cache-Control": "max-age=300",
              "Content-Security-Policy": "default-src 'none'; style-src 'unsafe-inline'; sandbox",
              "Content-Type": "text/plain; charset=utf-8",
              "Date": "Fri, 15 Apr 2022 07:19:18 GMT",
              "Etag": "W/\"1aea1997b30a81b83c3546ed3a2b681c22ae6c01631a7de91b59d0366e5690b9\"",
              "Expires": "Fri, 15 Apr 2022 07:24:18 GMT",
              "Source-Age": "2",
              "Strict-Transport-Security": "max-age=31536000",
              "Vary": "Authorization,Accept-Encoding,Origin",
              "Via": "1.1 varnish",
              "X-Cache": "HIT",
              "X-Cache-Hits": "3",
              "X-Content-Type-Options": "nosniff",
              "X-Fastly-Request-Id": "8df80e24396aae1eba4dbfc1a73c4f56978cf8db",
              "X-Frame-Options": "deny",
              "X-Github-Request-Id": "7852:5C77:57C81B:71CE93:6258E7A4",
              "X-Served-By": "cache-qpg1268-QPG",
              "X-Timer": "S1650007159.731721,VS0,VE0",
              "X-Xss-Protection": "1; mode=block"
            },
            "url": "https://raw.githubusercontent.com/cloudposse/terraform-aws-service-control-policies/0.8.0/catalog/route53-policies.yaml"
          },
          "sensitive_attributes": []
        },
        {
          "index_key": "aHR0cHM6Ly9yYXcuZ2l0aHVidXNlcmNvbnRlbnQuY29tL2Nsb3VkcG9zc2UvdGVycmFmb3JtLWF3cy1zZXJ2aWNlLWNvbnRyb2wtcG9saWNpZXMvMC44LjAvY2F0YWxvZy9zMy1wb2xpY2llcy55YW1s",
          "schema_version": 0,
          "attributes": {
            "body": "- sid: \"ProtectS3Buckets\"\n  effect: \"Deny\"\n  actions:\n    - \"s3:DeleteBucket\"\n    - \"s3:DeleteObject\"\n    - \"s3:DeleteObjectVersion\"\n  resources:\n    - \"*\"\n\n\n- sid: \"DenyS3BucketsPublicAccess\"\n  effect: \"Deny\"\n  actions:\n    - \"s3:PutBucketPublicAccessBlock\"\n    - \"s3:DeletePublicAccessBlock\"\n  resources:\n    - \"*\"\n\n\n- sid: \"DenyS3IncorrectEncryptionHeader\"\n  effect: \"Deny\"\n  actions:\n    - \"s3:PutObject\"\n  resources:\n    - \"*\"\n  condition:\n    - test: \"StringNotEquals\"\n      variable: \"s3:x-amz-server-side-encryption\"\n      values:\n        - \"AES256\"\n        - \"aws:kms\"\n\n\n- sid: \"DenyS3UnEncryptedObjectUploads\"\n  effect: \"Deny\"\n  actions:\n    - \"s3:PutObject\"\n  resources:\n    - \"*\"\n  condition:\n    - test: \"Null\"\n      variable: \"s3:x-amz-server-side-encryption\"\n      values:\n        - true\n",
            "id": "https://raw.githubusercontent.com/cloudposse/terraform-aws-service-control-policies/0.8.0/catalog/s3-policies.yaml",
            "request_headers": null,
            "response_headers": {
              "Accept-Ranges": "bytes",
              "Access-Control-Allow-Origin": "*",
              "Cache-Control": "max-age=300",
              "Content-Security-Policy": "default-src 'none'; style-src 'unsafe-inline'; sandbox",
              "Content-Type": "text/plain; charset=utf-8",
              "Date": "Fri, 15 Apr 2022 07:19:18 GMT",
              "Etag": "W/\"5ff003b0da193083d1dd9e0858bea3b3027d5ac9aa4aeb1f0d9400384dd5d75c\"",
              "Expires": "Fri, 15 Apr 2022 07:24:18 GMT",
              "Source-Age": "2",
              "Strict-Transport-Security": "max-age=31536000",
              "Vary": "Authorization,Accept-Encoding,Origin",
              "Via": "1.1 varnish",
              "X-Cache": "HIT",
              "X-Cache-Hits": "3",
              "X-Content-Type-Options": "nosniff",
              "X-Fastly-Request-Id": "18a61c0edca8671e91afcb097810e9ac99e86634",
              "X-Frame-Options": "deny",
              "X-Github-Request-Id": "5BFA:717F:5ABF50:74E3EF:6258E7A4",
              "X-Served-By": "cache-qpg1268-QPG",
              "X-Timer": "S1650007159.616295,VS0,VE0",
              "X-Xss-Protection": "1; mode=block"
            },
            "url": "https://raw.githubusercontent.com/cloudposse/terraform-aws-service-control-policies/0.8.0/catalog/s3-policies.yaml"
          },
          "sensitive_attributes": []
        }
      ]
    },
    {
      "module": "module.service_control_policy_statements_yaml_config.module.yaml_config_3",
      "mode": "data",
      "type": "template_file",
      "name": "remote_config",
      "provider": "provider[\"registry.terraform.io/hashicorp/template\"]",
      "instances": [
        {
          "index_key": "aHR0cHM6Ly9yYXcuZ2l0aHVidXNlcmNvbnRlbnQuY29tL2Nsb3VkcG9zc2UvdGVycmFmb3JtLWF3cy1zZXJ2aWNlLWNvbnRyb2wtcG9saWNpZXMvMC44LjAvY2F0YWxvZy9jbG91ZHdhdGNoLWxvZ3MtcG9saWNpZXMueWFtbA==",
          "schema_version": 0,
          "attributes": {
            "filename": null,
            "id": "c6b45b229511ea63a6b6a192742558744c62a3918fdfffe6a231b04ef960164c",
            "rendered": "- sid: \"DenyDeletingCloudWatchLogs\"\n  effect: \"Deny\"\n  actions:\n    - \"ec2:DeleteFlowLogs\"\n    - \"logs:DeleteLogGroup\"\n    - \"logs:DeleteLogStream\"\n  resources:\n    - \"*\"\n",
            "template": "- sid: \"DenyDeletingCloudWatchLogs\"\n  effect: \"Deny\"\n  actions:\n    - \"ec2:DeleteFlowLogs\"\n    - \"logs:DeleteLogGroup\"\n    - \"logs:DeleteLogStream\"\n  resources:\n    - \"*\"\n",
            "vars": null
          },
          "sensitive_attributes": []
        },
        {
          "index_key": "aHR0cHM6Ly9yYXcuZ2l0aHVidXNlcmNvbnRlbnQuY29tL2Nsb3VkcG9zc2UvdGVycmFmb3JtLWF3cy1zZXJ2aWNlLWNvbnRyb2wtcG9saWNpZXMvMC44LjAvY2F0YWxvZy9kZW55LWFsbC1wb2xpY2llcy55YW1s",
          "schema_version": 0,
          "attributes": {
            "filename": null,
            "id": "1350d7b7a6720d7ab7c168fc741164e086075ccc3d79a044ad71310dec4f05c7",
            "rendered": "- sid: \"DenyAllAccess\"\n  effect: \"Deny\"\n  actions:\n    - \"*\"\n  resources:\n    - \"*\"\n",
            "template": "- sid: \"DenyAllAccess\"\n  effect: \"Deny\"\n  actions:\n    - \"*\"\n  resources:\n    - \"*\"\n",
            "vars": null
          },
          "sensitive_attributes": []
        },
        {
          "index_key": "aHR0cHM6Ly9yYXcuZ2l0aHVidXNlcmNvbnRlbnQuY29tL2Nsb3VkcG9zc2UvdGVycmFmb3JtLWF3cy1zZXJ2aWNlLWNvbnRyb2wtcG9saWNpZXMvMC44LjAvY2F0YWxvZy9lYzItcG9saWNpZXMueWFtbA==",
          "schema_version": 0,
          "attributes": {
            "filename": null,
            "id": "72cfb436b6eef8cd01bebcf2ebf947d975dcb48b24be9d5e7035dbb6497b8990",
            "rendered": "#\n# This policy denies instance types that aren't based on the Nitro system as documented in the following document:\n# https://docs.aws.amazon.com/AWSEC2/latest/UserGuide/instance-types.html#ec2-nitro-instances\n#\n- sid: \"DenyNonNitroInstances\"\n  effect: \"Deny\"\n  actions:\n    - \"ec2:RunInstances\"\n  condition:\n    - test: \"StringNotLike\"\n      variable: \"ec2:InstanceType\"\n      values:\n        - a1\n        - a1.metal\n        - c5\n        - c5.metal\n        - c5a\n        - c5ad\n        - c5d\n        - c5d.metal\n        - c5n\n        - c5n.metal\n        - c6g\n        - c6g.metal\n        - c6gd\n        - c6gd.metal\n        - c6gn\n        - d3\n        - d3en\n        - g4\n        - i3.metal\n        - i3en\n        - i3en.metal\n        - inf1\n        - m5\n        - m5.metal\n        - m5a\n        - m5ad\n        - m5d\n        - m5d.metal\n        - m5dn\n        - m5dn.metal\n        - m5n\n        - m5n.metal\n        - m5zn\n        - m5zn.metal\n        - m6g\n        - m6g.metal\n        - m6gd\n        - m6gd.metal\n        - mac1.metal\n        - p3dn.24xlarge\n        - p4\n        - r5\n        - r5.metal\n        - r5a\n        - r5ad\n        - r5b\n        - r5b.metal\n        - r5d\n        - r5d.metal\n        - r5dn\n        - r5dn.metal\n        - r5n\n        - r5n.metal\n        - r6g\n        - r6g.metal\n        - r6gd\n        - r6gd.metal\n        - t3\n        - t3a\n        - t4g\n        - u-12tb1.metal\n        - u-18tb1.metal\n        - u-24tb1.metal\n        - u-6tb1.metal\n        - u-9tb1.metal\n        - z1d\n        - z1d.metal\n  resources:\n    - \"arn:aws:ec2:*:*:instance/*\"\n\n# This policy denies instance types that aren't based on the Nitro system and don't support Encryption-in-Transit as\n# described in the following document:\n# https://docs.aws.amazon.com/AWSEC2/latest/UserGuide/data-protection.html#encryption-transit\n- sid: \"DenyInstancesWithoutEncryptionInTransit\"\n  effect: \"Deny\"\n  actions:\n    - \"ec2:RunInstances\"\n  condition:\n    - test: \"StringNotLike\"\n      variable: \"ec2:InstanceType\"\n      values:\n        - c5a\n        - c5ad\n        - c5n\n        - c6gn\n        - d3\n        - d3en\n        - g4ad\n        - g4dn\n        - i3en\n        - m5dn\n        - m5n\n        - m5zn\n        - p3dn\n        - p4d\n        - r5dn\n        - r5n\n  resources:\n    - \"arn:aws:ec2:*:*:instance/*\"\n",
            "template": "#\n# This policy denies instance types that aren't based on the Nitro system as documented in the following document:\n# https://docs.aws.amazon.com/AWSEC2/latest/UserGuide/instance-types.html#ec2-nitro-instances\n#\n- sid: \"DenyNonNitroInstances\"\n  effect: \"Deny\"\n  actions:\n    - \"ec2:RunInstances\"\n  condition:\n    - test: \"StringNotLike\"\n      variable: \"ec2:InstanceType\"\n      values:\n        - a1\n        - a1.metal\n        - c5\n        - c5.metal\n        - c5a\n        - c5ad\n        - c5d\n        - c5d.metal\n        - c5n\n        - c5n.metal\n        - c6g\n        - c6g.metal\n        - c6gd\n        - c6gd.metal\n        - c6gn\n        - d3\n        - d3en\n        - g4\n        - i3.metal\n        - i3en\n        - i3en.metal\n        - inf1\n        - m5\n        - m5.metal\n        - m5a\n        - m5ad\n        - m5d\n        - m5d.metal\n        - m5dn\n        - m5dn.metal\n        - m5n\n        - m5n.metal\n        - m5zn\n        - m5zn.metal\n        - m6g\n        - m6g.metal\n        - m6gd\n        - m6gd.metal\n        - mac1.metal\n        - p3dn.24xlarge\n        - p4\n        - r5\n        - r5.metal\n        - r5a\n        - r5ad\n        - r5b\n        - r5b.metal\n        - r5d\n        - r5d.metal\n        - r5dn\n        - r5dn.metal\n        - r5n\n        - r5n.metal\n        - r6g\n        - r6g.metal\n        - r6gd\n        - r6gd.metal\n        - t3\n        - t3a\n        - t4g\n        - u-12tb1.metal\n        - u-18tb1.metal\n        - u-24tb1.metal\n        - u-6tb1.metal\n        - u-9tb1.metal\n        - z1d\n        - z1d.metal\n  resources:\n    - \"arn:aws:ec2:*:*:instance/*\"\n\n# This policy denies instance types that aren't based on the Nitro system and don't support Encryption-in-Transit as\n# described in the following document:\n# https://docs.aws.amazon.com/AWSEC2/latest/UserGuide/data-protection.html#encryption-transit\n- sid: \"DenyInstancesWithoutEncryptionInTransit\"\n  effect: \"Deny\"\n  actions:\n    - \"ec2:RunInstances\"\n  condition:\n    - test: \"StringNotLike\"\n      variable: \"ec2:InstanceType\"\n      values:\n        - c5a\n        - c5ad\n        - c5n\n        - c6gn\n        - d3\n        - d3en\n        - g4ad\n        - g4dn\n        - i3en\n        - m5dn\n        - m5n\n        - m5zn\n        - p3dn\n        - p4d\n        - r5dn\n        - r5n\n  resources:\n    - \"arn:aws:ec2:*:*:instance/*\"\n",
            "vars": null
          },
          "sensitive_attributes": []
        },
        {
          "index_key": "aHR0cHM6Ly9yYXcuZ2l0aHVidXNlcmNvbnRlbnQuY29tL2Nsb3VkcG9zc2UvdGVycmFmb3JtLWF3cy1zZXJ2aWNlLWNvbnRyb2wtcG9saWNpZXMvMC44LjAvY2F0YWxvZy9pYW0tcG9saWNpZXMueWFtbA==",
          "schema_version": 0,
          "attributes": {
            "filename": null,
            "id": "ccddf16fe15879a75a3b2ed05d47efaf67b1aed5c0982d70e47ff6fbd87ab66c",
            "rendered": "- sid: \"DenyCreatingIAMUsers\"\n  effect: \"Deny\"\n  actions:\n    - \"iam:CreateUser\"\n    - \"iam:CreateAccessKey\"\n  resources:\n    - \"*\"\n\n\n- sid: \"ProtectIAMRoles\"\n  effect: \"Deny\"\n  actions:\n    - \"iam:AttachRolePolicy\"\n    - \"iam:DeleteRole\"\n    - \"iam:DeleteRolePermissionsBoundary\"\n    - \"iam:DeleteRolePolicy\"\n    - \"iam:DetachRolePolicy\"\n    - \"iam:PutRolePermissionsBoundary\"\n    - \"iam:PutRolePolicy\"\n    - \"iam:UpdateAssumeRolePolicy\"\n    - \"iam:UpdateRole\"\n    - \"iam:UpdateRoleDescription\"\n  resources:\n    - \"*\"\n",
            "template": "- sid: \"DenyCreatingIAMUsers\"\n  effect: \"Deny\"\n  actions:\n    - \"iam:CreateUser\"\n    - \"iam:CreateAccessKey\"\n  resources:\n    - \"*\"\n\n\n- sid: \"ProtectIAMRoles\"\n  effect: \"Deny\"\n  actions:\n    - \"iam:AttachRolePolicy\"\n    - \"iam:DeleteRole\"\n    - \"iam:DeleteRolePermissionsBoundary\"\n    - \"iam:DeleteRolePolicy\"\n    - \"iam:DetachRolePolicy\"\n    - \"iam:PutRolePermissionsBoundary\"\n    - \"iam:PutRolePolicy\"\n    - \"iam:UpdateAssumeRolePolicy\"\n    - \"iam:UpdateRole\"\n    - \"iam:UpdateRoleDescription\"\n  resources:\n    - \"*\"\n",
            "vars": null
          },
          "sensitive_attributes": []
        },
        {
          "index_key": "aHR0cHM6Ly9yYXcuZ2l0aHVidXNlcmNvbnRlbnQuY29tL2Nsb3VkcG9zc2UvdGVycmFmb3JtLWF3cy1zZXJ2aWNlLWNvbnRyb2wtcG9saWNpZXMvMC44LjAvY2F0YWxvZy9rbXMtcG9saWNpZXMueWFtbA==",
          "schema_version": 0,
          "attributes": {
            "filename": null,
            "id": "2a4eb2a7233173d900e98e4e9b671a55557729157ec760f4ed663a964aa49374",
            "rendered": "- sid: \"DenyDeletingKMSKeys\"\n  effect: \"Deny\"\n  actions:\n    - \"kms:ScheduleKeyDeletion\"\n    - \"kms:Delete*\"\n  resources:\n    - \"*\"\n",
            "template": "- sid: \"DenyDeletingKMSKeys\"\n  effect: \"Deny\"\n  actions:\n    - \"kms:ScheduleKeyDeletion\"\n    - \"kms:Delete*\"\n  resources:\n    - \"*\"\n",
            "vars": null
          },
          "sensitive_attributes": []
        },
        {
          "index_key": "aHR0cHM6Ly9yYXcuZ2l0aHVidXNlcmNvbnRlbnQuY29tL2Nsb3VkcG9zc2UvdGVycmFmb3JtLWF3cy1zZXJ2aWNlLWNvbnRyb2wtcG9saWNpZXMvMC44LjAvY2F0YWxvZy9vcmdhbml6YXRpb24tcG9saWNpZXMueWFtbA==",
          "schema_version": 0,
          "attributes": {
            "filename": null,
            "id": "8abb3b393abcd2f95646cedcb7eb14aabf882885a447cce141b8b971645f0817",
            "rendered": "- sid: \"DenyLeavingOrganization\"\n  effect: \"Deny\"\n  actions:\n    - \"organizations:LeaveOrganization\"\n  resources:\n    - \"*\"\n\n\n- sid: \"DenyRootAccountAccess\"\n  effect: \"Deny\"\n  actions:\n    - \"*\"\n  resources:\n    - \"*\"\n  condition:\n    - test: \"StringLike\"\n      variable: \"aws:PrincipalArn\"\n      values:\n        - \"arn:aws:iam::*:root\"\n",
            "template": "- sid: \"DenyLeavingOrganization\"\n  effect: \"Deny\"\n  actions:\n    - \"organizations:LeaveOrganization\"\n  resources:\n    - \"*\"\n\n\n- sid: \"DenyRootAccountAccess\"\n  effect: \"Deny\"\n  actions:\n    - \"*\"\n  resources:\n    - \"*\"\n  condition:\n    - test: \"StringLike\"\n      variable: \"aws:PrincipalArn\"\n      values:\n        - \"arn:aws:iam::*:root\"\n",
            "vars": null
          },
          "sensitive_attributes": []
        },
        {
          "index_key": "aHR0cHM6Ly9yYXcuZ2l0aHVidXNlcmNvbnRlbnQuY29tL2Nsb3VkcG9zc2UvdGVycmFmb3JtLWF3cy1zZXJ2aWNlLWNvbnRyb2wtcG9saWNpZXMvMC44LjAvY2F0YWxvZy9yb3V0ZTUzLXBvbGljaWVzLnlhbWw=",
          "schema_version": 0,
          "attributes": {
            "filename": null,
            "id": "dfb6b672dc340674add7dca43ca12b2b5f9485631a405e7745473115fbff0264",
            "rendered": "- sid: \"DenyDeletingRoute53Zones\"\n  effect: \"Deny\"\n  actions:\n    - \"route53:DeleteHostedZone\"\n  resources:\n    - \"*\"\n",
            "template": "- sid: \"DenyDeletingRoute53Zones\"\n  effect: \"Deny\"\n  actions:\n    - \"route53:DeleteHostedZone\"\n  resources:\n    - \"*\"\n",
            "vars": null
          },
          "sensitive_attributes": []
        },
        {
          "index_key": "aHR0cHM6Ly9yYXcuZ2l0aHVidXNlcmNvbnRlbnQuY29tL2Nsb3VkcG9zc2UvdGVycmFmb3JtLWF3cy1zZXJ2aWNlLWNvbnRyb2wtcG9saWNpZXMvMC44LjAvY2F0YWxvZy9zMy1wb2xpY2llcy55YW1s",
          "schema_version": 0,
          "attributes": {
            "filename": null,
            "id": "a2231a9784f419d83b205819800ca33941a62794b0177fdc7594d94cd201f537",
            "rendered": "- sid: \"ProtectS3Buckets\"\n  effect: \"Deny\"\n  actions:\n    - \"s3:DeleteBucket\"\n    - \"s3:DeleteObject\"\n    - \"s3:DeleteObjectVersion\"\n  resources:\n    - \"*\"\n\n\n- sid: \"DenyS3BucketsPublicAccess\"\n  effect: \"Deny\"\n  actions:\n    - \"s3:PutBucketPublicAccessBlock\"\n    - \"s3:DeletePublicAccessBlock\"\n  resources:\n    - \"*\"\n\n\n- sid: \"DenyS3IncorrectEncryptionHeader\"\n  effect: \"Deny\"\n  actions:\n    - \"s3:PutObject\"\n  resources:\n    - \"*\"\n  condition:\n    - test: \"StringNotEquals\"\n      variable: \"s3:x-amz-server-side-encryption\"\n      values:\n        - \"AES256\"\n        - \"aws:kms\"\n\n\n- sid: \"DenyS3UnEncryptedObjectUploads\"\n  effect: \"Deny\"\n  actions:\n    - \"s3:PutObject\"\n  resources:\n    - \"*\"\n  condition:\n    - test: \"Null\"\n      variable: \"s3:x-amz-server-side-encryption\"\n      values:\n        - true\n",
            "template": "- sid: \"ProtectS3Buckets\"\n  effect: \"Deny\"\n  actions:\n    - \"s3:DeleteBucket\"\n    - \"s3:DeleteObject\"\n    - \"s3:DeleteObjectVersion\"\n  resources:\n    - \"*\"\n\n\n- sid: \"DenyS3BucketsPublicAccess\"\n  effect: \"Deny\"\n  actions:\n    - \"s3:PutBucketPublicAccessBlock\"\n    - \"s3:DeletePublicAccessBlock\"\n  resources:\n    - \"*\"\n\n\n- sid: \"DenyS3IncorrectEncryptionHeader\"\n  effect: \"Deny\"\n  actions:\n    - \"s3:PutObject\"\n  resources:\n    - \"*\"\n  condition:\n    - test: \"StringNotEquals\"\n      variable: \"s3:x-amz-server-side-encryption\"\n      values:\n        - \"AES256\"\n        - \"aws:kms\"\n\n\n- sid: \"DenyS3UnEncryptedObjectUploads\"\n  effect: \"Deny\"\n  actions:\n    - \"s3:PutObject\"\n  resources:\n    - \"*\"\n  condition:\n    - test: \"Null\"\n      variable: \"s3:x-amz-server-side-encryption\"\n      values:\n        - true\n",
            "vars": null
          },
          "sensitive_attributes": []
        }
      ]
    },
    {
      "module": "module.service_control_policy_statements_yaml_config.module.yaml_config_4",
      "mode": "data",
      "type": "http",
      "name": "remote_config",
      "provider": "provider[\"registry.terraform.io/hashicorp/http\"]",
      "instances": [
        {
          "index_key": "aHR0cHM6Ly9yYXcuZ2l0aHVidXNlcmNvbnRlbnQuY29tL2Nsb3VkcG9zc2UvdGVycmFmb3JtLWF3cy1zZXJ2aWNlLWNvbnRyb2wtcG9saWNpZXMvMC44LjAvY2F0YWxvZy9jbG91ZHdhdGNoLWxvZ3MtcG9saWNpZXMueWFtbA==",
          "schema_version": 0,
          "attributes": {
            "body": "- sid: \"DenyDeletingCloudWatchLogs\"\n  effect: \"Deny\"\n  actions:\n    - \"ec2:DeleteFlowLogs\"\n    - \"logs:DeleteLogGroup\"\n    - \"logs:DeleteLogStream\"\n  resources:\n    - \"*\"\n",
            "id": "https://raw.githubusercontent.com/cloudposse/terraform-aws-service-control-policies/0.8.0/catalog/cloudwatch-logs-policies.yaml",
            "request_headers": null,
            "response_headers": {
              "Accept-Ranges": "bytes",
              "Access-Control-Allow-Origin": "*",
              "Cache-Control": "max-age=300",
              "Content-Security-Policy": "default-src 'none'; style-src 'unsafe-inline'; sandbox",
              "Content-Type": "text/plain; charset=utf-8",
              "Date": "Fri, 15 Apr 2022 07:19:18 GMT",
              "Etag": "W/\"60fd880267c76b3c31b53bb9f807cb7c1ed4900e3779687a98211b2f02d6dbc2\"",
              "Expires": "Fri, 15 Apr 2022 07:24:18 GMT",
              "Source-Age": "2",
              "Strict-Transport-Security": "max-age=31536000",
              "Vary": "Authorization,Accept-Encoding,Origin",
              "Via": "1.1 varnish",
              "X-Cache": "HIT",
              "X-Cache-Hits": "4",
              "X-Content-Type-Options": "nosniff",
              "X-Fastly-Request-Id": "d4507a7a95af24a902d22a04eca183decb15daec",
              "X-Frame-Options": "deny",
              "X-Github-Request-Id": "8B70:6E08:57C084:716AC7:6258E7A4",
              "X-Served-By": "cache-qpg1268-QPG",
              "X-Timer": "S1650007159.862861,VS0,VE0",
              "X-Xss-Protection": "1; mode=block"
            },
            "url": "https://raw.githubusercontent.com/cloudposse/terraform-aws-service-control-policies/0.8.0/catalog/cloudwatch-logs-policies.yaml"
          },
          "sensitive_attributes": []
        },
        {
          "index_key": "aHR0cHM6Ly9yYXcuZ2l0aHVidXNlcmNvbnRlbnQuY29tL2Nsb3VkcG9zc2UvdGVycmFmb3JtLWF3cy1zZXJ2aWNlLWNvbnRyb2wtcG9saWNpZXMvMC44LjAvY2F0YWxvZy9kZW55LWFsbC1wb2xpY2llcy55YW1s",
          "schema_version": 0,
          "attributes": {
            "body": "- sid: \"DenyAllAccess\"\n  effect: \"Deny\"\n  actions:\n    - \"*\"\n  resources:\n    - \"*\"\n",
            "id": "https://raw.githubusercontent.com/cloudposse/terraform-aws-service-control-policies/0.8.0/catalog/deny-all-policies.yaml",
            "request_headers": null,
            "response_headers": {
              "Accept-Ranges": "bytes",
              "Access-Control-Allow-Origin": "*",
              "Cache-Control": "max-age=300",
              "Content-Security-Policy": "default-src 'none'; style-src 'unsafe-inline'; sandbox",
              "Content-Type": "text/plain; charset=utf-8",
              "Date": "Fri, 15 Apr 2022 07:19:18 GMT",
              "Etag": "W/\"83ba8a9d1378f1c8c3867e50dd9ef988d497a8e677533d831f5e82bdece2f9a2\"",
              "Expires": "Fri, 15 Apr 2022 07:24:18 GMT",
              "Source-Age": "2",
              "Strict-Transport-Security": "max-age=31536000",
              "Vary": "Authorization,Accept-Encoding,Origin",
              "Via": "1.1 varnish",
              "X-Cache": "HIT",
              "X-Cache-Hits": "4",
              "X-Content-Type-Options": "nosniff",
              "X-Fastly-Request-Id": "a1f500407972fa60c87689125a8160d05f8a1a37",
              "X-Frame-Options": "deny",
              "X-Github-Request-Id": "A85A:2907:5A7A96:7432AF:6258E7A4",
              "X-Served-By": "cache-qpg1268-QPG",
              "X-Timer": "S1650007159.824080,VS0,VE0",
              "X-Xss-Protection": "1; mode=block"
            },
            "url": "https://raw.githubusercontent.com/cloudposse/terraform-aws-service-control-policies/0.8.0/catalog/deny-all-policies.yaml"
          },
          "sensitive_attributes": []
        },
        {
          "index_key": "aHR0cHM6Ly9yYXcuZ2l0aHVidXNlcmNvbnRlbnQuY29tL2Nsb3VkcG9zc2UvdGVycmFmb3JtLWF3cy1zZXJ2aWNlLWNvbnRyb2wtcG9saWNpZXMvMC44LjAvY2F0YWxvZy9lYzItcG9saWNpZXMueWFtbA==",
          "schema_version": 0,
          "attributes": {
            "body": "#\n# This policy denies instance types that aren't based on the Nitro system as documented in the following document:\n# https://docs.aws.amazon.com/AWSEC2/latest/UserGuide/instance-types.html#ec2-nitro-instances\n#\n- sid: \"DenyNonNitroInstances\"\n  effect: \"Deny\"\n  actions:\n    - \"ec2:RunInstances\"\n  condition:\n    - test: \"StringNotLike\"\n      variable: \"ec2:InstanceType\"\n      values:\n        - a1\n        - a1.metal\n        - c5\n        - c5.metal\n        - c5a\n        - c5ad\n        - c5d\n        - c5d.metal\n        - c5n\n        - c5n.metal\n        - c6g\n        - c6g.metal\n        - c6gd\n        - c6gd.metal\n        - c6gn\n        - d3\n        - d3en\n        - g4\n        - i3.metal\n        - i3en\n        - i3en.metal\n        - inf1\n        - m5\n        - m5.metal\n        - m5a\n        - m5ad\n        - m5d\n        - m5d.metal\n        - m5dn\n        - m5dn.metal\n        - m5n\n        - m5n.metal\n        - m5zn\n        - m5zn.metal\n        - m6g\n        - m6g.metal\n        - m6gd\n        - m6gd.metal\n        - mac1.metal\n        - p3dn.24xlarge\n        - p4\n        - r5\n        - r5.metal\n        - r5a\n        - r5ad\n        - r5b\n        - r5b.metal\n        - r5d\n        - r5d.metal\n        - r5dn\n        - r5dn.metal\n        - r5n\n        - r5n.metal\n        - r6g\n        - r6g.metal\n        - r6gd\n        - r6gd.metal\n        - t3\n        - t3a\n        - t4g\n        - u-12tb1.metal\n        - u-18tb1.metal\n        - u-24tb1.metal\n        - u-6tb1.metal\n        - u-9tb1.metal\n        - z1d\n        - z1d.metal\n  resources:\n    - \"arn:aws:ec2:*:*:instance/*\"\n\n# This policy denies instance types that aren't based on the Nitro system and don't support Encryption-in-Transit as\n# described in the following document:\n# https://docs.aws.amazon.com/AWSEC2/latest/UserGuide/data-protection.html#encryption-transit\n- sid: \"DenyInstancesWithoutEncryptionInTransit\"\n  effect: \"Deny\"\n  actions:\n    - \"ec2:RunInstances\"\n  condition:\n    - test: \"StringNotLike\"\n      variable: \"ec2:InstanceType\"\n      values:\n        - c5a\n        - c5ad\n        - c5n\n        - c6gn\n        - d3\n        - d3en\n        - g4ad\n        - g4dn\n        - i3en\n        - m5dn\n        - m5n\n        - m5zn\n        - p3dn\n        - p4d\n        - r5dn\n        - r5n\n  resources:\n    - \"arn:aws:ec2:*:*:instance/*\"\n",
            "id": "https://raw.githubusercontent.com/cloudposse/terraform-aws-service-control-policies/0.8.0/catalog/ec2-policies.yaml",
            "request_headers": null,
            "response_headers": {
              "Accept-Ranges": "bytes",
              "Access-Control-Allow-Origin": "*",
              "Cache-Control": "max-age=300",
              "Content-Security-Policy": "default-src 'none'; style-src 'unsafe-inline'; sandbox",
              "Content-Type": "text/plain; charset=utf-8",
              "Date": "Fri, 15 Apr 2022 07:19:18 GMT",
              "Etag": "W/\"3ce78336fdfac8650c014c298b887c2b773b87e08edb2d2202fc2a3b155f83fa\"",
              "Expires": "Fri, 15 Apr 2022 07:24:18 GMT",
              "Source-Age": "2",
              "Strict-Transport-Security": "max-age=31536000",
              "Vary": "Authorization,Accept-Encoding,Origin",
              "Via": "1.1 varnish",
              "X-Cache": "HIT",
              "X-Cache-Hits": "4",
              "X-Content-Type-Options": "nosniff",
              "X-Fastly-Request-Id": "120230b474cd1572139373bee2bbdc2c4d95cee1",
              "X-Frame-Options": "deny",
              "X-Github-Request-Id": "1EFE:7B33:558B69:6F3A3B:6258E7A4",
              "X-Served-By": "cache-qpg1268-QPG",
              "X-Timer": "S1650007159.879392,VS0,VE0",
              "X-Xss-Protection": "1; mode=block"
            },
            "url": "https://raw.githubusercontent.com/cloudposse/terraform-aws-service-control-policies/0.8.0/catalog/ec2-policies.yaml"
          },
          "sensitive_attributes": []
        },
        {
          "index_key": "aHR0cHM6Ly9yYXcuZ2l0aHVidXNlcmNvbnRlbnQuY29tL2Nsb3VkcG9zc2UvdGVycmFmb3JtLWF3cy1zZXJ2aWNlLWNvbnRyb2wtcG9saWNpZXMvMC44LjAvY2F0YWxvZy9pYW0tcG9saWNpZXMueWFtbA==",
          "schema_version": 0,
          "attributes": {
            "body": "- sid: \"DenyCreatingIAMUsers\"\n  effect: \"Deny\"\n  actions:\n    - \"iam:CreateUser\"\n    - \"iam:CreateAccessKey\"\n  resources:\n    - \"*\"\n\n\n- sid: \"ProtectIAMRoles\"\n  effect: \"Deny\"\n  actions:\n    - \"iam:AttachRolePolicy\"\n    - \"iam:DeleteRole\"\n    - \"iam:DeleteRolePermissionsBoundary\"\n    - \"iam:DeleteRolePolicy\"\n    - \"iam:DetachRolePolicy\"\n    - \"iam:PutRolePermissionsBoundary\"\n    - \"iam:PutRolePolicy\"\n    - \"iam:UpdateAssumeRolePolicy\"\n    - \"iam:UpdateRole\"\n    - \"iam:UpdateRoleDescription\"\n  resources:\n    - \"*\"\n",
            "id": "https://raw.githubusercontent.com/cloudposse/terraform-aws-service-control-policies/0.8.0/catalog/iam-policies.yaml",
            "request_headers": null,
            "response_headers": {
              "Accept-Ranges": "bytes",
              "Access-Control-Allow-Origin": "*",
              "Cache-Control": "max-age=300",
              "Content-Security-Policy": "default-src 'none'; style-src 'unsafe-inline'; sandbox",
              "Content-Type": "text/plain; charset=utf-8",
              "Date": "Fri, 15 Apr 2022 07:19:18 GMT",
              "Etag": "W/\"b50805ec82bcbd7c8370fd25506b9ed1d6f0c5e5a954986f9e7a0257e4c1783b\"",
              "Expires": "Fri, 15 Apr 2022 07:24:18 GMT",
              "Source-Age": "2",
              "Strict-Transport-Security": "max-age=31536000",
              "Vary": "Authorization,Accept-Encoding,Origin",
              "Via": "1.1 varnish",
              "X-Cache": "HIT",
              "X-Cache-Hits": "4",
              "X-Content-Type-Options": "nosniff",
              "X-Fastly-Request-Id": "479a7f1d91f57ab07f6a0958d6b248fc55b28d70",
              "X-Frame-Options": "deny",
              "X-Github-Request-Id": "1844:1623:23249D:38BBC0:6258E7A4",
              "X-Served-By": "cache-qpg1268-QPG",
              "X-Timer": "S1650007159.824067,VS0,VE0",
              "X-Xss-Protection": "1; mode=block"
            },
            "url": "https://raw.githubusercontent.com/cloudposse/terraform-aws-service-control-policies/0.8.0/catalog/iam-policies.yaml"
          },
          "sensitive_attributes": []
        },
        {
          "index_key": "aHR0cHM6Ly9yYXcuZ2l0aHVidXNlcmNvbnRlbnQuY29tL2Nsb3VkcG9zc2UvdGVycmFmb3JtLWF3cy1zZXJ2aWNlLWNvbnRyb2wtcG9saWNpZXMvMC44LjAvY2F0YWxvZy9rbXMtcG9saWNpZXMueWFtbA==",
          "schema_version": 0,
          "attributes": {
            "body": "- sid: \"DenyDeletingKMSKeys\"\n  effect: \"Deny\"\n  actions:\n    - \"kms:ScheduleKeyDeletion\"\n    - \"kms:Delete*\"\n  resources:\n    - \"*\"\n",
            "id": "https://raw.githubusercontent.com/cloudposse/terraform-aws-service-control-policies/0.8.0/catalog/kms-policies.yaml",
            "request_headers": null,
            "response_headers": {
              "Accept-Ranges": "bytes",
              "Access-Control-Allow-Origin": "*",
              "Cache-Control": "max-age=300",
              "Content-Security-Policy": "default-src 'none'; style-src 'unsafe-inline'; sandbox",
              "Content-Type": "text/plain; charset=utf-8",
              "Date": "Fri, 15 Apr 2022 07:19:18 GMT",
              "Etag": "W/\"dd3a0cc26a83a681faa55e0922f5f2bcb55e658ebf10d2af119e8d3b671d5650\"",
              "Expires": "Fri, 15 Apr 2022 07:24:18 GMT",
              "Source-Age": "2",
              "Strict-Transport-Security": "max-age=31536000",
              "Vary": "Authorization,Accept-Encoding,Origin",
              "Via": "1.1 varnish",
              "X-Cache": "HIT",
              "X-Cache-Hits": "4",
              "X-Content-Type-Options": "nosniff",
              "X-Fastly-Request-Id": "620d6b2dcaf9d3de0d90c83643029840b83b5bfc",
              "X-Frame-Options": "deny",
              "X-Github-Request-Id": "DAE2:5979:25BC31:3B90E8:6258E7A4",
              "X-Served-By": "cache-qpg1268-QPG",
              "X-Timer": "S1650007159.823346,VS0,VE0",
              "X-Xss-Protection": "1; mode=block"
            },
            "url": "https://raw.githubusercontent.com/cloudposse/terraform-aws-service-control-policies/0.8.0/catalog/kms-policies.yaml"
          },
          "sensitive_attributes": []
        },
        {
          "index_key": "aHR0cHM6Ly9yYXcuZ2l0aHVidXNlcmNvbnRlbnQuY29tL2Nsb3VkcG9zc2UvdGVycmFmb3JtLWF3cy1zZXJ2aWNlLWNvbnRyb2wtcG9saWNpZXMvMC44LjAvY2F0YWxvZy9vcmdhbml6YXRpb24tcG9saWNpZXMueWFtbA==",
          "schema_version": 0,
          "attributes": {
            "body": "- sid: \"DenyLeavingOrganization\"\n  effect: \"Deny\"\n  actions:\n    - \"organizations:LeaveOrganization\"\n  resources:\n    - \"*\"\n\n\n- sid: \"DenyRootAccountAccess\"\n  effect: \"Deny\"\n  actions:\n    - \"*\"\n  resources:\n    - \"*\"\n  condition:\n    - test: \"StringLike\"\n      variable: \"aws:PrincipalArn\"\n      values:\n        - \"arn:aws:iam::*:root\"\n",
            "id": "https://raw.githubusercontent.com/cloudposse/terraform-aws-service-control-policies/0.8.0/catalog/organization-policies.yaml",
            "request_headers": null,
            "response_headers": {
              "Accept-Ranges": "bytes",
              "Access-Control-Allow-Origin": "*",
              "Cache-Control": "max-age=300",
              "Content-Security-Policy": "default-src 'none'; style-src 'unsafe-inline'; sandbox",
              "Content-Type": "text/plain; charset=utf-8",
              "Date": "Fri, 15 Apr 2022 07:19:18 GMT",
              "Etag": "W/\"cc57f64d3d76972114218f6bf262ba37b55c52bf80bcf47fa8cc88ee460afe1e\"",
              "Expires": "Fri, 15 Apr 2022 07:24:18 GMT",
              "Source-Age": "2",
              "Strict-Transport-Security": "max-age=31536000",
              "Vary": "Authorization,Accept-Encoding,Origin",
              "Via": "1.1 varnish",
              "X-Cache": "HIT",
              "X-Cache-Hits": "4",
              "X-Content-Type-Options": "nosniff",
              "X-Fastly-Request-Id": "a2c2f3837094ac0bb67ce5118cc89e925db542d5",
              "X-Frame-Options": "deny",
              "X-Github-Request-Id": "2D60:06DE:8D077:13A1A2:625916A9",
              "X-Served-By": "cache-qpg1268-QPG",
              "X-Timer": "S1650007159.824137,VS0,VE0",
              "X-Xss-Protection": "1; mode=block"
            },
            "url": "https://raw.githubusercontent.com/cloudposse/terraform-aws-service-control-policies/0.8.0/catalog/organization-policies.yaml"
          },
          "sensitive_attributes": []
        },
        {
          "index_key": "aHR0cHM6Ly9yYXcuZ2l0aHVidXNlcmNvbnRlbnQuY29tL2Nsb3VkcG9zc2UvdGVycmFmb3JtLWF3cy1zZXJ2aWNlLWNvbnRyb2wtcG9saWNpZXMvMC44LjAvY2F0YWxvZy9yb3V0ZTUzLXBvbGljaWVzLnlhbWw=",
          "schema_version": 0,
          "attributes": {
            "body": "- sid: \"DenyDeletingRoute53Zones\"\n  effect: \"Deny\"\n  actions:\n    - \"route53:DeleteHostedZone\"\n  resources:\n    - \"*\"\n",
            "id": "https://raw.githubusercontent.com/cloudposse/terraform-aws-service-control-policies/0.8.0/catalog/route53-policies.yaml",
            "request_headers": null,
            "response_headers": {
              "Accept-Ranges": "bytes",
              "Access-Control-Allow-Origin": "*",
              "Cache-Control": "max-age=300",
              "Content-Security-Policy": "default-src 'none'; style-src 'unsafe-inline'; sandbox",
              "Content-Type": "text/plain; charset=utf-8",
              "Date": "Fri, 15 Apr 2022 07:19:18 GMT",
              "Etag": "W/\"1aea1997b30a81b83c3546ed3a2b681c22ae6c01631a7de91b59d0366e5690b9\"",
              "Expires": "Fri, 15 Apr 2022 07:24:18 GMT",
              "Source-Age": "2",
              "Strict-Transport-Security": "max-age=31536000",
              "Vary": "Authorization,Accept-Encoding,Origin",
              "Via": "1.1 varnish",
              "X-Cache": "HIT",
              "X-Cache-Hits": "4",
              "X-Content-Type-Options": "nosniff",
              "X-Fastly-Request-Id": "ded2b985390fd5f4ff6a1882145354392e2083fe",
              "X-Frame-Options": "deny",
              "X-Github-Request-Id": "7852:5C77:57C81B:71CE93:6258E7A4",
              "X-Served-By": "cache-qpg1268-QPG",
              "X-Timer": "S1650007159.879097,VS0,VE0",
              "X-Xss-Protection": "1; mode=block"
            },
            "url": "https://raw.githubusercontent.com/cloudposse/terraform-aws-service-control-policies/0.8.0/catalog/route53-policies.yaml"
          },
          "sensitive_attributes": []
        },
        {
          "index_key": "aHR0cHM6Ly9yYXcuZ2l0aHVidXNlcmNvbnRlbnQuY29tL2Nsb3VkcG9zc2UvdGVycmFmb3JtLWF3cy1zZXJ2aWNlLWNvbnRyb2wtcG9saWNpZXMvMC44LjAvY2F0YWxvZy9zMy1wb2xpY2llcy55YW1s",
          "schema_version": 0,
          "attributes": {
            "body": "- sid: \"ProtectS3Buckets\"\n  effect: \"Deny\"\n  actions:\n    - \"s3:DeleteBucket\"\n    - \"s3:DeleteObject\"\n    - \"s3:DeleteObjectVersion\"\n  resources:\n    - \"*\"\n\n\n- sid: \"DenyS3BucketsPublicAccess\"\n  effect: \"Deny\"\n  actions:\n    - \"s3:PutBucketPublicAccessBlock\"\n    - \"s3:DeletePublicAccessBlock\"\n  resources:\n    - \"*\"\n\n\n- sid: \"DenyS3IncorrectEncryptionHeader\"\n  effect: \"Deny\"\n  actions:\n    - \"s3:PutObject\"\n  resources:\n    - \"*\"\n  condition:\n    - test: \"StringNotEquals\"\n      variable: \"s3:x-amz-server-side-encryption\"\n      values:\n        - \"AES256\"\n        - \"aws:kms\"\n\n\n- sid: \"DenyS3UnEncryptedObjectUploads\"\n  effect: \"Deny\"\n  actions:\n    - \"s3:PutObject\"\n  resources:\n    - \"*\"\n  condition:\n    - test: \"Null\"\n      variable: \"s3:x-amz-server-side-encryption\"\n      values:\n        - true\n",
            "id": "https://raw.githubusercontent.com/cloudposse/terraform-aws-service-control-policies/0.8.0/catalog/s3-policies.yaml",
            "request_headers": null,
            "response_headers": {
              "Accept-Ranges": "bytes",
              "Access-Control-Allow-Origin": "*",
              "Cache-Control": "max-age=300",
              "Content-Security-Policy": "default-src 'none'; style-src 'unsafe-inline'; sandbox",
              "Content-Type": "text/plain; charset=utf-8",
              "Date": "Fri, 15 Apr 2022 07:19:18 GMT",
              "Etag": "W/\"5ff003b0da193083d1dd9e0858bea3b3027d5ac9aa4aeb1f0d9400384dd5d75c\"",
              "Expires": "Fri, 15 Apr 2022 07:24:18 GMT",
              "Source-Age": "2",
              "Strict-Transport-Security": "max-age=31536000",
              "Vary": "Authorization,Accept-Encoding,Origin",
              "Via": "1.1 varnish",
              "X-Cache": "HIT",
              "X-Cache-Hits": "4",
              "X-Content-Type-Options": "nosniff",
              "X-Fastly-Request-Id": "1f024bcba040ce23e88bec2fcbfe3e6bb754c3f6",
              "X-Frame-Options": "deny",
              "X-Github-Request-Id": "5BFA:717F:5ABF50:74E3EF:6258E7A4",
              "X-Served-By": "cache-qpg1268-QPG",
              "X-Timer": "S1650007159.824091,VS0,VE0",
              "X-Xss-Protection": "1; mode=block"
            },
            "url": "https://raw.githubusercontent.com/cloudposse/terraform-aws-service-control-policies/0.8.0/catalog/s3-policies.yaml"
          },
          "sensitive_attributes": []
        }
      ]
    },
    {
      "module": "module.service_control_policy_statements_yaml_config.module.yaml_config_4",
      "mode": "data",
      "type": "template_file",
      "name": "remote_config",
      "provider": "provider[\"registry.terraform.io/hashicorp/template\"]",
      "instances": [
        {
          "index_key": "aHR0cHM6Ly9yYXcuZ2l0aHVidXNlcmNvbnRlbnQuY29tL2Nsb3VkcG9zc2UvdGVycmFmb3JtLWF3cy1zZXJ2aWNlLWNvbnRyb2wtcG9saWNpZXMvMC44LjAvY2F0YWxvZy9jbG91ZHdhdGNoLWxvZ3MtcG9saWNpZXMueWFtbA==",
          "schema_version": 0,
          "attributes": {
            "filename": null,
            "id": "c6b45b229511ea63a6b6a192742558744c62a3918fdfffe6a231b04ef960164c",
            "rendered": "- sid: \"DenyDeletingCloudWatchLogs\"\n  effect: \"Deny\"\n  actions:\n    - \"ec2:DeleteFlowLogs\"\n    - \"logs:DeleteLogGroup\"\n    - \"logs:DeleteLogStream\"\n  resources:\n    - \"*\"\n",
            "template": "- sid: \"DenyDeletingCloudWatchLogs\"\n  effect: \"Deny\"\n  actions:\n    - \"ec2:DeleteFlowLogs\"\n    - \"logs:DeleteLogGroup\"\n    - \"logs:DeleteLogStream\"\n  resources:\n    - \"*\"\n",
            "vars": null
          },
          "sensitive_attributes": []
        },
        {
          "index_key": "aHR0cHM6Ly9yYXcuZ2l0aHVidXNlcmNvbnRlbnQuY29tL2Nsb3VkcG9zc2UvdGVycmFmb3JtLWF3cy1zZXJ2aWNlLWNvbnRyb2wtcG9saWNpZXMvMC44LjAvY2F0YWxvZy9kZW55LWFsbC1wb2xpY2llcy55YW1s",
          "schema_version": 0,
          "attributes": {
            "filename": null,
            "id": "1350d7b7a6720d7ab7c168fc741164e086075ccc3d79a044ad71310dec4f05c7",
            "rendered": "- sid: \"DenyAllAccess\"\n  effect: \"Deny\"\n  actions:\n    - \"*\"\n  resources:\n    - \"*\"\n",
            "template": "- sid: \"DenyAllAccess\"\n  effect: \"Deny\"\n  actions:\n    - \"*\"\n  resources:\n    - \"*\"\n",
            "vars": null
          },
          "sensitive_attributes": []
        },
        {
          "index_key": "aHR0cHM6Ly9yYXcuZ2l0aHVidXNlcmNvbnRlbnQuY29tL2Nsb3VkcG9zc2UvdGVycmFmb3JtLWF3cy1zZXJ2aWNlLWNvbnRyb2wtcG9saWNpZXMvMC44LjAvY2F0YWxvZy9lYzItcG9saWNpZXMueWFtbA==",
          "schema_version": 0,
          "attributes": {
            "filename": null,
            "id": "72cfb436b6eef8cd01bebcf2ebf947d975dcb48b24be9d5e7035dbb6497b8990",
            "rendered": "#\n# This policy denies instance types that aren't based on the Nitro system as documented in the following document:\n# https://docs.aws.amazon.com/AWSEC2/latest/UserGuide/instance-types.html#ec2-nitro-instances\n#\n- sid: \"DenyNonNitroInstances\"\n  effect: \"Deny\"\n  actions:\n    - \"ec2:RunInstances\"\n  condition:\n    - test: \"StringNotLike\"\n      variable: \"ec2:InstanceType\"\n      values:\n        - a1\n        - a1.metal\n        - c5\n        - c5.metal\n        - c5a\n        - c5ad\n        - c5d\n        - c5d.metal\n        - c5n\n        - c5n.metal\n        - c6g\n        - c6g.metal\n        - c6gd\n        - c6gd.metal\n        - c6gn\n        - d3\n        - d3en\n        - g4\n        - i3.metal\n        - i3en\n        - i3en.metal\n        - inf1\n        - m5\n        - m5.metal\n        - m5a\n        - m5ad\n        - m5d\n        - m5d.metal\n        - m5dn\n        - m5dn.metal\n        - m5n\n        - m5n.metal\n        - m5zn\n        - m5zn.metal\n        - m6g\n        - m6g.metal\n        - m6gd\n        - m6gd.metal\n        - mac1.metal\n        - p3dn.24xlarge\n        - p4\n        - r5\n        - r5.metal\n        - r5a\n        - r5ad\n        - r5b\n        - r5b.metal\n        - r5d\n        - r5d.metal\n        - r5dn\n        - r5dn.metal\n        - r5n\n        - r5n.metal\n        - r6g\n        - r6g.metal\n        - r6gd\n        - r6gd.metal\n        - t3\n        - t3a\n        - t4g\n        - u-12tb1.metal\n        - u-18tb1.metal\n        - u-24tb1.metal\n        - u-6tb1.metal\n        - u-9tb1.metal\n        - z1d\n        - z1d.metal\n  resources:\n    - \"arn:aws:ec2:*:*:instance/*\"\n\n# This policy denies instance types that aren't based on the Nitro system and don't support Encryption-in-Transit as\n# described in the following document:\n# https://docs.aws.amazon.com/AWSEC2/latest/UserGuide/data-protection.html#encryption-transit\n- sid: \"DenyInstancesWithoutEncryptionInTransit\"\n  effect: \"Deny\"\n  actions:\n    - \"ec2:RunInstances\"\n  condition:\n    - test: \"StringNotLike\"\n      variable: \"ec2:InstanceType\"\n      values:\n        - c5a\n        - c5ad\n        - c5n\n        - c6gn\n        - d3\n        - d3en\n        - g4ad\n        - g4dn\n        - i3en\n        - m5dn\n        - m5n\n        - m5zn\n        - p3dn\n        - p4d\n        - r5dn\n        - r5n\n  resources:\n    - \"arn:aws:ec2:*:*:instance/*\"\n",
            "template": "#\n# This policy denies instance types that aren't based on the Nitro system as documented in the following document:\n# https://docs.aws.amazon.com/AWSEC2/latest/UserGuide/instance-types.html#ec2-nitro-instances\n#\n- sid: \"DenyNonNitroInstances\"\n  effect: \"Deny\"\n  actions:\n    - \"ec2:RunInstances\"\n  condition:\n    - test: \"StringNotLike\"\n      variable: \"ec2:InstanceType\"\n      values:\n        - a1\n        - a1.metal\n        - c5\n        - c5.metal\n        - c5a\n        - c5ad\n        - c5d\n        - c5d.metal\n        - c5n\n        - c5n.metal\n        - c6g\n        - c6g.metal\n        - c6gd\n        - c6gd.metal\n        - c6gn\n        - d3\n        - d3en\n        - g4\n        - i3.metal\n        - i3en\n        - i3en.metal\n        - inf1\n        - m5\n        - m5.metal\n        - m5a\n        - m5ad\n        - m5d\n        - m5d.metal\n        - m5dn\n        - m5dn.metal\n        - m5n\n        - m5n.metal\n        - m5zn\n        - m5zn.metal\n        - m6g\n        - m6g.metal\n        - m6gd\n        - m6gd.metal\n        - mac1.metal\n        - p3dn.24xlarge\n        - p4\n        - r5\n        - r5.metal\n        - r5a\n        - r5ad\n        - r5b\n        - r5b.metal\n        - r5d\n        - r5d.metal\n        - r5dn\n        - r5dn.metal\n        - r5n\n        - r5n.metal\n        - r6g\n        - r6g.metal\n        - r6gd\n        - r6gd.metal\n        - t3\n        - t3a\n        - t4g\n        - u-12tb1.metal\n        - u-18tb1.metal\n        - u-24tb1.metal\n        - u-6tb1.metal\n        - u-9tb1.metal\n        - z1d\n        - z1d.metal\n  resources:\n    - \"arn:aws:ec2:*:*:instance/*\"\n\n# This policy denies instance types that aren't based on the Nitro system and don't support Encryption-in-Transit as\n# described in the following document:\n# https://docs.aws.amazon.com/AWSEC2/latest/UserGuide/data-protection.html#encryption-transit\n- sid: \"DenyInstancesWithoutEncryptionInTransit\"\n  effect: \"Deny\"\n  actions:\n    - \"ec2:RunInstances\"\n  condition:\n    - test: \"StringNotLike\"\n      variable: \"ec2:InstanceType\"\n      values:\n        - c5a\n        - c5ad\n        - c5n\n        - c6gn\n        - d3\n        - d3en\n        - g4ad\n        - g4dn\n        - i3en\n        - m5dn\n        - m5n\n        - m5zn\n        - p3dn\n        - p4d\n        - r5dn\n        - r5n\n  resources:\n    - \"arn:aws:ec2:*:*:instance/*\"\n",
            "vars": null
          },
          "sensitive_attributes": []
        },
        {
          "index_key": "aHR0cHM6Ly9yYXcuZ2l0aHVidXNlcmNvbnRlbnQuY29tL2Nsb3VkcG9zc2UvdGVycmFmb3JtLWF3cy1zZXJ2aWNlLWNvbnRyb2wtcG9saWNpZXMvMC44LjAvY2F0YWxvZy9pYW0tcG9saWNpZXMueWFtbA==",
          "schema_version": 0,
          "attributes": {
            "filename": null,
            "id": "ccddf16fe15879a75a3b2ed05d47efaf67b1aed5c0982d70e47ff6fbd87ab66c",
            "rendered": "- sid: \"DenyCreatingIAMUsers\"\n  effect: \"Deny\"\n  actions:\n    - \"iam:CreateUser\"\n    - \"iam:CreateAccessKey\"\n  resources:\n    - \"*\"\n\n\n- sid: \"ProtectIAMRoles\"\n  effect: \"Deny\"\n  actions:\n    - \"iam:AttachRolePolicy\"\n    - \"iam:DeleteRole\"\n    - \"iam:DeleteRolePermissionsBoundary\"\n    - \"iam:DeleteRolePolicy\"\n    - \"iam:DetachRolePolicy\"\n    - \"iam:PutRolePermissionsBoundary\"\n    - \"iam:PutRolePolicy\"\n    - \"iam:UpdateAssumeRolePolicy\"\n    - \"iam:UpdateRole\"\n    - \"iam:UpdateRoleDescription\"\n  resources:\n    - \"*\"\n",
            "template": "- sid: \"DenyCreatingIAMUsers\"\n  effect: \"Deny\"\n  actions:\n    - \"iam:CreateUser\"\n    - \"iam:CreateAccessKey\"\n  resources:\n    - \"*\"\n\n\n- sid: \"ProtectIAMRoles\"\n  effect: \"Deny\"\n  actions:\n    - \"iam:AttachRolePolicy\"\n    - \"iam:DeleteRole\"\n    - \"iam:DeleteRolePermissionsBoundary\"\n    - \"iam:DeleteRolePolicy\"\n    - \"iam:DetachRolePolicy\"\n    - \"iam:PutRolePermissionsBoundary\"\n    - \"iam:PutRolePolicy\"\n    - \"iam:UpdateAssumeRolePolicy\"\n    - \"iam:UpdateRole\"\n    - \"iam:UpdateRoleDescription\"\n  resources:\n    - \"*\"\n",
            "vars": null
          },
          "sensitive_attributes": []
        },
        {
          "index_key": "aHR0cHM6Ly9yYXcuZ2l0aHVidXNlcmNvbnRlbnQuY29tL2Nsb3VkcG9zc2UvdGVycmFmb3JtLWF3cy1zZXJ2aWNlLWNvbnRyb2wtcG9saWNpZXMvMC44LjAvY2F0YWxvZy9rbXMtcG9saWNpZXMueWFtbA==",
          "schema_version": 0,
          "attributes": {
            "filename": null,
            "id": "2a4eb2a7233173d900e98e4e9b671a55557729157ec760f4ed663a964aa49374",
            "rendered": "- sid: \"DenyDeletingKMSKeys\"\n  effect: \"Deny\"\n  actions:\n    - \"kms:ScheduleKeyDeletion\"\n    - \"kms:Delete*\"\n  resources:\n    - \"*\"\n",
            "template": "- sid: \"DenyDeletingKMSKeys\"\n  effect: \"Deny\"\n  actions:\n    - \"kms:ScheduleKeyDeletion\"\n    - \"kms:Delete*\"\n  resources:\n    - \"*\"\n",
            "vars": null
          },
          "sensitive_attributes": []
        },
        {
          "index_key": "aHR0cHM6Ly9yYXcuZ2l0aHVidXNlcmNvbnRlbnQuY29tL2Nsb3VkcG9zc2UvdGVycmFmb3JtLWF3cy1zZXJ2aWNlLWNvbnRyb2wtcG9saWNpZXMvMC44LjAvY2F0YWxvZy9vcmdhbml6YXRpb24tcG9saWNpZXMueWFtbA==",
          "schema_version": 0,
          "attributes": {
            "filename": null,
            "id": "8abb3b393abcd2f95646cedcb7eb14aabf882885a447cce141b8b971645f0817",
            "rendered": "- sid: \"DenyLeavingOrganization\"\n  effect: \"Deny\"\n  actions:\n    - \"organizations:LeaveOrganization\"\n  resources:\n    - \"*\"\n\n\n- sid: \"DenyRootAccountAccess\"\n  effect: \"Deny\"\n  actions:\n    - \"*\"\n  resources:\n    - \"*\"\n  condition:\n    - test: \"StringLike\"\n      variable: \"aws:PrincipalArn\"\n      values:\n        - \"arn:aws:iam::*:root\"\n",
            "template": "- sid: \"DenyLeavingOrganization\"\n  effect: \"Deny\"\n  actions:\n    - \"organizations:LeaveOrganization\"\n  resources:\n    - \"*\"\n\n\n- sid: \"DenyRootAccountAccess\"\n  effect: \"Deny\"\n  actions:\n    - \"*\"\n  resources:\n    - \"*\"\n  condition:\n    - test: \"StringLike\"\n      variable: \"aws:PrincipalArn\"\n      values:\n        - \"arn:aws:iam::*:root\"\n",
            "vars": null
          },
          "sensitive_attributes": []
        },
        {
          "index_key": "aHR0cHM6Ly9yYXcuZ2l0aHVidXNlcmNvbnRlbnQuY29tL2Nsb3VkcG9zc2UvdGVycmFmb3JtLWF3cy1zZXJ2aWNlLWNvbnRyb2wtcG9saWNpZXMvMC44LjAvY2F0YWxvZy9yb3V0ZTUzLXBvbGljaWVzLnlhbWw=",
          "schema_version": 0,
          "attributes": {
            "filename": null,
            "id": "dfb6b672dc340674add7dca43ca12b2b5f9485631a405e7745473115fbff0264",
            "rendered": "- sid: \"DenyDeletingRoute53Zones\"\n  effect: \"Deny\"\n  actions:\n    - \"route53:DeleteHostedZone\"\n  resources:\n    - \"*\"\n",
            "template": "- sid: \"DenyDeletingRoute53Zones\"\n  effect: \"Deny\"\n  actions:\n    - \"route53:DeleteHostedZone\"\n  resources:\n    - \"*\"\n",
            "vars": null
          },
          "sensitive_attributes": []
        },
        {
          "index_key": "aHR0cHM6Ly9yYXcuZ2l0aHVidXNlcmNvbnRlbnQuY29tL2Nsb3VkcG9zc2UvdGVycmFmb3JtLWF3cy1zZXJ2aWNlLWNvbnRyb2wtcG9saWNpZXMvMC44LjAvY2F0YWxvZy9zMy1wb2xpY2llcy55YW1s",
          "schema_version": 0,
          "attributes": {
            "filename": null,
            "id": "a2231a9784f419d83b205819800ca33941a62794b0177fdc7594d94cd201f537",
            "rendered": "- sid: \"ProtectS3Buckets\"\n  effect: \"Deny\"\n  actions:\n    - \"s3:DeleteBucket\"\n    - \"s3:DeleteObject\"\n    - \"s3:DeleteObjectVersion\"\n  resources:\n    - \"*\"\n\n\n- sid: \"DenyS3BucketsPublicAccess\"\n  effect: \"Deny\"\n  actions:\n    - \"s3:PutBucketPublicAccessBlock\"\n    - \"s3:DeletePublicAccessBlock\"\n  resources:\n    - \"*\"\n\n\n- sid: \"DenyS3IncorrectEncryptionHeader\"\n  effect: \"Deny\"\n  actions:\n    - \"s3:PutObject\"\n  resources:\n    - \"*\"\n  condition:\n    - test: \"StringNotEquals\"\n      variable: \"s3:x-amz-server-side-encryption\"\n      values:\n        - \"AES256\"\n        - \"aws:kms\"\n\n\n- sid: \"DenyS3UnEncryptedObjectUploads\"\n  effect: \"Deny\"\n  actions:\n    - \"s3:PutObject\"\n  resources:\n    - \"*\"\n  condition:\n    - test: \"Null\"\n      variable: \"s3:x-amz-server-side-encryption\"\n      values:\n        - true\n",
            "template": "- sid: \"ProtectS3Buckets\"\n  effect: \"Deny\"\n  actions:\n    - \"s3:DeleteBucket\"\n    - \"s3:DeleteObject\"\n    - \"s3:DeleteObjectVersion\"\n  resources:\n    - \"*\"\n\n\n- sid: \"DenyS3BucketsPublicAccess\"\n  effect: \"Deny\"\n  actions:\n    - \"s3:PutBucketPublicAccessBlock\"\n    - \"s3:DeletePublicAccessBlock\"\n  resources:\n    - \"*\"\n\n\n- sid: \"DenyS3IncorrectEncryptionHeader\"\n  effect: \"Deny\"\n  actions:\n    - \"s3:PutObject\"\n  resources:\n    - \"*\"\n  condition:\n    - test: \"StringNotEquals\"\n      variable: \"s3:x-amz-server-side-encryption\"\n      values:\n        - \"AES256\"\n        - \"aws:kms\"\n\n\n- sid: \"DenyS3UnEncryptedObjectUploads\"\n  effect: \"Deny\"\n  actions:\n    - \"s3:PutObject\"\n  resources:\n    - \"*\"\n  condition:\n    - test: \"Null\"\n      variable: \"s3:x-amz-server-side-encryption\"\n      values:\n        - true\n",
            "vars": null
          },
          "sensitive_attributes": []
        }
      ]
    },
    {
      "module": "module.service_control_policy_statements_yaml_config.module.yaml_config_5",
      "mode": "data",
      "type": "http",
      "name": "remote_config",
      "provider": "provider[\"registry.terraform.io/hashicorp/http\"]",
      "instances": [
        {
          "index_key": "aHR0cHM6Ly9yYXcuZ2l0aHVidXNlcmNvbnRlbnQuY29tL2Nsb3VkcG9zc2UvdGVycmFmb3JtLWF3cy1zZXJ2aWNlLWNvbnRyb2wtcG9saWNpZXMvMC44LjAvY2F0YWxvZy9jbG91ZHdhdGNoLWxvZ3MtcG9saWNpZXMueWFtbA==",
          "schema_version": 0,
          "attributes": {
            "body": "- sid: \"DenyDeletingCloudWatchLogs\"\n  effect: \"Deny\"\n  actions:\n    - \"ec2:DeleteFlowLogs\"\n    - \"logs:DeleteLogGroup\"\n    - \"logs:DeleteLogStream\"\n  resources:\n    - \"*\"\n",
            "id": "https://raw.githubusercontent.com/cloudposse/terraform-aws-service-control-policies/0.8.0/catalog/cloudwatch-logs-policies.yaml",
            "request_headers": null,
            "response_headers": {
              "Accept-Ranges": "bytes",
              "Access-Control-Allow-Origin": "*",
              "Cache-Control": "max-age=300",
              "Content-Security-Policy": "default-src 'none'; style-src 'unsafe-inline'; sandbox",
              "Content-Type": "text/plain; charset=utf-8",
              "Date": "Fri, 15 Apr 2022 07:19:18 GMT",
              "Etag": "W/\"60fd880267c76b3c31b53bb9f807cb7c1ed4900e3779687a98211b2f02d6dbc2\"",
              "Expires": "Fri, 15 Apr 2022 07:24:18 GMT",
              "Source-Age": "2",
              "Strict-Transport-Security": "max-age=31536000",
              "Vary": "Authorization,Accept-Encoding,Origin",
              "Via": "1.1 varnish",
              "X-Cache": "HIT",
              "X-Cache-Hits": "5",
              "X-Content-Type-Options": "nosniff",
              "X-Fastly-Request-Id": "d6fb4b5e39e9abfb6598c69634b55f16da530cb3",
              "X-Frame-Options": "deny",
              "X-Github-Request-Id": "8B70:6E08:57C084:716AC7:6258E7A4",
              "X-Served-By": "cache-qpg1268-QPG",
              "X-Timer": "S1650007159.945936,VS0,VE0",
              "X-Xss-Protection": "1; mode=block"
            },
            "url": "https://raw.githubusercontent.com/cloudposse/terraform-aws-service-control-policies/0.8.0/catalog/cloudwatch-logs-policies.yaml"
          },
          "sensitive_attributes": []
        },
        {
          "index_key": "aHR0cHM6Ly9yYXcuZ2l0aHVidXNlcmNvbnRlbnQuY29tL2Nsb3VkcG9zc2UvdGVycmFmb3JtLWF3cy1zZXJ2aWNlLWNvbnRyb2wtcG9saWNpZXMvMC44LjAvY2F0YWxvZy9kZW55LWFsbC1wb2xpY2llcy55YW1s",
          "schema_version": 0,
          "attributes": {
            "body": "- sid: \"DenyAllAccess\"\n  effect: \"Deny\"\n  actions:\n    - \"*\"\n  resources:\n    - \"*\"\n",
            "id": "https://raw.githubusercontent.com/cloudposse/terraform-aws-service-control-policies/0.8.0/catalog/deny-all-policies.yaml",
            "request_headers": null,
            "response_headers": {
              "Accept-Ranges": "bytes",
              "Access-Control-Allow-Origin": "*",
              "Cache-Control": "max-age=300",
              "Content-Security-Policy": "default-src 'none'; style-src 'unsafe-inline'; sandbox",
              "Content-Type": "text/plain; charset=utf-8",
              "Date": "Fri, 15 Apr 2022 07:19:18 GMT",
              "Etag": "W/\"83ba8a9d1378f1c8c3867e50dd9ef988d497a8e677533d831f5e82bdece2f9a2\"",
              "Expires": "Fri, 15 Apr 2022 07:24:18 GMT",
              "Source-Age": "2",
              "Strict-Transport-Security": "max-age=31536000",
              "Vary": "Authorization,Accept-Encoding,Origin",
              "Via": "1.1 varnish",
              "X-Cache": "HIT",
              "X-Cache-Hits": "5",
              "X-Content-Type-Options": "nosniff",
              "X-Fastly-Request-Id": "eb1dedb0e6d75f635572120ad8d95168b4a86184",
              "X-Frame-Options": "deny",
              "X-Github-Request-Id": "A85A:2907:5A7A96:7432AF:6258E7A4",
              "X-Served-By": "cache-qpg1268-QPG",
              "X-Timer": "S1650007159.945841,VS0,VE0",
              "X-Xss-Protection": "1; mode=block"
            },
            "url": "https://raw.githubusercontent.com/cloudposse/terraform-aws-service-control-policies/0.8.0/catalog/deny-all-policies.yaml"
          },
          "sensitive_attributes": []
        },
        {
          "index_key": "aHR0cHM6Ly9yYXcuZ2l0aHVidXNlcmNvbnRlbnQuY29tL2Nsb3VkcG9zc2UvdGVycmFmb3JtLWF3cy1zZXJ2aWNlLWNvbnRyb2wtcG9saWNpZXMvMC44LjAvY2F0YWxvZy9lYzItcG9saWNpZXMueWFtbA==",
          "schema_version": 0,
          "attributes": {
            "body": "#\n# This policy denies instance types that aren't based on the Nitro system as documented in the following document:\n# https://docs.aws.amazon.com/AWSEC2/latest/UserGuide/instance-types.html#ec2-nitro-instances\n#\n- sid: \"DenyNonNitroInstances\"\n  effect: \"Deny\"\n  actions:\n    - \"ec2:RunInstances\"\n  condition:\n    - test: \"StringNotLike\"\n      variable: \"ec2:InstanceType\"\n      values:\n        - a1\n        - a1.metal\n        - c5\n        - c5.metal\n        - c5a\n        - c5ad\n        - c5d\n        - c5d.metal\n        - c5n\n        - c5n.metal\n        - c6g\n        - c6g.metal\n        - c6gd\n        - c6gd.metal\n        - c6gn\n        - d3\n        - d3en\n        - g4\n        - i3.metal\n        - i3en\n        - i3en.metal\n        - inf1\n        - m5\n        - m5.metal\n        - m5a\n        - m5ad\n        - m5d\n        - m5d.metal\n        - m5dn\n        - m5dn.metal\n        - m5n\n        - m5n.metal\n        - m5zn\n        - m5zn.metal\n        - m6g\n        - m6g.metal\n        - m6gd\n        - m6gd.metal\n        - mac1.metal\n        - p3dn.24xlarge\n        - p4\n        - r5\n        - r5.metal\n        - r5a\n        - r5ad\n        - r5b\n        - r5b.metal\n        - r5d\n        - r5d.metal\n        - r5dn\n        - r5dn.metal\n        - r5n\n        - r5n.metal\n        - r6g\n        - r6g.metal\n        - r6gd\n        - r6gd.metal\n        - t3\n        - t3a\n        - t4g\n        - u-12tb1.metal\n        - u-18tb1.metal\n        - u-24tb1.metal\n        - u-6tb1.metal\n        - u-9tb1.metal\n        - z1d\n        - z1d.metal\n  resources:\n    - \"arn:aws:ec2:*:*:instance/*\"\n\n# This policy denies instance types that aren't based on the Nitro system and don't support Encryption-in-Transit as\n# described in the following document:\n# https://docs.aws.amazon.com/AWSEC2/latest/UserGuide/data-protection.html#encryption-transit\n- sid: \"DenyInstancesWithoutEncryptionInTransit\"\n  effect: \"Deny\"\n  actions:\n    - \"ec2:RunInstances\"\n  condition:\n    - test: \"StringNotLike\"\n      variable: \"ec2:InstanceType\"\n      values:\n        - c5a\n        - c5ad\n        - c5n\n        - c6gn\n        - d3\n        - d3en\n        - g4ad\n        - g4dn\n        - i3en\n        - m5dn\n        - m5n\n        - m5zn\n        - p3dn\n        - p4d\n        - r5dn\n        - r5n\n  resources:\n    - \"arn:aws:ec2:*:*:instance/*\"\n",
            "id": "https://raw.githubusercontent.com/cloudposse/terraform-aws-service-control-policies/0.8.0/catalog/ec2-policies.yaml",
            "request_headers": null,
            "response_headers": {
              "Accept-Ranges": "bytes",
              "Access-Control-Allow-Origin": "*",
              "Cache-Control": "max-age=300",
              "Content-Security-Policy": "default-src 'none'; style-src 'unsafe-inline'; sandbox",
              "Content-Type": "text/plain; charset=utf-8",
              "Date": "Fri, 15 Apr 2022 07:19:18 GMT",
              "Etag": "W/\"3ce78336fdfac8650c014c298b887c2b773b87e08edb2d2202fc2a3b155f83fa\"",
              "Expires": "Fri, 15 Apr 2022 07:24:18 GMT",
              "Source-Age": "2",
              "Strict-Transport-Security": "max-age=31536000",
              "Vary": "Authorization,Accept-Encoding,Origin",
              "Via": "1.1 varnish",
              "X-Cache": "HIT",
              "X-Cache-Hits": "5",
              "X-Content-Type-Options": "nosniff",
              "X-Fastly-Request-Id": "ef972b5054a94177998d5eaf393e03e515cf5276",
              "X-Frame-Options": "deny",
              "X-Github-Request-Id": "1EFE:7B33:558B69:6F3A3B:6258E7A4",
              "X-Served-By": "cache-qpg1268-QPG",
              "X-Timer": "S1650007159.946139,VS0,VE0",
              "X-Xss-Protection": "1; mode=block"
            },
            "url": "https://raw.githubusercontent.com/cloudposse/terraform-aws-service-control-policies/0.8.0/catalog/ec2-policies.yaml"
          },
          "sensitive_attributes": []
        },
        {
          "index_key": "aHR0cHM6Ly9yYXcuZ2l0aHVidXNlcmNvbnRlbnQuY29tL2Nsb3VkcG9zc2UvdGVycmFmb3JtLWF3cy1zZXJ2aWNlLWNvbnRyb2wtcG9saWNpZXMvMC44LjAvY2F0YWxvZy9pYW0tcG9saWNpZXMueWFtbA==",
          "schema_version": 0,
          "attributes": {
            "body": "- sid: \"DenyCreatingIAMUsers\"\n  effect: \"Deny\"\n  actions:\n    - \"iam:CreateUser\"\n    - \"iam:CreateAccessKey\"\n  resources:\n    - \"*\"\n\n\n- sid: \"ProtectIAMRoles\"\n  effect: \"Deny\"\n  actions:\n    - \"iam:AttachRolePolicy\"\n    - \"iam:DeleteRole\"\n    - \"iam:DeleteRolePermissionsBoundary\"\n    - \"iam:DeleteRolePolicy\"\n    - \"iam:DetachRolePolicy\"\n    - \"iam:PutRolePermissionsBoundary\"\n    - \"iam:PutRolePolicy\"\n    - \"iam:UpdateAssumeRolePolicy\"\n    - \"iam:UpdateRole\"\n    - \"iam:UpdateRoleDescription\"\n  resources:\n    - \"*\"\n",
            "id": "https://raw.githubusercontent.com/cloudposse/terraform-aws-service-control-policies/0.8.0/catalog/iam-policies.yaml",
            "request_headers": null,
            "response_headers": {
              "Accept-Ranges": "bytes",
              "Access-Control-Allow-Origin": "*",
              "Cache-Control": "max-age=300",
              "Content-Security-Policy": "default-src 'none'; style-src 'unsafe-inline'; sandbox",
              "Content-Type": "text/plain; charset=utf-8",
              "Date": "Fri, 15 Apr 2022 07:19:18 GMT",
              "Etag": "W/\"b50805ec82bcbd7c8370fd25506b9ed1d6f0c5e5a954986f9e7a0257e4c1783b\"",
              "Expires": "Fri, 15 Apr 2022 07:24:18 GMT",
              "Source-Age": "2",
              "Strict-Transport-Security": "max-age=31536000",
              "Vary": "Authorization,Accept-Encoding,Origin",
              "Via": "1.1 varnish",
              "X-Cache": "HIT",
              "X-Cache-Hits": "5",
              "X-Content-Type-Options": "nosniff",
              "X-Fastly-Request-Id": "b4ca926616f341bdecc89f64eedcd4b20129ec9e",
              "X-Frame-Options": "deny",
              "X-Github-Request-Id": "1844:1623:23249D:38BBC0:6258E7A4",
              "X-Served-By": "cache-qpg1268-QPG",
              "X-Timer": "S1650007159.945837,VS0,VE0",
              "X-Xss-Protection": "1; mode=block"
            },
            "url": "https://raw.githubusercontent.com/cloudposse/terraform-aws-service-control-policies/0.8.0/catalog/iam-policies.yaml"
          },
          "sensitive_attributes": []
        },
        {
          "index_key": "aHR0cHM6Ly9yYXcuZ2l0aHVidXNlcmNvbnRlbnQuY29tL2Nsb3VkcG9zc2UvdGVycmFmb3JtLWF3cy1zZXJ2aWNlLWNvbnRyb2wtcG9saWNpZXMvMC44LjAvY2F0YWxvZy9rbXMtcG9saWNpZXMueWFtbA==",
          "schema_version": 0,
          "attributes": {
            "body": "- sid: \"DenyDeletingKMSKeys\"\n  effect: \"Deny\"\n  actions:\n    - \"kms:ScheduleKeyDeletion\"\n    - \"kms:Delete*\"\n  resources:\n    - \"*\"\n",
            "id": "https://raw.githubusercontent.com/cloudposse/terraform-aws-service-control-policies/0.8.0/catalog/kms-policies.yaml",
            "request_headers": null,
            "response_headers": {
              "Accept-Ranges": "bytes",
              "Access-Control-Allow-Origin": "*",
              "Cache-Control": "max-age=300",
              "Content-Security-Policy": "default-src 'none'; style-src 'unsafe-inline'; sandbox",
              "Content-Type": "text/plain; charset=utf-8",
              "Date": "Fri, 15 Apr 2022 07:19:18 GMT",
              "Etag": "W/\"dd3a0cc26a83a681faa55e0922f5f2bcb55e658ebf10d2af119e8d3b671d5650\"",
              "Expires": "Fri, 15 Apr 2022 07:24:18 GMT",
              "Source-Age": "2",
              "Strict-Transport-Security": "max-age=31536000",
              "Vary": "Authorization,Accept-Encoding,Origin",
              "Via": "1.1 varnish",
              "X-Cache": "HIT",
              "X-Cache-Hits": "5",
              "X-Content-Type-Options": "nosniff",
              "X-Fastly-Request-Id": "ff77ffa7fbb6d59c628ad105ba105351dcf4eac3",
              "X-Frame-Options": "deny",
              "X-Github-Request-Id": "DAE2:5979:25BC31:3B90E8:6258E7A4",
              "X-Served-By": "cache-qpg1268-QPG",
              "X-Timer": "S1650007159.980067,VS0,VE0",
              "X-Xss-Protection": "1; mode=block"
            },
            "url": "https://raw.githubusercontent.com/cloudposse/terraform-aws-service-control-policies/0.8.0/catalog/kms-policies.yaml"
          },
          "sensitive_attributes": []
        },
        {
          "index_key": "aHR0cHM6Ly9yYXcuZ2l0aHVidXNlcmNvbnRlbnQuY29tL2Nsb3VkcG9zc2UvdGVycmFmb3JtLWF3cy1zZXJ2aWNlLWNvbnRyb2wtcG9saWNpZXMvMC44LjAvY2F0YWxvZy9vcmdhbml6YXRpb24tcG9saWNpZXMueWFtbA==",
          "schema_version": 0,
          "attributes": {
            "body": "- sid: \"DenyLeavingOrganization\"\n  effect: \"Deny\"\n  actions:\n    - \"organizations:LeaveOrganization\"\n  resources:\n    - \"*\"\n\n\n- sid: \"DenyRootAccountAccess\"\n  effect: \"Deny\"\n  actions:\n    - \"*\"\n  resources:\n    - \"*\"\n  condition:\n    - test: \"StringLike\"\n      variable: \"aws:PrincipalArn\"\n      values:\n        - \"arn:aws:iam::*:root\"\n",
            "id": "https://raw.githubusercontent.com/cloudposse/terraform-aws-service-control-policies/0.8.0/catalog/organization-policies.yaml",
            "request_headers": null,
            "response_headers": {
              "Accept-Ranges": "bytes",
              "Access-Control-Allow-Origin": "*",
              "Cache-Control": "max-age=300",
              "Content-Security-Policy": "default-src 'none'; style-src 'unsafe-inline'; sandbox",
              "Content-Type": "text/plain; charset=utf-8",
              "Date": "Fri, 15 Apr 2022 07:19:18 GMT",
              "Etag": "W/\"cc57f64d3d76972114218f6bf262ba37b55c52bf80bcf47fa8cc88ee460afe1e\"",
              "Expires": "Fri, 15 Apr 2022 07:24:18 GMT",
              "Source-Age": "2",
              "Strict-Transport-Security": "max-age=31536000",
              "Vary": "Authorization,Accept-Encoding,Origin",
              "Via": "1.1 varnish",
              "X-Cache": "HIT",
              "X-Cache-Hits": "5",
              "X-Content-Type-Options": "nosniff",
              "X-Fastly-Request-Id": "da118253c1e5ab6e4099b0fbf604c1e2c168ec9c",
              "X-Frame-Options": "deny",
              "X-Github-Request-Id": "2D60:06DE:8D077:13A1A2:625916A9",
              "X-Served-By": "cache-qpg1268-QPG",
              "X-Timer": "S1650007159.945704,VS0,VE0",
              "X-Xss-Protection": "1; mode=block"
            },
            "url": "https://raw.githubusercontent.com/cloudposse/terraform-aws-service-control-policies/0.8.0/catalog/organization-policies.yaml"
          },
          "sensitive_attributes": []
        },
        {
          "index_key": "aHR0cHM6Ly9yYXcuZ2l0aHVidXNlcmNvbnRlbnQuY29tL2Nsb3VkcG9zc2UvdGVycmFmb3JtLWF3cy1zZXJ2aWNlLWNvbnRyb2wtcG9saWNpZXMvMC44LjAvY2F0YWxvZy9yb3V0ZTUzLXBvbGljaWVzLnlhbWw=",
          "schema_version": 0,
          "attributes": {
            "body": "- sid: \"DenyDeletingRoute53Zones\"\n  effect: \"Deny\"\n  actions:\n    - \"route53:DeleteHostedZone\"\n  resources:\n    - \"*\"\n",
            "id": "https://raw.githubusercontent.com/cloudposse/terraform-aws-service-control-policies/0.8.0/catalog/route53-policies.yaml",
            "request_headers": null,
            "response_headers": {
              "Accept-Ranges": "bytes",
              "Access-Control-Allow-Origin": "*",
              "Cache-Control": "max-age=300",
              "Content-Security-Policy": "default-src 'none'; style-src 'unsafe-inline'; sandbox",
              "Content-Type": "text/plain; charset=utf-8",
              "Date": "Fri, 15 Apr 2022 07:19:18 GMT",
              "Etag": "W/\"1aea1997b30a81b83c3546ed3a2b681c22ae6c01631a7de91b59d0366e5690b9\"",
              "Expires": "Fri, 15 Apr 2022 07:24:18 GMT",
              "Source-Age": "2",
              "Strict-Transport-Security": "max-age=31536000",
              "Vary": "Authorization,Accept-Encoding,Origin",
              "Via": "1.1 varnish",
              "X-Cache": "HIT",
              "X-Cache-Hits": "5",
              "X-Content-Type-Options": "nosniff",
              "X-Fastly-Request-Id": "5637d7a171b57ee28a9f1d4779d37fc3bbbfa948",
              "X-Frame-Options": "deny",
              "X-Github-Request-Id": "7852:5C77:57C81B:71CE93:6258E7A4",
              "X-Served-By": "cache-qpg1268-QPG",
              "X-Timer": "S1650007159.945806,VS0,VE0",
              "X-Xss-Protection": "1; mode=block"
            },
            "url": "https://raw.githubusercontent.com/cloudposse/terraform-aws-service-control-policies/0.8.0/catalog/route53-policies.yaml"
          },
          "sensitive_attributes": []
        },
        {
          "index_key": "aHR0cHM6Ly9yYXcuZ2l0aHVidXNlcmNvbnRlbnQuY29tL2Nsb3VkcG9zc2UvdGVycmFmb3JtLWF3cy1zZXJ2aWNlLWNvbnRyb2wtcG9saWNpZXMvMC44LjAvY2F0YWxvZy9zMy1wb2xpY2llcy55YW1s",
          "schema_version": 0,
          "attributes": {
            "body": "- sid: \"ProtectS3Buckets\"\n  effect: \"Deny\"\n  actions:\n    - \"s3:DeleteBucket\"\n    - \"s3:DeleteObject\"\n    - \"s3:DeleteObjectVersion\"\n  resources:\n    - \"*\"\n\n\n- sid: \"DenyS3BucketsPublicAccess\"\n  effect: \"Deny\"\n  actions:\n    - \"s3:PutBucketPublicAccessBlock\"\n    - \"s3:DeletePublicAccessBlock\"\n  resources:\n    - \"*\"\n\n\n- sid: \"DenyS3IncorrectEncryptionHeader\"\n  effect: \"Deny\"\n  actions:\n    - \"s3:PutObject\"\n  resources:\n    - \"*\"\n  condition:\n    - test: \"StringNotEquals\"\n      variable: \"s3:x-amz-server-side-encryption\"\n      values:\n        - \"AES256\"\n        - \"aws:kms\"\n\n\n- sid: \"DenyS3UnEncryptedObjectUploads\"\n  effect: \"Deny\"\n  actions:\n    - \"s3:PutObject\"\n  resources:\n    - \"*\"\n  condition:\n    - test: \"Null\"\n      variable: \"s3:x-amz-server-side-encryption\"\n      values:\n        - true\n",
            "id": "https://raw.githubusercontent.com/cloudposse/terraform-aws-service-control-policies/0.8.0/catalog/s3-policies.yaml",
            "request_headers": null,
            "response_headers": {
              "Accept-Ranges": "bytes",
              "Access-Control-Allow-Origin": "*",
              "Cache-Control": "max-age=300",
              "Content-Security-Policy": "default-src 'none'; style-src 'unsafe-inline'; sandbox",
              "Content-Type": "text/plain; charset=utf-8",
              "Date": "Fri, 15 Apr 2022 07:19:18 GMT",
              "Etag": "W/\"5ff003b0da193083d1dd9e0858bea3b3027d5ac9aa4aeb1f0d9400384dd5d75c\"",
              "Expires": "Fri, 15 Apr 2022 07:24:18 GMT",
              "Source-Age": "2",
              "Strict-Transport-Security": "max-age=31536000",
              "Vary": "Authorization,Accept-Encoding,Origin",
              "Via": "1.1 varnish",
              "X-Cache": "HIT",
              "X-Cache-Hits": "5",
              "X-Content-Type-Options": "nosniff",
              "X-Fastly-Request-Id": "dd6359b94fb3b63b3c6404cb1f393bf4a29968d6",
              "X-Frame-Options": "deny",
              "X-Github-Request-Id": "5BFA:717F:5ABF50:74E3EF:6258E7A4",
              "X-Served-By": "cache-qpg1268-QPG",
              "X-Timer": "S1650007159.945184,VS0,VE0",
              "X-Xss-Protection": "1; mode=block"
            },
            "url": "https://raw.githubusercontent.com/cloudposse/terraform-aws-service-control-policies/0.8.0/catalog/s3-policies.yaml"
          },
          "sensitive_attributes": []
        }
      ]
    },
    {
      "module": "module.service_control_policy_statements_yaml_config.module.yaml_config_5",
      "mode": "data",
      "type": "template_file",
      "name": "remote_config",
      "provider": "provider[\"registry.terraform.io/hashicorp/template\"]",
      "instances": [
        {
          "index_key": "aHR0cHM6Ly9yYXcuZ2l0aHVidXNlcmNvbnRlbnQuY29tL2Nsb3VkcG9zc2UvdGVycmFmb3JtLWF3cy1zZXJ2aWNlLWNvbnRyb2wtcG9saWNpZXMvMC44LjAvY2F0YWxvZy9jbG91ZHdhdGNoLWxvZ3MtcG9saWNpZXMueWFtbA==",
          "schema_version": 0,
          "attributes": {
            "filename": null,
            "id": "c6b45b229511ea63a6b6a192742558744c62a3918fdfffe6a231b04ef960164c",
            "rendered": "- sid: \"DenyDeletingCloudWatchLogs\"\n  effect: \"Deny\"\n  actions:\n    - \"ec2:DeleteFlowLogs\"\n    - \"logs:DeleteLogGroup\"\n    - \"logs:DeleteLogStream\"\n  resources:\n    - \"*\"\n",
            "template": "- sid: \"DenyDeletingCloudWatchLogs\"\n  effect: \"Deny\"\n  actions:\n    - \"ec2:DeleteFlowLogs\"\n    - \"logs:DeleteLogGroup\"\n    - \"logs:DeleteLogStream\"\n  resources:\n    - \"*\"\n",
            "vars": null
          },
          "sensitive_attributes": []
        },
        {
          "index_key": "aHR0cHM6Ly9yYXcuZ2l0aHVidXNlcmNvbnRlbnQuY29tL2Nsb3VkcG9zc2UvdGVycmFmb3JtLWF3cy1zZXJ2aWNlLWNvbnRyb2wtcG9saWNpZXMvMC44LjAvY2F0YWxvZy9kZW55LWFsbC1wb2xpY2llcy55YW1s",
          "schema_version": 0,
          "attributes": {
            "filename": null,
            "id": "1350d7b7a6720d7ab7c168fc741164e086075ccc3d79a044ad71310dec4f05c7",
            "rendered": "- sid: \"DenyAllAccess\"\n  effect: \"Deny\"\n  actions:\n    - \"*\"\n  resources:\n    - \"*\"\n",
            "template": "- sid: \"DenyAllAccess\"\n  effect: \"Deny\"\n  actions:\n    - \"*\"\n  resources:\n    - \"*\"\n",
            "vars": null
          },
          "sensitive_attributes": []
        },
        {
          "index_key": "aHR0cHM6Ly9yYXcuZ2l0aHVidXNlcmNvbnRlbnQuY29tL2Nsb3VkcG9zc2UvdGVycmFmb3JtLWF3cy1zZXJ2aWNlLWNvbnRyb2wtcG9saWNpZXMvMC44LjAvY2F0YWxvZy9lYzItcG9saWNpZXMueWFtbA==",
          "schema_version": 0,
          "attributes": {
            "filename": null,
            "id": "72cfb436b6eef8cd01bebcf2ebf947d975dcb48b24be9d5e7035dbb6497b8990",
            "rendered": "#\n# This policy denies instance types that aren't based on the Nitro system as documented in the following document:\n# https://docs.aws.amazon.com/AWSEC2/latest/UserGuide/instance-types.html#ec2-nitro-instances\n#\n- sid: \"DenyNonNitroInstances\"\n  effect: \"Deny\"\n  actions:\n    - \"ec2:RunInstances\"\n  condition:\n    - test: \"StringNotLike\"\n      variable: \"ec2:InstanceType\"\n      values:\n        - a1\n        - a1.metal\n        - c5\n        - c5.metal\n        - c5a\n        - c5ad\n        - c5d\n        - c5d.metal\n        - c5n\n        - c5n.metal\n        - c6g\n        - c6g.metal\n        - c6gd\n        - c6gd.metal\n        - c6gn\n        - d3\n        - d3en\n        - g4\n        - i3.metal\n        - i3en\n        - i3en.metal\n        - inf1\n        - m5\n        - m5.metal\n        - m5a\n        - m5ad\n        - m5d\n        - m5d.metal\n        - m5dn\n        - m5dn.metal\n        - m5n\n        - m5n.metal\n        - m5zn\n        - m5zn.metal\n        - m6g\n        - m6g.metal\n        - m6gd\n        - m6gd.metal\n        - mac1.metal\n        - p3dn.24xlarge\n        - p4\n        - r5\n        - r5.metal\n        - r5a\n        - r5ad\n        - r5b\n        - r5b.metal\n        - r5d\n        - r5d.metal\n        - r5dn\n        - r5dn.metal\n        - r5n\n        - r5n.metal\n        - r6g\n        - r6g.metal\n        - r6gd\n        - r6gd.metal\n        - t3\n        - t3a\n        - t4g\n        - u-12tb1.metal\n        - u-18tb1.metal\n        - u-24tb1.metal\n        - u-6tb1.metal\n        - u-9tb1.metal\n        - z1d\n        - z1d.metal\n  resources:\n    - \"arn:aws:ec2:*:*:instance/*\"\n\n# This policy denies instance types that aren't based on the Nitro system and don't support Encryption-in-Transit as\n# described in the following document:\n# https://docs.aws.amazon.com/AWSEC2/latest/UserGuide/data-protection.html#encryption-transit\n- sid: \"DenyInstancesWithoutEncryptionInTransit\"\n  effect: \"Deny\"\n  actions:\n    - \"ec2:RunInstances\"\n  condition:\n    - test: \"StringNotLike\"\n      variable: \"ec2:InstanceType\"\n      values:\n        - c5a\n        - c5ad\n        - c5n\n        - c6gn\n        - d3\n        - d3en\n        - g4ad\n        - g4dn\n        - i3en\n        - m5dn\n        - m5n\n        - m5zn\n        - p3dn\n        - p4d\n        - r5dn\n        - r5n\n  resources:\n    - \"arn:aws:ec2:*:*:instance/*\"\n",
            "template": "#\n# This policy denies instance types that aren't based on the Nitro system as documented in the following document:\n# https://docs.aws.amazon.com/AWSEC2/latest/UserGuide/instance-types.html#ec2-nitro-instances\n#\n- sid: \"DenyNonNitroInstances\"\n  effect: \"Deny\"\n  actions:\n    - \"ec2:RunInstances\"\n  condition:\n    - test: \"StringNotLike\"\n      variable: \"ec2:InstanceType\"\n      values:\n        - a1\n        - a1.metal\n        - c5\n        - c5.metal\n        - c5a\n        - c5ad\n        - c5d\n        - c5d.metal\n        - c5n\n        - c5n.metal\n        - c6g\n        - c6g.metal\n        - c6gd\n        - c6gd.metal\n        - c6gn\n        - d3\n        - d3en\n        - g4\n        - i3.metal\n        - i3en\n        - i3en.metal\n        - inf1\n        - m5\n        - m5.metal\n        - m5a\n        - m5ad\n        - m5d\n        - m5d.metal\n        - m5dn\n        - m5dn.metal\n        - m5n\n        - m5n.metal\n        - m5zn\n        - m5zn.metal\n        - m6g\n        - m6g.metal\n        - m6gd\n        - m6gd.metal\n        - mac1.metal\n        - p3dn.24xlarge\n        - p4\n        - r5\n        - r5.metal\n        - r5a\n        - r5ad\n        - r5b\n        - r5b.metal\n        - r5d\n        - r5d.metal\n        - r5dn\n        - r5dn.metal\n        - r5n\n        - r5n.metal\n        - r6g\n        - r6g.metal\n        - r6gd\n        - r6gd.metal\n        - t3\n        - t3a\n        - t4g\n        - u-12tb1.metal\n        - u-18tb1.metal\n        - u-24tb1.metal\n        - u-6tb1.metal\n        - u-9tb1.metal\n        - z1d\n        - z1d.metal\n  resources:\n    - \"arn:aws:ec2:*:*:instance/*\"\n\n# This policy denies instance types that aren't based on the Nitro system and don't support Encryption-in-Transit as\n# described in the following document:\n# https://docs.aws.amazon.com/AWSEC2/latest/UserGuide/data-protection.html#encryption-transit\n- sid: \"DenyInstancesWithoutEncryptionInTransit\"\n  effect: \"Deny\"\n  actions:\n    - \"ec2:RunInstances\"\n  condition:\n    - test: \"StringNotLike\"\n      variable: \"ec2:InstanceType\"\n      values:\n        - c5a\n        - c5ad\n        - c5n\n        - c6gn\n        - d3\n        - d3en\n        - g4ad\n        - g4dn\n        - i3en\n        - m5dn\n        - m5n\n        - m5zn\n        - p3dn\n        - p4d\n        - r5dn\n        - r5n\n  resources:\n    - \"arn:aws:ec2:*:*:instance/*\"\n",
            "vars": null
          },
          "sensitive_attributes": []
        },
        {
          "index_key": "aHR0cHM6Ly9yYXcuZ2l0aHVidXNlcmNvbnRlbnQuY29tL2Nsb3VkcG9zc2UvdGVycmFmb3JtLWF3cy1zZXJ2aWNlLWNvbnRyb2wtcG9saWNpZXMvMC44LjAvY2F0YWxvZy9pYW0tcG9saWNpZXMueWFtbA==",
          "schema_version": 0,
          "attributes": {
            "filename": null,
            "id": "ccddf16fe15879a75a3b2ed05d47efaf67b1aed5c0982d70e47ff6fbd87ab66c",
            "rendered": "- sid: \"DenyCreatingIAMUsers\"\n  effect: \"Deny\"\n  actions:\n    - \"iam:CreateUser\"\n    - \"iam:CreateAccessKey\"\n  resources:\n    - \"*\"\n\n\n- sid: \"ProtectIAMRoles\"\n  effect: \"Deny\"\n  actions:\n    - \"iam:AttachRolePolicy\"\n    - \"iam:DeleteRole\"\n    - \"iam:DeleteRolePermissionsBoundary\"\n    - \"iam:DeleteRolePolicy\"\n    - \"iam:DetachRolePolicy\"\n    - \"iam:PutRolePermissionsBoundary\"\n    - \"iam:PutRolePolicy\"\n    - \"iam:UpdateAssumeRolePolicy\"\n    - \"iam:UpdateRole\"\n    - \"iam:UpdateRoleDescription\"\n  resources:\n    - \"*\"\n",
            "template": "- sid: \"DenyCreatingIAMUsers\"\n  effect: \"Deny\"\n  actions:\n    - \"iam:CreateUser\"\n    - \"iam:CreateAccessKey\"\n  resources:\n    - \"*\"\n\n\n- sid: \"ProtectIAMRoles\"\n  effect: \"Deny\"\n  actions:\n    - \"iam:AttachRolePolicy\"\n    - \"iam:DeleteRole\"\n    - \"iam:DeleteRolePermissionsBoundary\"\n    - \"iam:DeleteRolePolicy\"\n    - \"iam:DetachRolePolicy\"\n    - \"iam:PutRolePermissionsBoundary\"\n    - \"iam:PutRolePolicy\"\n    - \"iam:UpdateAssumeRolePolicy\"\n    - \"iam:UpdateRole\"\n    - \"iam:UpdateRoleDescription\"\n  resources:\n    - \"*\"\n",
            "vars": null
          },
          "sensitive_attributes": []
        },
        {
          "index_key": "aHR0cHM6Ly9yYXcuZ2l0aHVidXNlcmNvbnRlbnQuY29tL2Nsb3VkcG9zc2UvdGVycmFmb3JtLWF3cy1zZXJ2aWNlLWNvbnRyb2wtcG9saWNpZXMvMC44LjAvY2F0YWxvZy9rbXMtcG9saWNpZXMueWFtbA==",
          "schema_version": 0,
          "attributes": {
            "filename": null,
            "id": "2a4eb2a7233173d900e98e4e9b671a55557729157ec760f4ed663a964aa49374",
            "rendered": "- sid: \"DenyDeletingKMSKeys\"\n  effect: \"Deny\"\n  actions:\n    - \"kms:ScheduleKeyDeletion\"\n    - \"kms:Delete*\"\n  resources:\n    - \"*\"\n",
            "template": "- sid: \"DenyDeletingKMSKeys\"\n  effect: \"Deny\"\n  actions:\n    - \"kms:ScheduleKeyDeletion\"\n    - \"kms:Delete*\"\n  resources:\n    - \"*\"\n",
            "vars": null
          },
          "sensitive_attributes": []
        },
        {
          "index_key": "aHR0cHM6Ly9yYXcuZ2l0aHVidXNlcmNvbnRlbnQuY29tL2Nsb3VkcG9zc2UvdGVycmFmb3JtLWF3cy1zZXJ2aWNlLWNvbnRyb2wtcG9saWNpZXMvMC44LjAvY2F0YWxvZy9vcmdhbml6YXRpb24tcG9saWNpZXMueWFtbA==",
          "schema_version": 0,
          "attributes": {
            "filename": null,
            "id": "8abb3b393abcd2f95646cedcb7eb14aabf882885a447cce141b8b971645f0817",
            "rendered": "- sid: \"DenyLeavingOrganization\"\n  effect: \"Deny\"\n  actions:\n    - \"organizations:LeaveOrganization\"\n  resources:\n    - \"*\"\n\n\n- sid: \"DenyRootAccountAccess\"\n  effect: \"Deny\"\n  actions:\n    - \"*\"\n  resources:\n    - \"*\"\n  condition:\n    - test: \"StringLike\"\n      variable: \"aws:PrincipalArn\"\n      values:\n        - \"arn:aws:iam::*:root\"\n",
            "template": "- sid: \"DenyLeavingOrganization\"\n  effect: \"Deny\"\n  actions:\n    - \"organizations:LeaveOrganization\"\n  resources:\n    - \"*\"\n\n\n- sid: \"DenyRootAccountAccess\"\n  effect: \"Deny\"\n  actions:\n    - \"*\"\n  resources:\n    - \"*\"\n  condition:\n    - test: \"StringLike\"\n      variable: \"aws:PrincipalArn\"\n      values:\n        - \"arn:aws:iam::*:root\"\n",
            "vars": null
          },
          "sensitive_attributes": []
        },
        {
          "index_key": "aHR0cHM6Ly9yYXcuZ2l0aHVidXNlcmNvbnRlbnQuY29tL2Nsb3VkcG9zc2UvdGVycmFmb3JtLWF3cy1zZXJ2aWNlLWNvbnRyb2wtcG9saWNpZXMvMC44LjAvY2F0YWxvZy9yb3V0ZTUzLXBvbGljaWVzLnlhbWw=",
          "schema_version": 0,
          "attributes": {
            "filename": null,
            "id": "dfb6b672dc340674add7dca43ca12b2b5f9485631a405e7745473115fbff0264",
            "rendered": "- sid: \"DenyDeletingRoute53Zones\"\n  effect: \"Deny\"\n  actions:\n    - \"route53:DeleteHostedZone\"\n  resources:\n    - \"*\"\n",
            "template": "- sid: \"DenyDeletingRoute53Zones\"\n  effect: \"Deny\"\n  actions:\n    - \"route53:DeleteHostedZone\"\n  resources:\n    - \"*\"\n",
            "vars": null
          },
          "sensitive_attributes": []
        },
        {
          "index_key": "aHR0cHM6Ly9yYXcuZ2l0aHVidXNlcmNvbnRlbnQuY29tL2Nsb3VkcG9zc2UvdGVycmFmb3JtLWF3cy1zZXJ2aWNlLWNvbnRyb2wtcG9saWNpZXMvMC44LjAvY2F0YWxvZy9zMy1wb2xpY2llcy55YW1s",
          "schema_version": 0,
          "attributes": {
            "filename": null,
            "id": "a2231a9784f419d83b205819800ca33941a62794b0177fdc7594d94cd201f537",
            "rendered": "- sid: \"ProtectS3Buckets\"\n  effect: \"Deny\"\n  actions:\n    - \"s3:DeleteBucket\"\n    - \"s3:DeleteObject\"\n    - \"s3:DeleteObjectVersion\"\n  resources:\n    - \"*\"\n\n\n- sid: \"DenyS3BucketsPublicAccess\"\n  effect: \"Deny\"\n  actions:\n    - \"s3:PutBucketPublicAccessBlock\"\n    - \"s3:DeletePublicAccessBlock\"\n  resources:\n    - \"*\"\n\n\n- sid: \"DenyS3IncorrectEncryptionHeader\"\n  effect: \"Deny\"\n  actions:\n    - \"s3:PutObject\"\n  resources:\n    - \"*\"\n  condition:\n    - test: \"StringNotEquals\"\n      variable: \"s3:x-amz-server-side-encryption\"\n      values:\n        - \"AES256\"\n        - \"aws:kms\"\n\n\n- sid: \"DenyS3UnEncryptedObjectUploads\"\n  effect: \"Deny\"\n  actions:\n    - \"s3:PutObject\"\n  resources:\n    - \"*\"\n  condition:\n    - test: \"Null\"\n      variable: \"s3:x-amz-server-side-encryption\"\n      values:\n        - true\n",
            "template": "- sid: \"ProtectS3Buckets\"\n  effect: \"Deny\"\n  actions:\n    - \"s3:DeleteBucket\"\n    - \"s3:DeleteObject\"\n    - \"s3:DeleteObjectVersion\"\n  resources:\n    - \"*\"\n\n\n- sid: \"DenyS3BucketsPublicAccess\"\n  effect: \"Deny\"\n  actions:\n    - \"s3:PutBucketPublicAccessBlock\"\n    - \"s3:DeletePublicAccessBlock\"\n  resources:\n    - \"*\"\n\n\n- sid: \"DenyS3IncorrectEncryptionHeader\"\n  effect: \"Deny\"\n  actions:\n    - \"s3:PutObject\"\n  resources:\n    - \"*\"\n  condition:\n    - test: \"StringNotEquals\"\n      variable: \"s3:x-amz-server-side-encryption\"\n      values:\n        - \"AES256\"\n        - \"aws:kms\"\n\n\n- sid: \"DenyS3UnEncryptedObjectUploads\"\n  effect: \"Deny\"\n  actions:\n    - \"s3:PutObject\"\n  resources:\n    - \"*\"\n  condition:\n    - test: \"Null\"\n      variable: \"s3:x-amz-server-side-encryption\"\n      values:\n        - true\n",
            "vars": null
          },
          "sensitive_attributes": []
        }
      ]
    },
    {
      "module": "module.service_control_policy_statements_yaml_config.module.yaml_config_6",
      "mode": "data",
      "type": "http",
      "name": "remote_config",
      "provider": "provider[\"registry.terraform.io/hashicorp/http\"]",
      "instances": [
        {
          "index_key": "aHR0cHM6Ly9yYXcuZ2l0aHVidXNlcmNvbnRlbnQuY29tL2Nsb3VkcG9zc2UvdGVycmFmb3JtLWF3cy1zZXJ2aWNlLWNvbnRyb2wtcG9saWNpZXMvMC44LjAvY2F0YWxvZy9jbG91ZHdhdGNoLWxvZ3MtcG9saWNpZXMueWFtbA==",
          "schema_version": 0,
          "attributes": {
            "body": "- sid: \"DenyDeletingCloudWatchLogs\"\n  effect: \"Deny\"\n  actions:\n    - \"ec2:DeleteFlowLogs\"\n    - \"logs:DeleteLogGroup\"\n    - \"logs:DeleteLogStream\"\n  resources:\n    - \"*\"\n",
            "id": "https://raw.githubusercontent.com/cloudposse/terraform-aws-service-control-policies/0.8.0/catalog/cloudwatch-logs-policies.yaml",
            "request_headers": null,
            "response_headers": {
              "Accept-Ranges": "bytes",
              "Access-Control-Allow-Origin": "*",
              "Cache-Control": "max-age=300",
              "Content-Security-Policy": "default-src 'none'; style-src 'unsafe-inline'; sandbox",
              "Content-Type": "text/plain; charset=utf-8",
              "Date": "Fri, 15 Apr 2022 07:19:19 GMT",
              "Etag": "W/\"60fd880267c76b3c31b53bb9f807cb7c1ed4900e3779687a98211b2f02d6dbc2\"",
              "Expires": "Fri, 15 Apr 2022 07:24:19 GMT",
              "Source-Age": "2",
              "Strict-Transport-Security": "max-age=31536000",
              "Vary": "Authorization,Accept-Encoding,Origin",
              "Via": "1.1 varnish",
              "X-Cache": "HIT",
              "X-Cache-Hits": "6",
              "X-Content-Type-Options": "nosniff",
              "X-Fastly-Request-Id": "24aaf89f95147b9ed5011edf15b2afe41a8346a3",
              "X-Frame-Options": "deny",
              "X-Github-Request-Id": "8B70:6E08:57C084:716AC7:6258E7A4",
              "X-Served-By": "cache-qpg1268-QPG",
              "X-Timer": "S1650007159.052000,VS0,VE0",
              "X-Xss-Protection": "1; mode=block"
            },
            "url": "https://raw.githubusercontent.com/cloudposse/terraform-aws-service-control-policies/0.8.0/catalog/cloudwatch-logs-policies.yaml"
          },
          "sensitive_attributes": []
        },
        {
          "index_key": "aHR0cHM6Ly9yYXcuZ2l0aHVidXNlcmNvbnRlbnQuY29tL2Nsb3VkcG9zc2UvdGVycmFmb3JtLWF3cy1zZXJ2aWNlLWNvbnRyb2wtcG9saWNpZXMvMC44LjAvY2F0YWxvZy9kZW55LWFsbC1wb2xpY2llcy55YW1s",
          "schema_version": 0,
          "attributes": {
            "body": "- sid: \"DenyAllAccess\"\n  effect: \"Deny\"\n  actions:\n    - \"*\"\n  resources:\n    - \"*\"\n",
            "id": "https://raw.githubusercontent.com/cloudposse/terraform-aws-service-control-policies/0.8.0/catalog/deny-all-policies.yaml",
            "request_headers": null,
            "response_headers": {
              "Accept-Ranges": "bytes",
              "Access-Control-Allow-Origin": "*",
              "Cache-Control": "max-age=300",
              "Content-Security-Policy": "default-src 'none'; style-src 'unsafe-inline'; sandbox",
              "Content-Type": "text/plain; charset=utf-8",
              "Date": "Fri, 15 Apr 2022 07:19:19 GMT",
              "Etag": "W/\"83ba8a9d1378f1c8c3867e50dd9ef988d497a8e677533d831f5e82bdece2f9a2\"",
              "Expires": "Fri, 15 Apr 2022 07:24:19 GMT",
              "Source-Age": "2",
              "Strict-Transport-Security": "max-age=31536000",
              "Vary": "Authorization,Accept-Encoding,Origin",
              "Via": "1.1 varnish",
              "X-Cache": "HIT",
              "X-Cache-Hits": "6",
              "X-Content-Type-Options": "nosniff",
              "X-Fastly-Request-Id": "d78fa2aeb18424f4853f8ed4eb5d7cdc99e7e57a",
              "X-Frame-Options": "deny",
              "X-Github-Request-Id": "A85A:2907:5A7A96:7432AF:6258E7A4",
              "X-Served-By": "cache-qpg1268-QPG",
              "X-Timer": "S1650007159.051829,VS0,VE0",
              "X-Xss-Protection": "1; mode=block"
            },
            "url": "https://raw.githubusercontent.com/cloudposse/terraform-aws-service-control-policies/0.8.0/catalog/deny-all-policies.yaml"
          },
          "sensitive_attributes": []
        },
        {
          "index_key": "aHR0cHM6Ly9yYXcuZ2l0aHVidXNlcmNvbnRlbnQuY29tL2Nsb3VkcG9zc2UvdGVycmFmb3JtLWF3cy1zZXJ2aWNlLWNvbnRyb2wtcG9saWNpZXMvMC44LjAvY2F0YWxvZy9lYzItcG9saWNpZXMueWFtbA==",
          "schema_version": 0,
          "attributes": {
            "body": "#\n# This policy denies instance types that aren't based on the Nitro system as documented in the following document:\n# https://docs.aws.amazon.com/AWSEC2/latest/UserGuide/instance-types.html#ec2-nitro-instances\n#\n- sid: \"DenyNonNitroInstances\"\n  effect: \"Deny\"\n  actions:\n    - \"ec2:RunInstances\"\n  condition:\n    - test: \"StringNotLike\"\n      variable: \"ec2:InstanceType\"\n      values:\n        - a1\n        - a1.metal\n        - c5\n        - c5.metal\n        - c5a\n        - c5ad\n        - c5d\n        - c5d.metal\n        - c5n\n        - c5n.metal\n        - c6g\n        - c6g.metal\n        - c6gd\n        - c6gd.metal\n        - c6gn\n        - d3\n        - d3en\n        - g4\n        - i3.metal\n        - i3en\n        - i3en.metal\n        - inf1\n        - m5\n        - m5.metal\n        - m5a\n        - m5ad\n        - m5d\n        - m5d.metal\n        - m5dn\n        - m5dn.metal\n        - m5n\n        - m5n.metal\n        - m5zn\n        - m5zn.metal\n        - m6g\n        - m6g.metal\n        - m6gd\n        - m6gd.metal\n        - mac1.metal\n        - p3dn.24xlarge\n        - p4\n        - r5\n        - r5.metal\n        - r5a\n        - r5ad\n        - r5b\n        - r5b.metal\n        - r5d\n        - r5d.metal\n        - r5dn\n        - r5dn.metal\n        - r5n\n        - r5n.metal\n        - r6g\n        - r6g.metal\n        - r6gd\n        - r6gd.metal\n        - t3\n        - t3a\n        - t4g\n        - u-12tb1.metal\n        - u-18tb1.metal\n        - u-24tb1.metal\n        - u-6tb1.metal\n        - u-9tb1.metal\n        - z1d\n        - z1d.metal\n  resources:\n    - \"arn:aws:ec2:*:*:instance/*\"\n\n# This policy denies instance types that aren't based on the Nitro system and don't support Encryption-in-Transit as\n# described in the following document:\n# https://docs.aws.amazon.com/AWSEC2/latest/UserGuide/data-protection.html#encryption-transit\n- sid: \"DenyInstancesWithoutEncryptionInTransit\"\n  effect: \"Deny\"\n  actions:\n    - \"ec2:RunInstances\"\n  condition:\n    - test: \"StringNotLike\"\n      variable: \"ec2:InstanceType\"\n      values:\n        - c5a\n        - c5ad\n        - c5n\n        - c6gn\n        - d3\n        - d3en\n        - g4ad\n        - g4dn\n        - i3en\n        - m5dn\n        - m5n\n        - m5zn\n        - p3dn\n        - p4d\n        - r5dn\n        - r5n\n  resources:\n    - \"arn:aws:ec2:*:*:instance/*\"\n",
            "id": "https://raw.githubusercontent.com/cloudposse/terraform-aws-service-control-policies/0.8.0/catalog/ec2-policies.yaml",
            "request_headers": null,
            "response_headers": {
              "Accept-Ranges": "bytes",
              "Access-Control-Allow-Origin": "*",
              "Cache-Control": "max-age=300",
              "Content-Security-Policy": "default-src 'none'; style-src 'unsafe-inline'; sandbox",
              "Content-Type": "text/plain; charset=utf-8",
              "Date": "Fri, 15 Apr 2022 07:19:19 GMT",
              "Etag": "W/\"3ce78336fdfac8650c014c298b887c2b773b87e08edb2d2202fc2a3b155f83fa\"",
              "Expires": "Fri, 15 Apr 2022 07:24:19 GMT",
              "Source-Age": "2",
              "Strict-Transport-Security": "max-age=31536000",
              "Vary": "Authorization,Accept-Encoding,Origin",
              "Via": "1.1 varnish",
              "X-Cache": "HIT",
              "X-Cache-Hits": "6",
              "X-Content-Type-Options": "nosniff",
              "X-Fastly-Request-Id": "3ad6ec403188ec9f8103a8fc30f065c23e659618",
              "X-Frame-Options": "deny",
              "X-Github-Request-Id": "1EFE:7B33:558B69:6F3A3B:6258E7A4",
              "X-Served-By": "cache-qpg1268-QPG",
              "X-Timer": "S1650007159.051586,VS0,VE0",
              "X-Xss-Protection": "1; mode=block"
            },
            "url": "https://raw.githubusercontent.com/cloudposse/terraform-aws-service-control-policies/0.8.0/catalog/ec2-policies.yaml"
          },
          "sensitive_attributes": []
        },
        {
          "index_key": "aHR0cHM6Ly9yYXcuZ2l0aHVidXNlcmNvbnRlbnQuY29tL2Nsb3VkcG9zc2UvdGVycmFmb3JtLWF3cy1zZXJ2aWNlLWNvbnRyb2wtcG9saWNpZXMvMC44LjAvY2F0YWxvZy9pYW0tcG9saWNpZXMueWFtbA==",
          "schema_version": 0,
          "attributes": {
            "body": "- sid: \"DenyCreatingIAMUsers\"\n  effect: \"Deny\"\n  actions:\n    - \"iam:CreateUser\"\n    - \"iam:CreateAccessKey\"\n  resources:\n    - \"*\"\n\n\n- sid: \"ProtectIAMRoles\"\n  effect: \"Deny\"\n  actions:\n    - \"iam:AttachRolePolicy\"\n    - \"iam:DeleteRole\"\n    - \"iam:DeleteRolePermissionsBoundary\"\n    - \"iam:DeleteRolePolicy\"\n    - \"iam:DetachRolePolicy\"\n    - \"iam:PutRolePermissionsBoundary\"\n    - \"iam:PutRolePolicy\"\n    - \"iam:UpdateAssumeRolePolicy\"\n    - \"iam:UpdateRole\"\n    - \"iam:UpdateRoleDescription\"\n  resources:\n    - \"*\"\n",
            "id": "https://raw.githubusercontent.com/cloudposse/terraform-aws-service-control-policies/0.8.0/catalog/iam-policies.yaml",
            "request_headers": null,
            "response_headers": {
              "Accept-Ranges": "bytes",
              "Access-Control-Allow-Origin": "*",
              "Cache-Control": "max-age=300",
              "Content-Security-Policy": "default-src 'none'; style-src 'unsafe-inline'; sandbox",
              "Content-Type": "text/plain; charset=utf-8",
              "Date": "Fri, 15 Apr 2022 07:19:19 GMT",
              "Etag": "W/\"b50805ec82bcbd7c8370fd25506b9ed1d6f0c5e5a954986f9e7a0257e4c1783b\"",
              "Expires": "Fri, 15 Apr 2022 07:24:19 GMT",
              "Source-Age": "2",
              "Strict-Transport-Security": "max-age=31536000",
              "Vary": "Authorization,Accept-Encoding,Origin",
              "Via": "1.1 varnish",
              "X-Cache": "HIT",
              "X-Cache-Hits": "6",
              "X-Content-Type-Options": "nosniff",
              "X-Fastly-Request-Id": "15c056bad68b975b80fe49c98e338c5067beea3b",
              "X-Frame-Options": "deny",
              "X-Github-Request-Id": "1844:1623:23249D:38BBC0:6258E7A4",
              "X-Served-By": "cache-qpg1268-QPG",
              "X-Timer": "S1650007159.051903,VS0,VE0",
              "X-Xss-Protection": "1; mode=block"
            },
            "url": "https://raw.githubusercontent.com/cloudposse/terraform-aws-service-control-policies/0.8.0/catalog/iam-policies.yaml"
          },
          "sensitive_attributes": []
        },
        {
          "index_key": "aHR0cHM6Ly9yYXcuZ2l0aHVidXNlcmNvbnRlbnQuY29tL2Nsb3VkcG9zc2UvdGVycmFmb3JtLWF3cy1zZXJ2aWNlLWNvbnRyb2wtcG9saWNpZXMvMC44LjAvY2F0YWxvZy9rbXMtcG9saWNpZXMueWFtbA==",
          "schema_version": 0,
          "attributes": {
            "body": "- sid: \"DenyDeletingKMSKeys\"\n  effect: \"Deny\"\n  actions:\n    - \"kms:ScheduleKeyDeletion\"\n    - \"kms:Delete*\"\n  resources:\n    - \"*\"\n",
            "id": "https://raw.githubusercontent.com/cloudposse/terraform-aws-service-control-policies/0.8.0/catalog/kms-policies.yaml",
            "request_headers": null,
            "response_headers": {
              "Accept-Ranges": "bytes",
              "Access-Control-Allow-Origin": "*",
              "Cache-Control": "max-age=300",
              "Content-Security-Policy": "default-src 'none'; style-src 'unsafe-inline'; sandbox",
              "Content-Type": "text/plain; charset=utf-8",
              "Date": "Fri, 15 Apr 2022 07:19:19 GMT",
              "Etag": "W/\"dd3a0cc26a83a681faa55e0922f5f2bcb55e658ebf10d2af119e8d3b671d5650\"",
              "Expires": "Fri, 15 Apr 2022 07:24:19 GMT",
              "Source-Age": "2",
              "Strict-Transport-Security": "max-age=31536000",
              "Vary": "Authorization,Accept-Encoding,Origin",
              "Via": "1.1 varnish",
              "X-Cache": "HIT",
              "X-Cache-Hits": "6",
              "X-Content-Type-Options": "nosniff",
              "X-Fastly-Request-Id": "0be441f38b52833fa61b62dc27418ab9ee6743fc",
              "X-Frame-Options": "deny",
              "X-Github-Request-Id": "DAE2:5979:25BC31:3B90E8:6258E7A4",
              "X-Served-By": "cache-qpg1268-QPG",
              "X-Timer": "S1650007159.051702,VS0,VE0",
              "X-Xss-Protection": "1; mode=block"
            },
            "url": "https://raw.githubusercontent.com/cloudposse/terraform-aws-service-control-policies/0.8.0/catalog/kms-policies.yaml"
          },
          "sensitive_attributes": []
        },
        {
          "index_key": "aHR0cHM6Ly9yYXcuZ2l0aHVidXNlcmNvbnRlbnQuY29tL2Nsb3VkcG9zc2UvdGVycmFmb3JtLWF3cy1zZXJ2aWNlLWNvbnRyb2wtcG9saWNpZXMvMC44LjAvY2F0YWxvZy9vcmdhbml6YXRpb24tcG9saWNpZXMueWFtbA==",
          "schema_version": 0,
          "attributes": {
            "body": "- sid: \"DenyLeavingOrganization\"\n  effect: \"Deny\"\n  actions:\n    - \"organizations:LeaveOrganization\"\n  resources:\n    - \"*\"\n\n\n- sid: \"DenyRootAccountAccess\"\n  effect: \"Deny\"\n  actions:\n    - \"*\"\n  resources:\n    - \"*\"\n  condition:\n    - test: \"StringLike\"\n      variable: \"aws:PrincipalArn\"\n      values:\n        - \"arn:aws:iam::*:root\"\n",
            "id": "https://raw.githubusercontent.com/cloudposse/terraform-aws-service-control-policies/0.8.0/catalog/organization-policies.yaml",
            "request_headers": null,
            "response_headers": {
              "Accept-Ranges": "bytes",
              "Access-Control-Allow-Origin": "*",
              "Cache-Control": "max-age=300",
              "Content-Security-Policy": "default-src 'none'; style-src 'unsafe-inline'; sandbox",
              "Content-Type": "text/plain; charset=utf-8",
              "Date": "Fri, 15 Apr 2022 07:19:19 GMT",
              "Etag": "W/\"cc57f64d3d76972114218f6bf262ba37b55c52bf80bcf47fa8cc88ee460afe1e\"",
              "Expires": "Fri, 15 Apr 2022 07:24:19 GMT",
              "Source-Age": "2",
              "Strict-Transport-Security": "max-age=31536000",
              "Vary": "Authorization,Accept-Encoding,Origin",
              "Via": "1.1 varnish",
              "X-Cache": "HIT",
              "X-Cache-Hits": "6",
              "X-Content-Type-Options": "nosniff",
              "X-Fastly-Request-Id": "21e4eca0702a6960df979cadad329bd5073971e5",
              "X-Frame-Options": "deny",
              "X-Github-Request-Id": "2D60:06DE:8D077:13A1A2:625916A9",
              "X-Served-By": "cache-qpg1268-QPG",
              "X-Timer": "S1650007159.051447,VS0,VE0",
              "X-Xss-Protection": "1; mode=block"
            },
            "url": "https://raw.githubusercontent.com/cloudposse/terraform-aws-service-control-policies/0.8.0/catalog/organization-policies.yaml"
          },
          "sensitive_attributes": []
        },
        {
          "index_key": "aHR0cHM6Ly9yYXcuZ2l0aHVidXNlcmNvbnRlbnQuY29tL2Nsb3VkcG9zc2UvdGVycmFmb3JtLWF3cy1zZXJ2aWNlLWNvbnRyb2wtcG9saWNpZXMvMC44LjAvY2F0YWxvZy9yb3V0ZTUzLXBvbGljaWVzLnlhbWw=",
          "schema_version": 0,
          "attributes": {
            "body": "- sid: \"DenyDeletingRoute53Zones\"\n  effect: \"Deny\"\n  actions:\n    - \"route53:DeleteHostedZone\"\n  resources:\n    - \"*\"\n",
            "id": "https://raw.githubusercontent.com/cloudposse/terraform-aws-service-control-policies/0.8.0/catalog/route53-policies.yaml",
            "request_headers": null,
            "response_headers": {
              "Accept-Ranges": "bytes",
              "Access-Control-Allow-Origin": "*",
              "Cache-Control": "max-age=300",
              "Content-Security-Policy": "default-src 'none'; style-src 'unsafe-inline'; sandbox",
              "Content-Type": "text/plain; charset=utf-8",
              "Date": "Fri, 15 Apr 2022 07:19:19 GMT",
              "Etag": "W/\"1aea1997b30a81b83c3546ed3a2b681c22ae6c01631a7de91b59d0366e5690b9\"",
              "Expires": "Fri, 15 Apr 2022 07:24:19 GMT",
              "Source-Age": "2",
              "Strict-Transport-Security": "max-age=31536000",
              "Vary": "Authorization,Accept-Encoding,Origin",
              "Via": "1.1 varnish",
              "X-Cache": "HIT",
              "X-Cache-Hits": "6",
              "X-Content-Type-Options": "nosniff",
              "X-Fastly-Request-Id": "1c9779907dd0b9a4d7e21f0247c36248317a814a",
              "X-Frame-Options": "deny",
              "X-Github-Request-Id": "7852:5C77:57C81B:71CE93:6258E7A4",
              "X-Served-By": "cache-qpg1268-QPG",
              "X-Timer": "S1650007159.051636,VS0,VE0",
              "X-Xss-Protection": "1; mode=block"
            },
            "url": "https://raw.githubusercontent.com/cloudposse/terraform-aws-service-control-policies/0.8.0/catalog/route53-policies.yaml"
          },
          "sensitive_attributes": []
        },
        {
          "index_key": "aHR0cHM6Ly9yYXcuZ2l0aHVidXNlcmNvbnRlbnQuY29tL2Nsb3VkcG9zc2UvdGVycmFmb3JtLWF3cy1zZXJ2aWNlLWNvbnRyb2wtcG9saWNpZXMvMC44LjAvY2F0YWxvZy9zMy1wb2xpY2llcy55YW1s",
          "schema_version": 0,
          "attributes": {
            "body": "- sid: \"ProtectS3Buckets\"\n  effect: \"Deny\"\n  actions:\n    - \"s3:DeleteBucket\"\n    - \"s3:DeleteObject\"\n    - \"s3:DeleteObjectVersion\"\n  resources:\n    - \"*\"\n\n\n- sid: \"DenyS3BucketsPublicAccess\"\n  effect: \"Deny\"\n  actions:\n    - \"s3:PutBucketPublicAccessBlock\"\n    - \"s3:DeletePublicAccessBlock\"\n  resources:\n    - \"*\"\n\n\n- sid: \"DenyS3IncorrectEncryptionHeader\"\n  effect: \"Deny\"\n  actions:\n    - \"s3:PutObject\"\n  resources:\n    - \"*\"\n  condition:\n    - test: \"StringNotEquals\"\n      variable: \"s3:x-amz-server-side-encryption\"\n      values:\n        - \"AES256\"\n        - \"aws:kms\"\n\n\n- sid: \"DenyS3UnEncryptedObjectUploads\"\n  effect: \"Deny\"\n  actions:\n    - \"s3:PutObject\"\n  resources:\n    - \"*\"\n  condition:\n    - test: \"Null\"\n      variable: \"s3:x-amz-server-side-encryption\"\n      values:\n        - true\n",
            "id": "https://raw.githubusercontent.com/cloudposse/terraform-aws-service-control-policies/0.8.0/catalog/s3-policies.yaml",
            "request_headers": null,
            "response_headers": {
              "Accept-Ranges": "bytes",
              "Access-Control-Allow-Origin": "*",
              "Cache-Control": "max-age=300",
              "Content-Security-Policy": "default-src 'none'; style-src 'unsafe-inline'; sandbox",
              "Content-Type": "text/plain; charset=utf-8",
              "Date": "Fri, 15 Apr 2022 07:19:19 GMT",
              "Etag": "W/\"5ff003b0da193083d1dd9e0858bea3b3027d5ac9aa4aeb1f0d9400384dd5d75c\"",
              "Expires": "Fri, 15 Apr 2022 07:24:19 GMT",
              "Source-Age": "2",
              "Strict-Transport-Security": "max-age=31536000",
              "Vary": "Authorization,Accept-Encoding,Origin",
              "Via": "1.1 varnish",
              "X-Cache": "HIT",
              "X-Cache-Hits": "6",
              "X-Content-Type-Options": "nosniff",
              "X-Fastly-Request-Id": "364df5e9728d6e4d6e85468d36136bf871900d82",
              "X-Frame-Options": "deny",
              "X-Github-Request-Id": "5BFA:717F:5ABF50:74E3EF:6258E7A4",
              "X-Served-By": "cache-qpg1268-QPG",
              "X-Timer": "S1650007159.052073,VS0,VE0",
              "X-Xss-Protection": "1; mode=block"
            },
            "url": "https://raw.githubusercontent.com/cloudposse/terraform-aws-service-control-policies/0.8.0/catalog/s3-policies.yaml"
          },
          "sensitive_attributes": []
        }
      ]
    },
    {
      "module": "module.service_control_policy_statements_yaml_config.module.yaml_config_6",
      "mode": "data",
      "type": "template_file",
      "name": "remote_config",
      "provider": "provider[\"registry.terraform.io/hashicorp/template\"]",
      "instances": [
        {
          "index_key": "aHR0cHM6Ly9yYXcuZ2l0aHVidXNlcmNvbnRlbnQuY29tL2Nsb3VkcG9zc2UvdGVycmFmb3JtLWF3cy1zZXJ2aWNlLWNvbnRyb2wtcG9saWNpZXMvMC44LjAvY2F0YWxvZy9jbG91ZHdhdGNoLWxvZ3MtcG9saWNpZXMueWFtbA==",
          "schema_version": 0,
          "attributes": {
            "filename": null,
            "id": "c6b45b229511ea63a6b6a192742558744c62a3918fdfffe6a231b04ef960164c",
            "rendered": "- sid: \"DenyDeletingCloudWatchLogs\"\n  effect: \"Deny\"\n  actions:\n    - \"ec2:DeleteFlowLogs\"\n    - \"logs:DeleteLogGroup\"\n    - \"logs:DeleteLogStream\"\n  resources:\n    - \"*\"\n",
            "template": "- sid: \"DenyDeletingCloudWatchLogs\"\n  effect: \"Deny\"\n  actions:\n    - \"ec2:DeleteFlowLogs\"\n    - \"logs:DeleteLogGroup\"\n    - \"logs:DeleteLogStream\"\n  resources:\n    - \"*\"\n",
            "vars": null
          },
          "sensitive_attributes": []
        },
        {
          "index_key": "aHR0cHM6Ly9yYXcuZ2l0aHVidXNlcmNvbnRlbnQuY29tL2Nsb3VkcG9zc2UvdGVycmFmb3JtLWF3cy1zZXJ2aWNlLWNvbnRyb2wtcG9saWNpZXMvMC44LjAvY2F0YWxvZy9kZW55LWFsbC1wb2xpY2llcy55YW1s",
          "schema_version": 0,
          "attributes": {
            "filename": null,
            "id": "1350d7b7a6720d7ab7c168fc741164e086075ccc3d79a044ad71310dec4f05c7",
            "rendered": "- sid: \"DenyAllAccess\"\n  effect: \"Deny\"\n  actions:\n    - \"*\"\n  resources:\n    - \"*\"\n",
            "template": "- sid: \"DenyAllAccess\"\n  effect: \"Deny\"\n  actions:\n    - \"*\"\n  resources:\n    - \"*\"\n",
            "vars": null
          },
          "sensitive_attributes": []
        },
        {
          "index_key": "aHR0cHM6Ly9yYXcuZ2l0aHVidXNlcmNvbnRlbnQuY29tL2Nsb3VkcG9zc2UvdGVycmFmb3JtLWF3cy1zZXJ2aWNlLWNvbnRyb2wtcG9saWNpZXMvMC44LjAvY2F0YWxvZy9lYzItcG9saWNpZXMueWFtbA==",
          "schema_version": 0,
          "attributes": {
            "filename": null,
            "id": "72cfb436b6eef8cd01bebcf2ebf947d975dcb48b24be9d5e7035dbb6497b8990",
            "rendered": "#\n# This policy denies instance types that aren't based on the Nitro system as documented in the following document:\n# https://docs.aws.amazon.com/AWSEC2/latest/UserGuide/instance-types.html#ec2-nitro-instances\n#\n- sid: \"DenyNonNitroInstances\"\n  effect: \"Deny\"\n  actions:\n    - \"ec2:RunInstances\"\n  condition:\n    - test: \"StringNotLike\"\n      variable: \"ec2:InstanceType\"\n      values:\n        - a1\n        - a1.metal\n        - c5\n        - c5.metal\n        - c5a\n        - c5ad\n        - c5d\n        - c5d.metal\n        - c5n\n        - c5n.metal\n        - c6g\n        - c6g.metal\n        - c6gd\n        - c6gd.metal\n        - c6gn\n        - d3\n        - d3en\n        - g4\n        - i3.metal\n        - i3en\n        - i3en.metal\n        - inf1\n        - m5\n        - m5.metal\n        - m5a\n        - m5ad\n        - m5d\n        - m5d.metal\n        - m5dn\n        - m5dn.metal\n        - m5n\n        - m5n.metal\n        - m5zn\n        - m5zn.metal\n        - m6g\n        - m6g.metal\n        - m6gd\n        - m6gd.metal\n        - mac1.metal\n        - p3dn.24xlarge\n        - p4\n        - r5\n        - r5.metal\n        - r5a\n        - r5ad\n        - r5b\n        - r5b.metal\n        - r5d\n        - r5d.metal\n        - r5dn\n        - r5dn.metal\n        - r5n\n        - r5n.metal\n        - r6g\n        - r6g.metal\n        - r6gd\n        - r6gd.metal\n        - t3\n        - t3a\n        - t4g\n        - u-12tb1.metal\n        - u-18tb1.metal\n        - u-24tb1.metal\n        - u-6tb1.metal\n        - u-9tb1.metal\n        - z1d\n        - z1d.metal\n  resources:\n    - \"arn:aws:ec2:*:*:instance/*\"\n\n# This policy denies instance types that aren't based on the Nitro system and don't support Encryption-in-Transit as\n# described in the following document:\n# https://docs.aws.amazon.com/AWSEC2/latest/UserGuide/data-protection.html#encryption-transit\n- sid: \"DenyInstancesWithoutEncryptionInTransit\"\n  effect: \"Deny\"\n  actions:\n    - \"ec2:RunInstances\"\n  condition:\n    - test: \"StringNotLike\"\n      variable: \"ec2:InstanceType\"\n      values:\n        - c5a\n        - c5ad\n        - c5n\n        - c6gn\n        - d3\n        - d3en\n        - g4ad\n        - g4dn\n        - i3en\n        - m5dn\n        - m5n\n        - m5zn\n        - p3dn\n        - p4d\n        - r5dn\n        - r5n\n  resources:\n    - \"arn:aws:ec2:*:*:instance/*\"\n",
            "template": "#\n# This policy denies instance types that aren't based on the Nitro system as documented in the following document:\n# https://docs.aws.amazon.com/AWSEC2/latest/UserGuide/instance-types.html#ec2-nitro-instances\n#\n- sid: \"DenyNonNitroInstances\"\n  effect: \"Deny\"\n  actions:\n    - \"ec2:RunInstances\"\n  condition:\n    - test: \"StringNotLike\"\n      variable: \"ec2:InstanceType\"\n      values:\n        - a1\n        - a1.metal\n        - c5\n        - c5.metal\n        - c5a\n        - c5ad\n        - c5d\n        - c5d.metal\n        - c5n\n        - c5n.metal\n        - c6g\n        - c6g.metal\n        - c6gd\n        - c6gd.metal\n        - c6gn\n        - d3\n        - d3en\n        - g4\n        - i3.metal\n        - i3en\n        - i3en.metal\n        - inf1\n        - m5\n        - m5.metal\n        - m5a\n        - m5ad\n        - m5d\n        - m5d.metal\n        - m5dn\n        - m5dn.metal\n        - m5n\n        - m5n.metal\n        - m5zn\n        - m5zn.metal\n        - m6g\n        - m6g.metal\n        - m6gd\n        - m6gd.metal\n        - mac1.metal\n        - p3dn.24xlarge\n        - p4\n        - r5\n        - r5.metal\n        - r5a\n        - r5ad\n        - r5b\n        - r5b.metal\n        - r5d\n        - r5d.metal\n        - r5dn\n        - r5dn.metal\n        - r5n\n        - r5n.metal\n        - r6g\n        - r6g.metal\n        - r6gd\n        - r6gd.metal\n        - t3\n        - t3a\n        - t4g\n        - u-12tb1.metal\n        - u-18tb1.metal\n        - u-24tb1.metal\n        - u-6tb1.metal\n        - u-9tb1.metal\n        - z1d\n        - z1d.metal\n  resources:\n    - \"arn:aws:ec2:*:*:instance/*\"\n\n# This policy denies instance types that aren't based on the Nitro system and don't support Encryption-in-Transit as\n# described in the following document:\n# https://docs.aws.amazon.com/AWSEC2/latest/UserGuide/data-protection.html#encryption-transit\n- sid: \"DenyInstancesWithoutEncryptionInTransit\"\n  effect: \"Deny\"\n  actions:\n    - \"ec2:RunInstances\"\n  condition:\n    - test: \"StringNotLike\"\n      variable: \"ec2:InstanceType\"\n      values:\n        - c5a\n        - c5ad\n        - c5n\n        - c6gn\n        - d3\n        - d3en\n        - g4ad\n        - g4dn\n        - i3en\n        - m5dn\n        - m5n\n        - m5zn\n        - p3dn\n        - p4d\n        - r5dn\n        - r5n\n  resources:\n    - \"arn:aws:ec2:*:*:instance/*\"\n",
            "vars": null
          },
          "sensitive_attributes": []
        },
        {
          "index_key": "aHR0cHM6Ly9yYXcuZ2l0aHVidXNlcmNvbnRlbnQuY29tL2Nsb3VkcG9zc2UvdGVycmFmb3JtLWF3cy1zZXJ2aWNlLWNvbnRyb2wtcG9saWNpZXMvMC44LjAvY2F0YWxvZy9pYW0tcG9saWNpZXMueWFtbA==",
          "schema_version": 0,
          "attributes": {
            "filename": null,
            "id": "ccddf16fe15879a75a3b2ed05d47efaf67b1aed5c0982d70e47ff6fbd87ab66c",
            "rendered": "- sid: \"DenyCreatingIAMUsers\"\n  effect: \"Deny\"\n  actions:\n    - \"iam:CreateUser\"\n    - \"iam:CreateAccessKey\"\n  resources:\n    - \"*\"\n\n\n- sid: \"ProtectIAMRoles\"\n  effect: \"Deny\"\n  actions:\n    - \"iam:AttachRolePolicy\"\n    - \"iam:DeleteRole\"\n    - \"iam:DeleteRolePermissionsBoundary\"\n    - \"iam:DeleteRolePolicy\"\n    - \"iam:DetachRolePolicy\"\n    - \"iam:PutRolePermissionsBoundary\"\n    - \"iam:PutRolePolicy\"\n    - \"iam:UpdateAssumeRolePolicy\"\n    - \"iam:UpdateRole\"\n    - \"iam:UpdateRoleDescription\"\n  resources:\n    - \"*\"\n",
            "template": "- sid: \"DenyCreatingIAMUsers\"\n  effect: \"Deny\"\n  actions:\n    - \"iam:CreateUser\"\n    - \"iam:CreateAccessKey\"\n  resources:\n    - \"*\"\n\n\n- sid: \"ProtectIAMRoles\"\n  effect: \"Deny\"\n  actions:\n    - \"iam:AttachRolePolicy\"\n    - \"iam:DeleteRole\"\n    - \"iam:DeleteRolePermissionsBoundary\"\n    - \"iam:DeleteRolePolicy\"\n    - \"iam:DetachRolePolicy\"\n    - \"iam:PutRolePermissionsBoundary\"\n    - \"iam:PutRolePolicy\"\n    - \"iam:UpdateAssumeRolePolicy\"\n    - \"iam:UpdateRole\"\n    - \"iam:UpdateRoleDescription\"\n  resources:\n    - \"*\"\n",
            "vars": null
          },
          "sensitive_attributes": []
        },
        {
          "index_key": "aHR0cHM6Ly9yYXcuZ2l0aHVidXNlcmNvbnRlbnQuY29tL2Nsb3VkcG9zc2UvdGVycmFmb3JtLWF3cy1zZXJ2aWNlLWNvbnRyb2wtcG9saWNpZXMvMC44LjAvY2F0YWxvZy9rbXMtcG9saWNpZXMueWFtbA==",
          "schema_version": 0,
          "attributes": {
            "filename": null,
            "id": "2a4eb2a7233173d900e98e4e9b671a55557729157ec760f4ed663a964aa49374",
            "rendered": "- sid: \"DenyDeletingKMSKeys\"\n  effect: \"Deny\"\n  actions:\n    - \"kms:ScheduleKeyDeletion\"\n    - \"kms:Delete*\"\n  resources:\n    - \"*\"\n",
            "template": "- sid: \"DenyDeletingKMSKeys\"\n  effect: \"Deny\"\n  actions:\n    - \"kms:ScheduleKeyDeletion\"\n    - \"kms:Delete*\"\n  resources:\n    - \"*\"\n",
            "vars": null
          },
          "sensitive_attributes": []
        },
        {
          "index_key": "aHR0cHM6Ly9yYXcuZ2l0aHVidXNlcmNvbnRlbnQuY29tL2Nsb3VkcG9zc2UvdGVycmFmb3JtLWF3cy1zZXJ2aWNlLWNvbnRyb2wtcG9saWNpZXMvMC44LjAvY2F0YWxvZy9vcmdhbml6YXRpb24tcG9saWNpZXMueWFtbA==",
          "schema_version": 0,
          "attributes": {
            "filename": null,
            "id": "8abb3b393abcd2f95646cedcb7eb14aabf882885a447cce141b8b971645f0817",
            "rendered": "- sid: \"DenyLeavingOrganization\"\n  effect: \"Deny\"\n  actions:\n    - \"organizations:LeaveOrganization\"\n  resources:\n    - \"*\"\n\n\n- sid: \"DenyRootAccountAccess\"\n  effect: \"Deny\"\n  actions:\n    - \"*\"\n  resources:\n    - \"*\"\n  condition:\n    - test: \"StringLike\"\n      variable: \"aws:PrincipalArn\"\n      values:\n        - \"arn:aws:iam::*:root\"\n",
            "template": "- sid: \"DenyLeavingOrganization\"\n  effect: \"Deny\"\n  actions:\n    - \"organizations:LeaveOrganization\"\n  resources:\n    - \"*\"\n\n\n- sid: \"DenyRootAccountAccess\"\n  effect: \"Deny\"\n  actions:\n    - \"*\"\n  resources:\n    - \"*\"\n  condition:\n    - test: \"StringLike\"\n      variable: \"aws:PrincipalArn\"\n      values:\n        - \"arn:aws:iam::*:root\"\n",
            "vars": null
          },
          "sensitive_attributes": []
        },
        {
          "index_key": "aHR0cHM6Ly9yYXcuZ2l0aHVidXNlcmNvbnRlbnQuY29tL2Nsb3VkcG9zc2UvdGVycmFmb3JtLWF3cy1zZXJ2aWNlLWNvbnRyb2wtcG9saWNpZXMvMC44LjAvY2F0YWxvZy9yb3V0ZTUzLXBvbGljaWVzLnlhbWw=",
          "schema_version": 0,
          "attributes": {
            "filename": null,
            "id": "dfb6b672dc340674add7dca43ca12b2b5f9485631a405e7745473115fbff0264",
            "rendered": "- sid: \"DenyDeletingRoute53Zones\"\n  effect: \"Deny\"\n  actions:\n    - \"route53:DeleteHostedZone\"\n  resources:\n    - \"*\"\n",
            "template": "- sid: \"DenyDeletingRoute53Zones\"\n  effect: \"Deny\"\n  actions:\n    - \"route53:DeleteHostedZone\"\n  resources:\n    - \"*\"\n",
            "vars": null
          },
          "sensitive_attributes": []
        },
        {
          "index_key": "aHR0cHM6Ly9yYXcuZ2l0aHVidXNlcmNvbnRlbnQuY29tL2Nsb3VkcG9zc2UvdGVycmFmb3JtLWF3cy1zZXJ2aWNlLWNvbnRyb2wtcG9saWNpZXMvMC44LjAvY2F0YWxvZy9zMy1wb2xpY2llcy55YW1s",
          "schema_version": 0,
          "attributes": {
            "filename": null,
            "id": "a2231a9784f419d83b205819800ca33941a62794b0177fdc7594d94cd201f537",
            "rendered": "- sid: \"ProtectS3Buckets\"\n  effect: \"Deny\"\n  actions:\n    - \"s3:DeleteBucket\"\n    - \"s3:DeleteObject\"\n    - \"s3:DeleteObjectVersion\"\n  resources:\n    - \"*\"\n\n\n- sid: \"DenyS3BucketsPublicAccess\"\n  effect: \"Deny\"\n  actions:\n    - \"s3:PutBucketPublicAccessBlock\"\n    - \"s3:DeletePublicAccessBlock\"\n  resources:\n    - \"*\"\n\n\n- sid: \"DenyS3IncorrectEncryptionHeader\"\n  effect: \"Deny\"\n  actions:\n    - \"s3:PutObject\"\n  resources:\n    - \"*\"\n  condition:\n    - test: \"StringNotEquals\"\n      variable: \"s3:x-amz-server-side-encryption\"\n      values:\n        - \"AES256\"\n        - \"aws:kms\"\n\n\n- sid: \"DenyS3UnEncryptedObjectUploads\"\n  effect: \"Deny\"\n  actions:\n    - \"s3:PutObject\"\n  resources:\n    - \"*\"\n  condition:\n    - test: \"Null\"\n      variable: \"s3:x-amz-server-side-encryption\"\n      values:\n        - true\n",
            "template": "- sid: \"ProtectS3Buckets\"\n  effect: \"Deny\"\n  actions:\n    - \"s3:DeleteBucket\"\n    - \"s3:DeleteObject\"\n    - \"s3:DeleteObjectVersion\"\n  resources:\n    - \"*\"\n\n\n- sid: \"DenyS3BucketsPublicAccess\"\n  effect: \"Deny\"\n  actions:\n    - \"s3:PutBucketPublicAccessBlock\"\n    - \"s3:DeletePublicAccessBlock\"\n  resources:\n    - \"*\"\n\n\n- sid: \"DenyS3IncorrectEncryptionHeader\"\n  effect: \"Deny\"\n  actions:\n    - \"s3:PutObject\"\n  resources:\n    - \"*\"\n  condition:\n    - test: \"StringNotEquals\"\n      variable: \"s3:x-amz-server-side-encryption\"\n      values:\n        - \"AES256\"\n        - \"aws:kms\"\n\n\n- sid: \"DenyS3UnEncryptedObjectUploads\"\n  effect: \"Deny\"\n  actions:\n    - \"s3:PutObject\"\n  resources:\n    - \"*\"\n  condition:\n    - test: \"Null\"\n      variable: \"s3:x-amz-server-side-encryption\"\n      values:\n        - true\n",
            "vars": null
          },
          "sensitive_attributes": []
        }
      ]
    },
    {
      "module": "module.service_control_policy_statements_yaml_config.module.yaml_config_7",
      "mode": "data",
      "type": "http",
      "name": "remote_config",
      "provider": "provider[\"registry.terraform.io/hashicorp/http\"]",
      "instances": [
        {
          "index_key": "aHR0cHM6Ly9yYXcuZ2l0aHVidXNlcmNvbnRlbnQuY29tL2Nsb3VkcG9zc2UvdGVycmFmb3JtLWF3cy1zZXJ2aWNlLWNvbnRyb2wtcG9saWNpZXMvMC44LjAvY2F0YWxvZy9jbG91ZHdhdGNoLWxvZ3MtcG9saWNpZXMueWFtbA==",
          "schema_version": 0,
          "attributes": {
            "body": "- sid: \"DenyDeletingCloudWatchLogs\"\n  effect: \"Deny\"\n  actions:\n    - \"ec2:DeleteFlowLogs\"\n    - \"logs:DeleteLogGroup\"\n    - \"logs:DeleteLogStream\"\n  resources:\n    - \"*\"\n",
            "id": "https://raw.githubusercontent.com/cloudposse/terraform-aws-service-control-policies/0.8.0/catalog/cloudwatch-logs-policies.yaml",
            "request_headers": null,
            "response_headers": {
              "Accept-Ranges": "bytes",
              "Access-Control-Allow-Origin": "*",
              "Cache-Control": "max-age=300",
              "Content-Security-Policy": "default-src 'none'; style-src 'unsafe-inline'; sandbox",
              "Content-Type": "text/plain; charset=utf-8",
              "Date": "Fri, 15 Apr 2022 07:19:19 GMT",
              "Etag": "W/\"60fd880267c76b3c31b53bb9f807cb7c1ed4900e3779687a98211b2f02d6dbc2\"",
              "Expires": "Fri, 15 Apr 2022 07:24:19 GMT",
              "Source-Age": "2",
              "Strict-Transport-Security": "max-age=31536000",
              "Vary": "Authorization,Accept-Encoding,Origin",
              "Via": "1.1 varnish",
              "X-Cache": "HIT",
              "X-Cache-Hits": "7",
              "X-Content-Type-Options": "nosniff",
              "X-Fastly-Request-Id": "96676b9ac1681d151f2358b2b8897a163fbfd065",
              "X-Frame-Options": "deny",
              "X-Github-Request-Id": "8B70:6E08:57C084:716AC7:6258E7A4",
              "X-Served-By": "cache-qpg1268-QPG",
              "X-Timer": "S1650007159.118984,VS0,VE0",
              "X-Xss-Protection": "1; mode=block"
            },
            "url": "https://raw.githubusercontent.com/cloudposse/terraform-aws-service-control-policies/0.8.0/catalog/cloudwatch-logs-policies.yaml"
          },
          "sensitive_attributes": []
        },
        {
          "index_key": "aHR0cHM6Ly9yYXcuZ2l0aHVidXNlcmNvbnRlbnQuY29tL2Nsb3VkcG9zc2UvdGVycmFmb3JtLWF3cy1zZXJ2aWNlLWNvbnRyb2wtcG9saWNpZXMvMC44LjAvY2F0YWxvZy9kZW55LWFsbC1wb2xpY2llcy55YW1s",
          "schema_version": 0,
          "attributes": {
            "body": "- sid: \"DenyAllAccess\"\n  effect: \"Deny\"\n  actions:\n    - \"*\"\n  resources:\n    - \"*\"\n",
            "id": "https://raw.githubusercontent.com/cloudposse/terraform-aws-service-control-policies/0.8.0/catalog/deny-all-policies.yaml",
            "request_headers": null,
            "response_headers": {
              "Accept-Ranges": "bytes",
              "Access-Control-Allow-Origin": "*",
              "Cache-Control": "max-age=300",
              "Content-Security-Policy": "default-src 'none'; style-src 'unsafe-inline'; sandbox",
              "Content-Type": "text/plain; charset=utf-8",
              "Date": "Fri, 15 Apr 2022 07:19:19 GMT",
              "Etag": "W/\"83ba8a9d1378f1c8c3867e50dd9ef988d497a8e677533d831f5e82bdece2f9a2\"",
              "Expires": "Fri, 15 Apr 2022 07:24:19 GMT",
              "Source-Age": "2",
              "Strict-Transport-Security": "max-age=31536000",
              "Vary": "Authorization,Accept-Encoding,Origin",
              "Via": "1.1 varnish",
              "X-Cache": "HIT",
              "X-Cache-Hits": "7",
              "X-Content-Type-Options": "nosniff",
              "X-Fastly-Request-Id": "1cacf9b0f9e67103163d828c303df617f0c7e5dc",
              "X-Frame-Options": "deny",
              "X-Github-Request-Id": "A85A:2907:5A7A96:7432AF:6258E7A4",
              "X-Served-By": "cache-qpg1268-QPG",
              "X-Timer": "S1650007159.119415,VS0,VE0",
              "X-Xss-Protection": "1; mode=block"
            },
            "url": "https://raw.githubusercontent.com/cloudposse/terraform-aws-service-control-policies/0.8.0/catalog/deny-all-policies.yaml"
          },
          "sensitive_attributes": []
        },
        {
          "index_key": "aHR0cHM6Ly9yYXcuZ2l0aHVidXNlcmNvbnRlbnQuY29tL2Nsb3VkcG9zc2UvdGVycmFmb3JtLWF3cy1zZXJ2aWNlLWNvbnRyb2wtcG9saWNpZXMvMC44LjAvY2F0YWxvZy9lYzItcG9saWNpZXMueWFtbA==",
          "schema_version": 0,
          "attributes": {
            "body": "#\n# This policy denies instance types that aren't based on the Nitro system as documented in the following document:\n# https://docs.aws.amazon.com/AWSEC2/latest/UserGuide/instance-types.html#ec2-nitro-instances\n#\n- sid: \"DenyNonNitroInstances\"\n  effect: \"Deny\"\n  actions:\n    - \"ec2:RunInstances\"\n  condition:\n    - test: \"StringNotLike\"\n      variable: \"ec2:InstanceType\"\n      values:\n        - a1\n        - a1.metal\n        - c5\n        - c5.metal\n        - c5a\n        - c5ad\n        - c5d\n        - c5d.metal\n        - c5n\n        - c5n.metal\n        - c6g\n        - c6g.metal\n        - c6gd\n        - c6gd.metal\n        - c6gn\n        - d3\n        - d3en\n        - g4\n        - i3.metal\n        - i3en\n        - i3en.metal\n        - inf1\n        - m5\n        - m5.metal\n        - m5a\n        - m5ad\n        - m5d\n        - m5d.metal\n        - m5dn\n        - m5dn.metal\n        - m5n\n        - m5n.metal\n        - m5zn\n        - m5zn.metal\n        - m6g\n        - m6g.metal\n        - m6gd\n        - m6gd.metal\n        - mac1.metal\n        - p3dn.24xlarge\n        - p4\n        - r5\n        - r5.metal\n        - r5a\n        - r5ad\n        - r5b\n        - r5b.metal\n        - r5d\n        - r5d.metal\n        - r5dn\n        - r5dn.metal\n        - r5n\n        - r5n.metal\n        - r6g\n        - r6g.metal\n        - r6gd\n        - r6gd.metal\n        - t3\n        - t3a\n        - t4g\n        - u-12tb1.metal\n        - u-18tb1.metal\n        - u-24tb1.metal\n        - u-6tb1.metal\n        - u-9tb1.metal\n        - z1d\n        - z1d.metal\n  resources:\n    - \"arn:aws:ec2:*:*:instance/*\"\n\n# This policy denies instance types that aren't based on the Nitro system and don't support Encryption-in-Transit as\n# described in the following document:\n# https://docs.aws.amazon.com/AWSEC2/latest/UserGuide/data-protection.html#encryption-transit\n- sid: \"DenyInstancesWithoutEncryptionInTransit\"\n  effect: \"Deny\"\n  actions:\n    - \"ec2:RunInstances\"\n  condition:\n    - test: \"StringNotLike\"\n      variable: \"ec2:InstanceType\"\n      values:\n        - c5a\n        - c5ad\n        - c5n\n        - c6gn\n        - d3\n        - d3en\n        - g4ad\n        - g4dn\n        - i3en\n        - m5dn\n        - m5n\n        - m5zn\n        - p3dn\n        - p4d\n        - r5dn\n        - r5n\n  resources:\n    - \"arn:aws:ec2:*:*:instance/*\"\n",
            "id": "https://raw.githubusercontent.com/cloudposse/terraform-aws-service-control-policies/0.8.0/catalog/ec2-policies.yaml",
            "request_headers": null,
            "response_headers": {
              "Accept-Ranges": "bytes",
              "Access-Control-Allow-Origin": "*",
              "Cache-Control": "max-age=300",
              "Content-Security-Policy": "default-src 'none'; style-src 'unsafe-inline'; sandbox",
              "Content-Type": "text/plain; charset=utf-8",
              "Date": "Fri, 15 Apr 2022 07:19:19 GMT",
              "Etag": "W/\"3ce78336fdfac8650c014c298b887c2b773b87e08edb2d2202fc2a3b155f83fa\"",
              "Expires": "Fri, 15 Apr 2022 07:24:19 GMT",
              "Source-Age": "2",
              "Strict-Transport-Security": "max-age=31536000",
              "Vary": "Authorization,Accept-Encoding,Origin",
              "Via": "1.1 varnish",
              "X-Cache": "HIT",
              "X-Cache-Hits": "7",
              "X-Content-Type-Options": "nosniff",
              "X-Fastly-Request-Id": "fa68126a69a0f3470d273734eab40bce9ca51b98",
              "X-Frame-Options": "deny",
              "X-Github-Request-Id": "1EFE:7B33:558B69:6F3A3B:6258E7A4",
              "X-Served-By": "cache-qpg1268-QPG",
              "X-Timer": "S1650007159.120554,VS0,VE0",
              "X-Xss-Protection": "1; mode=block"
            },
            "url": "https://raw.githubusercontent.com/cloudposse/terraform-aws-service-control-policies/0.8.0/catalog/ec2-policies.yaml"
          },
          "sensitive_attributes": []
        },
        {
          "index_key": "aHR0cHM6Ly9yYXcuZ2l0aHVidXNlcmNvbnRlbnQuY29tL2Nsb3VkcG9zc2UvdGVycmFmb3JtLWF3cy1zZXJ2aWNlLWNvbnRyb2wtcG9saWNpZXMvMC44LjAvY2F0YWxvZy9pYW0tcG9saWNpZXMueWFtbA==",
          "schema_version": 0,
          "attributes": {
            "body": "- sid: \"DenyCreatingIAMUsers\"\n  effect: \"Deny\"\n  actions:\n    - \"iam:CreateUser\"\n    - \"iam:CreateAccessKey\"\n  resources:\n    - \"*\"\n\n\n- sid: \"ProtectIAMRoles\"\n  effect: \"Deny\"\n  actions:\n    - \"iam:AttachRolePolicy\"\n    - \"iam:DeleteRole\"\n    - \"iam:DeleteRolePermissionsBoundary\"\n    - \"iam:DeleteRolePolicy\"\n    - \"iam:DetachRolePolicy\"\n    - \"iam:PutRolePermissionsBoundary\"\n    - \"iam:PutRolePolicy\"\n    - \"iam:UpdateAssumeRolePolicy\"\n    - \"iam:UpdateRole\"\n    - \"iam:UpdateRoleDescription\"\n  resources:\n    - \"*\"\n",
            "id": "https://raw.githubusercontent.com/cloudposse/terraform-aws-service-control-policies/0.8.0/catalog/iam-policies.yaml",
            "request_headers": null,
            "response_headers": {
              "Accept-Ranges": "bytes",
              "Access-Control-Allow-Origin": "*",
              "Cache-Control": "max-age=300",
              "Content-Security-Policy": "default-src 'none'; style-src 'unsafe-inline'; sandbox",
              "Content-Type": "text/plain; charset=utf-8",
              "Date": "Fri, 15 Apr 2022 07:19:19 GMT",
              "Etag": "W/\"b50805ec82bcbd7c8370fd25506b9ed1d6f0c5e5a954986f9e7a0257e4c1783b\"",
              "Expires": "Fri, 15 Apr 2022 07:24:19 GMT",
              "Source-Age": "2",
              "Strict-Transport-Security": "max-age=31536000",
              "Vary": "Authorization,Accept-Encoding,Origin",
              "Via": "1.1 varnish",
              "X-Cache": "HIT",
              "X-Cache-Hits": "7",
              "X-Content-Type-Options": "nosniff",
              "X-Fastly-Request-Id": "62ffb74e00c665f7fd5873598b977c65327022e1",
              "X-Frame-Options": "deny",
              "X-Github-Request-Id": "1844:1623:23249D:38BBC0:6258E7A4",
              "X-Served-By": "cache-qpg1268-QPG",
              "X-Timer": "S1650007159.120685,VS0,VE0",
              "X-Xss-Protection": "1; mode=block"
            },
            "url": "https://raw.githubusercontent.com/cloudposse/terraform-aws-service-control-policies/0.8.0/catalog/iam-policies.yaml"
          },
          "sensitive_attributes": []
        },
        {
          "index_key": "aHR0cHM6Ly9yYXcuZ2l0aHVidXNlcmNvbnRlbnQuY29tL2Nsb3VkcG9zc2UvdGVycmFmb3JtLWF3cy1zZXJ2aWNlLWNvbnRyb2wtcG9saWNpZXMvMC44LjAvY2F0YWxvZy9rbXMtcG9saWNpZXMueWFtbA==",
          "schema_version": 0,
          "attributes": {
            "body": "- sid: \"DenyDeletingKMSKeys\"\n  effect: \"Deny\"\n  actions:\n    - \"kms:ScheduleKeyDeletion\"\n    - \"kms:Delete*\"\n  resources:\n    - \"*\"\n",
            "id": "https://raw.githubusercontent.com/cloudposse/terraform-aws-service-control-policies/0.8.0/catalog/kms-policies.yaml",
            "request_headers": null,
            "response_headers": {
              "Accept-Ranges": "bytes",
              "Access-Control-Allow-Origin": "*",
              "Cache-Control": "max-age=300",
              "Content-Security-Policy": "default-src 'none'; style-src 'unsafe-inline'; sandbox",
              "Content-Type": "text/plain; charset=utf-8",
              "Date": "Fri, 15 Apr 2022 07:19:19 GMT",
              "Etag": "W/\"dd3a0cc26a83a681faa55e0922f5f2bcb55e658ebf10d2af119e8d3b671d5650\"",
              "Expires": "Fri, 15 Apr 2022 07:24:19 GMT",
              "Source-Age": "2",
              "Strict-Transport-Security": "max-age=31536000",
              "Vary": "Authorization,Accept-Encoding,Origin",
              "Via": "1.1 varnish",
              "X-Cache": "HIT",
              "X-Cache-Hits": "7",
              "X-Content-Type-Options": "nosniff",
              "X-Fastly-Request-Id": "06e75a05fdd83bc22432749165b8d29af98656ce",
              "X-Frame-Options": "deny",
              "X-Github-Request-Id": "DAE2:5979:25BC31:3B90E8:6258E7A4",
              "X-Served-By": "cache-qpg1268-QPG",
              "X-Timer": "S1650007159.119325,VS0,VE0",
              "X-Xss-Protection": "1; mode=block"
            },
            "url": "https://raw.githubusercontent.com/cloudposse/terraform-aws-service-control-policies/0.8.0/catalog/kms-policies.yaml"
          },
          "sensitive_attributes": []
        },
        {
          "index_key": "aHR0cHM6Ly9yYXcuZ2l0aHVidXNlcmNvbnRlbnQuY29tL2Nsb3VkcG9zc2UvdGVycmFmb3JtLWF3cy1zZXJ2aWNlLWNvbnRyb2wtcG9saWNpZXMvMC44LjAvY2F0YWxvZy9vcmdhbml6YXRpb24tcG9saWNpZXMueWFtbA==",
          "schema_version": 0,
          "attributes": {
            "body": "- sid: \"DenyLeavingOrganization\"\n  effect: \"Deny\"\n  actions:\n    - \"organizations:LeaveOrganization\"\n  resources:\n    - \"*\"\n\n\n- sid: \"DenyRootAccountAccess\"\n  effect: \"Deny\"\n  actions:\n    - \"*\"\n  resources:\n    - \"*\"\n  condition:\n    - test: \"StringLike\"\n      variable: \"aws:PrincipalArn\"\n      values:\n        - \"arn:aws:iam::*:root\"\n",
            "id": "https://raw.githubusercontent.com/cloudposse/terraform-aws-service-control-policies/0.8.0/catalog/organization-policies.yaml",
            "request_headers": null,
            "response_headers": {
              "Accept-Ranges": "bytes",
              "Access-Control-Allow-Origin": "*",
              "Cache-Control": "max-age=300",
              "Content-Security-Policy": "default-src 'none'; style-src 'unsafe-inline'; sandbox",
              "Content-Type": "text/plain; charset=utf-8",
              "Date": "Fri, 15 Apr 2022 07:19:19 GMT",
              "Etag": "W/\"cc57f64d3d76972114218f6bf262ba37b55c52bf80bcf47fa8cc88ee460afe1e\"",
              "Expires": "Fri, 15 Apr 2022 07:24:19 GMT",
              "Source-Age": "2",
              "Strict-Transport-Security": "max-age=31536000",
              "Vary": "Authorization,Accept-Encoding,Origin",
              "Via": "1.1 varnish",
              "X-Cache": "HIT",
              "X-Cache-Hits": "7",
              "X-Content-Type-Options": "nosniff",
              "X-Fastly-Request-Id": "664de3f0a6cd87524427aebd7dca25b09fdd72ae",
              "X-Frame-Options": "deny",
              "X-Github-Request-Id": "2D60:06DE:8D077:13A1A2:625916A9",
              "X-Served-By": "cache-qpg1268-QPG",
              "X-Timer": "S1650007159.118949,VS0,VE0",
              "X-Xss-Protection": "1; mode=block"
            },
            "url": "https://raw.githubusercontent.com/cloudposse/terraform-aws-service-control-policies/0.8.0/catalog/organization-policies.yaml"
          },
          "sensitive_attributes": []
        },
        {
          "index_key": "aHR0cHM6Ly9yYXcuZ2l0aHVidXNlcmNvbnRlbnQuY29tL2Nsb3VkcG9zc2UvdGVycmFmb3JtLWF3cy1zZXJ2aWNlLWNvbnRyb2wtcG9saWNpZXMvMC44LjAvY2F0YWxvZy9yb3V0ZTUzLXBvbGljaWVzLnlhbWw=",
          "schema_version": 0,
          "attributes": {
            "body": "- sid: \"DenyDeletingRoute53Zones\"\n  effect: \"Deny\"\n  actions:\n    - \"route53:DeleteHostedZone\"\n  resources:\n    - \"*\"\n",
            "id": "https://raw.githubusercontent.com/cloudposse/terraform-aws-service-control-policies/0.8.0/catalog/route53-policies.yaml",
            "request_headers": null,
            "response_headers": {
              "Accept-Ranges": "bytes",
              "Access-Control-Allow-Origin": "*",
              "Cache-Control": "max-age=300",
              "Content-Security-Policy": "default-src 'none'; style-src 'unsafe-inline'; sandbox",
              "Content-Type": "text/plain; charset=utf-8",
              "Date": "Fri, 15 Apr 2022 07:19:19 GMT",
              "Etag": "W/\"1aea1997b30a81b83c3546ed3a2b681c22ae6c01631a7de91b59d0366e5690b9\"",
              "Expires": "Fri, 15 Apr 2022 07:24:19 GMT",
              "Source-Age": "2",
              "Strict-Transport-Security": "max-age=31536000",
              "Vary": "Authorization,Accept-Encoding,Origin",
              "Via": "1.1 varnish",
              "X-Cache": "HIT",
              "X-Cache-Hits": "7",
              "X-Content-Type-Options": "nosniff",
              "X-Fastly-Request-Id": "b22bb5c4621337587f3289c384041655d26de5e3",
              "X-Frame-Options": "deny",
              "X-Github-Request-Id": "7852:5C77:57C81B:71CE93:6258E7A4",
              "X-Served-By": "cache-qpg1268-QPG",
              "X-Timer": "S1650007159.122218,VS0,VE0",
              "X-Xss-Protection": "1; mode=block"
            },
            "url": "https://raw.githubusercontent.com/cloudposse/terraform-aws-service-control-policies/0.8.0/catalog/route53-policies.yaml"
          },
          "sensitive_attributes": []
        },
        {
          "index_key": "aHR0cHM6Ly9yYXcuZ2l0aHVidXNlcmNvbnRlbnQuY29tL2Nsb3VkcG9zc2UvdGVycmFmb3JtLWF3cy1zZXJ2aWNlLWNvbnRyb2wtcG9saWNpZXMvMC44LjAvY2F0YWxvZy9zMy1wb2xpY2llcy55YW1s",
          "schema_version": 0,
          "attributes": {
            "body": "- sid: \"ProtectS3Buckets\"\n  effect: \"Deny\"\n  actions:\n    - \"s3:DeleteBucket\"\n    - \"s3:DeleteObject\"\n    - \"s3:DeleteObjectVersion\"\n  resources:\n    - \"*\"\n\n\n- sid: \"DenyS3BucketsPublicAccess\"\n  effect: \"Deny\"\n  actions:\n    - \"s3:PutBucketPublicAccessBlock\"\n    - \"s3:DeletePublicAccessBlock\"\n  resources:\n    - \"*\"\n\n\n- sid: \"DenyS3IncorrectEncryptionHeader\"\n  effect: \"Deny\"\n  actions:\n    - \"s3:PutObject\"\n  resources:\n    - \"*\"\n  condition:\n    - test: \"StringNotEquals\"\n      variable: \"s3:x-amz-server-side-encryption\"\n      values:\n        - \"AES256\"\n        - \"aws:kms\"\n\n\n- sid: \"DenyS3UnEncryptedObjectUploads\"\n  effect: \"Deny\"\n  actions:\n    - \"s3:PutObject\"\n  resources:\n    - \"*\"\n  condition:\n    - test: \"Null\"\n      variable: \"s3:x-amz-server-side-encryption\"\n      values:\n        - true\n",
            "id": "https://raw.githubusercontent.com/cloudposse/terraform-aws-service-control-policies/0.8.0/catalog/s3-policies.yaml",
            "request_headers": null,
            "response_headers": {
              "Accept-Ranges": "bytes",
              "Access-Control-Allow-Origin": "*",
              "Cache-Control": "max-age=300",
              "Content-Security-Policy": "default-src 'none'; style-src 'unsafe-inline'; sandbox",
              "Content-Type": "text/plain; charset=utf-8",
              "Date": "Fri, 15 Apr 2022 07:19:19 GMT",
              "Etag": "W/\"5ff003b0da193083d1dd9e0858bea3b3027d5ac9aa4aeb1f0d9400384dd5d75c\"",
              "Expires": "Fri, 15 Apr 2022 07:24:19 GMT",
              "Source-Age": "2",
              "Strict-Transport-Security": "max-age=31536000",
              "Vary": "Authorization,Accept-Encoding,Origin",
              "Via": "1.1 varnish",
              "X-Cache": "HIT",
              "X-Cache-Hits": "7",
              "X-Content-Type-Options": "nosniff",
              "X-Fastly-Request-Id": "86e85b01b21fe1a67d80b605cbf3a704aceb359c",
              "X-Frame-Options": "deny",
              "X-Github-Request-Id": "5BFA:717F:5ABF50:74E3EF:6258E7A4",
              "X-Served-By": "cache-qpg1268-QPG",
              "X-Timer": "S1650007159.118969,VS0,VE0",
              "X-Xss-Protection": "1; mode=block"
            },
            "url": "https://raw.githubusercontent.com/cloudposse/terraform-aws-service-control-policies/0.8.0/catalog/s3-policies.yaml"
          },
          "sensitive_attributes": []
        }
      ]
    },
    {
      "module": "module.service_control_policy_statements_yaml_config.module.yaml_config_7",
      "mode": "data",
      "type": "template_file",
      "name": "remote_config",
      "provider": "provider[\"registry.terraform.io/hashicorp/template\"]",
      "instances": [
        {
          "index_key": "aHR0cHM6Ly9yYXcuZ2l0aHVidXNlcmNvbnRlbnQuY29tL2Nsb3VkcG9zc2UvdGVycmFmb3JtLWF3cy1zZXJ2aWNlLWNvbnRyb2wtcG9saWNpZXMvMC44LjAvY2F0YWxvZy9jbG91ZHdhdGNoLWxvZ3MtcG9saWNpZXMueWFtbA==",
          "schema_version": 0,
          "attributes": {
            "filename": null,
            "id": "c6b45b229511ea63a6b6a192742558744c62a3918fdfffe6a231b04ef960164c",
            "rendered": "- sid: \"DenyDeletingCloudWatchLogs\"\n  effect: \"Deny\"\n  actions:\n    - \"ec2:DeleteFlowLogs\"\n    - \"logs:DeleteLogGroup\"\n    - \"logs:DeleteLogStream\"\n  resources:\n    - \"*\"\n",
            "template": "- sid: \"DenyDeletingCloudWatchLogs\"\n  effect: \"Deny\"\n  actions:\n    - \"ec2:DeleteFlowLogs\"\n    - \"logs:DeleteLogGroup\"\n    - \"logs:DeleteLogStream\"\n  resources:\n    - \"*\"\n",
            "vars": null
          },
          "sensitive_attributes": []
        },
        {
          "index_key": "aHR0cHM6Ly9yYXcuZ2l0aHVidXNlcmNvbnRlbnQuY29tL2Nsb3VkcG9zc2UvdGVycmFmb3JtLWF3cy1zZXJ2aWNlLWNvbnRyb2wtcG9saWNpZXMvMC44LjAvY2F0YWxvZy9kZW55LWFsbC1wb2xpY2llcy55YW1s",
          "schema_version": 0,
          "attributes": {
            "filename": null,
            "id": "1350d7b7a6720d7ab7c168fc741164e086075ccc3d79a044ad71310dec4f05c7",
            "rendered": "- sid: \"DenyAllAccess\"\n  effect: \"Deny\"\n  actions:\n    - \"*\"\n  resources:\n    - \"*\"\n",
            "template": "- sid: \"DenyAllAccess\"\n  effect: \"Deny\"\n  actions:\n    - \"*\"\n  resources:\n    - \"*\"\n",
            "vars": null
          },
          "sensitive_attributes": []
        },
        {
          "index_key": "aHR0cHM6Ly9yYXcuZ2l0aHVidXNlcmNvbnRlbnQuY29tL2Nsb3VkcG9zc2UvdGVycmFmb3JtLWF3cy1zZXJ2aWNlLWNvbnRyb2wtcG9saWNpZXMvMC44LjAvY2F0YWxvZy9lYzItcG9saWNpZXMueWFtbA==",
          "schema_version": 0,
          "attributes": {
            "filename": null,
            "id": "72cfb436b6eef8cd01bebcf2ebf947d975dcb48b24be9d5e7035dbb6497b8990",
            "rendered": "#\n# This policy denies instance types that aren't based on the Nitro system as documented in the following document:\n# https://docs.aws.amazon.com/AWSEC2/latest/UserGuide/instance-types.html#ec2-nitro-instances\n#\n- sid: \"DenyNonNitroInstances\"\n  effect: \"Deny\"\n  actions:\n    - \"ec2:RunInstances\"\n  condition:\n    - test: \"StringNotLike\"\n      variable: \"ec2:InstanceType\"\n      values:\n        - a1\n        - a1.metal\n        - c5\n        - c5.metal\n        - c5a\n        - c5ad\n        - c5d\n        - c5d.metal\n        - c5n\n        - c5n.metal\n        - c6g\n        - c6g.metal\n        - c6gd\n        - c6gd.metal\n        - c6gn\n        - d3\n        - d3en\n        - g4\n        - i3.metal\n        - i3en\n        - i3en.metal\n        - inf1\n        - m5\n        - m5.metal\n        - m5a\n        - m5ad\n        - m5d\n        - m5d.metal\n        - m5dn\n        - m5dn.metal\n        - m5n\n        - m5n.metal\n        - m5zn\n        - m5zn.metal\n        - m6g\n        - m6g.metal\n        - m6gd\n        - m6gd.metal\n        - mac1.metal\n        - p3dn.24xlarge\n        - p4\n        - r5\n        - r5.metal\n        - r5a\n        - r5ad\n        - r5b\n        - r5b.metal\n        - r5d\n        - r5d.metal\n        - r5dn\n        - r5dn.metal\n        - r5n\n        - r5n.metal\n        - r6g\n        - r6g.metal\n        - r6gd\n        - r6gd.metal\n        - t3\n        - t3a\n        - t4g\n        - u-12tb1.metal\n        - u-18tb1.metal\n        - u-24tb1.metal\n        - u-6tb1.metal\n        - u-9tb1.metal\n        - z1d\n        - z1d.metal\n  resources:\n    - \"arn:aws:ec2:*:*:instance/*\"\n\n# This policy denies instance types that aren't based on the Nitro system and don't support Encryption-in-Transit as\n# described in the following document:\n# https://docs.aws.amazon.com/AWSEC2/latest/UserGuide/data-protection.html#encryption-transit\n- sid: \"DenyInstancesWithoutEncryptionInTransit\"\n  effect: \"Deny\"\n  actions:\n    - \"ec2:RunInstances\"\n  condition:\n    - test: \"StringNotLike\"\n      variable: \"ec2:InstanceType\"\n      values:\n        - c5a\n        - c5ad\n        - c5n\n        - c6gn\n        - d3\n        - d3en\n        - g4ad\n        - g4dn\n        - i3en\n        - m5dn\n        - m5n\n        - m5zn\n        - p3dn\n        - p4d\n        - r5dn\n        - r5n\n  resources:\n    - \"arn:aws:ec2:*:*:instance/*\"\n",
            "template": "#\n# This policy denies instance types that aren't based on the Nitro system as documented in the following document:\n# https://docs.aws.amazon.com/AWSEC2/latest/UserGuide/instance-types.html#ec2-nitro-instances\n#\n- sid: \"DenyNonNitroInstances\"\n  effect: \"Deny\"\n  actions:\n    - \"ec2:RunInstances\"\n  condition:\n    - test: \"StringNotLike\"\n      variable: \"ec2:InstanceType\"\n      values:\n        - a1\n        - a1.metal\n        - c5\n        - c5.metal\n        - c5a\n        - c5ad\n        - c5d\n        - c5d.metal\n        - c5n\n        - c5n.metal\n        - c6g\n        - c6g.metal\n        - c6gd\n        - c6gd.metal\n        - c6gn\n        - d3\n        - d3en\n        - g4\n        - i3.metal\n        - i3en\n        - i3en.metal\n        - inf1\n        - m5\n        - m5.metal\n        - m5a\n        - m5ad\n        - m5d\n        - m5d.metal\n        - m5dn\n        - m5dn.metal\n        - m5n\n        - m5n.metal\n        - m5zn\n        - m5zn.metal\n        - m6g\n        - m6g.metal\n        - m6gd\n        - m6gd.metal\n        - mac1.metal\n        - p3dn.24xlarge\n        - p4\n        - r5\n        - r5.metal\n        - r5a\n        - r5ad\n        - r5b\n        - r5b.metal\n        - r5d\n        - r5d.metal\n        - r5dn\n        - r5dn.metal\n        - r5n\n        - r5n.metal\n        - r6g\n        - r6g.metal\n        - r6gd\n        - r6gd.metal\n        - t3\n        - t3a\n        - t4g\n        - u-12tb1.metal\n        - u-18tb1.metal\n        - u-24tb1.metal\n        - u-6tb1.metal\n        - u-9tb1.metal\n        - z1d\n        - z1d.metal\n  resources:\n    - \"arn:aws:ec2:*:*:instance/*\"\n\n# This policy denies instance types that aren't based on the Nitro system and don't support Encryption-in-Transit as\n# described in the following document:\n# https://docs.aws.amazon.com/AWSEC2/latest/UserGuide/data-protection.html#encryption-transit\n- sid: \"DenyInstancesWithoutEncryptionInTransit\"\n  effect: \"Deny\"\n  actions:\n    - \"ec2:RunInstances\"\n  condition:\n    - test: \"StringNotLike\"\n      variable: \"ec2:InstanceType\"\n      values:\n        - c5a\n        - c5ad\n        - c5n\n        - c6gn\n        - d3\n        - d3en\n        - g4ad\n        - g4dn\n        - i3en\n        - m5dn\n        - m5n\n        - m5zn\n        - p3dn\n        - p4d\n        - r5dn\n        - r5n\n  resources:\n    - \"arn:aws:ec2:*:*:instance/*\"\n",
            "vars": null
          },
          "sensitive_attributes": []
        },
        {
          "index_key": "aHR0cHM6Ly9yYXcuZ2l0aHVidXNlcmNvbnRlbnQuY29tL2Nsb3VkcG9zc2UvdGVycmFmb3JtLWF3cy1zZXJ2aWNlLWNvbnRyb2wtcG9saWNpZXMvMC44LjAvY2F0YWxvZy9pYW0tcG9saWNpZXMueWFtbA==",
          "schema_version": 0,
          "attributes": {
            "filename": null,
            "id": "ccddf16fe15879a75a3b2ed05d47efaf67b1aed5c0982d70e47ff6fbd87ab66c",
            "rendered": "- sid: \"DenyCreatingIAMUsers\"\n  effect: \"Deny\"\n  actions:\n    - \"iam:CreateUser\"\n    - \"iam:CreateAccessKey\"\n  resources:\n    - \"*\"\n\n\n- sid: \"ProtectIAMRoles\"\n  effect: \"Deny\"\n  actions:\n    - \"iam:AttachRolePolicy\"\n    - \"iam:DeleteRole\"\n    - \"iam:DeleteRolePermissionsBoundary\"\n    - \"iam:DeleteRolePolicy\"\n    - \"iam:DetachRolePolicy\"\n    - \"iam:PutRolePermissionsBoundary\"\n    - \"iam:PutRolePolicy\"\n    - \"iam:UpdateAssumeRolePolicy\"\n    - \"iam:UpdateRole\"\n    - \"iam:UpdateRoleDescription\"\n  resources:\n    - \"*\"\n",
            "template": "- sid: \"DenyCreatingIAMUsers\"\n  effect: \"Deny\"\n  actions:\n    - \"iam:CreateUser\"\n    - \"iam:CreateAccessKey\"\n  resources:\n    - \"*\"\n\n\n- sid: \"ProtectIAMRoles\"\n  effect: \"Deny\"\n  actions:\n    - \"iam:AttachRolePolicy\"\n    - \"iam:DeleteRole\"\n    - \"iam:DeleteRolePermissionsBoundary\"\n    - \"iam:DeleteRolePolicy\"\n    - \"iam:DetachRolePolicy\"\n    - \"iam:PutRolePermissionsBoundary\"\n    - \"iam:PutRolePolicy\"\n    - \"iam:UpdateAssumeRolePolicy\"\n    - \"iam:UpdateRole\"\n    - \"iam:UpdateRoleDescription\"\n  resources:\n    - \"*\"\n",
            "vars": null
          },
          "sensitive_attributes": []
        },
        {
          "index_key": "aHR0cHM6Ly9yYXcuZ2l0aHVidXNlcmNvbnRlbnQuY29tL2Nsb3VkcG9zc2UvdGVycmFmb3JtLWF3cy1zZXJ2aWNlLWNvbnRyb2wtcG9saWNpZXMvMC44LjAvY2F0YWxvZy9rbXMtcG9saWNpZXMueWFtbA==",
          "schema_version": 0,
          "attributes": {
            "filename": null,
            "id": "2a4eb2a7233173d900e98e4e9b671a55557729157ec760f4ed663a964aa49374",
            "rendered": "- sid: \"DenyDeletingKMSKeys\"\n  effect: \"Deny\"\n  actions:\n    - \"kms:ScheduleKeyDeletion\"\n    - \"kms:Delete*\"\n  resources:\n    - \"*\"\n",
            "template": "- sid: \"DenyDeletingKMSKeys\"\n  effect: \"Deny\"\n  actions:\n    - \"kms:ScheduleKeyDeletion\"\n    - \"kms:Delete*\"\n  resources:\n    - \"*\"\n",
            "vars": null
          },
          "sensitive_attributes": []
        },
        {
          "index_key": "aHR0cHM6Ly9yYXcuZ2l0aHVidXNlcmNvbnRlbnQuY29tL2Nsb3VkcG9zc2UvdGVycmFmb3JtLWF3cy1zZXJ2aWNlLWNvbnRyb2wtcG9saWNpZXMvMC44LjAvY2F0YWxvZy9vcmdhbml6YXRpb24tcG9saWNpZXMueWFtbA==",
          "schema_version": 0,
          "attributes": {
            "filename": null,
            "id": "8abb3b393abcd2f95646cedcb7eb14aabf882885a447cce141b8b971645f0817",
            "rendered": "- sid: \"DenyLeavingOrganization\"\n  effect: \"Deny\"\n  actions:\n    - \"organizations:LeaveOrganization\"\n  resources:\n    - \"*\"\n\n\n- sid: \"DenyRootAccountAccess\"\n  effect: \"Deny\"\n  actions:\n    - \"*\"\n  resources:\n    - \"*\"\n  condition:\n    - test: \"StringLike\"\n      variable: \"aws:PrincipalArn\"\n      values:\n        - \"arn:aws:iam::*:root\"\n",
            "template": "- sid: \"DenyLeavingOrganization\"\n  effect: \"Deny\"\n  actions:\n    - \"organizations:LeaveOrganization\"\n  resources:\n    - \"*\"\n\n\n- sid: \"DenyRootAccountAccess\"\n  effect: \"Deny\"\n  actions:\n    - \"*\"\n  resources:\n    - \"*\"\n  condition:\n    - test: \"StringLike\"\n      variable: \"aws:PrincipalArn\"\n      values:\n        - \"arn:aws:iam::*:root\"\n",
            "vars": null
          },
          "sensitive_attributes": []
        },
        {
          "index_key": "aHR0cHM6Ly9yYXcuZ2l0aHVidXNlcmNvbnRlbnQuY29tL2Nsb3VkcG9zc2UvdGVycmFmb3JtLWF3cy1zZXJ2aWNlLWNvbnRyb2wtcG9saWNpZXMvMC44LjAvY2F0YWxvZy9yb3V0ZTUzLXBvbGljaWVzLnlhbWw=",
          "schema_version": 0,
          "attributes": {
            "filename": null,
            "id": "dfb6b672dc340674add7dca43ca12b2b5f9485631a405e7745473115fbff0264",
            "rendered": "- sid: \"DenyDeletingRoute53Zones\"\n  effect: \"Deny\"\n  actions:\n    - \"route53:DeleteHostedZone\"\n  resources:\n    - \"*\"\n",
            "template": "- sid: \"DenyDeletingRoute53Zones\"\n  effect: \"Deny\"\n  actions:\n    - \"route53:DeleteHostedZone\"\n  resources:\n    - \"*\"\n",
            "vars": null
          },
          "sensitive_attributes": []
        },
        {
          "index_key": "aHR0cHM6Ly9yYXcuZ2l0aHVidXNlcmNvbnRlbnQuY29tL2Nsb3VkcG9zc2UvdGVycmFmb3JtLWF3cy1zZXJ2aWNlLWNvbnRyb2wtcG9saWNpZXMvMC44LjAvY2F0YWxvZy9zMy1wb2xpY2llcy55YW1s",
          "schema_version": 0,
          "attributes": {
            "filename": null,
            "id": "a2231a9784f419d83b205819800ca33941a62794b0177fdc7594d94cd201f537",
            "rendered": "- sid: \"ProtectS3Buckets\"\n  effect: \"Deny\"\n  actions:\n    - \"s3:DeleteBucket\"\n    - \"s3:DeleteObject\"\n    - \"s3:DeleteObjectVersion\"\n  resources:\n    - \"*\"\n\n\n- sid: \"DenyS3BucketsPublicAccess\"\n  effect: \"Deny\"\n  actions:\n    - \"s3:PutBucketPublicAccessBlock\"\n    - \"s3:DeletePublicAccessBlock\"\n  resources:\n    - \"*\"\n\n\n- sid: \"DenyS3IncorrectEncryptionHeader\"\n  effect: \"Deny\"\n  actions:\n    - \"s3:PutObject\"\n  resources:\n    - \"*\"\n  condition:\n    - test: \"StringNotEquals\"\n      variable: \"s3:x-amz-server-side-encryption\"\n      values:\n        - \"AES256\"\n        - \"aws:kms\"\n\n\n- sid: \"DenyS3UnEncryptedObjectUploads\"\n  effect: \"Deny\"\n  actions:\n    - \"s3:PutObject\"\n  resources:\n    - \"*\"\n  condition:\n    - test: \"Null\"\n      variable: \"s3:x-amz-server-side-encryption\"\n      values:\n        - true\n",
            "template": "- sid: \"ProtectS3Buckets\"\n  effect: \"Deny\"\n  actions:\n    - \"s3:DeleteBucket\"\n    - \"s3:DeleteObject\"\n    - \"s3:DeleteObjectVersion\"\n  resources:\n    - \"*\"\n\n\n- sid: \"DenyS3BucketsPublicAccess\"\n  effect: \"Deny\"\n  actions:\n    - \"s3:PutBucketPublicAccessBlock\"\n    - \"s3:DeletePublicAccessBlock\"\n  resources:\n    - \"*\"\n\n\n- sid: \"DenyS3IncorrectEncryptionHeader\"\n  effect: \"Deny\"\n  actions:\n    - \"s3:PutObject\"\n  resources:\n    - \"*\"\n  condition:\n    - test: \"StringNotEquals\"\n      variable: \"s3:x-amz-server-side-encryption\"\n      values:\n        - \"AES256\"\n        - \"aws:kms\"\n\n\n- sid: \"DenyS3UnEncryptedObjectUploads\"\n  effect: \"Deny\"\n  actions:\n    - \"s3:PutObject\"\n  resources:\n    - \"*\"\n  condition:\n    - test: \"Null\"\n      variable: \"s3:x-amz-server-side-encryption\"\n      values:\n        - true\n",
            "vars": null
          },
          "sensitive_attributes": []
        }
      ]
    },
    {
      "module": "module.service_control_policy_statements_yaml_config.module.yaml_config_8",
      "mode": "data",
      "type": "http",
      "name": "remote_config",
      "provider": "provider[\"registry.terraform.io/hashicorp/http\"]",
      "instances": [
        {
          "index_key": "aHR0cHM6Ly9yYXcuZ2l0aHVidXNlcmNvbnRlbnQuY29tL2Nsb3VkcG9zc2UvdGVycmFmb3JtLWF3cy1zZXJ2aWNlLWNvbnRyb2wtcG9saWNpZXMvMC44LjAvY2F0YWxvZy9jbG91ZHdhdGNoLWxvZ3MtcG9saWNpZXMueWFtbA==",
          "schema_version": 0,
          "attributes": {
            "body": "- sid: \"DenyDeletingCloudWatchLogs\"\n  effect: \"Deny\"\n  actions:\n    - \"ec2:DeleteFlowLogs\"\n    - \"logs:DeleteLogGroup\"\n    - \"logs:DeleteLogStream\"\n  resources:\n    - \"*\"\n",
            "id": "https://raw.githubusercontent.com/cloudposse/terraform-aws-service-control-policies/0.8.0/catalog/cloudwatch-logs-policies.yaml",
            "request_headers": null,
            "response_headers": {
              "Accept-Ranges": "bytes",
              "Access-Control-Allow-Origin": "*",
              "Cache-Control": "max-age=300",
              "Content-Security-Policy": "default-src 'none'; style-src 'unsafe-inline'; sandbox",
              "Content-Type": "text/plain; charset=utf-8",
              "Date": "Fri, 15 Apr 2022 07:19:19 GMT",
              "Etag": "W/\"60fd880267c76b3c31b53bb9f807cb7c1ed4900e3779687a98211b2f02d6dbc2\"",
              "Expires": "Fri, 15 Apr 2022 07:24:19 GMT",
              "Source-Age": "2",
              "Strict-Transport-Security": "max-age=31536000",
              "Vary": "Authorization,Accept-Encoding,Origin",
              "Via": "1.1 varnish",
              "X-Cache": "HIT",
              "X-Cache-Hits": "8",
              "X-Content-Type-Options": "nosniff",
              "X-Fastly-Request-Id": "f92a1a7678eefdc12a1ce272d1329653755aabf9",
              "X-Frame-Options": "deny",
              "X-Github-Request-Id": "8B70:6E08:57C084:716AC7:6258E7A4",
              "X-Served-By": "cache-qpg1268-QPG",
              "X-Timer": "S1650007159.194624,VS0,VE0",
              "X-Xss-Protection": "1; mode=block"
            },
            "url": "https://raw.githubusercontent.com/cloudposse/terraform-aws-service-control-policies/0.8.0/catalog/cloudwatch-logs-policies.yaml"
          },
          "sensitive_attributes": []
        },
        {
          "index_key": "aHR0cHM6Ly9yYXcuZ2l0aHVidXNlcmNvbnRlbnQuY29tL2Nsb3VkcG9zc2UvdGVycmFmb3JtLWF3cy1zZXJ2aWNlLWNvbnRyb2wtcG9saWNpZXMvMC44LjAvY2F0YWxvZy9kZW55LWFsbC1wb2xpY2llcy55YW1s",
          "schema_version": 0,
          "attributes": {
            "body": "- sid: \"DenyAllAccess\"\n  effect: \"Deny\"\n  actions:\n    - \"*\"\n  resources:\n    - \"*\"\n",
            "id": "https://raw.githubusercontent.com/cloudposse/terraform-aws-service-control-policies/0.8.0/catalog/deny-all-policies.yaml",
            "request_headers": null,
            "response_headers": {
              "Accept-Ranges": "bytes",
              "Access-Control-Allow-Origin": "*",
              "Cache-Control": "max-age=300",
              "Content-Security-Policy": "default-src 'none'; style-src 'unsafe-inline'; sandbox",
              "Content-Type": "text/plain; charset=utf-8",
              "Date": "Fri, 15 Apr 2022 07:19:19 GMT",
              "Etag": "W/\"83ba8a9d1378f1c8c3867e50dd9ef988d497a8e677533d831f5e82bdece2f9a2\"",
              "Expires": "Fri, 15 Apr 2022 07:24:19 GMT",
              "Source-Age": "2",
              "Strict-Transport-Security": "max-age=31536000",
              "Vary": "Authorization,Accept-Encoding,Origin",
              "Via": "1.1 varnish",
              "X-Cache": "HIT",
              "X-Cache-Hits": "8",
              "X-Content-Type-Options": "nosniff",
              "X-Fastly-Request-Id": "40ee29d544026bb2bdbc402a4974a36340c75833",
              "X-Frame-Options": "deny",
              "X-Github-Request-Id": "A85A:2907:5A7A96:7432AF:6258E7A4",
              "X-Served-By": "cache-qpg1268-QPG",
              "X-Timer": "S1650007159.193851,VS0,VE0",
              "X-Xss-Protection": "1; mode=block"
            },
            "url": "https://raw.githubusercontent.com/cloudposse/terraform-aws-service-control-policies/0.8.0/catalog/deny-all-policies.yaml"
          },
          "sensitive_attributes": []
        },
        {
          "index_key": "aHR0cHM6Ly9yYXcuZ2l0aHVidXNlcmNvbnRlbnQuY29tL2Nsb3VkcG9zc2UvdGVycmFmb3JtLWF3cy1zZXJ2aWNlLWNvbnRyb2wtcG9saWNpZXMvMC44LjAvY2F0YWxvZy9lYzItcG9saWNpZXMueWFtbA==",
          "schema_version": 0,
          "attributes": {
            "body": "#\n# This policy denies instance types that aren't based on the Nitro system as documented in the following document:\n# https://docs.aws.amazon.com/AWSEC2/latest/UserGuide/instance-types.html#ec2-nitro-instances\n#\n- sid: \"DenyNonNitroInstances\"\n  effect: \"Deny\"\n  actions:\n    - \"ec2:RunInstances\"\n  condition:\n    - test: \"StringNotLike\"\n      variable: \"ec2:InstanceType\"\n      values:\n        - a1\n        - a1.metal\n        - c5\n        - c5.metal\n        - c5a\n        - c5ad\n        - c5d\n        - c5d.metal\n        - c5n\n        - c5n.metal\n        - c6g\n        - c6g.metal\n        - c6gd\n        - c6gd.metal\n        - c6gn\n        - d3\n        - d3en\n        - g4\n        - i3.metal\n        - i3en\n        - i3en.metal\n        - inf1\n        - m5\n        - m5.metal\n        - m5a\n        - m5ad\n        - m5d\n        - m5d.metal\n        - m5dn\n        - m5dn.metal\n        - m5n\n        - m5n.metal\n        - m5zn\n        - m5zn.metal\n        - m6g\n        - m6g.metal\n        - m6gd\n        - m6gd.metal\n        - mac1.metal\n        - p3dn.24xlarge\n        - p4\n        - r5\n        - r5.metal\n        - r5a\n        - r5ad\n        - r5b\n        - r5b.metal\n        - r5d\n        - r5d.metal\n        - r5dn\n        - r5dn.metal\n        - r5n\n        - r5n.metal\n        - r6g\n        - r6g.metal\n        - r6gd\n        - r6gd.metal\n        - t3\n        - t3a\n        - t4g\n        - u-12tb1.metal\n        - u-18tb1.metal\n        - u-24tb1.metal\n        - u-6tb1.metal\n        - u-9tb1.metal\n        - z1d\n        - z1d.metal\n  resources:\n    - \"arn:aws:ec2:*:*:instance/*\"\n\n# This policy denies instance types that aren't based on the Nitro system and don't support Encryption-in-Transit as\n# described in the following document:\n# https://docs.aws.amazon.com/AWSEC2/latest/UserGuide/data-protection.html#encryption-transit\n- sid: \"DenyInstancesWithoutEncryptionInTransit\"\n  effect: \"Deny\"\n  actions:\n    - \"ec2:RunInstances\"\n  condition:\n    - test: \"StringNotLike\"\n      variable: \"ec2:InstanceType\"\n      values:\n        - c5a\n        - c5ad\n        - c5n\n        - c6gn\n        - d3\n        - d3en\n        - g4ad\n        - g4dn\n        - i3en\n        - m5dn\n        - m5n\n        - m5zn\n        - p3dn\n        - p4d\n        - r5dn\n        - r5n\n  resources:\n    - \"arn:aws:ec2:*:*:instance/*\"\n",
            "id": "https://raw.githubusercontent.com/cloudposse/terraform-aws-service-control-policies/0.8.0/catalog/ec2-policies.yaml",
            "request_headers": null,
            "response_headers": {
              "Accept-Ranges": "bytes",
              "Access-Control-Allow-Origin": "*",
              "Cache-Control": "max-age=300",
              "Content-Security-Policy": "default-src 'none'; style-src 'unsafe-inline'; sandbox",
              "Content-Type": "text/plain; charset=utf-8",
              "Date": "Fri, 15 Apr 2022 07:19:19 GMT",
              "Etag": "W/\"3ce78336fdfac8650c014c298b887c2b773b87e08edb2d2202fc2a3b155f83fa\"",
              "Expires": "Fri, 15 Apr 2022 07:24:19 GMT",
              "Source-Age": "2",
              "Strict-Transport-Security": "max-age=31536000",
              "Vary": "Authorization,Accept-Encoding,Origin",
              "Via": "1.1 varnish",
              "X-Cache": "HIT",
              "X-Cache-Hits": "8",
              "X-Content-Type-Options": "nosniff",
              "X-Fastly-Request-Id": "66a39449c511cf1c5c92cf69f48f01f13e003f4e",
              "X-Frame-Options": "deny",
              "X-Github-Request-Id": "1EFE:7B33:558B69:6F3A3B:6258E7A4",
              "X-Served-By": "cache-qpg1268-QPG",
              "X-Timer": "S1650007159.194255,VS0,VE0",
              "X-Xss-Protection": "1; mode=block"
            },
            "url": "https://raw.githubusercontent.com/cloudposse/terraform-aws-service-control-policies/0.8.0/catalog/ec2-policies.yaml"
          },
          "sensitive_attributes": []
        },
        {
          "index_key": "aHR0cHM6Ly9yYXcuZ2l0aHVidXNlcmNvbnRlbnQuY29tL2Nsb3VkcG9zc2UvdGVycmFmb3JtLWF3cy1zZXJ2aWNlLWNvbnRyb2wtcG9saWNpZXMvMC44LjAvY2F0YWxvZy9pYW0tcG9saWNpZXMueWFtbA==",
          "schema_version": 0,
          "attributes": {
            "body": "- sid: \"DenyCreatingIAMUsers\"\n  effect: \"Deny\"\n  actions:\n    - \"iam:CreateUser\"\n    - \"iam:CreateAccessKey\"\n  resources:\n    - \"*\"\n\n\n- sid: \"ProtectIAMRoles\"\n  effect: \"Deny\"\n  actions:\n    - \"iam:AttachRolePolicy\"\n    - \"iam:DeleteRole\"\n    - \"iam:DeleteRolePermissionsBoundary\"\n    - \"iam:DeleteRolePolicy\"\n    - \"iam:DetachRolePolicy\"\n    - \"iam:PutRolePermissionsBoundary\"\n    - \"iam:PutRolePolicy\"\n    - \"iam:UpdateAssumeRolePolicy\"\n    - \"iam:UpdateRole\"\n    - \"iam:UpdateRoleDescription\"\n  resources:\n    - \"*\"\n",
            "id": "https://raw.githubusercontent.com/cloudposse/terraform-aws-service-control-policies/0.8.0/catalog/iam-policies.yaml",
            "request_headers": null,
            "response_headers": {
              "Accept-Ranges": "bytes",
              "Access-Control-Allow-Origin": "*",
              "Cache-Control": "max-age=300",
              "Content-Security-Policy": "default-src 'none'; style-src 'unsafe-inline'; sandbox",
              "Content-Type": "text/plain; charset=utf-8",
              "Date": "Fri, 15 Apr 2022 07:19:19 GMT",
              "Etag": "W/\"b50805ec82bcbd7c8370fd25506b9ed1d6f0c5e5a954986f9e7a0257e4c1783b\"",
              "Expires": "Fri, 15 Apr 2022 07:24:19 GMT",
              "Source-Age": "2",
              "Strict-Transport-Security": "max-age=31536000",
              "Vary": "Authorization,Accept-Encoding,Origin",
              "Via": "1.1 varnish",
              "X-Cache": "HIT",
              "X-Cache-Hits": "8",
              "X-Content-Type-Options": "nosniff",
              "X-Fastly-Request-Id": "4d8fa65b0c672fbab12c48d9bb02a71d4728ae89",
              "X-Frame-Options": "deny",
              "X-Github-Request-Id": "1844:1623:23249D:38BBC0:6258E7A4",
              "X-Served-By": "cache-qpg1268-QPG",
              "X-Timer": "S1650007159.193811,VS0,VE0",
              "X-Xss-Protection": "1; mode=block"
            },
            "url": "https://raw.githubusercontent.com/cloudposse/terraform-aws-service-control-policies/0.8.0/catalog/iam-policies.yaml"
          },
          "sensitive_attributes": []
        },
        {
          "index_key": "aHR0cHM6Ly9yYXcuZ2l0aHVidXNlcmNvbnRlbnQuY29tL2Nsb3VkcG9zc2UvdGVycmFmb3JtLWF3cy1zZXJ2aWNlLWNvbnRyb2wtcG9saWNpZXMvMC44LjAvY2F0YWxvZy9rbXMtcG9saWNpZXMueWFtbA==",
          "schema_version": 0,
          "attributes": {
            "body": "- sid: \"DenyDeletingKMSKeys\"\n  effect: \"Deny\"\n  actions:\n    - \"kms:ScheduleKeyDeletion\"\n    - \"kms:Delete*\"\n  resources:\n    - \"*\"\n",
            "id": "https://raw.githubusercontent.com/cloudposse/terraform-aws-service-control-policies/0.8.0/catalog/kms-policies.yaml",
            "request_headers": null,
            "response_headers": {
              "Accept-Ranges": "bytes",
              "Access-Control-Allow-Origin": "*",
              "Cache-Control": "max-age=300",
              "Content-Security-Policy": "default-src 'none'; style-src 'unsafe-inline'; sandbox",
              "Content-Type": "text/plain; charset=utf-8",
              "Date": "Fri, 15 Apr 2022 07:19:19 GMT",
              "Etag": "W/\"dd3a0cc26a83a681faa55e0922f5f2bcb55e658ebf10d2af119e8d3b671d5650\"",
              "Expires": "Fri, 15 Apr 2022 07:24:19 GMT",
              "Source-Age": "2",
              "Strict-Transport-Security": "max-age=31536000",
              "Vary": "Authorization,Accept-Encoding,Origin",
              "Via": "1.1 varnish",
              "X-Cache": "HIT",
              "X-Cache-Hits": "8",
              "X-Content-Type-Options": "nosniff",
              "X-Fastly-Request-Id": "cc800a158b5e12c7543633de12cdf092fc301dbf",
              "X-Frame-Options": "deny",
              "X-Github-Request-Id": "DAE2:5979:25BC31:3B90E8:6258E7A4",
              "X-Served-By": "cache-qpg1268-QPG",
              "X-Timer": "S1650007159.194759,VS0,VE0",
              "X-Xss-Protection": "1; mode=block"
            },
            "url": "https://raw.githubusercontent.com/cloudposse/terraform-aws-service-control-policies/0.8.0/catalog/kms-policies.yaml"
          },
          "sensitive_attributes": []
        },
        {
          "index_key": "aHR0cHM6Ly9yYXcuZ2l0aHVidXNlcmNvbnRlbnQuY29tL2Nsb3VkcG9zc2UvdGVycmFmb3JtLWF3cy1zZXJ2aWNlLWNvbnRyb2wtcG9saWNpZXMvMC44LjAvY2F0YWxvZy9vcmdhbml6YXRpb24tcG9saWNpZXMueWFtbA==",
          "schema_version": 0,
          "attributes": {
            "body": "- sid: \"DenyLeavingOrganization\"\n  effect: \"Deny\"\n  actions:\n    - \"organizations:LeaveOrganization\"\n  resources:\n    - \"*\"\n\n\n- sid: \"DenyRootAccountAccess\"\n  effect: \"Deny\"\n  actions:\n    - \"*\"\n  resources:\n    - \"*\"\n  condition:\n    - test: \"StringLike\"\n      variable: \"aws:PrincipalArn\"\n      values:\n        - \"arn:aws:iam::*:root\"\n",
            "id": "https://raw.githubusercontent.com/cloudposse/terraform-aws-service-control-policies/0.8.0/catalog/organization-policies.yaml",
            "request_headers": null,
            "response_headers": {
              "Accept-Ranges": "bytes",
              "Access-Control-Allow-Origin": "*",
              "Cache-Control": "max-age=300",
              "Content-Security-Policy": "default-src 'none'; style-src 'unsafe-inline'; sandbox",
              "Content-Type": "text/plain; charset=utf-8",
              "Date": "Fri, 15 Apr 2022 07:19:19 GMT",
              "Etag": "W/\"cc57f64d3d76972114218f6bf262ba37b55c52bf80bcf47fa8cc88ee460afe1e\"",
              "Expires": "Fri, 15 Apr 2022 07:24:19 GMT",
              "Source-Age": "2",
              "Strict-Transport-Security": "max-age=31536000",
              "Vary": "Authorization,Accept-Encoding,Origin",
              "Via": "1.1 varnish",
              "X-Cache": "HIT",
              "X-Cache-Hits": "8",
              "X-Content-Type-Options": "nosniff",
              "X-Fastly-Request-Id": "6479234942c5117a05b5c6b24326c65febd390e1",
              "X-Frame-Options": "deny",
              "X-Github-Request-Id": "2D60:06DE:8D077:13A1A2:625916A9",
              "X-Served-By": "cache-qpg1268-QPG",
              "X-Timer": "S1650007159.194211,VS0,VE0",
              "X-Xss-Protection": "1; mode=block"
            },
            "url": "https://raw.githubusercontent.com/cloudposse/terraform-aws-service-control-policies/0.8.0/catalog/organization-policies.yaml"
          },
          "sensitive_attributes": []
        },
        {
          "index_key": "aHR0cHM6Ly9yYXcuZ2l0aHVidXNlcmNvbnRlbnQuY29tL2Nsb3VkcG9zc2UvdGVycmFmb3JtLWF3cy1zZXJ2aWNlLWNvbnRyb2wtcG9saWNpZXMvMC44LjAvY2F0YWxvZy9yb3V0ZTUzLXBvbGljaWVzLnlhbWw=",
          "schema_version": 0,
          "attributes": {
            "body": "- sid: \"DenyDeletingRoute53Zones\"\n  effect: \"Deny\"\n  actions:\n    - \"route53:DeleteHostedZone\"\n  resources:\n    - \"*\"\n",
            "id": "https://raw.githubusercontent.com/cloudposse/terraform-aws-service-control-policies/0.8.0/catalog/route53-policies.yaml",
            "request_headers": null,
            "response_headers": {
              "Accept-Ranges": "bytes",
              "Access-Control-Allow-Origin": "*",
              "Cache-Control": "max-age=300",
              "Content-Security-Policy": "default-src 'none'; style-src 'unsafe-inline'; sandbox",
              "Content-Type": "text/plain; charset=utf-8",
              "Date": "Fri, 15 Apr 2022 07:19:19 GMT",
              "Etag": "W/\"1aea1997b30a81b83c3546ed3a2b681c22ae6c01631a7de91b59d0366e5690b9\"",
              "Expires": "Fri, 15 Apr 2022 07:24:19 GMT",
              "Source-Age": "2",
              "Strict-Transport-Security": "max-age=31536000",
              "Vary": "Authorization,Accept-Encoding,Origin",
              "Via": "1.1 varnish",
              "X-Cache": "HIT",
              "X-Cache-Hits": "8",
              "X-Content-Type-Options": "nosniff",
              "X-Fastly-Request-Id": "d288d70d869a4576fd116f735d43b330758d5d3d",
              "X-Frame-Options": "deny",
              "X-Github-Request-Id": "7852:5C77:57C81B:71CE93:6258E7A4",
              "X-Served-By": "cache-qpg1268-QPG",
              "X-Timer": "S1650007159.194075,VS0,VE0",
              "X-Xss-Protection": "1; mode=block"
            },
            "url": "https://raw.githubusercontent.com/cloudposse/terraform-aws-service-control-policies/0.8.0/catalog/route53-policies.yaml"
          },
          "sensitive_attributes": []
        },
        {
          "index_key": "aHR0cHM6Ly9yYXcuZ2l0aHVidXNlcmNvbnRlbnQuY29tL2Nsb3VkcG9zc2UvdGVycmFmb3JtLWF3cy1zZXJ2aWNlLWNvbnRyb2wtcG9saWNpZXMvMC44LjAvY2F0YWxvZy9zMy1wb2xpY2llcy55YW1s",
          "schema_version": 0,
          "attributes": {
            "body": "- sid: \"ProtectS3Buckets\"\n  effect: \"Deny\"\n  actions:\n    - \"s3:DeleteBucket\"\n    - \"s3:DeleteObject\"\n    - \"s3:DeleteObjectVersion\"\n  resources:\n    - \"*\"\n\n\n- sid: \"DenyS3BucketsPublicAccess\"\n  effect: \"Deny\"\n  actions:\n    - \"s3:PutBucketPublicAccessBlock\"\n    - \"s3:DeletePublicAccessBlock\"\n  resources:\n    - \"*\"\n\n\n- sid: \"DenyS3IncorrectEncryptionHeader\"\n  effect: \"Deny\"\n  actions:\n    - \"s3:PutObject\"\n  resources:\n    - \"*\"\n  condition:\n    - test: \"StringNotEquals\"\n      variable: \"s3:x-amz-server-side-encryption\"\n      values:\n        - \"AES256\"\n        - \"aws:kms\"\n\n\n- sid: \"DenyS3UnEncryptedObjectUploads\"\n  effect: \"Deny\"\n  actions:\n    - \"s3:PutObject\"\n  resources:\n    - \"*\"\n  condition:\n    - test: \"Null\"\n      variable: \"s3:x-amz-server-side-encryption\"\n      values:\n        - true\n",
            "id": "https://raw.githubusercontent.com/cloudposse/terraform-aws-service-control-policies/0.8.0/catalog/s3-policies.yaml",
            "request_headers": null,
            "response_headers": {
              "Accept-Ranges": "bytes",
              "Access-Control-Allow-Origin": "*",
              "Cache-Control": "max-age=300",
              "Content-Security-Policy": "default-src 'none'; style-src 'unsafe-inline'; sandbox",
              "Content-Type": "text/plain; charset=utf-8",
              "Date": "Fri, 15 Apr 2022 07:19:19 GMT",
              "Etag": "W/\"5ff003b0da193083d1dd9e0858bea3b3027d5ac9aa4aeb1f0d9400384dd5d75c\"",
              "Expires": "Fri, 15 Apr 2022 07:24:19 GMT",
              "Source-Age": "2",
              "Strict-Transport-Security": "max-age=31536000",
              "Vary": "Authorization,Accept-Encoding,Origin",
              "Via": "1.1 varnish",
              "X-Cache": "HIT",
              "X-Cache-Hits": "8",
              "X-Content-Type-Options": "nosniff",
              "X-Fastly-Request-Id": "250a9a9a410daaa0c34f8aa74298cc5b09b995a9",
              "X-Frame-Options": "deny",
              "X-Github-Request-Id": "5BFA:717F:5ABF50:74E3EF:6258E7A4",
              "X-Served-By": "cache-qpg1268-QPG",
              "X-Timer": "S1650007159.194119,VS0,VE0",
              "X-Xss-Protection": "1; mode=block"
            },
            "url": "https://raw.githubusercontent.com/cloudposse/terraform-aws-service-control-policies/0.8.0/catalog/s3-policies.yaml"
          },
          "sensitive_attributes": []
        }
      ]
    },
    {
      "module": "module.service_control_policy_statements_yaml_config.module.yaml_config_8",
      "mode": "data",
      "type": "template_file",
      "name": "remote_config",
      "provider": "provider[\"registry.terraform.io/hashicorp/template\"]",
      "instances": [
        {
          "index_key": "aHR0cHM6Ly9yYXcuZ2l0aHVidXNlcmNvbnRlbnQuY29tL2Nsb3VkcG9zc2UvdGVycmFmb3JtLWF3cy1zZXJ2aWNlLWNvbnRyb2wtcG9saWNpZXMvMC44LjAvY2F0YWxvZy9jbG91ZHdhdGNoLWxvZ3MtcG9saWNpZXMueWFtbA==",
          "schema_version": 0,
          "attributes": {
            "filename": null,
            "id": "c6b45b229511ea63a6b6a192742558744c62a3918fdfffe6a231b04ef960164c",
            "rendered": "- sid: \"DenyDeletingCloudWatchLogs\"\n  effect: \"Deny\"\n  actions:\n    - \"ec2:DeleteFlowLogs\"\n    - \"logs:DeleteLogGroup\"\n    - \"logs:DeleteLogStream\"\n  resources:\n    - \"*\"\n",
            "template": "- sid: \"DenyDeletingCloudWatchLogs\"\n  effect: \"Deny\"\n  actions:\n    - \"ec2:DeleteFlowLogs\"\n    - \"logs:DeleteLogGroup\"\n    - \"logs:DeleteLogStream\"\n  resources:\n    - \"*\"\n",
            "vars": null
          },
          "sensitive_attributes": []
        },
        {
          "index_key": "aHR0cHM6Ly9yYXcuZ2l0aHVidXNlcmNvbnRlbnQuY29tL2Nsb3VkcG9zc2UvdGVycmFmb3JtLWF3cy1zZXJ2aWNlLWNvbnRyb2wtcG9saWNpZXMvMC44LjAvY2F0YWxvZy9kZW55LWFsbC1wb2xpY2llcy55YW1s",
          "schema_version": 0,
          "attributes": {
            "filename": null,
            "id": "1350d7b7a6720d7ab7c168fc741164e086075ccc3d79a044ad71310dec4f05c7",
            "rendered": "- sid: \"DenyAllAccess\"\n  effect: \"Deny\"\n  actions:\n    - \"*\"\n  resources:\n    - \"*\"\n",
            "template": "- sid: \"DenyAllAccess\"\n  effect: \"Deny\"\n  actions:\n    - \"*\"\n  resources:\n    - \"*\"\n",
            "vars": null
          },
          "sensitive_attributes": []
        },
        {
          "index_key": "aHR0cHM6Ly9yYXcuZ2l0aHVidXNlcmNvbnRlbnQuY29tL2Nsb3VkcG9zc2UvdGVycmFmb3JtLWF3cy1zZXJ2aWNlLWNvbnRyb2wtcG9saWNpZXMvMC44LjAvY2F0YWxvZy9lYzItcG9saWNpZXMueWFtbA==",
          "schema_version": 0,
          "attributes": {
            "filename": null,
            "id": "72cfb436b6eef8cd01bebcf2ebf947d975dcb48b24be9d5e7035dbb6497b8990",
            "rendered": "#\n# This policy denies instance types that aren't based on the Nitro system as documented in the following document:\n# https://docs.aws.amazon.com/AWSEC2/latest/UserGuide/instance-types.html#ec2-nitro-instances\n#\n- sid: \"DenyNonNitroInstances\"\n  effect: \"Deny\"\n  actions:\n    - \"ec2:RunInstances\"\n  condition:\n    - test: \"StringNotLike\"\n      variable: \"ec2:InstanceType\"\n      values:\n        - a1\n        - a1.metal\n        - c5\n        - c5.metal\n        - c5a\n        - c5ad\n        - c5d\n        - c5d.metal\n        - c5n\n        - c5n.metal\n        - c6g\n        - c6g.metal\n        - c6gd\n        - c6gd.metal\n        - c6gn\n        - d3\n        - d3en\n        - g4\n        - i3.metal\n        - i3en\n        - i3en.metal\n        - inf1\n        - m5\n        - m5.metal\n        - m5a\n        - m5ad\n        - m5d\n        - m5d.metal\n        - m5dn\n        - m5dn.metal\n        - m5n\n        - m5n.metal\n        - m5zn\n        - m5zn.metal\n        - m6g\n        - m6g.metal\n        - m6gd\n        - m6gd.metal\n        - mac1.metal\n        - p3dn.24xlarge\n        - p4\n        - r5\n        - r5.metal\n        - r5a\n        - r5ad\n        - r5b\n        - r5b.metal\n        - r5d\n        - r5d.metal\n        - r5dn\n        - r5dn.metal\n        - r5n\n        - r5n.metal\n        - r6g\n        - r6g.metal\n        - r6gd\n        - r6gd.metal\n        - t3\n        - t3a\n        - t4g\n        - u-12tb1.metal\n        - u-18tb1.metal\n        - u-24tb1.metal\n        - u-6tb1.metal\n        - u-9tb1.metal\n        - z1d\n        - z1d.metal\n  resources:\n    - \"arn:aws:ec2:*:*:instance/*\"\n\n# This policy denies instance types that aren't based on the Nitro system and don't support Encryption-in-Transit as\n# described in the following document:\n# https://docs.aws.amazon.com/AWSEC2/latest/UserGuide/data-protection.html#encryption-transit\n- sid: \"DenyInstancesWithoutEncryptionInTransit\"\n  effect: \"Deny\"\n  actions:\n    - \"ec2:RunInstances\"\n  condition:\n    - test: \"StringNotLike\"\n      variable: \"ec2:InstanceType\"\n      values:\n        - c5a\n        - c5ad\n        - c5n\n        - c6gn\n        - d3\n        - d3en\n        - g4ad\n        - g4dn\n        - i3en\n        - m5dn\n        - m5n\n        - m5zn\n        - p3dn\n        - p4d\n        - r5dn\n        - r5n\n  resources:\n    - \"arn:aws:ec2:*:*:instance/*\"\n",
            "template": "#\n# This policy denies instance types that aren't based on the Nitro system as documented in the following document:\n# https://docs.aws.amazon.com/AWSEC2/latest/UserGuide/instance-types.html#ec2-nitro-instances\n#\n- sid: \"DenyNonNitroInstances\"\n  effect: \"Deny\"\n  actions:\n    - \"ec2:RunInstances\"\n  condition:\n    - test: \"StringNotLike\"\n      variable: \"ec2:InstanceType\"\n      values:\n        - a1\n        - a1.metal\n        - c5\n        - c5.metal\n        - c5a\n        - c5ad\n        - c5d\n        - c5d.metal\n        - c5n\n        - c5n.metal\n        - c6g\n        - c6g.metal\n        - c6gd\n        - c6gd.metal\n        - c6gn\n        - d3\n        - d3en\n        - g4\n        - i3.metal\n        - i3en\n        - i3en.metal\n        - inf1\n        - m5\n        - m5.metal\n        - m5a\n        - m5ad\n        - m5d\n        - m5d.metal\n        - m5dn\n        - m5dn.metal\n        - m5n\n        - m5n.metal\n        - m5zn\n        - m5zn.metal\n        - m6g\n        - m6g.metal\n        - m6gd\n        - m6gd.metal\n        - mac1.metal\n        - p3dn.24xlarge\n        - p4\n        - r5\n        - r5.metal\n        - r5a\n        - r5ad\n        - r5b\n        - r5b.metal\n        - r5d\n        - r5d.metal\n        - r5dn\n        - r5dn.metal\n        - r5n\n        - r5n.metal\n        - r6g\n        - r6g.metal\n        - r6gd\n        - r6gd.metal\n        - t3\n        - t3a\n        - t4g\n        - u-12tb1.metal\n        - u-18tb1.metal\n        - u-24tb1.metal\n        - u-6tb1.metal\n        - u-9tb1.metal\n        - z1d\n        - z1d.metal\n  resources:\n    - \"arn:aws:ec2:*:*:instance/*\"\n\n# This policy denies instance types that aren't based on the Nitro system and don't support Encryption-in-Transit as\n# described in the following document:\n# https://docs.aws.amazon.com/AWSEC2/latest/UserGuide/data-protection.html#encryption-transit\n- sid: \"DenyInstancesWithoutEncryptionInTransit\"\n  effect: \"Deny\"\n  actions:\n    - \"ec2:RunInstances\"\n  condition:\n    - test: \"StringNotLike\"\n      variable: \"ec2:InstanceType\"\n      values:\n        - c5a\n        - c5ad\n        - c5n\n        - c6gn\n        - d3\n        - d3en\n        - g4ad\n        - g4dn\n        - i3en\n        - m5dn\n        - m5n\n        - m5zn\n        - p3dn\n        - p4d\n        - r5dn\n        - r5n\n  resources:\n    - \"arn:aws:ec2:*:*:instance/*\"\n",
            "vars": null
          },
          "sensitive_attributes": []
        },
        {
          "index_key": "aHR0cHM6Ly9yYXcuZ2l0aHVidXNlcmNvbnRlbnQuY29tL2Nsb3VkcG9zc2UvdGVycmFmb3JtLWF3cy1zZXJ2aWNlLWNvbnRyb2wtcG9saWNpZXMvMC44LjAvY2F0YWxvZy9pYW0tcG9saWNpZXMueWFtbA==",
          "schema_version": 0,
          "attributes": {
            "filename": null,
            "id": "ccddf16fe15879a75a3b2ed05d47efaf67b1aed5c0982d70e47ff6fbd87ab66c",
            "rendered": "- sid: \"DenyCreatingIAMUsers\"\n  effect: \"Deny\"\n  actions:\n    - \"iam:CreateUser\"\n    - \"iam:CreateAccessKey\"\n  resources:\n    - \"*\"\n\n\n- sid: \"ProtectIAMRoles\"\n  effect: \"Deny\"\n  actions:\n    - \"iam:AttachRolePolicy\"\n    - \"iam:DeleteRole\"\n    - \"iam:DeleteRolePermissionsBoundary\"\n    - \"iam:DeleteRolePolicy\"\n    - \"iam:DetachRolePolicy\"\n    - \"iam:PutRolePermissionsBoundary\"\n    - \"iam:PutRolePolicy\"\n    - \"iam:UpdateAssumeRolePolicy\"\n    - \"iam:UpdateRole\"\n    - \"iam:UpdateRoleDescription\"\n  resources:\n    - \"*\"\n",
            "template": "- sid: \"DenyCreatingIAMUsers\"\n  effect: \"Deny\"\n  actions:\n    - \"iam:CreateUser\"\n    - \"iam:CreateAccessKey\"\n  resources:\n    - \"*\"\n\n\n- sid: \"ProtectIAMRoles\"\n  effect: \"Deny\"\n  actions:\n    - \"iam:AttachRolePolicy\"\n    - \"iam:DeleteRole\"\n    - \"iam:DeleteRolePermissionsBoundary\"\n    - \"iam:DeleteRolePolicy\"\n    - \"iam:DetachRolePolicy\"\n    - \"iam:PutRolePermissionsBoundary\"\n    - \"iam:PutRolePolicy\"\n    - \"iam:UpdateAssumeRolePolicy\"\n    - \"iam:UpdateRole\"\n    - \"iam:UpdateRoleDescription\"\n  resources:\n    - \"*\"\n",
            "vars": null
          },
          "sensitive_attributes": []
        },
        {
          "index_key": "aHR0cHM6Ly9yYXcuZ2l0aHVidXNlcmNvbnRlbnQuY29tL2Nsb3VkcG9zc2UvdGVycmFmb3JtLWF3cy1zZXJ2aWNlLWNvbnRyb2wtcG9saWNpZXMvMC44LjAvY2F0YWxvZy9rbXMtcG9saWNpZXMueWFtbA==",
          "schema_version": 0,
          "attributes": {
            "filename": null,
            "id": "2a4eb2a7233173d900e98e4e9b671a55557729157ec760f4ed663a964aa49374",
            "rendered": "- sid: \"DenyDeletingKMSKeys\"\n  effect: \"Deny\"\n  actions:\n    - \"kms:ScheduleKeyDeletion\"\n    - \"kms:Delete*\"\n  resources:\n    - \"*\"\n",
            "template": "- sid: \"DenyDeletingKMSKeys\"\n  effect: \"Deny\"\n  actions:\n    - \"kms:ScheduleKeyDeletion\"\n    - \"kms:Delete*\"\n  resources:\n    - \"*\"\n",
            "vars": null
          },
          "sensitive_attributes": []
        },
        {
          "index_key": "aHR0cHM6Ly9yYXcuZ2l0aHVidXNlcmNvbnRlbnQuY29tL2Nsb3VkcG9zc2UvdGVycmFmb3JtLWF3cy1zZXJ2aWNlLWNvbnRyb2wtcG9saWNpZXMvMC44LjAvY2F0YWxvZy9vcmdhbml6YXRpb24tcG9saWNpZXMueWFtbA==",
          "schema_version": 0,
          "attributes": {
            "filename": null,
            "id": "8abb3b393abcd2f95646cedcb7eb14aabf882885a447cce141b8b971645f0817",
            "rendered": "- sid: \"DenyLeavingOrganization\"\n  effect: \"Deny\"\n  actions:\n    - \"organizations:LeaveOrganization\"\n  resources:\n    - \"*\"\n\n\n- sid: \"DenyRootAccountAccess\"\n  effect: \"Deny\"\n  actions:\n    - \"*\"\n  resources:\n    - \"*\"\n  condition:\n    - test: \"StringLike\"\n      variable: \"aws:PrincipalArn\"\n      values:\n        - \"arn:aws:iam::*:root\"\n",
            "template": "- sid: \"DenyLeavingOrganization\"\n  effect: \"Deny\"\n  actions:\n    - \"organizations:LeaveOrganization\"\n  resources:\n    - \"*\"\n\n\n- sid: \"DenyRootAccountAccess\"\n  effect: \"Deny\"\n  actions:\n    - \"*\"\n  resources:\n    - \"*\"\n  condition:\n    - test: \"StringLike\"\n      variable: \"aws:PrincipalArn\"\n      values:\n        - \"arn:aws:iam::*:root\"\n",
            "vars": null
          },
          "sensitive_attributes": []
        },
        {
          "index_key": "aHR0cHM6Ly9yYXcuZ2l0aHVidXNlcmNvbnRlbnQuY29tL2Nsb3VkcG9zc2UvdGVycmFmb3JtLWF3cy1zZXJ2aWNlLWNvbnRyb2wtcG9saWNpZXMvMC44LjAvY2F0YWxvZy9yb3V0ZTUzLXBvbGljaWVzLnlhbWw=",
          "schema_version": 0,
          "attributes": {
            "filename": null,
            "id": "dfb6b672dc340674add7dca43ca12b2b5f9485631a405e7745473115fbff0264",
            "rendered": "- sid: \"DenyDeletingRoute53Zones\"\n  effect: \"Deny\"\n  actions:\n    - \"route53:DeleteHostedZone\"\n  resources:\n    - \"*\"\n",
            "template": "- sid: \"DenyDeletingRoute53Zones\"\n  effect: \"Deny\"\n  actions:\n    - \"route53:DeleteHostedZone\"\n  resources:\n    - \"*\"\n",
            "vars": null
          },
          "sensitive_attributes": []
        },
        {
          "index_key": "aHR0cHM6Ly9yYXcuZ2l0aHVidXNlcmNvbnRlbnQuY29tL2Nsb3VkcG9zc2UvdGVycmFmb3JtLWF3cy1zZXJ2aWNlLWNvbnRyb2wtcG9saWNpZXMvMC44LjAvY2F0YWxvZy9zMy1wb2xpY2llcy55YW1s",
          "schema_version": 0,
          "attributes": {
            "filename": null,
            "id": "a2231a9784f419d83b205819800ca33941a62794b0177fdc7594d94cd201f537",
            "rendered": "- sid: \"ProtectS3Buckets\"\n  effect: \"Deny\"\n  actions:\n    - \"s3:DeleteBucket\"\n    - \"s3:DeleteObject\"\n    - \"s3:DeleteObjectVersion\"\n  resources:\n    - \"*\"\n\n\n- sid: \"DenyS3BucketsPublicAccess\"\n  effect: \"Deny\"\n  actions:\n    - \"s3:PutBucketPublicAccessBlock\"\n    - \"s3:DeletePublicAccessBlock\"\n  resources:\n    - \"*\"\n\n\n- sid: \"DenyS3IncorrectEncryptionHeader\"\n  effect: \"Deny\"\n  actions:\n    - \"s3:PutObject\"\n  resources:\n    - \"*\"\n  condition:\n    - test: \"StringNotEquals\"\n      variable: \"s3:x-amz-server-side-encryption\"\n      values:\n        - \"AES256\"\n        - \"aws:kms\"\n\n\n- sid: \"DenyS3UnEncryptedObjectUploads\"\n  effect: \"Deny\"\n  actions:\n    - \"s3:PutObject\"\n  resources:\n    - \"*\"\n  condition:\n    - test: \"Null\"\n      variable: \"s3:x-amz-server-side-encryption\"\n      values:\n        - true\n",
            "template": "- sid: \"ProtectS3Buckets\"\n  effect: \"Deny\"\n  actions:\n    - \"s3:DeleteBucket\"\n    - \"s3:DeleteObject\"\n    - \"s3:DeleteObjectVersion\"\n  resources:\n    - \"*\"\n\n\n- sid: \"DenyS3BucketsPublicAccess\"\n  effect: \"Deny\"\n  actions:\n    - \"s3:PutBucketPublicAccessBlock\"\n    - \"s3:DeletePublicAccessBlock\"\n  resources:\n    - \"*\"\n\n\n- sid: \"DenyS3IncorrectEncryptionHeader\"\n  effect: \"Deny\"\n  actions:\n    - \"s3:PutObject\"\n  resources:\n    - \"*\"\n  condition:\n    - test: \"StringNotEquals\"\n      variable: \"s3:x-amz-server-side-encryption\"\n      values:\n        - \"AES256\"\n        - \"aws:kms\"\n\n\n- sid: \"DenyS3UnEncryptedObjectUploads\"\n  effect: \"Deny\"\n  actions:\n    - \"s3:PutObject\"\n  resources:\n    - \"*\"\n  condition:\n    - test: \"Null\"\n      variable: \"s3:x-amz-server-side-encryption\"\n      values:\n        - true\n",
            "vars": null
          },
          "sensitive_attributes": []
        }
      ]
    },
    {
      "module": "module.service_control_policy_statements_yaml_config.module.yaml_config_9",
      "mode": "data",
      "type": "http",
      "name": "remote_config",
      "provider": "provider[\"registry.terraform.io/hashicorp/http\"]",
      "instances": [
        {
          "index_key": "aHR0cHM6Ly9yYXcuZ2l0aHVidXNlcmNvbnRlbnQuY29tL2Nsb3VkcG9zc2UvdGVycmFmb3JtLWF3cy1zZXJ2aWNlLWNvbnRyb2wtcG9saWNpZXMvMC44LjAvY2F0YWxvZy9jbG91ZHdhdGNoLWxvZ3MtcG9saWNpZXMueWFtbA==",
          "schema_version": 0,
          "attributes": {
            "body": "- sid: \"DenyDeletingCloudWatchLogs\"\n  effect: \"Deny\"\n  actions:\n    - \"ec2:DeleteFlowLogs\"\n    - \"logs:DeleteLogGroup\"\n    - \"logs:DeleteLogStream\"\n  resources:\n    - \"*\"\n",
            "id": "https://raw.githubusercontent.com/cloudposse/terraform-aws-service-control-policies/0.8.0/catalog/cloudwatch-logs-policies.yaml",
            "request_headers": null,
            "response_headers": {
              "Accept-Ranges": "bytes",
              "Access-Control-Allow-Origin": "*",
              "Cache-Control": "max-age=300",
              "Content-Security-Policy": "default-src 'none'; style-src 'unsafe-inline'; sandbox",
              "Content-Type": "text/plain; charset=utf-8",
              "Date": "Fri, 15 Apr 2022 07:19:19 GMT",
              "Etag": "W/\"60fd880267c76b3c31b53bb9f807cb7c1ed4900e3779687a98211b2f02d6dbc2\"",
              "Expires": "Fri, 15 Apr 2022 07:24:19 GMT",
              "Source-Age": "2",
              "Strict-Transport-Security": "max-age=31536000",
              "Vary": "Authorization,Accept-Encoding,Origin",
              "Via": "1.1 varnish",
              "X-Cache": "HIT",
              "X-Cache-Hits": "9",
              "X-Content-Type-Options": "nosniff",
              "X-Fastly-Request-Id": "080f30bef021b1852e7ac224ed00b85bdbfc7d9a",
              "X-Frame-Options": "deny",
              "X-Github-Request-Id": "8B70:6E08:57C084:716AC7:6258E7A4",
              "X-Served-By": "cache-qpg1268-QPG",
              "X-Timer": "S1650007159.268285,VS0,VE0",
              "X-Xss-Protection": "1; mode=block"
            },
            "url": "https://raw.githubusercontent.com/cloudposse/terraform-aws-service-control-policies/0.8.0/catalog/cloudwatch-logs-policies.yaml"
          },
          "sensitive_attributes": []
        },
        {
          "index_key": "aHR0cHM6Ly9yYXcuZ2l0aHVidXNlcmNvbnRlbnQuY29tL2Nsb3VkcG9zc2UvdGVycmFmb3JtLWF3cy1zZXJ2aWNlLWNvbnRyb2wtcG9saWNpZXMvMC44LjAvY2F0YWxvZy9kZW55LWFsbC1wb2xpY2llcy55YW1s",
          "schema_version": 0,
          "attributes": {
            "body": "- sid: \"DenyAllAccess\"\n  effect: \"Deny\"\n  actions:\n    - \"*\"\n  resources:\n    - \"*\"\n",
            "id": "https://raw.githubusercontent.com/cloudposse/terraform-aws-service-control-policies/0.8.0/catalog/deny-all-policies.yaml",
            "request_headers": null,
            "response_headers": {
              "Accept-Ranges": "bytes",
              "Access-Control-Allow-Origin": "*",
              "Cache-Control": "max-age=300",
              "Content-Security-Policy": "default-src 'none'; style-src 'unsafe-inline'; sandbox",
              "Content-Type": "text/plain; charset=utf-8",
              "Date": "Fri, 15 Apr 2022 07:19:19 GMT",
              "Etag": "W/\"83ba8a9d1378f1c8c3867e50dd9ef988d497a8e677533d831f5e82bdece2f9a2\"",
              "Expires": "Fri, 15 Apr 2022 07:24:19 GMT",
              "Source-Age": "2",
              "Strict-Transport-Security": "max-age=31536000",
              "Vary": "Authorization,Accept-Encoding,Origin",
              "Via": "1.1 varnish",
              "X-Cache": "HIT",
              "X-Cache-Hits": "9",
              "X-Content-Type-Options": "nosniff",
              "X-Fastly-Request-Id": "ddcb34de616b605b7e28c8598aa409041ccdaf86",
              "X-Frame-Options": "deny",
              "X-Github-Request-Id": "A85A:2907:5A7A96:7432AF:6258E7A4",
              "X-Served-By": "cache-qpg1268-QPG",
              "X-Timer": "S1650007159.349525,VS0,VE0",
              "X-Xss-Protection": "1; mode=block"
            },
            "url": "https://raw.githubusercontent.com/cloudposse/terraform-aws-service-control-policies/0.8.0/catalog/deny-all-policies.yaml"
          },
          "sensitive_attributes": []
        },
        {
          "index_key": "aHR0cHM6Ly9yYXcuZ2l0aHVidXNlcmNvbnRlbnQuY29tL2Nsb3VkcG9zc2UvdGVycmFmb3JtLWF3cy1zZXJ2aWNlLWNvbnRyb2wtcG9saWNpZXMvMC44LjAvY2F0YWxvZy9lYzItcG9saWNpZXMueWFtbA==",
          "schema_version": 0,
          "attributes": {
            "body": "#\n# This policy denies instance types that aren't based on the Nitro system as documented in the following document:\n# https://docs.aws.amazon.com/AWSEC2/latest/UserGuide/instance-types.html#ec2-nitro-instances\n#\n- sid: \"DenyNonNitroInstances\"\n  effect: \"Deny\"\n  actions:\n    - \"ec2:RunInstances\"\n  condition:\n    - test: \"StringNotLike\"\n      variable: \"ec2:InstanceType\"\n      values:\n        - a1\n        - a1.metal\n        - c5\n        - c5.metal\n        - c5a\n        - c5ad\n        - c5d\n        - c5d.metal\n        - c5n\n        - c5n.metal\n        - c6g\n        - c6g.metal\n        - c6gd\n        - c6gd.metal\n        - c6gn\n        - d3\n        - d3en\n        - g4\n        - i3.metal\n        - i3en\n        - i3en.metal\n        - inf1\n        - m5\n        - m5.metal\n        - m5a\n        - m5ad\n        - m5d\n        - m5d.metal\n        - m5dn\n        - m5dn.metal\n        - m5n\n        - m5n.metal\n        - m5zn\n        - m5zn.metal\n        - m6g\n        - m6g.metal\n        - m6gd\n        - m6gd.metal\n        - mac1.metal\n        - p3dn.24xlarge\n        - p4\n        - r5\n        - r5.metal\n        - r5a\n        - r5ad\n        - r5b\n        - r5b.metal\n        - r5d\n        - r5d.metal\n        - r5dn\n        - r5dn.metal\n        - r5n\n        - r5n.metal\n        - r6g\n        - r6g.metal\n        - r6gd\n        - r6gd.metal\n        - t3\n        - t3a\n        - t4g\n        - u-12tb1.metal\n        - u-18tb1.metal\n        - u-24tb1.metal\n        - u-6tb1.metal\n        - u-9tb1.metal\n        - z1d\n        - z1d.metal\n  resources:\n    - \"arn:aws:ec2:*:*:instance/*\"\n\n# This policy denies instance types that aren't based on the Nitro system and don't support Encryption-in-Transit as\n# described in the following document:\n# https://docs.aws.amazon.com/AWSEC2/latest/UserGuide/data-protection.html#encryption-transit\n- sid: \"DenyInstancesWithoutEncryptionInTransit\"\n  effect: \"Deny\"\n  actions:\n    - \"ec2:RunInstances\"\n  condition:\n    - test: \"StringNotLike\"\n      variable: \"ec2:InstanceType\"\n      values:\n        - c5a\n        - c5ad\n        - c5n\n        - c6gn\n        - d3\n        - d3en\n        - g4ad\n        - g4dn\n        - i3en\n        - m5dn\n        - m5n\n        - m5zn\n        - p3dn\n        - p4d\n        - r5dn\n        - r5n\n  resources:\n    - \"arn:aws:ec2:*:*:instance/*\"\n",
            "id": "https://raw.githubusercontent.com/cloudposse/terraform-aws-service-control-policies/0.8.0/catalog/ec2-policies.yaml",
            "request_headers": null,
            "response_headers": {
              "Accept-Ranges": "bytes",
              "Access-Control-Allow-Origin": "*",
              "Cache-Control": "max-age=300",
              "Content-Security-Policy": "default-src 'none'; style-src 'unsafe-inline'; sandbox",
              "Content-Type": "text/plain; charset=utf-8",
              "Date": "Fri, 15 Apr 2022 07:19:19 GMT",
              "Etag": "W/\"3ce78336fdfac8650c014c298b887c2b773b87e08edb2d2202fc2a3b155f83fa\"",
              "Expires": "Fri, 15 Apr 2022 07:24:19 GMT",
              "Source-Age": "2",
              "Strict-Transport-Security": "max-age=31536000",
              "Vary": "Authorization,Accept-Encoding,Origin",
              "Via": "1.1 varnish",
              "X-Cache": "HIT",
              "X-Cache-Hits": "9",
              "X-Content-Type-Options": "nosniff",
              "X-Fastly-Request-Id": "354cb72c84b5554c386158cb8eb2db7a10171815",
              "X-Frame-Options": "deny",
              "X-Github-Request-Id": "1EFE:7B33:558B69:6F3A3B:6258E7A4",
              "X-Served-By": "cache-qpg1268-QPG",
              "X-Timer": "S1650007159.349888,VS0,VE0",
              "X-Xss-Protection": "1; mode=block"
            },
            "url": "https://raw.githubusercontent.com/cloudposse/terraform-aws-service-control-policies/0.8.0/catalog/ec2-policies.yaml"
          },
          "sensitive_attributes": []
        },
        {
          "index_key": "aHR0cHM6Ly9yYXcuZ2l0aHVidXNlcmNvbnRlbnQuY29tL2Nsb3VkcG9zc2UvdGVycmFmb3JtLWF3cy1zZXJ2aWNlLWNvbnRyb2wtcG9saWNpZXMvMC44LjAvY2F0YWxvZy9pYW0tcG9saWNpZXMueWFtbA==",
          "schema_version": 0,
          "attributes": {
            "body": "- sid: \"DenyCreatingIAMUsers\"\n  effect: \"Deny\"\n  actions:\n    - \"iam:CreateUser\"\n    - \"iam:CreateAccessKey\"\n  resources:\n    - \"*\"\n\n\n- sid: \"ProtectIAMRoles\"\n  effect: \"Deny\"\n  actions:\n    - \"iam:AttachRolePolicy\"\n    - \"iam:DeleteRole\"\n    - \"iam:DeleteRolePermissionsBoundary\"\n    - \"iam:DeleteRolePolicy\"\n    - \"iam:DetachRolePolicy\"\n    - \"iam:PutRolePermissionsBoundary\"\n    - \"iam:PutRolePolicy\"\n    - \"iam:UpdateAssumeRolePolicy\"\n    - \"iam:UpdateRole\"\n    - \"iam:UpdateRoleDescription\"\n  resources:\n    - \"*\"\n",
            "id": "https://raw.githubusercontent.com/cloudposse/terraform-aws-service-control-policies/0.8.0/catalog/iam-policies.yaml",
            "request_headers": null,
            "response_headers": {
              "Accept-Ranges": "bytes",
              "Access-Control-Allow-Origin": "*",
              "Cache-Control": "max-age=300",
              "Content-Security-Policy": "default-src 'none'; style-src 'unsafe-inline'; sandbox",
              "Content-Type": "text/plain; charset=utf-8",
              "Date": "Fri, 15 Apr 2022 07:19:19 GMT",
              "Etag": "W/\"b50805ec82bcbd7c8370fd25506b9ed1d6f0c5e5a954986f9e7a0257e4c1783b\"",
              "Expires": "Fri, 15 Apr 2022 07:24:19 GMT",
              "Source-Age": "2",
              "Strict-Transport-Security": "max-age=31536000",
              "Vary": "Authorization,Accept-Encoding,Origin",
              "Via": "1.1 varnish",
              "X-Cache": "HIT",
              "X-Cache-Hits": "9",
              "X-Content-Type-Options": "nosniff",
              "X-Fastly-Request-Id": "db0df4f9f62f8008bbe19584fde51c603a8a08b5",
              "X-Frame-Options": "deny",
              "X-Github-Request-Id": "1844:1623:23249D:38BBC0:6258E7A4",
              "X-Served-By": "cache-qpg1268-QPG",
              "X-Timer": "S1650007159.349431,VS0,VE0",
              "X-Xss-Protection": "1; mode=block"
            },
            "url": "https://raw.githubusercontent.com/cloudposse/terraform-aws-service-control-policies/0.8.0/catalog/iam-policies.yaml"
          },
          "sensitive_attributes": []
        },
        {
          "index_key": "aHR0cHM6Ly9yYXcuZ2l0aHVidXNlcmNvbnRlbnQuY29tL2Nsb3VkcG9zc2UvdGVycmFmb3JtLWF3cy1zZXJ2aWNlLWNvbnRyb2wtcG9saWNpZXMvMC44LjAvY2F0YWxvZy9rbXMtcG9saWNpZXMueWFtbA==",
          "schema_version": 0,
          "attributes": {
            "body": "- sid: \"DenyDeletingKMSKeys\"\n  effect: \"Deny\"\n  actions:\n    - \"kms:ScheduleKeyDeletion\"\n    - \"kms:Delete*\"\n  resources:\n    - \"*\"\n",
            "id": "https://raw.githubusercontent.com/cloudposse/terraform-aws-service-control-policies/0.8.0/catalog/kms-policies.yaml",
            "request_headers": null,
            "response_headers": {
              "Accept-Ranges": "bytes",
              "Access-Control-Allow-Origin": "*",
              "Cache-Control": "max-age=300",
              "Content-Security-Policy": "default-src 'none'; style-src 'unsafe-inline'; sandbox",
              "Content-Type": "text/plain; charset=utf-8",
              "Date": "Fri, 15 Apr 2022 07:19:19 GMT",
              "Etag": "W/\"dd3a0cc26a83a681faa55e0922f5f2bcb55e658ebf10d2af119e8d3b671d5650\"",
              "Expires": "Fri, 15 Apr 2022 07:24:19 GMT",
              "Source-Age": "2",
              "Strict-Transport-Security": "max-age=31536000",
              "Vary": "Authorization,Accept-Encoding,Origin",
              "Via": "1.1 varnish",
              "X-Cache": "HIT",
              "X-Cache-Hits": "9",
              "X-Content-Type-Options": "nosniff",
              "X-Fastly-Request-Id": "37a93b7cc202ca079dd7e6ef1840166496c07393",
              "X-Frame-Options": "deny",
              "X-Github-Request-Id": "DAE2:5979:25BC31:3B90E8:6258E7A4",
              "X-Served-By": "cache-qpg1268-QPG",
              "X-Timer": "S1650007159.349799,VS0,VE0",
              "X-Xss-Protection": "1; mode=block"
            },
            "url": "https://raw.githubusercontent.com/cloudposse/terraform-aws-service-control-policies/0.8.0/catalog/kms-policies.yaml"
          },
          "sensitive_attributes": []
        },
        {
          "index_key": "aHR0cHM6Ly9yYXcuZ2l0aHVidXNlcmNvbnRlbnQuY29tL2Nsb3VkcG9zc2UvdGVycmFmb3JtLWF3cy1zZXJ2aWNlLWNvbnRyb2wtcG9saWNpZXMvMC44LjAvY2F0YWxvZy9vcmdhbml6YXRpb24tcG9saWNpZXMueWFtbA==",
          "schema_version": 0,
          "attributes": {
            "body": "- sid: \"DenyLeavingOrganization\"\n  effect: \"Deny\"\n  actions:\n    - \"organizations:LeaveOrganization\"\n  resources:\n    - \"*\"\n\n\n- sid: \"DenyRootAccountAccess\"\n  effect: \"Deny\"\n  actions:\n    - \"*\"\n  resources:\n    - \"*\"\n  condition:\n    - test: \"StringLike\"\n      variable: \"aws:PrincipalArn\"\n      values:\n        - \"arn:aws:iam::*:root\"\n",
            "id": "https://raw.githubusercontent.com/cloudposse/terraform-aws-service-control-policies/0.8.0/catalog/organization-policies.yaml",
            "request_headers": null,
            "response_headers": {
              "Accept-Ranges": "bytes",
              "Access-Control-Allow-Origin": "*",
              "Cache-Control": "max-age=300",
              "Content-Security-Policy": "default-src 'none'; style-src 'unsafe-inline'; sandbox",
              "Content-Type": "text/plain; charset=utf-8",
              "Date": "Fri, 15 Apr 2022 07:19:19 GMT",
              "Etag": "W/\"cc57f64d3d76972114218f6bf262ba37b55c52bf80bcf47fa8cc88ee460afe1e\"",
              "Expires": "Fri, 15 Apr 2022 07:24:19 GMT",
              "Source-Age": "2",
              "Strict-Transport-Security": "max-age=31536000",
              "Vary": "Authorization,Accept-Encoding,Origin",
              "Via": "1.1 varnish",
              "X-Cache": "HIT",
              "X-Cache-Hits": "9",
              "X-Content-Type-Options": "nosniff",
              "X-Fastly-Request-Id": "d864359ee19e6a781234dd1959c803c205849424",
              "X-Frame-Options": "deny",
              "X-Github-Request-Id": "2D60:06DE:8D077:13A1A2:625916A9",
              "X-Served-By": "cache-qpg1268-QPG",
              "X-Timer": "S1650007159.349692,VS0,VE0",
              "X-Xss-Protection": "1; mode=block"
            },
            "url": "https://raw.githubusercontent.com/cloudposse/terraform-aws-service-control-policies/0.8.0/catalog/organization-policies.yaml"
          },
          "sensitive_attributes": []
        },
        {
          "index_key": "aHR0cHM6Ly9yYXcuZ2l0aHVidXNlcmNvbnRlbnQuY29tL2Nsb3VkcG9zc2UvdGVycmFmb3JtLWF3cy1zZXJ2aWNlLWNvbnRyb2wtcG9saWNpZXMvMC44LjAvY2F0YWxvZy9yb3V0ZTUzLXBvbGljaWVzLnlhbWw=",
          "schema_version": 0,
          "attributes": {
            "body": "- sid: \"DenyDeletingRoute53Zones\"\n  effect: \"Deny\"\n  actions:\n    - \"route53:DeleteHostedZone\"\n  resources:\n    - \"*\"\n",
            "id": "https://raw.githubusercontent.com/cloudposse/terraform-aws-service-control-policies/0.8.0/catalog/route53-policies.yaml",
            "request_headers": null,
            "response_headers": {
              "Accept-Ranges": "bytes",
              "Access-Control-Allow-Origin": "*",
              "Cache-Control": "max-age=300",
              "Content-Security-Policy": "default-src 'none'; style-src 'unsafe-inline'; sandbox",
              "Content-Type": "text/plain; charset=utf-8",
              "Date": "Fri, 15 Apr 2022 07:19:19 GMT",
              "Etag": "W/\"1aea1997b30a81b83c3546ed3a2b681c22ae6c01631a7de91b59d0366e5690b9\"",
              "Expires": "Fri, 15 Apr 2022 07:24:19 GMT",
              "Source-Age": "2",
              "Strict-Transport-Security": "max-age=31536000",
              "Vary": "Authorization,Accept-Encoding,Origin",
              "Via": "1.1 varnish",
              "X-Cache": "HIT",
              "X-Cache-Hits": "9",
              "X-Content-Type-Options": "nosniff",
              "X-Fastly-Request-Id": "3a2f4ea8735fbd136bb59293693a0e6aafcf4f8d",
              "X-Frame-Options": "deny",
              "X-Github-Request-Id": "7852:5C77:57C81B:71CE93:6258E7A4",
              "X-Served-By": "cache-qpg1268-QPG",
              "X-Timer": "S1650007159.349604,VS0,VE0",
              "X-Xss-Protection": "1; mode=block"
            },
            "url": "https://raw.githubusercontent.com/cloudposse/terraform-aws-service-control-policies/0.8.0/catalog/route53-policies.yaml"
          },
          "sensitive_attributes": []
        },
        {
          "index_key": "aHR0cHM6Ly9yYXcuZ2l0aHVidXNlcmNvbnRlbnQuY29tL2Nsb3VkcG9zc2UvdGVycmFmb3JtLWF3cy1zZXJ2aWNlLWNvbnRyb2wtcG9saWNpZXMvMC44LjAvY2F0YWxvZy9zMy1wb2xpY2llcy55YW1s",
          "schema_version": 0,
          "attributes": {
            "body": "- sid: \"ProtectS3Buckets\"\n  effect: \"Deny\"\n  actions:\n    - \"s3:DeleteBucket\"\n    - \"s3:DeleteObject\"\n    - \"s3:DeleteObjectVersion\"\n  resources:\n    - \"*\"\n\n\n- sid: \"DenyS3BucketsPublicAccess\"\n  effect: \"Deny\"\n  actions:\n    - \"s3:PutBucketPublicAccessBlock\"\n    - \"s3:DeletePublicAccessBlock\"\n  resources:\n    - \"*\"\n\n\n- sid: \"DenyS3IncorrectEncryptionHeader\"\n  effect: \"Deny\"\n  actions:\n    - \"s3:PutObject\"\n  resources:\n    - \"*\"\n  condition:\n    - test: \"StringNotEquals\"\n      variable: \"s3:x-amz-server-side-encryption\"\n      values:\n        - \"AES256\"\n        - \"aws:kms\"\n\n\n- sid: \"DenyS3UnEncryptedObjectUploads\"\n  effect: \"Deny\"\n  actions:\n    - \"s3:PutObject\"\n  resources:\n    - \"*\"\n  condition:\n    - test: \"Null\"\n      variable: \"s3:x-amz-server-side-encryption\"\n      values:\n        - true\n",
            "id": "https://raw.githubusercontent.com/cloudposse/terraform-aws-service-control-policies/0.8.0/catalog/s3-policies.yaml",
            "request_headers": null,
            "response_headers": {
              "Accept-Ranges": "bytes",
              "Access-Control-Allow-Origin": "*",
              "Cache-Control": "max-age=300",
              "Content-Security-Policy": "default-src 'none'; style-src 'unsafe-inline'; sandbox",
              "Content-Type": "text/plain; charset=utf-8",
              "Date": "Fri, 15 Apr 2022 07:19:19 GMT",
              "Etag": "W/\"5ff003b0da193083d1dd9e0858bea3b3027d5ac9aa4aeb1f0d9400384dd5d75c\"",
              "Expires": "Fri, 15 Apr 2022 07:24:19 GMT",
              "Source-Age": "2",
              "Strict-Transport-Security": "max-age=31536000",
              "Vary": "Authorization,Accept-Encoding,Origin",
              "Via": "1.1 varnish",
              "X-Cache": "HIT",
              "X-Cache-Hits": "9",
              "X-Content-Type-Options": "nosniff",
              "X-Fastly-Request-Id": "07ea237e769df089731f8100b127af2f804f38e2",
              "X-Frame-Options": "deny",
              "X-Github-Request-Id": "5BFA:717F:5ABF50:74E3EF:6258E7A4",
              "X-Served-By": "cache-qpg1268-QPG",
              "X-Timer": "S1650007159.268566,VS0,VE0",
              "X-Xss-Protection": "1; mode=block"
            },
            "url": "https://raw.githubusercontent.com/cloudposse/terraform-aws-service-control-policies/0.8.0/catalog/s3-policies.yaml"
          },
          "sensitive_attributes": []
        }
      ]
    },
    {
      "module": "module.service_control_policy_statements_yaml_config.module.yaml_config_9",
      "mode": "data",
      "type": "template_file",
      "name": "remote_config",
      "provider": "provider[\"registry.terraform.io/hashicorp/template\"]",
      "instances": [
        {
          "index_key": "aHR0cHM6Ly9yYXcuZ2l0aHVidXNlcmNvbnRlbnQuY29tL2Nsb3VkcG9zc2UvdGVycmFmb3JtLWF3cy1zZXJ2aWNlLWNvbnRyb2wtcG9saWNpZXMvMC44LjAvY2F0YWxvZy9jbG91ZHdhdGNoLWxvZ3MtcG9saWNpZXMueWFtbA==",
          "schema_version": 0,
          "attributes": {
            "filename": null,
            "id": "c6b45b229511ea63a6b6a192742558744c62a3918fdfffe6a231b04ef960164c",
            "rendered": "- sid: \"DenyDeletingCloudWatchLogs\"\n  effect: \"Deny\"\n  actions:\n    - \"ec2:DeleteFlowLogs\"\n    - \"logs:DeleteLogGroup\"\n    - \"logs:DeleteLogStream\"\n  resources:\n    - \"*\"\n",
            "template": "- sid: \"DenyDeletingCloudWatchLogs\"\n  effect: \"Deny\"\n  actions:\n    - \"ec2:DeleteFlowLogs\"\n    - \"logs:DeleteLogGroup\"\n    - \"logs:DeleteLogStream\"\n  resources:\n    - \"*\"\n",
            "vars": null
          },
          "sensitive_attributes": []
        },
        {
          "index_key": "aHR0cHM6Ly9yYXcuZ2l0aHVidXNlcmNvbnRlbnQuY29tL2Nsb3VkcG9zc2UvdGVycmFmb3JtLWF3cy1zZXJ2aWNlLWNvbnRyb2wtcG9saWNpZXMvMC44LjAvY2F0YWxvZy9kZW55LWFsbC1wb2xpY2llcy55YW1s",
          "schema_version": 0,
          "attributes": {
            "filename": null,
            "id": "1350d7b7a6720d7ab7c168fc741164e086075ccc3d79a044ad71310dec4f05c7",
            "rendered": "- sid: \"DenyAllAccess\"\n  effect: \"Deny\"\n  actions:\n    - \"*\"\n  resources:\n    - \"*\"\n",
            "template": "- sid: \"DenyAllAccess\"\n  effect: \"Deny\"\n  actions:\n    - \"*\"\n  resources:\n    - \"*\"\n",
            "vars": null
          },
          "sensitive_attributes": []
        },
        {
          "index_key": "aHR0cHM6Ly9yYXcuZ2l0aHVidXNlcmNvbnRlbnQuY29tL2Nsb3VkcG9zc2UvdGVycmFmb3JtLWF3cy1zZXJ2aWNlLWNvbnRyb2wtcG9saWNpZXMvMC44LjAvY2F0YWxvZy9lYzItcG9saWNpZXMueWFtbA==",
          "schema_version": 0,
          "attributes": {
            "filename": null,
            "id": "72cfb436b6eef8cd01bebcf2ebf947d975dcb48b24be9d5e7035dbb6497b8990",
            "rendered": "#\n# This policy denies instance types that aren't based on the Nitro system as documented in the following document:\n# https://docs.aws.amazon.com/AWSEC2/latest/UserGuide/instance-types.html#ec2-nitro-instances\n#\n- sid: \"DenyNonNitroInstances\"\n  effect: \"Deny\"\n  actions:\n    - \"ec2:RunInstances\"\n  condition:\n    - test: \"StringNotLike\"\n      variable: \"ec2:InstanceType\"\n      values:\n        - a1\n        - a1.metal\n        - c5\n        - c5.metal\n        - c5a\n        - c5ad\n        - c5d\n        - c5d.metal\n        - c5n\n        - c5n.metal\n        - c6g\n        - c6g.metal\n        - c6gd\n        - c6gd.metal\n        - c6gn\n        - d3\n        - d3en\n        - g4\n        - i3.metal\n        - i3en\n        - i3en.metal\n        - inf1\n        - m5\n        - m5.metal\n        - m5a\n        - m5ad\n        - m5d\n        - m5d.metal\n        - m5dn\n        - m5dn.metal\n        - m5n\n        - m5n.metal\n        - m5zn\n        - m5zn.metal\n        - m6g\n        - m6g.metal\n        - m6gd\n        - m6gd.metal\n        - mac1.metal\n        - p3dn.24xlarge\n        - p4\n        - r5\n        - r5.metal\n        - r5a\n        - r5ad\n        - r5b\n        - r5b.metal\n        - r5d\n        - r5d.metal\n        - r5dn\n        - r5dn.metal\n        - r5n\n        - r5n.metal\n        - r6g\n        - r6g.metal\n        - r6gd\n        - r6gd.metal\n        - t3\n        - t3a\n        - t4g\n        - u-12tb1.metal\n        - u-18tb1.metal\n        - u-24tb1.metal\n        - u-6tb1.metal\n        - u-9tb1.metal\n        - z1d\n        - z1d.metal\n  resources:\n    - \"arn:aws:ec2:*:*:instance/*\"\n\n# This policy denies instance types that aren't based on the Nitro system and don't support Encryption-in-Transit as\n# described in the following document:\n# https://docs.aws.amazon.com/AWSEC2/latest/UserGuide/data-protection.html#encryption-transit\n- sid: \"DenyInstancesWithoutEncryptionInTransit\"\n  effect: \"Deny\"\n  actions:\n    - \"ec2:RunInstances\"\n  condition:\n    - test: \"StringNotLike\"\n      variable: \"ec2:InstanceType\"\n      values:\n        - c5a\n        - c5ad\n        - c5n\n        - c6gn\n        - d3\n        - d3en\n        - g4ad\n        - g4dn\n        - i3en\n        - m5dn\n        - m5n\n        - m5zn\n        - p3dn\n        - p4d\n        - r5dn\n        - r5n\n  resources:\n    - \"arn:aws:ec2:*:*:instance/*\"\n",
            "template": "#\n# This policy denies instance types that aren't based on the Nitro system as documented in the following document:\n# https://docs.aws.amazon.com/AWSEC2/latest/UserGuide/instance-types.html#ec2-nitro-instances\n#\n- sid: \"DenyNonNitroInstances\"\n  effect: \"Deny\"\n  actions:\n    - \"ec2:RunInstances\"\n  condition:\n    - test: \"StringNotLike\"\n      variable: \"ec2:InstanceType\"\n      values:\n        - a1\n        - a1.metal\n        - c5\n        - c5.metal\n        - c5a\n        - c5ad\n        - c5d\n        - c5d.metal\n        - c5n\n        - c5n.metal\n        - c6g\n        - c6g.metal\n        - c6gd\n        - c6gd.metal\n        - c6gn\n        - d3\n        - d3en\n        - g4\n        - i3.metal\n        - i3en\n        - i3en.metal\n        - inf1\n        - m5\n        - m5.metal\n        - m5a\n        - m5ad\n        - m5d\n        - m5d.metal\n        - m5dn\n        - m5dn.metal\n        - m5n\n        - m5n.metal\n        - m5zn\n        - m5zn.metal\n        - m6g\n        - m6g.metal\n        - m6gd\n        - m6gd.metal\n        - mac1.metal\n        - p3dn.24xlarge\n        - p4\n        - r5\n        - r5.metal\n        - r5a\n        - r5ad\n        - r5b\n        - r5b.metal\n        - r5d\n        - r5d.metal\n        - r5dn\n        - r5dn.metal\n        - r5n\n        - r5n.metal\n        - r6g\n        - r6g.metal\n        - r6gd\n        - r6gd.metal\n        - t3\n        - t3a\n        - t4g\n        - u-12tb1.metal\n        - u-18tb1.metal\n        - u-24tb1.metal\n        - u-6tb1.metal\n        - u-9tb1.metal\n        - z1d\n        - z1d.metal\n  resources:\n    - \"arn:aws:ec2:*:*:instance/*\"\n\n# This policy denies instance types that aren't based on the Nitro system and don't support Encryption-in-Transit as\n# described in the following document:\n# https://docs.aws.amazon.com/AWSEC2/latest/UserGuide/data-protection.html#encryption-transit\n- sid: \"DenyInstancesWithoutEncryptionInTransit\"\n  effect: \"Deny\"\n  actions:\n    - \"ec2:RunInstances\"\n  condition:\n    - test: \"StringNotLike\"\n      variable: \"ec2:InstanceType\"\n      values:\n        - c5a\n        - c5ad\n        - c5n\n        - c6gn\n        - d3\n        - d3en\n        - g4ad\n        - g4dn\n        - i3en\n        - m5dn\n        - m5n\n        - m5zn\n        - p3dn\n        - p4d\n        - r5dn\n        - r5n\n  resources:\n    - \"arn:aws:ec2:*:*:instance/*\"\n",
            "vars": null
          },
          "sensitive_attributes": []
        },
        {
          "index_key": "aHR0cHM6Ly9yYXcuZ2l0aHVidXNlcmNvbnRlbnQuY29tL2Nsb3VkcG9zc2UvdGVycmFmb3JtLWF3cy1zZXJ2aWNlLWNvbnRyb2wtcG9saWNpZXMvMC44LjAvY2F0YWxvZy9pYW0tcG9saWNpZXMueWFtbA==",
          "schema_version": 0,
          "attributes": {
            "filename": null,
            "id": "ccddf16fe15879a75a3b2ed05d47efaf67b1aed5c0982d70e47ff6fbd87ab66c",
            "rendered": "- sid: \"DenyCreatingIAMUsers\"\n  effect: \"Deny\"\n  actions:\n    - \"iam:CreateUser\"\n    - \"iam:CreateAccessKey\"\n  resources:\n    - \"*\"\n\n\n- sid: \"ProtectIAMRoles\"\n  effect: \"Deny\"\n  actions:\n    - \"iam:AttachRolePolicy\"\n    - \"iam:DeleteRole\"\n    - \"iam:DeleteRolePermissionsBoundary\"\n    - \"iam:DeleteRolePolicy\"\n    - \"iam:DetachRolePolicy\"\n    - \"iam:PutRolePermissionsBoundary\"\n    - \"iam:PutRolePolicy\"\n    - \"iam:UpdateAssumeRolePolicy\"\n    - \"iam:UpdateRole\"\n    - \"iam:UpdateRoleDescription\"\n  resources:\n    - \"*\"\n",
            "template": "- sid: \"DenyCreatingIAMUsers\"\n  effect: \"Deny\"\n  actions:\n    - \"iam:CreateUser\"\n    - \"iam:CreateAccessKey\"\n  resources:\n    - \"*\"\n\n\n- sid: \"ProtectIAMRoles\"\n  effect: \"Deny\"\n  actions:\n    - \"iam:AttachRolePolicy\"\n    - \"iam:DeleteRole\"\n    - \"iam:DeleteRolePermissionsBoundary\"\n    - \"iam:DeleteRolePolicy\"\n    - \"iam:DetachRolePolicy\"\n    - \"iam:PutRolePermissionsBoundary\"\n    - \"iam:PutRolePolicy\"\n    - \"iam:UpdateAssumeRolePolicy\"\n    - \"iam:UpdateRole\"\n    - \"iam:UpdateRoleDescription\"\n  resources:\n    - \"*\"\n",
            "vars": null
          },
          "sensitive_attributes": []
        },
        {
          "index_key": "aHR0cHM6Ly9yYXcuZ2l0aHVidXNlcmNvbnRlbnQuY29tL2Nsb3VkcG9zc2UvdGVycmFmb3JtLWF3cy1zZXJ2aWNlLWNvbnRyb2wtcG9saWNpZXMvMC44LjAvY2F0YWxvZy9rbXMtcG9saWNpZXMueWFtbA==",
          "schema_version": 0,
          "attributes": {
            "filename": null,
            "id": "2a4eb2a7233173d900e98e4e9b671a55557729157ec760f4ed663a964aa49374",
            "rendered": "- sid: \"DenyDeletingKMSKeys\"\n  effect: \"Deny\"\n  actions:\n    - \"kms:ScheduleKeyDeletion\"\n    - \"kms:Delete*\"\n  resources:\n    - \"*\"\n",
            "template": "- sid: \"DenyDeletingKMSKeys\"\n  effect: \"Deny\"\n  actions:\n    - \"kms:ScheduleKeyDeletion\"\n    - \"kms:Delete*\"\n  resources:\n    - \"*\"\n",
            "vars": null
          },
          "sensitive_attributes": []
        },
        {
          "index_key": "aHR0cHM6Ly9yYXcuZ2l0aHVidXNlcmNvbnRlbnQuY29tL2Nsb3VkcG9zc2UvdGVycmFmb3JtLWF3cy1zZXJ2aWNlLWNvbnRyb2wtcG9saWNpZXMvMC44LjAvY2F0YWxvZy9vcmdhbml6YXRpb24tcG9saWNpZXMueWFtbA==",
          "schema_version": 0,
          "attributes": {
            "filename": null,
            "id": "8abb3b393abcd2f95646cedcb7eb14aabf882885a447cce141b8b971645f0817",
            "rendered": "- sid: \"DenyLeavingOrganization\"\n  effect: \"Deny\"\n  actions:\n    - \"organizations:LeaveOrganization\"\n  resources:\n    - \"*\"\n\n\n- sid: \"DenyRootAccountAccess\"\n  effect: \"Deny\"\n  actions:\n    - \"*\"\n  resources:\n    - \"*\"\n  condition:\n    - test: \"StringLike\"\n      variable: \"aws:PrincipalArn\"\n      values:\n        - \"arn:aws:iam::*:root\"\n",
            "template": "- sid: \"DenyLeavingOrganization\"\n  effect: \"Deny\"\n  actions:\n    - \"organizations:LeaveOrganization\"\n  resources:\n    - \"*\"\n\n\n- sid: \"DenyRootAccountAccess\"\n  effect: \"Deny\"\n  actions:\n    - \"*\"\n  resources:\n    - \"*\"\n  condition:\n    - test: \"StringLike\"\n      variable: \"aws:PrincipalArn\"\n      values:\n        - \"arn:aws:iam::*:root\"\n",
            "vars": null
          },
          "sensitive_attributes": []
        },
        {
          "index_key": "aHR0cHM6Ly9yYXcuZ2l0aHVidXNlcmNvbnRlbnQuY29tL2Nsb3VkcG9zc2UvdGVycmFmb3JtLWF3cy1zZXJ2aWNlLWNvbnRyb2wtcG9saWNpZXMvMC44LjAvY2F0YWxvZy9yb3V0ZTUzLXBvbGljaWVzLnlhbWw=",
          "schema_version": 0,
          "attributes": {
            "filename": null,
            "id": "dfb6b672dc340674add7dca43ca12b2b5f9485631a405e7745473115fbff0264",
            "rendered": "- sid: \"DenyDeletingRoute53Zones\"\n  effect: \"Deny\"\n  actions:\n    - \"route53:DeleteHostedZone\"\n  resources:\n    - \"*\"\n",
            "template": "- sid: \"DenyDeletingRoute53Zones\"\n  effect: \"Deny\"\n  actions:\n    - \"route53:DeleteHostedZone\"\n  resources:\n    - \"*\"\n",
            "vars": null
          },
          "sensitive_attributes": []
        },
        {
          "index_key": "aHR0cHM6Ly9yYXcuZ2l0aHVidXNlcmNvbnRlbnQuY29tL2Nsb3VkcG9zc2UvdGVycmFmb3JtLWF3cy1zZXJ2aWNlLWNvbnRyb2wtcG9saWNpZXMvMC44LjAvY2F0YWxvZy9zMy1wb2xpY2llcy55YW1s",
          "schema_version": 0,
          "attributes": {
            "filename": null,
            "id": "a2231a9784f419d83b205819800ca33941a62794b0177fdc7594d94cd201f537",
            "rendered": "- sid: \"ProtectS3Buckets\"\n  effect: \"Deny\"\n  actions:\n    - \"s3:DeleteBucket\"\n    - \"s3:DeleteObject\"\n    - \"s3:DeleteObjectVersion\"\n  resources:\n    - \"*\"\n\n\n- sid: \"DenyS3BucketsPublicAccess\"\n  effect: \"Deny\"\n  actions:\n    - \"s3:PutBucketPublicAccessBlock\"\n    - \"s3:DeletePublicAccessBlock\"\n  resources:\n    - \"*\"\n\n\n- sid: \"DenyS3IncorrectEncryptionHeader\"\n  effect: \"Deny\"\n  actions:\n    - \"s3:PutObject\"\n  resources:\n    - \"*\"\n  condition:\n    - test: \"StringNotEquals\"\n      variable: \"s3:x-amz-server-side-encryption\"\n      values:\n        - \"AES256\"\n        - \"aws:kms\"\n\n\n- sid: \"DenyS3UnEncryptedObjectUploads\"\n  effect: \"Deny\"\n  actions:\n    - \"s3:PutObject\"\n  resources:\n    - \"*\"\n  condition:\n    - test: \"Null\"\n      variable: \"s3:x-amz-server-side-encryption\"\n      values:\n        - true\n",
            "template": "- sid: \"ProtectS3Buckets\"\n  effect: \"Deny\"\n  actions:\n    - \"s3:DeleteBucket\"\n    - \"s3:DeleteObject\"\n    - \"s3:DeleteObjectVersion\"\n  resources:\n    - \"*\"\n\n\n- sid: \"DenyS3BucketsPublicAccess\"\n  effect: \"Deny\"\n  actions:\n    - \"s3:PutBucketPublicAccessBlock\"\n    - \"s3:DeletePublicAccessBlock\"\n  resources:\n    - \"*\"\n\n\n- sid: \"DenyS3IncorrectEncryptionHeader\"\n  effect: \"Deny\"\n  actions:\n    - \"s3:PutObject\"\n  resources:\n    - \"*\"\n  condition:\n    - test: \"StringNotEquals\"\n      variable: \"s3:x-amz-server-side-encryption\"\n      values:\n        - \"AES256\"\n        - \"aws:kms\"\n\n\n- sid: \"DenyS3UnEncryptedObjectUploads\"\n  effect: \"Deny\"\n  actions:\n    - \"s3:PutObject\"\n  resources:\n    - \"*\"\n  condition:\n    - test: \"Null\"\n      variable: \"s3:x-amz-server-side-encryption\"\n      values:\n        - true\n",
            "vars": null
          },
          "sensitive_attributes": []
        }
      ]
    }
  ]
}
